{
  "version": 4,
  "terraform_version": "1.9.4",
  "serial": 3,
  "lineage": "842c6fdf-72ea-55a7-1db5-f608145e885c",
  "outputs": {},
  "resources": [
    {
      "mode": "managed",
      "type": "aws_iam_user",
      "name": "my_iam_users",
      "provider": "provider[\"registry.terraform.io/hashicorp/aws\"]",
      "instances": [
        {
          "index_key": 0,
          "schema_version": 0,
          "attributes": {
            "arn": "arn:aws:iam::577430166986:user/my_iam_user_0",
            "force_destroy": false,
            "id": "my_iam_user_0",
            "name": "my_iam_user_0",
            "path": "/",
            "permissions_boundary": "",
            "tags": null,
            "tags_all": {},
            "unique_id": "AIDAYM4MFDXFOQ4R7JGDV"
          },
          "sensitive_attributes": [],
          "private": "bnVsbA=="
        },
        {
          "index_key": 1,
          "schema_version": 0,
          "attributes": {
            "arn": "arn:aws:iam::577430166986:user/my_iam_user_1",
            "force_destroy": false,
            "id": "my_iam_user_1",
            "name": "my_iam_user_1",
            "path": "/",
            "permissions_boundary": "",
            "tags": null,
            "tags_all": {},
            "unique_id": "AIDAYM4MFDXFBNPOOMGR5"
          },
          "sensitive_attributes": [],
          "private": "bnVsbA=="
        }
      ]
    }
  ],
  "check_results": null
}
