{
  "version": 4,
  "terraform_version": "1.9.4",
  "serial": 13,
  "lineage": "510c0942-b28c-1770-4748-b6a19c6340b2",
  "outputs": {
    "aws_ec2_sg_details": {
      "value": {
        "arn": "arn:aws:ec2:us-east-1:577430166986:security-group/sg-0ff572fb27ba54e09",
        "description": "Managed by Terraform",
        "egress": [
          {
            "cidr_blocks": [
              "0.0.0.0/0"
            ],
            "description": "",
            "from_port": 0,
            "ipv6_cidr_blocks": [],
            "prefix_list_ids": [],
            "protocol": "-1",
            "security_groups": [],
            "self": false,
            "to_port": 0
          }
        ],
        "id": "sg-0ff572fb27ba54e09",
        "ingress": [
          {
            "cidr_blocks": [
              "0.0.0.0/0"
            ],
            "description": "",
            "from_port": 22,
            "ipv6_cidr_blocks": [],
            "prefix_list_ids": [],
            "protocol": "tcp",
            "security_groups": [],
            "self": false,
            "to_port": 22
          },
          {
            "cidr_blocks": [
              "0.0.0.0/0"
            ],
            "description": "",
            "from_port": 80,
            "ipv6_cidr_blocks": [],
            "prefix_list_ids": [],
            "protocol": "tcp",
            "security_groups": [],
            "self": false,
            "to_port": 80
          }
        ],
        "name": "http_server_sg",
        "name_prefix": "",
        "owner_id": "577430166986",
        "revoke_rules_on_delete": false,
        "tags": {
          "name": "http_server_sg"
        },
        "tags_all": {
          "name": "http_server_sg"
        },
        "timeouts": null,
        "vpc_id": "vpc-028538eed195469b3"
      },
      "type": [
        "object",
        {
          "arn": "string",
          "description": "string",
          "egress": [
            "set",
            [
              "object",
              {
                "cidr_blocks": [
                  "list",
                  "string"
                ],
                "description": "string",
                "from_port": "number",
                "ipv6_cidr_blocks": [
                  "list",
                  "string"
                ],
                "prefix_list_ids": [
                  "list",
                  "string"
                ],
                "protocol": "string",
                "security_groups": [
                  "set",
                  "string"
                ],
                "self": "bool",
                "to_port": "number"
              }
            ]
          ],
          "id": "string",
          "ingress": [
            "set",
            [
              "object",
              {
                "cidr_blocks": [
                  "list",
                  "string"
                ],
                "description": "string",
                "from_port": "number",
                "ipv6_cidr_blocks": [
                  "list",
                  "string"
                ],
                "prefix_list_ids": [
                  "list",
                  "string"
                ],
                "protocol": "string",
                "security_groups": [
                  "set",
                  "string"
                ],
                "self": "bool",
                "to_port": "number"
              }
            ]
          ],
          "name": "string",
          "name_prefix": "string",
          "owner_id": "string",
          "revoke_rules_on_delete": "bool",
          "tags": [
            "map",
            "string"
          ],
          "tags_all": [
            "map",
            "string"
          ],
          "timeouts": [
            "object",
            {
              "create": "string",
              "delete": "string"
            }
          ],
          "vpc_id": "string"
        }
      ]
    },
    "elb_public_dns": {
      "value": {
        "access_logs": [],
        "arn": "arn:aws:elasticloadbalancing:us-east-1:577430166986:loadbalancer/elb",
        "availability_zones": [
          "us-east-1a",
          "us-east-1b",
          "us-east-1c",
          "us-east-1d",
          "us-east-1e",
          "us-east-1f"
        ],
        "connection_draining": false,
        "connection_draining_timeout": 300,
        "cross_zone_load_balancing": true,
        "desync_mitigation_mode": "defensive",
        "dns_name": "elb-2036170862.us-east-1.elb.amazonaws.com",
        "health_check": [
          {
            "healthy_threshold": 10,
            "interval": 30,
            "target": "TCP:80",
            "timeout": 5,
            "unhealthy_threshold": 2
          }
        ],
        "id": "elb",
        "idle_timeout": 60,
        "instances": [
          "i-05176ea830d4b2808",
          "i-0694520f03e90c7c4",
          "i-0a3c8786a759323f8",
          "i-0b3e12bcbb3214635",
          "i-0cc6927813b6059f8",
          "i-0dc7476b0531601df"
        ],
        "internal": false,
        "listener": [
          {
            "instance_port": 80,
            "instance_protocol": "http",
            "lb_port": 80,
            "lb_protocol": "http",
            "ssl_certificate_id": ""
          }
        ],
        "name": "elb",
        "name_prefix": "",
        "security_groups": [
          "sg-00bbdd226a325606f"
        ],
        "source_security_group": "577430166986/elb_sg",
        "source_security_group_id": "sg-00bbdd226a325606f",
        "subnets": [
          "subnet-03c9fff6653e0f49d",
          "subnet-041481310ee98fdcc",
          "subnet-05fab0bb62abadc5d",
          "subnet-0a87c23a80ad60234",
          "subnet-0cf55884766b81cc4",
          "subnet-0f6931f1ca629419e"
        ],
        "tags": null,
        "tags_all": {},
        "timeouts": null,
        "zone_id": "Z35SXDOTRQ7X7K"
      },
      "type": [
        "object",
        {
          "access_logs": [
            "list",
            [
              "object",
              {
                "bucket": "string",
                "bucket_prefix": "string",
                "enabled": "bool",
                "interval": "number"
              }
            ]
          ],
          "arn": "string",
          "availability_zones": [
            "set",
            "string"
          ],
          "connection_draining": "bool",
          "connection_draining_timeout": "number",
          "cross_zone_load_balancing": "bool",
          "desync_mitigation_mode": "string",
          "dns_name": "string",
          "health_check": [
            "list",
            [
              "object",
              {
                "healthy_threshold": "number",
                "interval": "number",
                "target": "string",
                "timeout": "number",
                "unhealthy_threshold": "number"
              }
            ]
          ],
          "id": "string",
          "idle_timeout": "number",
          "instances": [
            "set",
            "string"
          ],
          "internal": "bool",
          "listener": [
            "set",
            [
              "object",
              {
                "instance_port": "number",
                "instance_protocol": "string",
                "lb_port": "number",
                "lb_protocol": "string",
                "ssl_certificate_id": "string"
              }
            ]
          ],
          "name": "string",
          "name_prefix": "string",
          "security_groups": [
            "set",
            "string"
          ],
          "source_security_group": "string",
          "source_security_group_id": "string",
          "subnets": [
            "set",
            "string"
          ],
          "tags": [
            "map",
            "string"
          ],
          "tags_all": [
            "map",
            "string"
          ],
          "timeouts": [
            "object",
            {
              "create": "string",
              "update": "string"
            }
          ],
          "zone_id": "string"
        }
      ]
    },
    "http_server_public_dns": {
      "value": [
        "i-0a3c8786a759323f8",
        "i-0b3e12bcbb3214635",
        "i-0cc6927813b6059f8",
        "i-05176ea830d4b2808",
        "i-0694520f03e90c7c4",
        "i-0dc7476b0531601df"
      ],
      "type": [
        "tuple",
        [
          "string",
          "string",
          "string",
          "string",
          "string",
          "string"
        ]
      ]
    }
  },
  "resources": [
    {
      "mode": "data",
      "type": "aws_ami",
      "name": "aws_linux_2_latest",
      "provider": "provider[\"registry.terraform.io/hashicorp/aws\"]",
      "instances": [
        {
          "schema_version": 0,
          "attributes": {
            "architecture": "x86_64",
            "arn": "arn:aws:ec2:us-east-1::image/ami-02c21308fed24a8ab",
            "block_device_mappings": [
              {
                "device_name": "/dev/xvda",
                "ebs": {
                  "delete_on_termination": "true",
                  "encrypted": "false",
                  "iops": "0",
                  "snapshot_id": "snap-07e55c513c3576386",
                  "throughput": "0",
                  "volume_size": "8",
                  "volume_type": "gp2"
                },
                "no_device": "",
                "virtual_name": ""
              }
            ],
            "boot_mode": "",
            "creation_date": "2024-08-17T04:10:49.000Z",
            "deprecation_time": "2025-07-01T00:00:00.000Z",
            "description": "Amazon Linux 2 Kernel 5.10 AMI 2.0.20240816.0 x86_64 HVM gp2",
            "ena_support": true,
            "executable_users": null,
            "filter": [
              {
                "name": "architecture",
                "values": [
                  "x86_64"
                ]
              },
              {
                "name": "name",
                "values": [
                  "amzn2-ami-kernel-5.10-hvm*"
                ]
              }
            ],
            "hypervisor": "xen",
            "id": "ami-02c21308fed24a8ab",
            "image_id": "ami-02c21308fed24a8ab",
            "image_location": "amazon/amzn2-ami-kernel-5.10-hvm-2.0.20240816.0-x86_64-gp2",
            "image_owner_alias": "amazon",
            "image_type": "machine",
            "imds_support": "",
            "include_deprecated": false,
            "kernel_id": "",
            "most_recent": true,
            "name": "amzn2-ami-kernel-5.10-hvm-2.0.20240816.0-x86_64-gp2",
            "name_regex": null,
            "owner_id": "137112412989",
            "owners": [
              "amazon"
            ],
            "platform": "",
            "platform_details": "Linux/UNIX",
            "product_codes": [],
            "public": true,
            "ramdisk_id": "",
            "root_device_name": "/dev/xvda",
            "root_device_type": "ebs",
            "root_snapshot_id": "snap-07e55c513c3576386",
            "sriov_net_support": "simple",
            "state": "available",
            "state_reason": {
              "code": "UNSET",
              "message": "UNSET"
            },
            "tags": {},
            "timeouts": null,
            "tpm_support": "",
            "usage_operation": "RunInstances",
            "virtualization_type": "hvm"
          },
          "sensitive_attributes": []
        }
      ]
    },
    {
      "mode": "data",
      "type": "aws_ami_ids",
      "name": "aws_linux_2_latest_ids",
      "provider": "provider[\"registry.terraform.io/hashicorp/aws\"]",
      "instances": [
        {
          "schema_version": 0,
          "attributes": {
            "executable_users": null,
            "filter": null,
            "id": "3386801729",
            "ids": [
              "ami-00469a9385ad6a0d5",
              "ami-09872c4d46b3b622e",
              "ami-0a05cc61aec15f48d",
              "ami-0bf319356e7b8349a",
              "ami-0f0985c26d3a1528f",
              "ami-08c227575b0484d13",
              "ami-063ca8317d22451c2",
              "ami-024072904e6e60cc8",
              "ami-0f29ff88f63e642bb",
              "ami-06269f5ea28e577ac",
              "ami-05d498302130f9036",
              "ami-0111211214789f303",
              "ami-0fef6fbf40225e7a6",
              "ami-04b90350cbc31254f",
              "ami-01e89d13ebebf09be",
              "ami-0ba47e93fa8eca39a",
              "ami-0b1094fd8b8db5766",
              "ami-0fcec0bfbafd2b869",
              "ami-0e4f339a087e92dd2",
              "ami-03d11bd2fab150830",
              "ami-0d1b8d9cfc9c56183",
              "ami-0ad216dae53fb5877",
              "ami-06087b40db98c9c14",
              "ami-0cd240960f805207b",
              "ami-08f0748ac1bee2a7e",
              "ami-0b8934df3869bc05a",
              "ami-0c1873f6252ed3fb4",
              "ami-0bbf5a03c6af13c36",
              "ami-094f6cf7dbf21cf1e",
              "ami-08bc6c2fe73f52c2f",
              "ami-079e5b6ef866b80e3",
              "ami-019427fc47f73a335",
              "ami-0ba2fd3123353cc54",
              "ami-0a551a276560b5b3f",
              "ami-0a1008a4c167a5dd8",
              "ami-05652848828253402",
              "ami-08ebc5d0fb628abe5",
              "ami-09ff54ff8cc44ff1e",
              "ami-051685976c7b19fa0",
              "ami-02d323784fa1349a3",
              "ami-012c94da5c2c76f83",
              "ami-09ca2097e4c2cc2d8",
              "ami-0e5eb5bf520d62d09",
              "ami-0b955a99cf8c97a28",
              "ami-06057bcd0f12e9bfa",
              "ami-031e18cf5128a7573",
              "ami-0163dcf4805a06ece",
              "ami-08d4a28f2364bd706",
              "ami-0c3ef9f4e73e1965a",
              "ami-09fe97b1777625319",
              "ami-0e7acc2a10c69a6dc",
              "ami-07f194940a250788c",
              "ami-0935c0601d14a37a5",
              "ami-03f4be057202bc0a5",
              "ami-02a0bcc6184a3b1e9",
              "ami-07e5630f1befdd77c",
              "ami-0ad8bfb3c50b16255",
              "ami-0c187ef47cccfefd1",
              "ami-03538775a9a727bb0",
              "ami-04ecdfd312cd18a1c",
              "ami-074413dea04a5c9be",
              "ami-0c7fe7b4fac1e97f3",
              "ami-07f0e2b3b9f709915",
              "ami-0740c81a8ab6932fb",
              "ami-0b67cd7843dc213f7",
              "ami-00ac347354f4cb079",
              "ami-0a6d35db62d93a4fe",
              "ami-09a1c459d70c72b96",
              "ami-0d486650b94f4c69b",
              "ami-03e213f71645f2b69",
              "ami-0adca75d6461ad639",
              "ami-08d7fffca27753fd6",
              "ami-043731a317ba12992",
              "ami-0cc9b68bbedd2b0dc",
              "ami-03acf92a155ad221d",
              "ami-0fb76b76325186419",
              "ami-0a3f9284e53aa7157",
              "ami-053856eda0e7c0620",
              "ami-012c072f6e5fb8c27",
              "ami-0882a9ee8589e3e03",
              "ami-0ddb338753840bc0a",
              "ami-01b3d11042f30168d",
              "ami-08002e940a0a4c904",
              "ami-0ae5a34927e3068c4",
              "ami-049d6539112c3246e",
              "ami-0be9943b4c97840c5",
              "ami-0add0d331e1c8c527",
              "ami-01ef7d186ab64af24",
              "ami-03d83855bf0c30c72",
              "ami-00846fd01a44be5f2",
              "ami-01138f6fd019bf365",
              "ami-0fb7bb0a95050d02f",
              "ami-0d7184330a1d7845c",
              "ami-090b81f558be231d1",
              "ami-05b48027c73fe816c",
              "ami-08f7773da3ff5bd88",
              "ami-048cd96fd7ce0f3fa",
              "ami-039004417c2ee63ea",
              "ami-0f3a7dccf912ccc5b",
              "ami-04cd9eb7547b19f0e",
              "ami-09cbf02f79a28a357",
              "ami-0ec97b1970fb128bc",
              "ami-05892c4e67c3fbbd0",
              "ami-05130110e5e2e8059",
              "ami-041d29de189ed0a51",
              "ami-0231ffca04ae268ce",
              "ami-025b7cbd2ce2ecc97",
              "ami-05c5ec93fbd42db59",
              "ami-0c7210c5cc74dd6ac",
              "ami-09842df3cd01b447b",
              "ami-04723aea27fab36b7",
              "ami-0eb1febc7ad3a3e96",
              "ami-0972326a20cc5060c",
              "ami-068336ecfa0cfb8ac",
              "ami-06664a30bc749ed39",
              "ami-00abe9eb16ce132fd",
              "ami-0840450000bece17b",
              "ami-02c259b3b1382c7e3",
              "ami-004a47a0e08ec438a",
              "ami-0c19290fe672d71d8",
              "ami-0b028959434580c1e",
              "ami-02f3a48cd8806f900",
              "ami-06ca2f9a300780fc7",
              "ami-00f8447eaace1c35b",
              "ami-0165f4617734ddca9",
              "ami-00f927517640369fe",
              "ami-0d1f927c8ad6df406",
              "ami-063d148c03c35eb42",
              "ami-03b1b18e391a8d692",
              "ami-0eac5dfa9b08db354",
              "ami-0c63fd35db7c4e1a7",
              "ami-0fcd9ea8e37ce1f09",
              "ami-0b33778d313ea567e",
              "ami-0fe4042518a0e16d2",
              "ami-0130b9668d0b7d7d9",
              "ami-0c790976469ac616f",
              "ami-005b9d90d56e997f2",
              "ami-048c111de7d9f51b9",
              "ami-0394bb197b823de89",
              "ami-031d0b3b784c4dfb9",
              "ami-0c87d7d4da732a38b",
              "ami-00964019f9adbed56",
              "ami-083f391a94d3aa24f",
              "ami-0f4c6cd7bf2b760b2",
              "ami-003c04f18386a1dcc",
              "ami-069699babcf73a576",
              "ami-037ca7051c07ecf53",
              "ami-0e64026c0726fc69b",
              "ami-023f36e54167bebe5",
              "ami-0f678a00f070292b2",
              "ami-089c8842ea9c0e179",
              "ami-080ddf526adea76dc",
              "ami-059021fa385598d49",
              "ami-08ba8669175df90a3",
              "ami-0ef43d7c6a90a85dc",
              "ami-0ea4c4c0bc106beac",
              "ami-03c0c8eef701005e3",
              "ami-05294b7b835177c43",
              "ami-0558210afc4f8daf5",
              "ami-066c695142b43da32",
              "ami-00411698f01382130",
              "ami-0156b1c33b35028b3",
              "ami-0a97d7884625c79e5",
              "ami-0bcb701dd3cace633",
              "ami-08958f47d9ce6d1e9",
              "ami-04c220a12208b0636",
              "ami-05c3e698bd0cffe7e",
              "ami-04d4e76f2e8a795be",
              "ami-01ef7d065afdac387",
              "ami-005c7883889d35a0c",
              "ami-004519802c4a13ef3",
              "ami-0198b2b8579e046d7",
              "ami-039d8fdf80135bdd3",
              "ami-0ab4bb716f185c4b2",
              "ami-00b77372bad805e76",
              "ami-0f4f384d4384a8b4c",
              "ami-0de58b886d19d014a",
              "ami-0367d93c060fcdb1e",
              "ami-0f04adf4ff57b8117",
              "ami-03c1133d087a29ce2",
              "ami-06e724c7e929de7ac",
              "ami-0464b91ee62b9b5ff",
              "ami-006f8c6cc9242c002",
              "ami-0c091c09fa3611ea1",
              "ami-091d857af7f69548e",
              "ami-0aaf2a817b2199142",
              "ami-0e55d28b51ccec3d9",
              "ami-0b358ecd38ef54f9a",
              "ami-07f302d2a74e2b584",
              "ami-02b41da2ee867de9f",
              "ami-0dee6c83480540a68",
              "ami-0527dc9408d86082e",
              "ami-0df70123ff0b34327",
              "ami-0971ce5e5b2ee0194",
              "ami-0f3ed94d52ca29367",
              "ami-01395d6eb0f4411df",
              "ami-07317e8a84152e929",
              "ami-018a3248348810d8c",
              "ami-06f1e80c3ca42e9ec",
              "ami-06dd4c7a255f8cd49",
              "ami-067fb2c8acdc995e1",
              "ami-076a014b754c29fc1",
              "ami-026d46db925b5c23b",
              "ami-014c7d126c4191720",
              "ami-0087bf49d16054bf6",
              "ami-0257c9a410e6569eb",
              "ami-03793a46f04b24951",
              "ami-092e26de24ab0cb2f",
              "ami-073a4ca8a0df1142a",
              "ami-06f08f3e0fdbeec61",
              "ami-0d245acd3ccc602cf",
              "ami-00b5f4965d8c6e985",
              "ami-09c6f068bfc0e3344",
              "ami-020f2d00fbbdeb5d5",
              "ami-06301de911928762a",
              "ami-04caa9923bea7b10a",
              "ami-030e890318e60a21b",
              "ami-02ea7ac15f4ec0ad8",
              "ami-0407c6f0be6cafc17",
              "ami-0d494aefe3d8805cb",
              "ami-06ceaec39e93d86a7",
              "ami-0b3ed05e33ad815fe",
              "ami-035ba2b63499da57f",
              "ami-06f21856a0f680185",
              "ami-0010cfc551a7c5eb4",
              "ami-0c78d68dd18abaeec",
              "ami-013db8bc4ca84e8eb",
              "ami-0565a4a2978795f67",
              "ami-047ac1f190dbde908",
              "ami-0b39c2002c7edbd57",
              "ami-00c380f62f1d9c577",
              "ami-0808ed65ff22fc2fc",
              "ami-0dd5c021319ba6572",
              "ami-015cca076e004c74f",
              "ami-03a6aafaabe22e180",
              "ami-0b1156cd3306af0bd",
              "ami-0b29e31a32dc20204",
              "ami-0738e1a0d363b9c7e",
              "ami-0015f25daf18f6af4",
              "ami-02ad60384d876be80",
              "ami-0dc3153275c49074f",
              "ami-09a379530e2d6065d",
              "ami-0b204cedb5b3fc48d",
              "ami-04fb02c033520f0f4",
              "ami-0c3899dc61bd1ed3a",
              "ami-068cf4752934bba19",
              "ami-013f15c0920354859",
              "ami-06eaa27e0a710e42b",
              "ami-024c73a13abacc5c0",
              "ami-0fd690400057e2da4",
              "ami-09126c8e8a67c4b40",
              "ami-08412529d067b2107",
              "ami-0cd0b8f82ede26d25",
              "ami-067e0be6c32d9e066",
              "ami-03c877136149f52ba",
              "ami-0e151337831053b81",
              "ami-06d50016c9d4f989c",
              "ami-0db8a9aa2f997c5eb",
              "ami-0bf760a67753d1bc2",
              "ami-0ca95f13940049d61",
              "ami-0e86e4295d6faa002",
              "ami-0a010346830816150",
              "ami-074ac21eed170f2d2",
              "ami-0b6dc0a85ef6b70c3",
              "ami-004441d5f37643707",
              "ami-0aac63215855fc31a",
              "ami-0bceea493a8aae037",
              "ami-0af08d928d4aea3e8",
              "ami-0fa012443f5d581de",
              "ami-0a349002a7c4d79b7",
              "ami-0c70e8fad7c0bcee0",
              "ami-09ac93e31a30d6ac3",
              "ami-0719843801b51ad4b",
              "ami-0c56f0a048434bf00",
              "ami-0b6646e73e75988b4",
              "ami-079310a19219c9c91",
              "ami-0f7606218aad08441",
              "ami-060f891bfd5288e09",
              "ami-08ec3fd229c99e87b",
              "ami-02c671d46f8270ca9",
              "ami-004dbd876af8e3428",
              "ami-02c7ac8890b0ac40d",
              "ami-02305f63b882edaac",
              "ami-0948472fec4dd5e46",
              "ami-06897c7dc2f03349d",
              "ami-0ca2ac220bf98e106",
              "ami-0b4745a047b35c2a9",
              "ami-04caada3ee372d813",
              "ami-05934a020e182b8a2",
              "ami-06b4de264efe0f45b",
              "ami-0a27b9c0aa98dc9d6",
              "ami-03c6f830f5bedf051",
              "ami-0a5f593ecaa0f722d",
              "ami-0b5f24ecac7c8ece8",
              "ami-0cdbfc23bf5153d6e",
              "ami-0ea56620a638ae07f",
              "ami-0fac016a0e4971743",
              "ami-01b733f43e0044247",
              "ami-0740e7ecad610d590",
              "ami-0409634d5cedd832b",
              "ami-042f31b1c3b519535",
              "ami-017613e064089ed77",
              "ami-00e573a1eefd57e54",
              "ami-0deea5bad542be4d7",
              "ami-03a4942b8fcc1f29d",
              "ami-02379e81fe87dffc5",
              "ami-060f898c5087c9b16",
              "ami-0dcfd96abeaac6e28",
              "ami-0aa28dab1f2852040",
              "ami-0933b5fca346281ea",
              "ami-028ceb4d65508ea90",
              "ami-0685f68a1ae4de0fc",
              "ami-0da238f00ae15f2d3",
              "ami-0b2413c33902593ac",
              "ami-045518ca1081c0e2a",
              "ami-0ca9838607f8d99d1",
              "ami-056f627eca0eb9dcd",
              "ami-01736505709643c9b",
              "ami-0fe545b847aa3a05c",
              "ami-0d4bbf556379766bc",
              "ami-0ebb500c900815698",
              "ami-03e37c39e27d76d70",
              "ami-0d89872bc8e1029b1",
              "ami-0876f756802132055",
              "ami-07dda2c3334d40c12",
              "ami-0161e7e70ce3db422",
              "ami-0241d3c958ff8531c",
              "ami-04adb1eab615de542",
              "ami-0981af81ef19540ab",
              "ami-0b2c996b12b0d4467",
              "ami-0e91b5a998488500c",
              "ami-0448805bca0786494",
              "ami-03d5fe276983b75d8",
              "ami-01f56855f6138b9e0",
              "ami-04431b219bad810dc",
              "ami-0de446fbf40feb309",
              "ami-0f00b50eb3c7ed6dd",
              "ami-0f251922a77b67ecc",
              "ami-02cb5c8520670695c",
              "ami-098ea2cbafaf9989e",
              "ami-0848032d973c340f5",
              "ami-0589feb6628610584",
              "ami-00e8f3d680565e817",
              "ami-0ed889c0ee6410126",
              "ami-015e84c7cd04682db",
              "ami-0e42f184942b9e671",
              "ami-0299d38aec2bd142a",
              "ami-06f64d4269dde1e46",
              "ami-0f195daac7781b5d6",
              "ami-06a92805553870282",
              "ami-09dd27cc2aebc7adf",
              "ami-0440b000d4d36064d",
              "ami-0dfe4d5b200e75809",
              "ami-0204f509d7a424e5c",
              "ami-07d48f0b94bc357f8",
              "ami-058714a4ef3fc4aed",
              "ami-0c6a99730a64c4588",
              "ami-02026fd172561fa1b",
              "ami-07d2c8fbbc8bdbc51",
              "ami-0898f2769d052aa71",
              "ami-0cb03b6f4227e27bb",
              "ami-025f1f16bf40e8fb6",
              "ami-0d333b3e219eb6a88",
              "ami-0e987a13e3068e84a",
              "ami-0b57005dfa0a8b3ce",
              "ami-0ca9881d42eaa885d",
              "ami-0510e224fa149460c",
              "ami-0bb7cf7eb1f425835",
              "ami-0f5a3946a1f0469cd",
              "ami-0ad554caf874569d2",
              "ami-04029fdd18db08198",
              "ami-00c39dc0bc7856367",
              "ami-0c8181e9934e99f99",
              "ami-0d6ea8ee797dca120",
              "ami-06a47059d59029e6e",
              "ami-0b509b72e6fcfe74a",
              "ami-07318b01dadfef31b",
              "ami-088456d86a84c4563",
              "ami-0b0a4d17f1a706e89",
              "ami-0b0b7d867c907452c",
              "ami-01324684792f591ee",
              "ami-052cf27724d2c6c19",
              "ami-032cdbfed1b6fa7af",
              "ami-0d0e7a9b509a5f8c7",
              "ami-048b0679d136fec46",
              "ami-00a7dddbc17a28f39",
              "ami-0e3777831ef769d82",
              "ami-0b060c5f521f08641",
              "ami-0f8352f157b4d28fe",
              "ami-0b1c7668c25a7959e",
              "ami-0cbd0992e3d7a6247",
              "ami-0cfaaef8d970ee21e",
              "ami-02df96a34f00284dc",
              "ami-0170be19f0a4db617",
              "ami-0dbaee254b7a74f2c",
              "ami-0e06f6d7f5035ab3d",
              "ami-0c8327b6e8bd21bf0",
              "ami-0d082bf90f6869a35",
              "ami-0f2d82f714e59626f",
              "ami-084c4ef0e4949d72c",
              "ami-0af1db7e099bb4aaa",
              "ami-052930f648f77f0cc",
              "ami-08ab959a008927eb4",
              "ami-00c7619a04955aecb",
              "ami-0400b2a58c1ba3d8a",
              "ami-0b2496c6aaab20106",
              "ami-0dfb37ad000659a97",
              "ami-01a75364eba912c61",
              "ami-0d448d35e0bb1d4e4",
              "ami-092f1caa1609b6c50",
              "ami-0983978ebc933d3df",
              "ami-00b582aa4586c7cbb",
              "ami-010b8432cec0e2568",
              "ami-0965be275101d410b",
              "ami-089bea69f0a3d4ce4",
              "ami-03b3e04a7dcd92f03",
              "ami-01435f8de8d987200",
              "ami-014c381aa4bbc43e3",
              "ami-0655c55da1774839a",
              "ami-0f761cf127ffc842f",
              "ami-03d32ad5e0d857df1",
              "ami-02d63e8e8e16c14ec",
              "ami-073d1d90d63c88418",
              "ami-0bac528f971e82d74",
              "ami-0e1d1da228e07d75c",
              "ami-0c7695b9a9d8612cd",
              "ami-04e2d76cade02ddc5",
              "ami-0c48d2cf7e780953b",
              "ami-05ab12e656f3ef143",
              "ami-009e41d51da783e10",
              "ami-04a16bfafb2b8537d",
              "ami-03dfa6e645d3cc048",
              "ami-00579195eebaf7cb8",
              "ami-0d0884e1641707aad",
              "ami-0310887c3de4c62f9",
              "ami-08a287a7b4ea3e91f",
              "ami-0a66380ba11d07eaa",
              "ami-0bce0c3ff2434cf00",
              "ami-00acc966a6dd65636",
              "ami-0a2f2377a5614a09f",
              "ami-054eccc0510ee29d4",
              "ami-01384971ed9f5a2f7",
              "ami-0ea0573f3848b26c4",
              "ami-055466320b9bc151f",
              "ami-00048986a7489b1dc",
              "ami-0dcd0f39bbd814c14",
              "ami-0377909dc129b3b40",
              "ami-0f0e3fa079f925c2f",
              "ami-012b37fb6a8c24d73",
              "ami-0fa347d060711d670",
              "ami-0c14bfddc263aa526",
              "ami-0245b3b71269d5cbc",
              "ami-094dded37fb5c2a98",
              "ami-00ebf026a3afcc5dd",
              "ami-053912f3a44543f8c",
              "ami-0c898e4b96461376f",
              "ami-0033bf3e030fef6df",
              "ami-0a21e2915f3d77fe3",
              "ami-02116b0d2d99a5314",
              "ami-06b4c448304d6e40f",
              "ami-00f9c49a6dfd715a0",
              "ami-02fb702eb54e4a0dc",
              "ami-0d42e3d46e9aa913a",
              "ami-02a06b946f5a031f7",
              "ami-05d8512f422427c75",
              "ami-08001521b66f50538",
              "ami-006f238897954edf9",
              "ami-09eab1e3cac28bae8",
              "ami-0d1cae75166045d31",
              "ami-01ad60884c6f77519",
              "ami-06d8852fed5739734",
              "ami-04fc1c907b9936a4c",
              "ami-02b0c3f0350cbdcdd",
              "ami-08cb6095a7ab5099f",
              "ami-09ea7cfff7bea1c89",
              "ami-001856aa13180f185",
              "ami-09d6e3dfb66548d1a",
              "ami-098ddd26b626af25d",
              "ami-05bf2829e2bb97caa",
              "ami-036dd5bf067198aa7",
              "ami-0147d3ab35a9e8c43",
              "ami-00f5f359824e1c0e5",
              "ami-030902f08a742c8b0",
              "ami-08305c62c06324cf8",
              "ami-0d7805e84f0142135",
              "ami-09270de005a2c2dbb",
              "ami-013962c93204eeda5",
              "ami-076e438eb79ec5f80",
              "ami-077cfa735f7c29502",
              "ami-0d364e0801521b622",
              "ami-027cd124974958943",
              "ami-05d97039a9fb9a3b0",
              "ami-0c87978463290ddbd",
              "ami-07ec06ec150dd0ceb",
              "ami-0d019bc9c9a1ba963",
              "ami-0b5911ea98bdc39d3",
              "ami-0c234eeaf0dc33509",
              "ami-08ac9f507a9d40985",
              "ami-0a5c29f89ab4c555e",
              "ami-072ab9e3514669627",
              "ami-02668dc1f4bba7ff4",
              "ami-056ec0372138802b6",
              "ami-0a963334613da5438",
              "ami-0e1bf6cabad164672",
              "ami-066399c5150a28574",
              "ami-0a7eceff2b2dbd290",
              "ami-09ef698301ad80887",
              "ami-0235e3bc241652f24",
              "ami-066328769fa6bb956",
              "ami-0dedc4ce53b2379ca",
              "ami-0355d737bd794e792",
              "ami-05292b2bf0f4b82e1",
              "ami-0d55ba2c6ce90a924",
              "ami-002ded699e611060a",
              "ami-006ccac1540133a3a",
              "ami-0c51321400e856f04",
              "ami-0cb64d737c7a9d514",
              "ami-0ebb29c3eec4bfa7a",
              "ami-046c8bbdfdbab2488",
              "ami-01599c67e3d0e81c5",
              "ami-0bf5c4ff62dce8571",
              "ami-03f8007e87c10fd6f",
              "ami-07862e8fbb3f0fa50",
              "ami-0e5b4fda936c91b3f",
              "ami-038710c7fe03f557f",
              "ami-0767cde07fa849042",
              "ami-02c21308fed24a8ab",
              "ami-0cc78160960a2f33b",
              "ami-075d39ebbca89ed55",
              "ami-02779292e67130e90",
              "ami-0da2d3ed446238405",
              "ami-0c82be92b15ae585f",
              "ami-0176841830fbff35e",
              "ami-06892d09074fec5fd",
              "ami-083104674423416b8",
              "ami-0661aad36f513e48d",
              "ami-0109be983051a8b1e",
              "ami-0b3af49605a14abf8",
              "ami-0afb5c4450655d9b7",
              "ami-0490aa2a4787e1f61",
              "ami-0341cc53292114982",
              "ami-00fb549bbb0c60f0c",
              "ami-026f3ad92e15894e1",
              "ami-0aac4feea6201b133",
              "ami-05d33fc224d4b855b",
              "ami-0307fb8acf1a7b7d1",
              "ami-0f10fdd4b6afd2269",
              "ami-082690718187441d3",
              "ami-0d93d29d648212fe8",
              "ami-0c9e7cf201e15fb97",
              "ami-0a3ca8ca97dc89681",
              "ami-0be1c2265843afe4e",
              "ami-0bef0aa265fdb3405",
              "ami-066d566dcc58d5fe7",
              "ami-017d6b21666191f5b",
              "ami-0da44992c0b04e287",
              "ami-0c27e483df9033cd5",
              "ami-0adec96dc0cdc7bca",
              "ami-01c8ae764b1000a1c",
              "ami-03ef8908ed0263d4a",
              "ami-014e81abb85efce70",
              "ami-0333fa83db3ed39bb",
              "ami-079f1c1519cb090c6",
              "ami-0b06eedffe80d8b83",
              "ami-04e6414ea65e07335",
              "ami-0718851774ce9e244",
              "ami-038e1feebca323ade",
              "ami-0a1a0e6f1d3bbf9b7",
              "ami-033ab7616ddb68085",
              "ami-0eef457734150e82a",
              "ami-02ceb2bed15a64790",
              "ami-0e86cb6a814a0fc94",
              "ami-0aa160c9a6974bcc4",
              "ami-09919484fe78d47af",
              "ami-06bd2cf7479168190",
              "ami-06f7fb819d597e1d6",
              "ami-057c2edf7e48d6d57",
              "ami-0f3e44a9352d74b88",
              "ami-06c629de38f72d52f",
              "ami-0f36930fe51a4eecc",
              "ami-0340b719437c0f8bb",
              "ami-092c3c8cf51f9be61",
              "ami-009b6a8696ba7a523",
              "ami-06ff9e92a8fecbb77",
              "ami-066784287e358dad1",
              "ami-023508951a94f0c71",
              "ami-056340fa76d962e5a",
              "ami-0d5d4f77e864e3cec",
              "ami-034acae960632dccf",
              "ami-0d448086c4ff30409",
              "ami-0308545d62b945633",
              "ami-05fea6a98f6b1e18c",
              "ami-090a4b87707821a3f",
              "ami-02500c321fef5357f",
              "ami-0112982d0b80f9707",
              "ami-0f9ce12f9c3727d11",
              "ami-0f383bc0cebeaa5c4",
              "ami-0099568c13d635ccb",
              "ami-09066a859f8832c7b",
              "ami-0daef1d604ad8afbf",
              "ami-0462a356b58aa3712",
              "ami-0a5fb349549f79a0e",
              "ami-0b0dd9e4c456d3a36",
              "ami-055f9a063b33e4636",
              "ami-0b2979b8f00274834",
              "ami-01c8295ed79cff7a1",
              "ami-0e1069ff507f234c0",
              "ami-0773ec03f3f6dba16",
              "ami-03e6e5a7f9ae00426",
              "ami-0f7b71fd575209978",
              "ami-01995cc3e2c02179c",
              "ami-0e81a63fb30958faf",
              "ami-071721cadfcbfc399",
              "ami-04f1a94148188fb1a",
              "ami-04c5baa0d90befbcf",
              "ami-06a59db8a105a90a0",
              "ami-09aa717d211d65a11",
              "ami-022bd7e471db88fa4",
              "ami-0dd7bce1a7acb253b",
              "ami-087609931a88829b7",
              "ami-0577849dac43bb320",
              "ami-0bed7352cac4caa5b",
              "ami-062bf668114dad4a8",
              "ami-0abcce068dac2c947",
              "ami-0591c7c76c7d7b7db",
              "ami-010143aae9af582eb",
              "ami-082d8a28885722924",
              "ami-04a0b897df39a3635",
              "ami-0436856626f7ebeff",
              "ami-09311cfabc1869c6a",
              "ami-01f12267f6b424e74",
              "ami-0c2b590cba7bffbad",
              "ami-07cd713328369af83",
              "ami-0bb443b1b54170850",
              "ami-046754e2275e35fef",
              "ami-082324effcd4432f2",
              "ami-013e7e544de04826d",
              "ami-0a2f1d3b4c7c40c75",
              "ami-00d05a084bbf5f902",
              "ami-075ac8cb1ca8d32a0",
              "ami-0e0c23192d8f7469b",
              "ami-0b6fad87d6b78dda8",
              "ami-0840e209cbe688339",
              "ami-01e3687eba5f7fa91",
              "ami-08dd0cdfd02b5e057",
              "ami-0eeca36ab983594e2",
              "ami-00e49ab0a3de58855",
              "ami-0a27962f042691931",
              "ami-057c5c24c7bbc7eb3",
              "ami-0b62a3ee1891efe5a",
              "ami-0196bd732627a439c",
              "ami-079d8b1039f168637",
              "ami-0ff84d2817833b187",
              "ami-002569d0d8db9956b",
              "ami-0a1e790eee48ea892",
              "ami-021876a1adebe4a0a",
              "ami-0b2ac909adb25cea3",
              "ami-02593d319dca4a3c4",
              "ami-0ae02917a5ff5f268",
              "ami-0863498594ed75c71",
              "ami-01c124270796a6c89",
              "ami-023a75585e6a98ba1",
              "ami-03c9492163336f326",
              "ami-05680eb3c80a4637e",
              "ami-08fef9853f2e6c5b6",
              "ami-0db7e70d5ee01598e",
              "ami-0327c4fcbd150282d",
              "ami-0157c32fc1a1bfdde",
              "ami-0cdf81eb365fb5934",
              "ami-0ec25306320ad9642",
              "ami-0147d1d1f0c9a7008",
              "ami-058e9d5dff6673f32",
              "ami-00471d0db84fb1d14",
              "ami-0308e548deb294639",
              "ami-01df6562673e7ba6d",
              "ami-0b4e969792837b9ae",
              "ami-0a20b07de89267abe",
              "ami-0352aeed04cf14e9a",
              "ami-09cbe5c773d6bbe09",
              "ami-0e67e5a4927cf7f9c",
              "ami-024cdb6fc382a2a55",
              "ami-0a96799e8d0f49793",
              "ami-0684fa7f798fb84bc",
              "ami-0ccd44729b3110904",
              "ami-0b00aaf4bf17e7451",
              "ami-0a6b7034876861343",
              "ami-0dd62f43beb0a244d",
              "ami-087a1af839137e35d",
              "ami-00ead11dc17951814",
              "ami-05c5d4494bcc10515",
              "ami-0ab315459b56c9bff",
              "ami-0e7b1296922413eea",
              "ami-0735ceb0b3e6ea14d",
              "ami-0e5653111fd75c429",
              "ami-0624fe3cdb96b8eca",
              "ami-012589fe499aa6384",
              "ami-0fda01a71df9adf21",
              "ami-06b79037242b83099",
              "ami-0dae3d5ff494faa4c",
              "ami-08714523d783785f7",
              "ami-06e209487e05a9a57",
              "ami-0e2492701bbc20a49",
              "ami-08ed907234df99343",
              "ami-0cae4c23a74897277",
              "ami-0e93253e8ca2aee55",
              "ami-0fc459687f213ec74",
              "ami-0f9bda29a1b2c9dd7",
              "ami-0dfee9f3bf86c864b",
              "ami-0ce7c279d9abd5601",
              "ami-09e2f4246372151a6",
              "ami-0027cb7ff241b7503",
              "ami-0b77e3eed016f2ec9",
              "ami-08df6b272610e4699",
              "ami-0c5119685a79868ff",
              "ami-031dc593571462da6",
              "ami-0f4d921dec5fc5f3a",
              "ami-0f012dbce0c0296fb",
              "ami-0d0ad9954c669ba65",
              "ami-02a506f01fced5cc4",
              "ami-04b001b8e4e3bb931",
              "ami-0059deac43b6a9aef",
              "ami-073f7d5e2632c2d66",
              "ami-0b441e8deb74a752a",
              "ami-02e0f1c149011da13",
              "ami-0078a15cd833d9468",
              "ami-0dc309f5b6de912bb",
              "ami-0fe27ba81f7815534",
              "ami-0c223e3101cdb5c7b",
              "ami-0a189b6164bbd0ded",
              "ami-047738b26b777ff57",
              "ami-0dc39185cd737718a",
              "ami-0f21e7cb63c1a0b5d",
              "ami-022dc3a658260efa0",
              "ami-0b345ddd9cbc06d37",
              "ami-07ac674fd28eb9611",
              "ami-097e72497cfa8815b",
              "ami-00aa859dab2ff2583",
              "ami-0098d55ce057c3117",
              "ami-0bed3f33eeee29681",
              "ami-03ce73888a32056c1",
              "ami-0b840c0cdd093d9f8",
              "ami-09c19c93330f0fc60",
              "ami-0eec6ebc6c3cbaf5a",
              "ami-0eedf36dc1ea677ff",
              "ami-094a343f7e7c206f8",
              "ami-0a2eaf558915fd956",
              "ami-000921d0cf783ddf4",
              "ami-09646cbe0d2f69f83",
              "ami-0e8210808498c169a",
              "ami-00712d38dc55915ed",
              "ami-0cf7497a6133154e6",
              "ami-0c571b04bcbb747d1",
              "ami-06e81a8467c5160f4",
              "ami-0515dfb222c2fe05f",
              "ami-04ed8e8e6e0e99d01",
              "ami-07cbf9683cf0c1105",
              "ami-0b6d6f3f1849c7352",
              "ami-0e1a8bedb000ed97b",
              "ami-019ec49b832b38a33",
              "ami-0728457c34350325c",
              "ami-087238c4fe31ae744",
              "ami-061af0fd41911bc81",
              "ami-0cbe3ca1dba637f9d",
              "ami-028ababe9daf590d8",
              "ami-046895f590001d6b0",
              "ami-0f95ff7f25d716021",
              "ami-046f086212cda9444",
              "ami-04b95e9767bb614d7",
              "ami-0def47aab7beed28e",
              "ami-0ff6655a60df62afe",
              "ami-08bdd574d8f8cb8c8",
              "ami-089e453470967510d",
              "ami-01e1e066c68694733",
              "ami-092701bbd9685b466",
              "ami-0f2bbb9a49d5436af",
              "ami-0f60d2c2b95c9694d",
              "ami-0a48fc92793eb5edd",
              "ami-0cf3ee1522c7bbe25",
              "ami-0c7df82a50982b98f",
              "ami-0f288637721bd23d4",
              "ami-0064cbc8c88d12988",
              "ami-030846216ec201684",
              "ami-076b8fa7a630365f8",
              "ami-01a490393c40171fa",
              "ami-0d6e677200d4c25a2",
              "ami-0002c852eb6f26f8e",
              "ami-0a19653bf4cef1717",
              "ami-015300a1bc3a38211",
              "ami-0e320a73770fe5918",
              "ami-040d0b168cd97d3f6",
              "ami-051909c523b25c55b",
              "ami-010865c8f3885cbda",
              "ami-068b2619fa1e0aaf9",
              "ami-08e50c8ece1d5f021",
              "ami-040b4c37672e2a933",
              "ami-01932bc3af2e2077b",
              "ami-03e9a3fe01479b53a",
              "ami-0483e4a86a62b1622",
              "ami-0230634fb6cf47cf0",
              "ami-0a19c9bcd174e014a",
              "ami-0605d9ee217e16e60",
              "ami-0ae95906586b061d7",
              "ami-0679d3bc71372e495",
              "ami-0c72efaf91957c495",
              "ami-032454d499c359c67",
              "ami-063108faa2d97030e",
              "ami-0e7c87ebbffdb10a4",
              "ami-0a8c325be21590b24",
              "ami-0b8858ee2106314f4",
              "ami-0b2096c1c8eabf46a",
              "ami-0bf817421d62ed40e",
              "ami-0122ef0f07bcaf11e",
              "ami-0156af889579ff9a9",
              "ami-038fee8932d708a5f",
              "ami-0a62f1fac0523db74",
              "ami-0c7dac36b254258f1",
              "ami-0cd51b201059f57db",
              "ami-008c931045c7636ab",
              "ami-07fd3d6ea26c2a1e3",
              "ami-0e6204987fa442044",
              "ami-0b826da60904e9fd0",
              "ami-0b2b340fdd56e13ce",
              "ami-049bd510228da8389",
              "ami-0f30a2e5e2dae24d0",
              "ami-0930a864a1cc3e396",
              "ami-06dbdc61b576408e0",
              "ami-0ff09a8d3905374bc",
              "ami-08d18381b1166dd2d",
              "ami-0a10481b566d7bd96",
              "ami-0933a02f95cd3e10c",
              "ami-0c2c7d6094690e60e",
              "ami-05de633ef4f55a22a",
              "ami-0741c3771e9958ac1",
              "ami-012d4f14cedd28f0d",
              "ami-0e4d669f1be627957",
              "ami-03a5ba357d179f2ad",
              "ami-0329831efc60b6049",
              "ami-06f28559d3c029cdb",
              "ami-0b74058fe2f123d98",
              "ami-0e28c55be414a4647",
              "ami-0140dd8a8079ee8ed",
              "ami-0718e69dbe771d518",
              "ami-0ab3158ca5e1bbfa8",
              "ami-0b757292bc73d802f",
              "ami-01c6088fa0fcd58bb",
              "ami-024ab239f15b2a4d8",
              "ami-0c64f58c8fa6c3956",
              "ami-00389abd00b3aba18",
              "ami-06eb840c97c97b3dd",
              "ami-0a8128f5266cdc447",
              "ami-0ae7654b7ac713e83",
              "ami-00cbda519614aa524",
              "ami-0f739e64715db2dd8",
              "ami-02d604fe2fa47ff24",
              "ami-05a010856801f4d2a",
              "ami-0db38c4355cb16ceb",
              "ami-0451d6c8418a679d0",
              "ami-0e43f012ab825be54",
              "ami-03335abf32141692b",
              "ami-0c34900aa096875c2",
              "ami-0d61dfb2eb9b92f5f",
              "ami-0b02ba64f1ded989f",
              "ami-0b5b5c86d5618e5d7",
              "ami-01475d56b28138e6c",
              "ami-060b18ce28cd69433",
              "ami-07666ae871bc71f6d",
              "ami-055e076a8d91fb953",
              "ami-0b9d770172e88f025",
              "ami-0caac4d8d1bdf1720",
              "ami-0bc61e451a102f731",
              "ami-09cd12ad473c4b184",
              "ami-075046ad5999d140b",
              "ami-07cc1bbe145f35b58",
              "ami-0977659d117c857ac",
              "ami-014397748d5934e15",
              "ami-0b3245c1e079c48cd",
              "ami-00ef7457a536b02f0",
              "ami-0d320debff63c51b4",
              "ami-02d572ac5680ef734",
              "ami-024ac24f7732fd3b0",
              "ami-021dfeb9a94dffe3c",
              "ami-0a4011ba38c405e2d",
              "ami-0d8f86be843a0bd55",
              "ami-05d62f922b47ab8c8",
              "ami-09bca5666585d3259",
              "ami-0ab5a0520d7f67fd2",
              "ami-043332660e6092069",
              "ami-04aecfe5d99c48920",
              "ami-07c530885885199c4",
              "ami-0d0190e38f760ec31",
              "ami-077bf22d8b561ba14",
              "ami-0aeadc9a8aaf5fda5",
              "ami-0538961d9cb9b6cf2",
              "ami-0f09f535505d7fb96",
              "ami-0e51036f578a8e7d1",
              "ami-01090a19750f0c6ea",
              "ami-0307dc240e0562225",
              "ami-0fa2054d18405c48b",
              "ami-020c0d170bccd7ff5",
              "ami-0fef7a83cb60ed848",
              "ami-062669c0bc987e09d",
              "ami-0febaafa7a4bf06e2",
              "ami-031994b55480972ee",
              "ami-01c085ca8e9b60ea9",
              "ami-09fa92b03f6d99bcb",
              "ami-01c27c3ad32f6b166",
              "ami-0b8790c80aa87c98b",
              "ami-09732d6f7c9bb988d",
              "ami-08354e247a18fd5ee",
              "ami-05dc81a6311c42a6e",
              "ami-01f5508c84909cafb",
              "ami-0ae421f328ecb3a1e",
              "ami-0da7653ed20abfbe5",
              "ami-08c478444f8ba1e6a",
              "ami-0fc36dd1966ef3aef",
              "ami-05f541560c94bd9d5",
              "ami-060a5d9a9c2781b6d",
              "ami-0b72913c730c60470",
              "ami-0c8e23f950c7725b9",
              "ami-0f629ca5b962f7025",
              "ami-05550e886fd83b2c7",
              "ami-00ae34e5231fb0682",
              "ami-03b11ccb649aa49c9",
              "ami-09ad4f2fb73dc446c",
              "ami-08eaa049bb1ff653e",
              "ami-02a651ae788fc2990",
              "ami-09c90d907b26e8b9a",
              "ami-0e61982dabc38672d",
              "ami-0d3e7a83ee2fcdc38",
              "ami-0f22ae21880dd567c",
              "ami-05c184ebe23350bcf",
              "ami-0213942d270839e1f",
              "ami-04fc0f4432a85e3ca",
              "ami-0453d2a68de473b9b",
              "ami-0f5b53af6432b7807",
              "ami-063fb82b183efe67d",
              "ami-02a85e98991cdd04c",
              "ami-0f5cbd3527e034401",
              "ami-07348519b175287c1",
              "ami-04c46f6a52ca7aad5",
              "ami-07eb0ce6a34c96255",
              "ami-00f03fc214f33daa0",
              "ami-0931f6af6e604b17a",
              "ami-0756d2f216b03472b",
              "ami-0328fccc50551e0b7",
              "ami-00ff8c5da98136e90",
              "ami-00d46c99b7bfeb335",
              "ami-0dfccf3743051f9c8",
              "ami-00844f8b743117a6c",
              "ami-0ea8ec5d9fb377b31",
              "ami-03b15168a59a9b78a",
              "ami-053de37d4d26c7461",
              "ami-013756639bc94f3f3",
              "ami-0dcbc913115fbec85",
              "ami-0769e15bb94a0fb45",
              "ami-0539fb2d043bbdc36",
              "ami-01ef1a00760e69b18",
              "ami-0e691e8e58a0a36c6",
              "ami-0cd60fd97301e4b49",
              "ami-0d128b59b8826faf3",
              "ami-0a3536850acfdb109",
              "ami-0175c6dc4a7fddf32",
              "ami-056b4bab8ee2b3ff9",
              "ami-0a25d7c14d7d7dcec",
              "ami-0b3a9773b8af2ab18",
              "ami-0801dd091fb979e12",
              "ami-08cda72000d9617b5",
              "ami-0c88cace46c899991",
              "ami-037bf0b0e517f36bd",
              "ami-00ee0f12517665630",
              "ami-0c102260e1a98fe39",
              "ami-029ced9c64dd83f03",
              "ami-00aa98bd0bb3ecca8",
              "ami-0bb94e68d3cd81c39",
              "ami-0c0851ad1477232f2",
              "ami-0d1647e1a8192e018",
              "ami-076d900e8d41b35b0",
              "ami-0a8d3f1c1b874ef07",
              "ami-04f18aa9b7ba78a56",
              "ami-0493170780f6d37fc",
              "ami-031d5296ae7eb6e61",
              "ami-004cac36fdea705a0",
              "ami-0b4a9cc2fba693a25",
              "ami-013911c6325b72a15",
              "ami-0c97ff649b620f3bc",
              "ami-0ee7b82f6c0407af1",
              "ami-0fbccda465cb9773d",
              "ami-0bd84da76e809a523",
              "ami-06aaed30e46cdf157",
              "ami-05ffb168fd4f44f86",
              "ami-01f7c85d29e506856",
              "ami-042fb01a4e1d5dac6",
              "ami-01666c45687a3fe87",
              "ami-05218d60cd8f94600",
              "ami-04f13aead6391d238",
              "ami-04679c18157ffa034",
              "ami-0df81ccc98133732b",
              "ami-0099a7fdc694ec8a5",
              "ami-040caef244d8c410c",
              "ami-044d74a763770e2bd",
              "ami-052db555934b161a9",
              "ami-06005fadb3dc59c9e",
              "ami-0b0125ee48707a5b8",
              "ami-0c10a3019bb90098f",
              "ami-0276d6db8725d462c",
              "ami-0069e1885c3fdf9f6",
              "ami-0ab71411d6a85254b",
              "ami-07f7bfd54eee72cb4",
              "ami-0df06e40d67a1a293",
              "ami-01d5c470db9388e4b",
              "ami-0469442279a630fa3",
              "ami-0527061854a5b9b29",
              "ami-053090b567916e7b6",
              "ami-0b45eff157b42aa17",
              "ami-01af2145da726d15e",
              "ami-0c441a3a872bb416b",
              "ami-05e3b12400ac44033",
              "ami-0526ebcd5f0c08602",
              "ami-0fa0fba07327553f1",
              "ami-0a1207755444805af",
              "ami-03f77ef7f0d4b5505",
              "ami-0fe684453b8fdfeab",
              "ami-0797163a261152199",
              "ami-07d8ca14717c62e08",
              "ami-044e0e2798b5dac41",
              "ami-04555ff3805770bbd",
              "ami-0d1542fb17cd5686a",
              "ami-0c4ff5a450ca8d04d",
              "ami-086b31eb9e5821430",
              "ami-0e30025c5e2e76c67",
              "ami-0afbbb075742352ef",
              "ami-0a931aa561d40289f",
              "ami-04250a5dceb67b437",
              "ami-0f017efb82ee7b952",
              "ami-01a1ffe25deeede91",
              "ami-03c90716768d4dd70",
              "ami-0dc9d699d9d66d31b",
              "ami-034b0fa12ea71d7d1",
              "ami-0e42c3f61ddf76204",
              "ami-034bf95744f5737bf",
              "ami-0d9f122d19bf3c71f",
              "ami-0151619a2e9389350",
              "ami-04544140f0d730811",
              "ami-07809b34087cd448d",
              "ami-016e1769cadd58c5b",
              "ami-078a88e6816d5e04a",
              "ami-08d9654decbb01d5c",
              "ami-09b0be9610c99bba7",
              "ami-04bb4c738fc909fd9",
              "ami-03ae48c041b295030",
              "ami-03f4dddfe6ab424eb",
              "ami-0c02594e4f599420f",
              "ami-0f7118461b6dd8d06",
              "ami-020aca9fd68ea1364",
              "ami-0b73cd9ee4b70e338",
              "ami-02673d645bc8710be",
              "ami-0d536801347e3ef4e",
              "ami-093f6b6ff7b524972",
              "ami-0e3a2c59b799f02fd",
              "ami-012ff6cfb072ff70d",
              "ami-068e23dcd76d06922",
              "ami-079522ac32008a8a3",
              "ami-08ef0be8e061f0c3f",
              "ami-0017aa072663e888d",
              "ami-08bf79a827c794fdf",
              "ami-07d6864a1ea991e02",
              "ami-06e28e8e47bcf260f",
              "ami-010ea93446f9b0ff6",
              "ami-074cc89673457fd6f",
              "ami-0aa9750e40f43aa88",
              "ami-08be28d7d53d205f3",
              "ami-0bec61c0b987e9be6",
              "ami-04ee6f2350d3cb3d0",
              "ami-0d5079d9be06933e5",
              "ami-0242a5fb216a6ceef",
              "ami-0d44cac0b5e3a5e73",
              "ami-0129397885982259d",
              "ami-003a4b0843a083ace",
              "ami-0145b5ce2fa8f30ed",
              "ami-08a15a6dd02420991",
              "ami-0a6aef5af3f49412f",
              "ami-09c4d11ac5a39143b",
              "ami-0d2c7b02f6fe2fa16",
              "ami-026f3f7df718dd0d6",
              "ami-01b479c50edc9aca5",
              "ami-0763661ae201b0368",
              "ami-0f7063d7e9f8e228a",
              "ami-071a2a17bc675d68e",
              "ami-0776a10650c6ae9fb",
              "ami-025f4845678efed44",
              "ami-045c8a0ecf1b23dbf",
              "ami-0b832d4221dad3c2f",
              "ami-0e274090502af183d",
              "ami-0756dd7647bc71ca5",
              "ami-0e2b509a3697558f9",
              "ami-0eddfbd97bbe93ea7",
              "ami-0ae8f15ae66fe8cda",
              "ami-0e36db3a3a535e401",
              "ami-0e56c2610a9e94b0e",
              "ami-0e4e58567b1d92d20",
              "ami-0dd93cb88575f7938",
              "ami-066ea4c6daf4e56a1",
              "ami-0115b54e7edcaf494",
              "ami-02c64eb7ae5472db4",
              "ami-0d74c756430d8fc0b",
              "ami-012a4c390c4604c85",
              "ami-081dbeeaff8054a0d",
              "ami-0e12b6467d1b85886",
              "ami-0838503a98c5a706f",
              "ami-081b99122135a2c32",
              "ami-0930fc0f2a18195f8",
              "ami-0f014a13ab0a71fcd",
              "ami-0630d89824df54420",
              "ami-02a0be22c15a74694",
              "ami-0f595e8fa6ae93845",
              "ami-0e7ad9ff824fd02da",
              "ami-0d1c48aae23cbda27",
              "ami-0157c23becca7e036",
              "ami-03187e1b3d3c45d03",
              "ami-0a81350b3ad7bccbf",
              "ami-09b1c02a7c22ce860",
              "ami-05f97f6f6e197791a",
              "ami-04a753b4163fa908e",
              "ami-09b5da4397e1398e2",
              "ami-00b73dc19f03a08e8",
              "ami-0c2f741e432159b2c",
              "ami-0bbbd4ac769f1e7c9",
              "ami-00d8bee007f15106b",
              "ami-0bdc7536c65143ccf",
              "ami-028f1dee0bd8a6bb2",
              "ami-06f7d3af215fece8a",
              "ami-0cd9a0fd78a238d44",
              "ami-07cdf4db91bf761b7",
              "ami-02c1d554eb483ef7a",
              "ami-0ce89508f872c7bb7",
              "ami-0342a5cfc0b0a7754",
              "ami-01eaf09a84da8f4fa",
              "ami-01d2e89b75cca9f31",
              "ami-007cda034a6622c42",
              "ami-00edb2ea57d43f35b",
              "ami-0fb850c7ef7d832e1",
              "ami-02109445c0026649c",
              "ami-0511ae127f9660e63",
              "ami-02d0e3905e49924d1",
              "ami-0a8b97c23301f440a",
              "ami-0e28f69fa511c773d",
              "ami-02f5911ea3ff0e8eb",
              "ami-0cfa2ace84f3f056b",
              "ami-0b76bb15d96028ab4",
              "ami-081dfd0661c6d793b",
              "ami-008e0ce27a788bcac",
              "ami-0021619f6563c0914",
              "ami-06e858246c589d8f0",
              "ami-09a26726213ab5833",
              "ami-09237f3c875c21e07",
              "ami-0e15cbe2f99acd75c",
              "ami-0e465d5d87128e9dc",
              "ami-00e4f7a9f1f3f1d33",
              "ami-0d6d3c91542b2d109",
              "ami-0a42e33bbe1874e1e",
              "ami-0903ecc95b9dd98bc",
              "ami-05a1edc626b3753af",
              "ami-0859d5e05c32b0e9a",
              "ami-03b425a3efaaad179",
              "ami-010f3a7c5e03a06f0",
              "ami-090f4a7a2d2ef45b0",
              "ami-04e1b87c514933301",
              "ami-0b294675b613b79e6",
              "ami-03d67bebc144be7f0",
              "ami-0968fda8bd0a53eec",
              "ami-0ccacc79f5e88d2ae",
              "ami-01043337edfdc350a",
              "ami-06945780ec94785d8",
              "ami-07ffa8a3015c5c13e",
              "ami-019b7467aa7af1828",
              "ami-06fe459d1f0ec229d",
              "ami-0f891bfaab96f14fb",
              "ami-03b43ffd046772f4d",
              "ami-09e778c947a92b722",
              "ami-0cdcf7bf3ddcb352b",
              "ami-0283e662a494f01be",
              "ami-0691345e12eea629c",
              "ami-009f3adf6317e5144",
              "ami-081e77c8aedcc5ec0",
              "ami-026ab6ee05c836343",
              "ami-07d2efffbde91aa68",
              "ami-05b9b664c15918e11",
              "ami-016d1103db090cffb",
              "ami-027c4473960b4afaf",
              "ami-030bfa6d3a64471fa",
              "ami-096ea6a12ea24a797",
              "ami-0e86e20dae9224db8",
              "ami-013801b30ceba9478",
              "ami-03e31863b8e1f70a5",
              "ami-04d3a05187b5b697c",
              "ami-0e412ecab4cae362e",
              "ami-00a4092011c18e19c",
              "ami-0acf84494cf73868d",
              "ami-0628585ec0909be36",
              "ami-04ca2090011ea0a25",
              "ami-0fc3ff2af8b8e5b66",
              "ami-0e60618ef29f6116c",
              "ami-08b2c5681de2b647f",
              "ami-00c5a53b3048b7299",
              "ami-07d2eea0ad7ed5b13",
              "ami-0749ef967ebadc9e7",
              "ami-0192a9ddde442f704",
              "ami-0bb554ea93e8273f8",
              "ami-0705ac93325281d3f",
              "ami-01a0470da3f5e3570",
              "ami-0871f3eb3e87a13db",
              "ami-0ca36362d6b9bda54",
              "ami-0902f5eb2f50c2e2a",
              "ami-0789254dc85327667",
              "ami-06fb6ba0618df0ab2",
              "ami-033ede4383b0223f2",
              "ami-0fb5656cb7db9d072",
              "ami-0e0403a4dc8bb219a",
              "ami-056a6f1aa248ad36e",
              "ami-075aa7114fa4d1aef",
              "ami-04524b8c517d2f4de",
              "ami-0e417b120020bad70",
              "ami-07761777cb695fd3b",
              "ami-05f03acfb0e775eaf",
              "ami-05b018c083078ab8f",
              "ami-01814639fc8558b9c",
              "ami-0834368d5c825a0f1",
              "ami-0ef597fd9df98481d",
              "ami-0f64f772777ffd558",
              "ami-07523e475469c75f5",
              "ami-03ea6cf748959d238",
              "ami-0de31602f182e0100",
              "ami-011bda7676dc097af",
              "ami-00fb9675157c92944",
              "ami-00c28a375b03b9b59",
              "ami-02322d2059f3d5587",
              "ami-0c67431d648a61ed2",
              "ami-0ee486f3e0eb34133",
              "ami-0d6fd3141c50ee758",
              "ami-0a519d9c1dbe3d31e",
              "ami-08473bc63b5e6bf67",
              "ami-0e31a99508104adf9",
              "ami-064763e9513077491",
              "ami-066f039ac296e172a",
              "ami-0458b0a9cff402cf4",
              "ami-05bf3fcdb9e3727aa",
              "ami-0f4b625a4295b4d28",
              "ami-000131f0954739ca8",
              "ami-0665a1d20effbe94d",
              "ami-0445c166fe63840e0",
              "ami-0d829f9cb3d8143ca",
              "ami-09a8c14752ad628ad",
              "ami-075ed6297a9be2c8f",
              "ami-0ba9883b710b05ac6",
              "ami-0ba6a031e08a05649",
              "ami-05bf7f962cb6deee1",
              "ami-0083b733257eaff97",
              "ami-0319f33404cccd7c1",
              "ami-09ea881b5540b7fe5",
              "ami-0ae99edf57f0852e9",
              "ami-008dbf0f3acce745e",
              "ami-0d747c3301872ed1e",
              "ami-027a012fe110460dd",
              "ami-0d76fe3726b44a03f",
              "ami-00adcafead55e171f",
              "ami-0553b6fe96bd09d41",
              "ami-0e93b1fd7c40de3ca",
              "ami-087ae2c33ef6846c9",
              "ami-0b50ba78160239d27",
              "ami-09b6fdf7f50f6a377",
              "ami-0d818df85992aac42",
              "ami-025fb4207b7a37608",
              "ami-0df1278f2ac65b44c",
              "ami-013c7b5ab0984f15d",
              "ami-0290bae591483fa21",
              "ami-0d8d9375a1c0db130",
              "ami-05a10567af5f37501",
              "ami-0d025e7e699c867dc",
              "ami-0779b346e2ae31e2d",
              "ami-09c00c2e93ce7bd23",
              "ami-07cd035fffa441f48",
              "ami-0295dbdbb76af61b5",
              "ami-0f7638b4322b1b487",
              "ami-08a4b04ed5824c85c",
              "ami-0e96c9379bbb7b9cb",
              "ami-0c3da2e6a47f7689c",
              "ami-0c92a5ae97fa9a7d0",
              "ami-028a81e725f3790a7",
              "ami-0cd057232c77d1c83",
              "ami-015464cf1138431f7",
              "ami-08adf5d166b4640d8",
              "ami-0896d7af5999c389c",
              "ami-0b2a76aaaeea5bdb5",
              "ami-0de3dd2d6e9bd8dd6",
              "ami-09611ca1099ae15e9",
              "ami-007752cba70505a70",
              "ami-03d24239f12d53c4a",
              "ami-0345b88d1e3f94962",
              "ami-008d7470242b99748",
              "ami-08fccf6892b6c70a3",
              "ami-0de6fddfe8b32a7dc",
              "ami-02ac32c09290f36a9",
              "ami-0fa3c17c4b8a35835",
              "ami-0b60b4a4e29a2c4b5",
              "ami-05fc348b7989e51f9",
              "ami-05feccdbc245c0719",
              "ami-0b4ec49ecb4f2e37c",
              "ami-0390fd41e19972892",
              "ami-00f011ac57884df32",
              "ami-01003ba510b9e6650",
              "ami-07a55914d313be142",
              "ami-04e886458b50fe2bd",
              "ami-0c1904d3e29257418",
              "ami-0865deb8ae83e606f",
              "ami-0fa1f10d2778ef1d4",
              "ami-0c65d65228b007197",
              "ami-06deb1f1b6c26cc83",
              "ami-0ed1ecb9eab45e778",
              "ami-0145c5485932f92c1",
              "ami-0b623090d441fbda0",
              "ami-0574ebd5ec5499d90",
              "ami-04d188620f2d1a904",
              "ami-0fd4a7cde6246b524",
              "ami-05144ae1e3f0a0552",
              "ami-000840282929391b9",
              "ami-03774383648c73057",
              "ami-0485a9920d696213a",
              "ami-035fa63cf41e8d00b",
              "ami-02bfa4c140b2bbc47",
              "ami-0227cf4f3eaa5ff22",
              "ami-0e5a8f9d974e1b04d",
              "ami-0a88ea2a23a5b47d4",
              "ami-0183458e09e285b17",
              "ami-01551363647c84abe",
              "ami-0604c8b84ebfe1f0d",
              "ami-080c3912eda75429a",
              "ami-0efeb9989d12e13d8",
              "ami-005cfcaf18db7c408",
              "ami-0254c83e304608eec",
              "ami-04c407f8f8c6e2070",
              "ami-060b6b0148fa719e5",
              "ami-0f1a398a6e88be09c",
              "ami-0d49ee8891370b3ad",
              "ami-0a873bbc6fd161c80",
              "ami-0838c503e7665439c",
              "ami-06a8a342d202c57cf",
              "ami-0deec318c2c11cae3",
              "ami-042e42832c2e8e8fe",
              "ami-0b3c2be1830d88eea",
              "ami-0ec6c52d04a41d8ef",
              "ami-035b36330af8adfe3",
              "ami-0f980e3c8611fd1da",
              "ami-08dcac2e6c0307858",
              "ami-0f1397851b6b1ae32",
              "ami-0bbe27a9c222b4c08",
              "ami-011d8acdfe84b1347",
              "ami-0c54eb227dce9840f",
              "ami-0c69cfeb48bc6d1ab",
              "ami-065311c9b0bf48e1e",
              "ami-051c98dfd432dba57",
              "ami-0b2fbc442f864ba84",
              "ami-02592f1e28ace4feb",
              "ami-08941e3bab61ce709",
              "ami-0310a6c8589c32497",
              "ami-07ca2b30c0951adc8",
              "ami-0dce5b499858dd221",
              "ami-0133d9518f90fd2ea",
              "ami-0b2c874c71e0692f5",
              "ami-044565343082e2c1b",
              "ami-05dd1a7b5e0021ab0",
              "ami-04b15333bcfee356c",
              "ami-046152bc33b45eb1e",
              "ami-0c707a124c3cba4e7",
              "ami-063d46d2315047095",
              "ami-042e1113cca4823eb",
              "ami-0978c9b691416adac",
              "ami-0da49bfc774c02019",
              "ami-0a643a4bf9b33ebe4",
              "ami-020da23728dc3e598",
              "ami-0dca8534acc674957",
              "ami-0b21398f4ea6d75fb",
              "ami-0ed2e5f38d6f1356b",
              "ami-02f4c76b327606629",
              "ami-0ba0650e6cd15c2b4",
              "ami-0e1a850cf7da8231d",
              "ami-0aab30c354cf88d7b",
              "ami-0ae2f9e3ecdeb791d",
              "ami-060ea4a4aed0b090f",
              "ami-0a6678a81a2958369",
              "ami-04e5e65f41ed7e1df",
              "ami-0658124af99a588c8",
              "ami-0c4cb5f4c1864ada7",
              "ami-0166492e33b111181",
              "ami-055f8fcd303518299",
              "ami-06d3b1511f8c24450",
              "ami-0e41cdfec4f24ce2b",
              "ami-0e65d40ee35c35aa6",
              "ami-06d4aec42366fd8f8",
              "ami-07b71f7d0023249fa",
              "ami-068399e60a6f92bb0",
              "ami-0124a10f8509a985a",
              "ami-0d2a0f9e2df7e2ac0",
              "ami-07cc81435f5adc2bf",
              "ami-0290d09ae4330ef95",
              "ami-05b43a70f6e078ce5",
              "ami-0d72df3b78f361192",
              "ami-00127df3b22f11bc4",
              "ami-07d5f40093155584a",
              "ami-0c2520d383250e6f7",
              "ami-0f6400a562a381ad8",
              "ami-0cd51b0fc9cbf4072",
              "ami-00d7c0fc910fb04fb",
              "ami-09cf6a437e2c235eb",
              "ami-0b7c4b840d5e02860",
              "ami-083f545ce1a73bf03",
              "ami-0da22a84a490c02d3",
              "ami-0a60c7bc42e09441e",
              "ami-0f0cb7413fcbaf4d0",
              "ami-0c0c9c7f9cd53d6e7",
              "ami-0b2d07f147163a69b",
              "ami-0c5163f40b113c12e",
              "ami-009c650e7d53b9a18",
              "ami-09a0149381de14f43",
              "ami-0c70069582d1d2717",
              "ami-044d54ee4dc29a369",
              "ami-0eb4ef1d928fb0f59",
              "ami-0408e79b9063c888b",
              "ami-0345e81eb111abc4d",
              "ami-05e156fa780c416bf",
              "ami-02f6309785e4bfda3",
              "ami-0d61d7d713f00d1fa",
              "ami-0d149f0b959dcef82",
              "ami-03b47664dd07a1fc1",
              "ami-0a3526e9459e72ff6",
              "ami-040e439a792c52e96",
              "ami-013327ad879253b44",
              "ami-07220d4020314904d",
              "ami-06b5d3e33df0ac260",
              "ami-06e9555da9650113f",
              "ami-07ca1333b0e3fa2a2",
              "ami-077e64cd70ca45980",
              "ami-0fc84f708d12fba09",
              "ami-0615c24b11768b7dd",
              "ami-008900c7bdfd42d9e",
              "ami-0589854efd2bf14a5",
              "ami-07c9f027683acbbd7",
              "ami-0a3dee50be9aaad96",
              "ami-05b32fecf14594be1",
              "ami-0df65b7d8a012eda6",
              "ami-00997922667dd192a",
              "ami-0192dbbdeb699e451",
              "ami-09aa9497baa9dbca3",
              "ami-09336bc4b67148d3a",
              "ami-025a8beccff4de554",
              "ami-018c36c55222c7a41",
              "ami-03a77bc122905532f",
              "ami-0ba63352b5df071a1",
              "ami-086c84b3b541aaa8c",
              "ami-03bef4b2657a91336",
              "ami-09182b26211c6f382",
              "ami-0a3024e2f7c899bcd",
              "ami-01341f1ef93d421c8",
              "ami-03e9a4e09e9ae64f1",
              "ami-00020716a041292ac",
              "ami-039a6f82dd07a541e",
              "ami-096a5af741d4765df",
              "ami-0a751caf0b2856a2f",
              "ami-0cd96a5bf7988c287",
              "ami-096c777da0d76ab7c",
              "ami-057e80a2e4e45b8e5",
              "ami-05b8b1b5480617d6d",
              "ami-05ffe15f06edb260e",
              "ami-0cb74918216bc8c67",
              "ami-0ac78843f36c9b65c",
              "ami-00eaae7456c85d7f1",
              "ami-079adbcf7a1c50ac1",
              "ami-05381fac10110c3f9",
              "ami-0d118bec5ebf66544",
              "ami-089a7a13f1ad7d835",
              "ami-051cc587507f41ca7",
              "ami-0be8232c5fa092862",
              "ami-07052c635abf35b92",
              "ami-05132e34d29de3093",
              "ami-08dfe1f7e893ae0e1",
              "ami-0661ae5243bdb2bb4",
              "ami-0c87a10671b8a054e",
              "ami-0c395b4ef0998a3b6",
              "ami-0cce1a164bce8ef17",
              "ami-09cf382df0af549b0",
              "ami-057c40856a3bb9eab",
              "ami-03972092c42e8c0ca",
              "ami-0a310338c53af78b6",
              "ami-070b7c2988d4e2c89",
              "ami-03ab37c70227d5ab1",
              "ami-0deabfc10d3746324",
              "ami-0d7cdea63b4bbc2a7",
              "ami-09ca5f086d51993ba",
              "ami-013b3de8a8fa9b39f",
              "ami-0683112dda76da03f",
              "ami-00025506274c6b044",
              "ami-08265fbf389bcfcb0",
              "ami-047fb6d800866b9fe",
              "ami-0806b8856e5cd279b",
              "ami-0c2ab8e66a7ae619c",
              "ami-0ce6145ed912d5df0",
              "ami-0a79259d6f5632a34",
              "ami-034098498bd8d005e",
              "ami-021d881906d349911",
              "ami-01f71b1033c534338",
              "ami-0c4a3783b6782fc60",
              "ami-0b9ea8ce4db540197",
              "ami-0263e6c9faf5897db",
              "ami-0427090fd1714168b",
              "ami-0582e4fe9b72a5fe1",
              "ami-07d9b2613162bcd22",
              "ami-0529b64c9c925f848",
              "ami-0b0e1929029d98de5",
              "ami-0f7c4a792e3fb63c8",
              "ami-00c2f4a892175de3b",
              "ami-03f63f05baf1e5aac",
              "ami-00482cb904068a5f6",
              "ami-0f8ad3a775d734934",
              "ami-0f8de639d6c6d6097",
              "ami-0460f5d1e4b7863cc",
              "ami-02c66bcec05fa21d7",
              "ami-09b829489cda5f27f",
              "ami-0d6fcb6d24b1369ed",
              "ami-03a616e395da8edaf",
              "ami-077fe3f53976502b2",
              "ami-061a6986fb763dc26",
              "ami-08f0d5468c82263f2",
              "ami-0725eee95434c3654",
              "ami-060db51ee9f129771",
              "ami-0ea9077ff041b5821",
              "ami-0d0546f4bf2c155f8",
              "ami-07ad6d12b2734aa0c",
              "ami-000899c70313041c0",
              "ami-0789039e34e739d67",
              "ami-064519b8c76274859",
              "ami-0f6ac146eef885446",
              "ami-0823661b4c978ae1f",
              "ami-0b0a2b90915d307c4",
              "ami-0e75c12341bfb93e8",
              "ami-0197c13a4f68c9360",
              "ami-03ee9fddf37b7118f",
              "ami-018cf09f565da4a0d",
              "ami-0ce2151fe610853c0",
              "ami-00ed858638ab7a2f7",
              "ami-09295df7c25e1a467",
              "ami-06699dd805529d377",
              "ami-09557c04595aa31d6",
              "ami-0c4f0a8f4ed75e662",
              "ami-043d4eb08427b123f",
              "ami-0951a26c7e82b222b",
              "ami-054782d695898207e",
              "ami-004d437753e5250d3",
              "ami-0dadf01bf4483d8d6",
              "ami-0effbf70647fe20ba",
              "ami-07b809e554be6aeb8",
              "ami-0082652f98f11be0c",
              "ami-01bf3606b9c65fd4c",
              "ami-08afcdde33a6f8071",
              "ami-0e73d18338f722981",
              "ami-0713ce1f1c6e8ca24",
              "ami-04cfa37dbc63072fd",
              "ami-06259038bba820dcd",
              "ami-0dd679da1d147bad5",
              "ami-07aaed11752c73dd1",
              "ami-06033e6f46c64c7db",
              "ami-04967b74dd233293a",
              "ami-0b6754ab5cd1f1091",
              "ami-0631078d142333e5b",
              "ami-02fcb5234b529bf24",
              "ami-0654bda4578e45ccc",
              "ami-0ffa3301e2c19df89",
              "ami-027f6213c236265bf",
              "ami-02c09b436b89741e5",
              "ami-0cf0aeb05774e12d8",
              "ami-0ea28095fd628d02b",
              "ami-0d430c9b427fb1edb",
              "ami-0b7700c0c6ea0700e",
              "ami-0dee2314003203336",
              "ami-0b8afba8f97536cd5",
              "ami-0701e43b395c3725a",
              "ami-0c44b5377fa99c179",
              "ami-014e4666c85137506",
              "ami-0665f2d596e17feee",
              "ami-069c03c4c83146a2f",
              "ami-0b512e99d475bfe10",
              "ami-099fbf549c3fe61b3",
              "ami-09d13a74601f43ada",
              "ami-0ca3710875ca1b65e",
              "ami-05580eeff3bbb5557",
              "ami-0f5e812a29f63dcd3",
              "ami-058fd54e97eb7cd1b",
              "ami-007ba2ce000d15916",
              "ami-0a5f0ca1180d1a4ed",
              "ami-0fc70e3ed6177560d",
              "ami-0bcb1ff7f63bb0018",
              "ami-0957a8ffeafefda7d",
              "ami-0fd5f507cb2624559",
              "ami-0b1161ed165e62f80",
              "ami-036481884a3b48fc0",
              "ami-01e8924546a1478ca",
              "ami-047583af820f694f7",
              "ami-00b2e54736cf40d47",
              "ami-0c2eb2be0419264fa",
              "ami-040c7b276e93a274c",
              "ami-0e4a53122a474c13e",
              "ami-032ed33f590311a32",
              "ami-09fb0d2e44c25e45b",
              "ami-033c716150539691c",
              "ami-09b169509c4caa93c",
              "ami-0c12ca677a60ff028",
              "ami-0cf2647e4bf75d7dc",
              "ami-035a1ab240905484b",
              "ami-04d5ca7f21b6f0f73",
              "ami-06e43eba1d9ed8c55",
              "ami-07f370d2ac5bb8300",
              "ami-0967fac4bbe85b3b3",
              "ami-0e77cfb59e639663e",
              "ami-0f052dead4e55bd8e",
              "ami-0ecddfba0b0f79f2a",
              "ami-0ba162fa0d3d2fc24",
              "ami-053a72232787f1999",
              "ami-035d7e1c3fb5cff05",
              "ami-07586fa3e7693cdbf",
              "ami-0e0c212fa41095612",
              "ami-0c83093018d062bdd",
              "ami-09cc485bb224b0af4",
              "ami-0906a97546944447a",
              "ami-074549f713ebe0ec8",
              "ami-0bc65ec8e0860b372",
              "ami-0c03b7a1ece8199db",
              "ami-003fd546cee4655af",
              "ami-01c49a8e15168be21",
              "ami-02518123b5d25ba7c",
              "ami-02a1694a66f701e18",
              "ami-0528d164734d73e45",
              "ami-0f13ae90585edb815",
              "ami-0be1072b5ba1f26a4",
              "ami-09d3394b4cc1c6932",
              "ami-03b28e35b28f9c34b",
              "ami-091fd06876bca13be",
              "ami-02e961bceb3ce2250",
              "ami-05f748f74dd362c49",
              "ami-0e336582c37592b4c",
              "ami-01afe0d8b7abf3a92",
              "ami-0b2f5f0fcac9e2296",
              "ami-00898900e21ac8138",
              "ami-0d75c0bb2de9ca8ef",
              "ami-0ed621c81734d39f2",
              "ami-0724965e8678a2669",
              "ami-0be066e91c5912c26",
              "ami-07a74bced835fcc06",
              "ami-0d25ea70e5606b3ad",
              "ami-05bf5063936904535",
              "ami-034019881289d80f0",
              "ami-026bbcc23197a2bbf",
              "ami-0251b890186c1ac8d",
              "ami-00dc049511ef1f515",
              "ami-01e14c75a1d1fcc92",
              "ami-02df6c82ebc371b02",
              "ami-044b7efa21f7e5f0e",
              "ami-01aca4d20cb896b62",
              "ami-05723049a536da564",
              "ami-0e009881c50aa757a",
              "ami-0a1c72f39d5a587f7",
              "ami-0d11337fa5cf3f25a",
              "ami-0fb5c0f4e63a9841a",
              "ami-0e22cd8c9379ab00f",
              "ami-061da146b5e906888",
              "ami-025fdc24b898f2179",
              "ami-027c88ef952e70e87",
              "ami-0a654b728456dc787",
              "ami-05c26c8f03f418ae6",
              "ami-0ed48e41f3b038d8a",
              "ami-045d4cf9493bcab68",
              "ami-0623df7dfb975c0ba",
              "ami-01b26392df8329162",
              "ami-0a41e8702a337ff00",
              "ami-07758cb97dd83d928",
              "ami-0a009b78738a35cd1",
              "ami-0061df6bbf73090ce",
              "ami-087a23182aa014d3f",
              "ami-09f2d2eb97a5e7d48",
              "ami-03890ef79be8a1777",
              "ami-0fac1e606981b292b",
              "ami-0d2c6da9f41d8bf33",
              "ami-02d0959d27d0a39d0",
              "ami-090f125ff7662b32d",
              "ami-0b17dc95d92e8005c",
              "ami-01a819628fe023655",
              "ami-0a1c1331a9f4a4a10",
              "ami-05a490ca1a643e9ea",
              "ami-03bead826e3d8ac14",
              "ami-0da671b04d1bdbb04",
              "ami-07955d002902b7ffc",
              "ami-02d58ad59a6465629",
              "ami-02de6fbddb502d641",
              "ami-0df24ccf12484323f",
              "ami-09331cd6f36de0c4a",
              "ami-003fe8cc65f2c8611",
              "ami-0895b11eddd4202a0",
              "ami-0a452f401c0fe5c5e",
              "ami-01410dc27c4986055",
              "ami-02b140ccaa97661fe",
              "ami-09edb01e77f8f4f61",
              "ami-040800e63874e37ed",
              "ami-026e6871958a984cc",
              "ami-078b975e9370a6516",
              "ami-0eaa361e6b0c61b1d",
              "ami-0270756768fd0b2a3",
              "ami-0db2c6bf862d17c3a",
              "ami-03a4377d037863fa3",
              "ami-0fb32feeb9315e62a",
              "ami-03b3cfa0e7a05c83f",
              "ami-091012bc892aab40a",
              "ami-07890248eaec342cf",
              "ami-09b8ccf949ea95980",
              "ami-038661f090d1d0b31",
              "ami-060eb20dfb208552c",
              "ami-0b62732b84cfbd555",
              "ami-098fd45654033af15",
              "ami-07eaac3291f0ccdf3",
              "ami-06f4fa348c295a6f6",
              "ami-0d1a46d3fc923a8b0",
              "ami-073f5067fad8058b5",
              "ami-0ec70327ee6b6f000",
              "ami-019803c0966065cc6",
              "ami-0611b10b850d2b721",
              "ami-09f36019e0e31b987",
              "ami-040f4a09bef0888fa",
              "ami-0767335e7df068915",
              "ami-0c04434a8e2b8df56",
              "ami-0543a682ed3a1e11a",
              "ami-0b1a6adda54d18249",
              "ami-0a111ebd2eb91f027",
              "ami-042f337ee1a6df585",
              "ami-0c71e8fa59b678145",
              "ami-09b65dec361b466fd",
              "ami-016d36955c97dd7eb",
              "ami-012b735504c51272c",
              "ami-0beeeb4d26bdeb78c",
              "ami-0dd47d68e52bf99be",
              "ami-0618599907e09b0ce",
              "ami-090f728744f63a937",
              "ami-0050f1bec7429fa96",
              "ami-0977d6e4d6097bcb5",
              "ami-05c1cece26e1864f6",
              "ami-056eecfa8d378b722",
              "ami-0deba1af08d41ae38",
              "ami-064f0b9d9848c4999",
              "ami-008b27b25a1f9d2e9",
              "ami-07fcbdad5b1b72773",
              "ami-0bf1cf0d1c6bc53d0",
              "ami-0af9e06e3926fdfad",
              "ami-09f18f718fb7e01ba",
              "ami-08a3aa6bd6c723cb2",
              "ami-00645f178d890b52f",
              "ami-047995081040ab27c",
              "ami-08c0521a81853fef8",
              "ami-0c708c11e4e467cf2",
              "ami-0c1a8914a7deb194e",
              "ami-076984e2f739a5173",
              "ami-032a7e9e77bf82e7b",
              "ami-06bf65a993b6a5292",
              "ami-02b22fa1e53ac9e19",
              "ami-0f39ce5ed3203e24b",
              "ami-0632ce9c456dd5dc2",
              "ami-0542ddae9174e6958",
              "ami-01da8131b067f7b35",
              "ami-0af4e48395f1ab661",
              "ami-0a1ec7d4cf220bfee",
              "ami-0dc6c64ef17950316",
              "ami-035a8b77f82b38403",
              "ami-0f083afa90fbc7b82",
              "ami-0f5a44abd6f389afd",
              "ami-048b335cc42ad69b1",
              "ami-0e263c8a971b9a131",
              "ami-0ece8511859ee748e",
              "ami-04826a79eed59dfa1",
              "ami-037927339ff54c924",
              "ami-02f2b222fec50067e",
              "ami-05f030d14f3b5a708",
              "ami-0f8e3fa8e4260168b",
              "ami-0e1d8d900f5b1468e",
              "ami-01e48f1cf7cffcb9d",
              "ami-058bf83dc749cbf60",
              "ami-06ff01833173909c5",
              "ami-0e4b74bd1ebc268c9",
              "ami-08f1392e6047085bc",
              "ami-04a971698edd58894",
              "ami-0812561daa78d29b1",
              "ami-02110995a3908fcdf",
              "ami-0165f96282f333514",
              "ami-0811c0ae813ce71cb",
              "ami-0fa234a138ff6b7bd",
              "ami-0fa244158c612506d",
              "ami-02ea0341dfdd402ba",
              "ami-0eb227b6ff8df4162",
              "ami-081e0e8942e4b0691",
              "ami-0b4ffd320d5db0552",
              "ami-0a7aa73bec4d01435",
              "ami-071113d8b3ec9ab7c",
              "ami-0f61df729c3befd8f",
              "ami-054717d5644767e7c",
              "ami-048534e0097640d08",
              "ami-03098b529412c2330",
              "ami-0586b36a66f4b0a44",
              "ami-0a8a317f40ea22fc4",
              "ami-09c987e8c8de0199d",
              "ami-0a6a640ae4af9b03d",
              "ami-0fbcca5d4cc301646",
              "ami-067d7748e400d0005",
              "ami-0bdba9edf5be40ca6",
              "ami-0094be739094d8db0",
              "ami-0deae57cfc9c54c29",
              "ami-032a6cadad6910501",
              "ami-047e81f042f0978e2",
              "ami-0cce2058de7161d71",
              "ami-0fb00518521a116b2",
              "ami-01044f8503b71e738",
              "ami-04847a7d3748b3046",
              "ami-0f390bba2c199ce25",
              "ami-0bdf3acee9ffcb642",
              "ami-05f29c49552deabac",
              "ami-0504e826afa023981",
              "ami-052ce5bc396eb30a0",
              "ami-0a8c93e6be890e2c0",
              "ami-066d28e8ac44c61f4",
              "ami-0ccde8223e5537cbb",
              "ami-041e4e4d1f7412db2",
              "ami-08c8bf06ea28786df",
              "ami-05581f73400b2272c",
              "ami-00f740093098d0f17",
              "ami-0d8d65b3524a56f3b",
              "ami-07bc1bd8941dc825e",
              "ami-017335745590f38fd",
              "ami-0bd4858552abe12a9",
              "ami-0242f13c0338c47e4",
              "ami-0c58b7c890b2e1c1a",
              "ami-01d6888b90be04726",
              "ami-04e97e42cc85dec63",
              "ami-090572058c0b1a672",
              "ami-015f0e53c7c0892d3",
              "ami-023925c0e3533d034",
              "ami-008e9e3f47ccdfe6a",
              "ami-016a78934c9cfa396",
              "ami-04e33ce42f9649750",
              "ami-076fe9a924f7303d2",
              "ami-03d9a134c2b49c3f8",
              "ami-0cbb442f504aa43ea",
              "ami-0c67aed5cf1ed4679",
              "ami-00b86fcd15c006de5",
              "ami-0bb2872986b4fc872",
              "ami-0c63544f087cc6b70",
              "ami-0929ff0ab47fb8527",
              "ami-0a7a15cff28c8440d",
              "ami-072ba3fabf4b2c6b1",
              "ami-072cc4377c890787b",
              "ami-09e7583268267ca4c",
              "ami-064126c3c1d74e240",
              "ami-07243c2d772f0b8b8",
              "ami-0e59cd89e36271210",
              "ami-0b1b9cbed2c0f1794",
              "ami-018256df7f4d216a5",
              "ami-0e31c75a6e98ca8f3",
              "ami-0a9bf6269983e563c",
              "ami-08eab6eac382678ac",
              "ami-0fabeb8387508fb86",
              "ami-0a8fbb2cc6d9df4dd",
              "ami-0fc7f84d398d70351",
              "ami-07d9456e59793a7d5",
              "ami-006e203d4ae05a119",
              "ami-00b1dcc8d3eab4fdb",
              "ami-0c723f5f25ade8279",
              "ami-0c9557b1c8cc210f4",
              "ami-006df90a8be483c46",
              "ami-01e1ee448816ed85f",
              "ami-0875345809c54b79e",
              "ami-06a4fac912298a3ad",
              "ami-0ebaa6d2b391d6c98",
              "ami-01fccab91b456acc2",
              "ami-019a8a24e9380ae15",
              "ami-0f96c63e39f9144bc",
              "ami-0320a289a0ab4f8fa",
              "ami-0732d2fc454a32afa",
              "ami-06b4502e97ae212c1",
              "ami-0b441377fd4e0273b",
              "ami-08293cd37d25b872d",
              "ami-051f17eabb0c1f17a",
              "ami-079f209c2e9a02afd",
              "ami-060a81d44e22ea056",
              "ami-0cb6f942d63006b93",
              "ami-0e6e09b38e8f5eba0",
              "ami-000570f0cbfa01493",
              "ami-0c834182b6bcb28b7",
              "ami-07fa53495c3e0eced",
              "ami-075a15bf0bb81bebf",
              "ami-08627ff8099b7dd53",
              "ami-021b713c5b16a9ecd",
              "ami-09ee1a996ac214ce7",
              "ami-019972ff2c41f934f",
              "ami-0a86593427f0cd790",
              "ami-0ff5c97e5c1164b3a",
              "ami-0d63481c5bb61e8aa",
              "ami-00032964952795949",
              "ami-03a3aeb073adc4281",
              "ami-0db0a3be89f3e61bf",
              "ami-09f3f3c58f4891138",
              "ami-0b06a2e60a47393fa",
              "ami-0fcb4971a474e6e3b",
              "ami-06047c1f0de592e22",
              "ami-0a60284f8dbefdf8d",
              "ami-0d99021df9c499ef9",
              "ami-00936e6c043f0a66e",
              "ami-0e44d8836d364696e",
              "ami-0b3579f3936354188",
              "ami-0d2d51f60ffe43eef",
              "ami-018b9e0b8f98057aa",
              "ami-04a0256d3ac715458",
              "ami-0050cc31535449224",
              "ami-02d7904908ef1d196",
              "ami-0c6916978977207c9",
              "ami-0f5ac484e083390f1",
              "ami-04adc9082aed15e53",
              "ami-099dd4f49e54c35a9",
              "ami-0f684d2b987f3c33a",
              "ami-01d9f74b92bd855ed",
              "ami-065cb9267eabf5d2b",
              "ami-05a087b07d82dccc5",
              "ami-0fbb05a471fddd45f",
              "ami-079be3c64526c0f06",
              "ami-0df61468527227f2d",
              "ami-0aa92945864b8a7f4",
              "ami-030d2be743415d486",
              "ami-0d3ac50f373f21b38",
              "ami-0b72821e2f351e396",
              "ami-07fa59ce6da2fe3fe",
              "ami-076da2bf524808aa8",
              "ami-0a6130a957c1037c9",
              "ami-063e7f9399a9bd5ba",
              "ami-0ba8562d785e35387",
              "ami-09d7217c04669cc79",
              "ami-076235ec7e70ec42e",
              "ami-0d21bab59e848fd88",
              "ami-03bfe9d96254d7405",
              "ami-0c64ef6cb2410855c",
              "ami-076f59b98a3ab8902",
              "ami-03fc758a314f3552c",
              "ami-030926a98a00e5c21",
              "ami-0872168d46aba14e1",
              "ami-0b254a4e98065fe22",
              "ami-04e3c57cfc9b31407",
              "ami-08134548f184826ec",
              "ami-09b71187eabbe1f79",
              "ami-0588f9d28ae12e3fe",
              "ami-047bff79cf795e125",
              "ami-0797c27b90c81f9bb",
              "ami-0ce37c7cbd1cfc3e8",
              "ami-0ae600e5c09832b11",
              "ami-08040345bc0b30c71",
              "ami-0da67b8d18cab66e1",
              "ami-0696195f0b2c390e8",
              "ami-0082c289dad865608",
              "ami-0d6b6e7c9c8ba73b7",
              "ami-01eae5da7c2b7197d",
              "ami-0612803198a11aaf1",
              "ami-0604f08be5701f4db",
              "ami-0f7fe7ac81ec92b32",
              "ami-05bfecfb70e52570c",
              "ami-0e4100fd553f57418",
              "ami-026fd078a1ad9508f",
              "ami-0ff98b98861939f1c",
              "ami-09dea1d77f0b6e0ed",
              "ami-096ea809a8ea85efe",
              "ami-05f7bbae97146d1e7",
              "ami-033391c70ba828acf",
              "ami-0819121aa7405738b",
              "ami-0fc1784ba697212b0",
              "ami-05f66233809e4063d",
              "ami-0be4c573cf09afefb",
              "ami-01de98951ddbe978e",
              "ami-029499460de7ade94",
              "ami-03c221f1770ec8017",
              "ami-046d1dd1f04b849c8",
              "ami-0e5098910cdefceff",
              "ami-0727a913b9a63a993",
              "ami-0f3b8c0f1335aa4ae",
              "ami-0ef4d5e10609a6dbe",
              "ami-0e8ce4cd94b3cf5de",
              "ami-049c1b5d1f776fe50",
              "ami-0060eaf5779fa261f",
              "ami-065265c6ca4531afa",
              "ami-0c6390a8ca627dd66",
              "ami-0da62f90ea1a49ff8",
              "ami-04b47a9fb9801613c",
              "ami-06406c3a5d47f7695",
              "ami-07a876f98b5bdf972",
              "ami-054744407d2c31b11",
              "ami-0002782c36386757d",
              "ami-089ae4c0d976d8a2f",
              "ami-0586ba0f6837075f5",
              "ami-0e8482fe4821c34ef",
              "ami-0aa56d9a9a1d34309",
              "ami-0e03c6219d91d22dd",
              "ami-019321fe07ddd0444",
              "ami-0b03836aef4d768b0",
              "ami-0833a245ed06a02ff",
              "ami-039c19f6de5d8bd93",
              "ami-0ba5f8e8b2ec32be0",
              "ami-0754a855201e63928",
              "ami-0ff045fb94bfdb7bb",
              "ami-0bfc4265b119b4619",
              "ami-0a6b06550b745b27f",
              "ami-061946f8fd40d9748",
              "ami-0d5c78f5557c9be9e",
              "ami-0fcf91e5f7a90ccac",
              "ami-045597d4567114e01",
              "ami-04d567ca8cb8a5a92",
              "ami-0bc5060bef853f69d",
              "ami-06ce0d260bb0fc8d5",
              "ami-0500d38a4edb20cbb",
              "ami-0ba8b4bff064474d5",
              "ami-0f570fe131e3e4118",
              "ami-0f357403c1dfcc106",
              "ami-034d91f50c298443b",
              "ami-0c85086ce648e42cf",
              "ami-08310988932111a63",
              "ami-002b4b21df5a4853f",
              "ami-0a46876ace291755d",
              "ami-03db1a48758a57ae6",
              "ami-0d3827bd29a854e2a",
              "ami-0e06e2c642eccab6f",
              "ami-0bdb13055fecd3872",
              "ami-0dbf21715c4ebd640",
              "ami-09dc4f62666355d7d",
              "ami-0e45151b684b5f13c",
              "ami-0f21f0976e7c2d735",
              "ami-00402f0bdf4996822",
              "ami-0248a5a860febde32",
              "ami-04ad88191cb68d4fd",
              "ami-07400329e19bdabfb",
              "ami-03600272b802ffac9",
              "ami-045dd94670024ff8b",
              "ami-01e93ef5471cc5b7c",
              "ami-02c8937502882c420",
              "ami-0988a3d287d1f555c",
              "ami-029140a8dc13816c3",
              "ami-0e955fd6ae9c21212",
              "ami-02bb9af0394dcf23f",
              "ami-08cbc1c1173ae2618",
              "ami-05f1b9385e27ad913",
              "ami-02d543a9a8ee125e8",
              "ami-0159f453720f328b4",
              "ami-05f229ab487fb1004",
              "ami-013ac711898cb8cfb",
              "ami-0297e945d801b4901",
              "ami-083ac08588892573d",
              "ami-02e9b26ec2af357cc",
              "ami-0c5965d37cb183375",
              "ami-02241fff22e17cfbe",
              "ami-0bc9b639bdcd78fe5",
              "ami-0d0d0beeaf282cb0f",
              "ami-0e08691f02cf0a15c",
              "ami-0c891e2c70833d32b",
              "ami-081475738e4052351",
              "ami-0f894524022ee9e2f",
              "ami-002a0de5afee3fec5",
              "ami-0762685756e7e8719",
              "ami-0c15096c3479e1477",
              "ami-0a9e137e2751f9879",
              "ami-0962999bcbb7c9fd0",
              "ami-0d931132b31dded14",
              "ami-03aebffff9b7e1c0f",
              "ami-0be3b9c4a449d55e1",
              "ami-06a28d2308f69e56e",
              "ami-0ca6968eac5cd4ad4",
              "ami-09f096faba1a8b275",
              "ami-0467cb9dee4aaf53b",
              "ami-0536c9bf1a08d2c10",
              "ami-0e17968f6f1293f95",
              "ami-0584e2ec20af0e4ca",
              "ami-0d53887b92aa9d6a4",
              "ami-0f1d24fe147bb6144",
              "ami-0590a10805f75e340",
              "ami-009698a58cf38bf4e",
              "ami-0db5eebdbe9ddaa29",
              "ami-0aac98aaf07eb8611",
              "ami-0f31615aa62d36928",
              "ami-08ddddfb106d6415c",
              "ami-027587587f4130b8b",
              "ami-0d566e9d9d1e1e30d",
              "ami-09d55479ed58e2998",
              "ami-0ff6701dfa6fc7ff6",
              "ami-0a9a01e02c03d366a",
              "ami-0a8241a7fe3eb5c6a",
              "ami-0d4e7246b95dabbd5",
              "ami-0744712564ea8d2c7",
              "ami-04a81a99f5ec58529",
              "ami-0c14ff330901e49ff",
              "ami-0c5c8d74e77e5f0be",
              "ami-014da30dbbfdaf01c",
              "ami-06e338e4c9adc3199",
              "ami-00b735ab5416da231",
              "ami-0c60b2b07e8e9fc1a",
              "ami-0074835a581799bb9",
              "ami-0db87ddcbfbab4e00",
              "ami-0e3125d304a3525e0",
              "ami-089a753f06cc462bc",
              "ami-0752b96e1080a84f8",
              "ami-0375b2658d8167c45",
              "ami-0f651a8dbc063a553",
              "ami-05031acb48cd3b86c",
              "ami-08942fde79af4c12e",
              "ami-09b81cf7937cd63fe",
              "ami-08d2b58df58d4fa76",
              "ami-03ae10bc9b6c3026d",
              "ami-070f589e4b4a3fece",
              "ami-0a0e5d9c7acc336f1",
              "ami-0c4afbf1fc15631cf",
              "ami-0dd048b728a7a4c00",
              "ami-001cc923f238273ce",
              "ami-024022d71c3da22d9",
              "ami-0111190769c4329ae",
              "ami-01378a6e89955c111",
              "ami-0ac70ecf16c4a4a99",
              "ami-03cbd4af541279c89",
              "ami-0bd701afe3e742269",
              "ami-04f89fd2a7bf6fa31",
              "ami-06c68f701d8090592",
              "ami-07832e309d3f756c8",
              "ami-0b2a05c24aaa697d1",
              "ami-05f14136e5db5bae6",
              "ami-018f51c0ef8e00f30",
              "ami-0015bce43071c5586",
              "ami-099332c37cb05d632",
              "ami-0f61d3f2be04f42aa",
              "ami-0630ff4ba7505aa70",
              "ami-0b6eb25e547c55dcf",
              "ami-00446b95dfa0c0794",
              "ami-0c2b178a151e5c7c3",
              "ami-021b75d98f28e4df8",
              "ami-028214fffe97f8d5d",
              "ami-096032c5b5f92ea73",
              "ami-00ac9387ace82327e",
              "ami-06b9703d4c782dede",
              "ami-00cb6ae72946b0ab0",
              "ami-034f879888590a6a9",
              "ami-03840c948aea531b3",
              "ami-065711044189a781c",
              "ami-0c9a327efd64a58a8",
              "ami-0a9519f30459c8960",
              "ami-0b247d4d0226ca7cd",
              "ami-07a9d5f65a68d1508",
              "ami-0033c528f234f6eae",
              "ami-0a3c4004e20c9e06b",
              "ami-0f0362cc41e4f93c5",
              "ami-0c75b4e3f80ee9be8",
              "ami-0dc7d540ee33a7ed7",
              "ami-09a4dabd727b54ad9",
              "ami-0acfbc5f57ada85d7",
              "ami-0caa9ece0dfe53d46",
              "ami-0bd8631e5f921a4b7",
              "ami-0f7abe9ae5446a90c",
              "ami-08a3541d53f916d38",
              "ami-0b8f6941575c48adb",
              "ami-0301be0087bfbe7c8",
              "ami-072075d3008db82ca",
              "ami-03b4ca4450c7e90af",
              "ami-08006d8183ac6351b",
              "ami-05fb8b5d8d99cfdb5",
              "ami-0986d4678b215cfc3",
              "ami-05d7a182ceaa54d3c",
              "ami-0e1377c6c189e7949",
              "ami-0fdab9c22a36f9b38",
              "ami-0fa228bc3fce59f1c",
              "ami-095ab6b1f7b74a026",
              "ami-0c348b72001055f51",
              "ami-09bf9d9243160030e",
              "ami-0e35d926dfe096506",
              "ami-03fc6ccdb3d6c9bee",
              "ami-07ea18975a03dec74",
              "ami-08005652b282676ac",
              "ami-0ff542669314d6565",
              "ami-0db007ba2d9749cca",
              "ami-022f2f3d9f3ab4571",
              "ami-0e737ed11cc2db53b",
              "ami-0793214ccd4fcf827",
              "ami-094616b5bcd230269",
              "ami-0765c15fa48ffd4d0",
              "ami-0765e1a0a38b91fc9",
              "ami-099b8e92819503f05",
              "ami-0ee96b6b0d14067dc",
              "ami-03a4566c745ed2654",
              "ami-0fda961eb2d070e03",
              "ami-07e78ae565ee4629f",
              "ami-0cbdc4f80dd7f9d65",
              "ami-0739bb9e22640157a",
              "ami-094c435622935fe9d",
              "ami-0e5d65fb7cb2158eb",
              "ami-0607195ad01e19e00",
              "ami-0fb54a4ca8445b4df",
              "ami-094eebd16fbfd5998",
              "ami-027e02c9fb865e083",
              "ami-0f0f0dab2f3eeeb72",
              "ami-024ed41a8d496b0b9",
              "ami-0897b9f01cf7a0d71",
              "ami-0f805a4ea6da8e246",
              "ami-0ac05994bd4dc3f8e",
              "ami-0aed4f10266738a91",
              "ami-0762e4b462ae35add",
              "ami-062f98271af856e82",
              "ami-02b4ef09eb15d38c5",
              "ami-0aa3d4ef9b4b60b4d",
              "ami-01c4fde5da28cee1b",
              "ami-0fa7fa0ba487653eb",
              "ami-08c6345d57f701dba",
              "ami-0c3ceac87e2bb0c85",
              "ami-07a09baf6da06052d",
              "ami-0b8fc07b8169c4b5c",
              "ami-04a4afe7429ac1cfa",
              "ami-08bbcee270c364a9a",
              "ami-0077f86889fb430bf",
              "ami-0c3c7659a9f75fec0",
              "ami-0012afeac4419e1e7",
              "ami-0c2d8d65bc57661b5",
              "ami-0ae752894040043c0",
              "ami-08be8527b44b6b170",
              "ami-07ac05c112fcb6a58",
              "ami-0e5d99bd028e99a8f",
              "ami-0fc93cf4da2fdf774",
              "ami-0dd378081c3cd48ac",
              "ami-057ddb600f3bba07e",
              "ami-0711589b653bcb4d1",
              "ami-00095f8a91b2db3a1",
              "ami-022eccb66be77eed9",
              "ami-0c85e04792215403a",
              "ami-0642cb7f6dca70d36",
              "ami-0b32f3bc465f1d7df",
              "ami-0a265fae7f4233073",
              "ami-0c9ea99454d16bfbd",
              "ami-0d646b5f001070351",
              "ami-0a49ae882057bc0c6",
              "ami-024e76c0e61078081",
              "ami-00b83ba64076cc8e0",
              "ami-07c04110177b95a96",
              "ami-05674e0a362808b8b",
              "ami-0e8cc045abd9852d1",
              "ami-035032f6ca5c590c1",
              "ami-076a8aa373b3a356f",
              "ami-00ea5a6323a4ce5aa",
              "ami-0500a11dcc7532145",
              "ami-0df78fbadb9987910",
              "ami-0ea9d251ac6bc7811",
              "ami-0d0a10215c8c2272b",
              "ami-0a55999d69c19d574",
              "ami-062cfdaa62f103bd4",
              "ami-02d6b653dc8b0cb38",
              "ami-0169f3edf0c162193",
              "ami-0a972671dd5dce1f1",
              "ami-0ae2857d15055f8b7",
              "ami-0bc6296eb4bb7f1f4",
              "ami-0fb0fbeafd6c6d0e7",
              "ami-01c4d995812c46c2a",
              "ami-0fd15b0138676ac32",
              "ami-064ef9988dd2556bd",
              "ami-054cb52f7d8c774af",
              "ami-0ba6d729c8fa487aa",
              "ami-0d9993dded77a3f60",
              "ami-0beb5972928101bad",
              "ami-04d9b7a03e74f3242",
              "ami-00e02301d883d6b04",
              "ami-07bc3b341494a940b",
              "ami-0fa02450dfaf065d7",
              "ami-07d7256d44f99d6da",
              "ami-09d3957de9f0b50ab",
              "ami-07bc7bb5a82635729",
              "ami-0aadc5ff1e00ca7db",
              "ami-01066d026a8f40570",
              "ami-01a9ed0198d28ed95",
              "ami-0cbf620c80326d4e5",
              "ami-041476cc68de51d80",
              "ami-0df9c47112930666a",
              "ami-06d369ef665ae571d",
              "ami-0acaf92b2c6747e7c",
              "ami-02dd81a7f923802cd",
              "ami-05493ffbf1b819dd5",
              "ami-0b87488009485ba19",
              "ami-0754d99488015e5f0",
              "ami-05b4e7b36e482d996",
              "ami-054fb1fc543cb5ea8",
              "ami-0f5fd5c44c5dc486b",
              "ami-0e9d977c6006af187",
              "ami-0bed422bc62d10b0e",
              "ami-0195204d5dce06d99",
              "ami-0236f83de195a2559",
              "ami-0241b1d769b029352",
              "ami-0925590bd34df774d",
              "ami-0bdcbd70f8fd06607",
              "ami-01f9eec125df5b06d",
              "ami-0e41a791f587d1fa2",
              "ami-003d53c9bb0a387f4",
              "ami-02c5016789ce2c590",
              "ami-0560863d432cfe0ff",
              "ami-034896fe0a38a283f",
              "ami-0773f9786d57206c7",
              "ami-0e1ef59154d415994",
              "ami-01b799c439fd5516a",
              "ami-057a2e69661268c1f",
              "ami-0dc6f9610183d9e54",
              "ami-0c2407d3d1540f74b",
              "ami-0a605df816d763717",
              "ami-07bbf0d2adf835bd3",
              "ami-0b8aeb1889f1a812a",
              "ami-0e6119d724480cbb7",
              "ami-00a5c3c5a41b83345",
              "ami-0488e9aece3bc95fc",
              "ami-0468ac5f57c53fbad",
              "ami-0d88690c9a24bebcd",
              "ami-0b3fe794e187adb7a",
              "ami-0d5771ffee1d067e8",
              "ami-082a7667f024ff645",
              "ami-00c32d89a9afb3f91",
              "ami-08362241655762a4a",
              "ami-03d48369b18f04195",
              "ami-02f381a2b3265e47d",
              "ami-05ff7ee7e353b2ce6",
              "ami-057eb6da5a208bfb0",
              "ami-0cab307cfb61ebea8",
              "ami-0356ff5d855185af2",
              "ami-07f89be77ca885372",
              "ami-006fd637e171bfa61",
              "ami-0d1cac339b2d1ae31",
              "ami-01bad73862c2267ca",
              "ami-03691e3eab7683929",
              "ami-0973f80c7e2453103",
              "ami-0c918ea611def36bb",
              "ami-0f84f9666c4ad505a",
              "ami-0dbda8a8dc9110e07",
              "ami-0c846a85912a83b08",
              "ami-0425051aa59bf3193",
              "ami-05517c3f86b7665f3",
              "ami-0a36068f13eb54bdf",
              "ami-08b6087f59101c207",
              "ami-097a75c70104c80e6",
              "ami-00384b6e0b84505fd",
              "ami-0b1252a392b403220",
              "ami-0f223c6831afaa87f",
              "ami-0ef897c77534282ba",
              "ami-01b306f29a7863f1b",
              "ami-0b0d6551261405270",
              "ami-09a9e9acaebd3c246",
              "ami-094bb24dfb217caf4",
              "ami-05d411190fc61241e",
              "ami-0700920fa7c11e600",
              "ami-0e2e60a25d98c9f46",
              "ami-05b107e965e911375",
              "ami-0d9e08c88f9fa9da3",
              "ami-06333a4a167ddba62",
              "ami-054fb6f5bc1e2f9ef",
              "ami-0b0847046e195413c",
              "ami-0e10e9bd5546234a7",
              "ami-06b5eb9b3221ae982",
              "ami-0a953348aca869e16",
              "ami-08d50649a9779f549",
              "ami-0291fe2e30a49f755",
              "ami-00347d78fcb3ff8c1",
              "ami-083a9926fceac2b8f",
              "ami-022fb5653ea1f4814",
              "ami-0bac9c824773bb60d",
              "ami-03114192adc2e9f70",
              "ami-007b40539056a29ee",
              "ami-086eea6512ce5a47e",
              "ami-0def2cbd87cc3289f",
              "ami-094d9d1f472bc55f0",
              "ami-06c47041076a21c90",
              "ami-07ca04e6ef2e744ca",
              "ami-079113fc68f408175",
              "ami-02da0088f8ae9406d",
              "ami-00c88e4151e74f6fe",
              "ami-04ba90e16b041de08",
              "ami-03e9f1720d737c5ac",
              "ami-02e5683dadf40f34a",
              "ami-075e171684f403e22",
              "ami-056f502577fbe475c",
              "ami-0004cdd7a3f368066",
              "ami-0de7594881f55aa91",
              "ami-096b94386ae2a6a49",
              "ami-09f17b3da2237f83c",
              "ami-0967e56ab27572806",
              "ami-0901e913a1c126aa0",
              "ami-0bff75f395201877c",
              "ami-023df06e38ea8b9be",
              "ami-02a38518462d08a6c",
              "ami-0c7943aae9b246acd",
              "ami-0264263f58566cf19",
              "ami-0f1b96d22016f9ac9",
              "ami-053f0273062f75820",
              "ami-0ef45f17438c57f78",
              "ami-066255c05fdbf96dc",
              "ami-0cc7ee86590c5f7cd",
              "ami-07720bec5737fdd82",
              "ami-053810ce520a28834",
              "ami-0025d1e35006d6684",
              "ami-0dbd8554fc5b06d4f",
              "ami-0be2d5a70384b02a0",
              "ami-0157b780c04052fd4",
              "ami-06b6e52970e4325a3",
              "ami-05e7e986227a095a9",
              "ami-0c33398c7fe553fb4",
              "ami-062ce1f7407168d2f",
              "ami-0a18456fe05b2fedf",
              "ami-06f59a54e89366855",
              "ami-04d78cfd79cb81e8c",
              "ami-0b7c6872ae893fa6b",
              "ami-0cf901acd682765b0",
              "ami-0eec025fd74b76b4a",
              "ami-0777683e7e5076ab1",
              "ami-01f0a603ba6dfc8d1",
              "ami-0d9450da9279ce485",
              "ami-0d3b12109c2b1b0cc",
              "ami-0aa416540640d24f1",
              "ami-06a40713d0a4cde13",
              "ami-084b3c17aa204dd8c",
              "ami-083b3e3150d10b47a",
              "ami-023fdbb2762b5e640",
              "ami-09e52ffaf12002221",
              "ami-032011fedfad4340b",
              "ami-0d0629af801c8e39d",
              "ami-06a0faf0c0411dafe",
              "ami-044780acd9f18d740",
              "ami-03842356e85a6c550",
              "ami-09d887a3b268f81ce",
              "ami-00e346e33fd32dec5",
              "ami-0a6a8b09da436f7a3",
              "ami-0c95febf2f9f12141",
              "ami-0fa8850ea7815d61a",
              "ami-07ab5b1ca23e7d58d",
              "ami-049b7da090d4189e3",
              "ami-02ef5f5ce8e090523",
              "ami-03713c77a0f8eb2f4",
              "ami-0bd0a380567e2865b",
              "ami-036135177489eab36",
              "ami-00d03e5a3c1d30b13",
              "ami-04f0ec249d5844234",
              "ami-0bc253e8e77ffd92f",
              "ami-08fffca14e6e79940",
              "ami-01296213d823247f2",
              "ami-06f59e43b31a49ecc",
              "ami-0fa12f997badf0501",
              "ami-07dec7bddc379cd82",
              "ami-03fea9dc13ded8b10",
              "ami-06b713ce4a275f446",
              "ami-07e04adf32b6ec345",
              "ami-04340030dfc52b509",
              "ami-0f7820c567ed7e06e",
              "ami-07fc524d41bf56d22",
              "ami-027a9234b37685893",
              "ami-0c819f65440d5f1d1",
              "ami-0653f1a3c1d940601",
              "ami-0018ef14879e3f1b3",
              "ami-0da9dac51b25312f0",
              "ami-0a19deb2641f477bd",
              "ami-0257a318483c99405",
              "ami-0487664b128b960ac",
              "ami-0ff30cf3870aaff0b",
              "ami-08fcb410dc2e273ad",
              "ami-0a640b520696dc6a8",
              "ami-0af9b195efd15fa4f",
              "ami-0bedddcb5e43accad",
              "ami-0604525e03437d619",
              "ami-05687cd413334a943",
              "ami-027c92494bb76645c",
              "ami-08b8d9301944c33ac",
              "ami-0dbc0e66e0063d9cf",
              "ami-0f0c1b09be48a3e8f",
              "ami-0d9fd6381ef1a92de",
              "ami-0a0987aa3cff93ead",
              "ami-00e1af1552c581b2f",
              "ami-0b7b7f84c1344cc2c",
              "ami-01cdd4d02a9c88c77",
              "ami-099f3131a289d73c6",
              "ami-006a0fdfea2775802",
              "ami-053d40b5c01a2ed79",
              "ami-0c0f76749c85a3daf",
              "ami-0dbaca0693084e1c9",
              "ami-05bb568849207f06e",
              "ami-0b50ed3deede1bc38",
              "ami-06ca1edfdb92dda95",
              "ami-0f7ce6bab56c0c456",
              "ami-01dfed6287f4cb137",
              "ami-05b59659e9a9c00d3",
              "ami-0dec424b172fcd0b8",
              "ami-0df0b4b7f8b912822",
              "ami-0d59b7aa94e9bed0b",
              "ami-0d94dffdeb18587d7",
              "ami-03b76bc0cc59b5227",
              "ami-0cd3e819eb1649712",
              "ami-00f25142f2170cf92",
              "ami-04a15db9ced4cf267",
              "ami-0d5c09c1dbdd31630",
              "ami-06b109272bfbb7d42",
              "ami-0aadbc543d4c59444",
              "ami-002513ceea1c291c5",
              "ami-083c787539e0ee4d7",
              "ami-02988875f53c69a84",
              "ami-0a6138f4010d336f2",
              "ami-05e9fe8f085b03e7a",
              "ami-05be36f89d182d6a5",
              "ami-052d29c22134d9513",
              "ami-0dc75952822f9bc04",
              "ami-015854630a22bc441",
              "ami-04b5ea61ae532d8f2",
              "ami-04cb23b125df8c157",
              "ami-06cca60323f364d34",
              "ami-0f46a1116f0be8945",
              "ami-000c831906dc79163",
              "ami-04fbff698680f6225",
              "ami-0627ca490e968e8c8",
              "ami-09d34125a1ab54364",
              "ami-0c32c78fe11a23545",
              "ami-0868804ae102438e3",
              "ami-0249396c246799b67",
              "ami-0125f2117b16d8d3f",
              "ami-02078793ba36fef53",
              "ami-0b19bea4fd92c234e",
              "ami-09526ec997066cab9",
              "ami-0e85489c5f868fd4a",
              "ami-0d4fea9729f4367d0",
              "ami-0363b582df8cef724",
              "ami-0b058d14b2afaf05e",
              "ami-0765586690bb30f48",
              "ami-0c56c4359ca70e1a7",
              "ami-07a51fffd706c1469",
              "ami-0096a93dde5819fd0",
              "ami-025fb06e7cafb9c8e",
              "ami-09b41243c5b1415bb",
              "ami-01e913aa3b4d1e92d",
              "ami-02b64c81a98ba0289",
              "ami-07377f0023d67a2c2",
              "ami-0b60eba5539c431bc",
              "ami-0d17f387706c497cd",
              "ami-086744f3d4758e215",
              "ami-0ae323f6d28fe5033",
              "ami-02b1243035626b0c9",
              "ami-0d3b871897d170a3e",
              "ami-0eebd93e9030b117e",
              "ami-0a9ea757209b6c07f",
              "ami-06eb9b8b924903eff",
              "ami-01a59b35d99f08bf1",
              "ami-0238ce5234dcbe97b",
              "ami-0e396b47f7bc3ba3a",
              "ami-089b1ee31dcf7bc8f",
              "ami-0f58501a356326808",
              "ami-0f7ad9c1501dbc4f9",
              "ami-05383a5612f83657c",
              "ami-024ae630a56fd565a",
              "ami-0cb1a67e68fe1c963",
              "ami-084547703d8ba6e91",
              "ami-0cdd6e0bda013b76f",
              "ami-0a9f1fdcd5de22f82",
              "ami-026f9f3a81721421a",
              "ami-09516fb6df46cc94c",
              "ami-0bb7c5da899dca750",
              "ami-01537bfef2bf81172",
              "ami-0f9f3fd48aa06864a",
              "ami-0a08294f801d94c05",
              "ami-061435b4c325e6242",
              "ami-06a9267df34c859f2",
              "ami-0a198ae1e62dabb61",
              "ami-06fc8283da393c78d",
              "ami-0c11a1ca290668cab",
              "ami-02839f7fc8c241a42",
              "ami-01ab217d95f0b53c9",
              "ami-0b0545a3e165cba1d",
              "ami-06929c24cd0eccba6",
              "ami-05cc747969cbbac54",
              "ami-0e51e60df1b768ed0",
              "ami-00f2a942eed489b6e",
              "ami-01f793bac33968865",
              "ami-0c265d8d7020ce68f",
              "ami-028cf1e4687c274d7",
              "ami-082f21d52e78e6fee",
              "ami-0abf893386288ad84",
              "ami-0a3f3e673bf5a7463",
              "ami-05237d45b4c3b1a26",
              "ami-07f2d82f0d256e5b1",
              "ami-0607164a83ff930c5",
              "ami-05e4989778640d6bb",
              "ami-0914438826d565bc0",
              "ami-03f7019ae1dbc0b7e",
              "ami-056c98682fd68c02f",
              "ami-075738d3a168eb8e3",
              "ami-02631974bee2bec3f",
              "ami-03f6f90f00ee90415",
              "ami-066b88861e849a738",
              "ami-0eeccb6d180462b71",
              "ami-02bf0d144a68997fb",
              "ami-0abaa0abe7d6dc41c",
              "ami-03a2f68b936bd65bf",
              "ami-0d863a98d3d149711",
              "ami-08b185eb4d124c100",
              "ami-0394ca44d2c943fdd",
              "ami-06ebdd78c5743a765",
              "ami-01475e6c41fd19c58",
              "ami-061943f0dc83dc509",
              "ami-08dfaafa70a282eba",
              "ami-0a063c0f3e2af87a2",
              "ami-06276c87e011b8e02",
              "ami-0bb77306ffa1391e9",
              "ami-08f188dce402460f4",
              "ami-0f2170faf2458aafb",
              "ami-0b1058b1483ee43f2",
              "ami-0a2f37289ad57e5b8",
              "ami-072a38b4d5367b2df",
              "ami-0445173bc29754813",
              "ami-0c4b7c85721558345",
              "ami-0bd8b89e4c1ea4595",
              "ami-03d348d6c12816fc6",
              "ami-0a459fa4fa7325c73",
              "ami-05976a1893e513ba6",
              "ami-07a60eb86d9951391",
              "ami-03538346ea647e30b",
              "ami-0a37c65aaf79fde4d",
              "ami-04ff43f5f14f7a13c",
              "ami-0cc93a8e742dea1ba",
              "ami-00883fe9dbf5d504f",
              "ami-0a52f9fbc0ef137fe",
              "ami-01e8e0a7b85893fc6",
              "ami-0c2ea7d22f45efc15",
              "ami-06d1fdc944a07bd11",
              "ami-0904103547957f227",
              "ami-03a9631274613eb90",
              "ami-08bf537bffa2832ec",
              "ami-0f0aa6818af5f4867",
              "ami-07dd74b321d3c901d",
              "ami-08d6725e758fe97e2",
              "ami-0d094eab2945d0d7c",
              "ami-005745b1ae85bf768",
              "ami-0815d35fac1f3ed9e",
              "ami-0ab26eabe0de7f650",
              "ami-035ec8f4265e42e64",
              "ami-0a9211e7b0feaacd2",
              "ami-06943a4ca1af04893",
              "ami-06fa23fbd70d481f5",
              "ami-0e9a81e2d672e1017",
              "ami-0a9a24ad8dc81ff60",
              "ami-0f0ca2e720aef47b9",
              "ami-056212a8ffdc0bf93",
              "ami-0c9634e1e3fcf7dbf",
              "ami-062450efbba5f81cb",
              "ami-0cdb761897404c3a4",
              "ami-05d399d8d23025248",
              "ami-04810ba7aeecdc1a8",
              "ami-0d7b96dae6bcaafd8",
              "ami-04df9ee4d3dfde202",
              "ami-055dbfa7a822c5f8f",
              "ami-0a304ffc21643b1d5",
              "ami-087d5bab91083957f",
              "ami-09206bfaa3dd6163c",
              "ami-0e0151e1304df604b",
              "ami-00da4904db80b3866",
              "ami-009b425139f464cbe",
              "ami-0ba83f0900b7783ab",
              "ami-0ff0d292de1faaba9",
              "ami-074a9979df7ebaf00",
              "ami-0394482102bf518dd",
              "ami-0311d912bf8783e10",
              "ami-0f811217032cd31f7",
              "ami-040458b035c4408cd",
              "ami-0f2eadbe3594eabb4",
              "ami-01ab0e88f1713b071",
              "ami-08584530954b2a491",
              "ami-07e8dd5dbc21ddbb7",
              "ami-092cf61a3f0dd8a1d",
              "ami-03be99a526021d1f6",
              "ami-07edfe373073ff5be",
              "ami-0617b0c16819be75c",
              "ami-067f79c76843b0891",
              "ami-0bbc19d7c429aa02f",
              "ami-085f481442b577ca0",
              "ami-06d9c421ce2ba3a14",
              "ami-0da9fca8a992c3b8a",
              "ami-063f96e9ec18e0d4a",
              "ami-081a95a9b52b28507",
              "ami-0885dd9a3e0fbb4bc",
              "ami-0480363aac09a406c",
              "ami-0bc0591d92cabbb88",
              "ami-0113adffb390ae7bc",
              "ami-00b084b7789a40c62",
              "ami-00ae0afda826288b6",
              "ami-0c88dc5f18ab35236",
              "ami-047cd859b5926d952",
              "ami-06d0061d5f13c939a",
              "ami-0457662a0c605a606",
              "ami-06029a2130449cdf6",
              "ami-0df4d7ad7007349c1",
              "ami-0f0de8ebb39825887",
              "ami-09e96057f3667375d",
              "ami-0b3862778b64eb61a",
              "ami-03daf17d88bdd3287",
              "ami-0ceb7e4699d803455",
              "ami-00654d46dc8dd7b59",
              "ami-0fed52a61026eee0c",
              "ami-0dd2b31384a6fcba6",
              "ami-05b1105e829c5d964",
              "ami-0ec857cbcb04a6bac",
              "ami-09cb3f3e8a96fe59b",
              "ami-0822be943e9e95780",
              "ami-0a09347ad62507ed4",
              "ami-0a0b7097d34336fce",
              "ami-0a2ca6828ec2c4972",
              "ami-0bde3226ebc5c513a",
              "ami-061037723022283dd",
              "ami-0298a0e16287113fe",
              "ami-0e6fb35c9b2d489b6",
              "ami-0f44e693b3e18eac7",
              "ami-008cb47af208b027d",
              "ami-0187a28a87881cc83",
              "ami-0166f0670e1797666",
              "ami-05c59539982d207ad",
              "ami-05bfff34fc77b8234",
              "ami-0f353639db4bed0bc",
              "ami-0a2acb18fb29572c9",
              "ami-0f8710986ff060b7c",
              "ami-0e3cf9502aa3dfeac",
              "ami-0071a03652ef3189e",
              "ami-0f8c4acf3a7dfccc3",
              "ami-0193bc3defa048cfb",
              "ami-0ce6460a011ac3864",
              "ami-0a48500ac683f316d",
              "ami-041e9f5b4a0aca822",
              "ami-0fb1c56d81078c795",
              "ami-033f8a0c9b0329328",
              "ami-085cfc8fb10744690",
              "ami-05c4a3b055e6531e6",
              "ami-0906a9ffbc6bfd74d",
              "ami-0b85ac5126b7fe1e1",
              "ami-09a6a55042919ff2d",
              "ami-008af76247bc780c6",
              "ami-0b71a2bef30ec6d12",
              "ami-048674f0eee5261b6",
              "ami-05c09db05456ae5a0",
              "ami-0c841e4078f061eec",
              "ami-0932b6d2dad32b12d",
              "ami-03cbae266a6364382",
              "ami-0af29aa603d9aa17c",
              "ami-0adb7c99898829390",
              "ami-0208c5a41d94c6195",
              "ami-0bea4f6b2ee203a90",
              "ami-012cb2382e34f9091",
              "ami-00bd87591ded904d3",
              "ami-07ad525e1ec83e2af",
              "ami-060efed748124185d",
              "ami-0f770c6d88a13c8be",
              "ami-0be578c1864b6e382",
              "ami-0186fe5c7539d5a8d",
              "ami-0f4bc16b89cab719b",
              "ami-0ec2ca3115418a4a2",
              "ami-0775ebd23971a80d3",
              "ami-058beb8a37ad84423",
              "ami-06582798616fdec3d",
              "ami-07fb899e8f1b0b390",
              "ami-0be25cd06ef6eb1a4",
              "ami-0f532728af749acfc",
              "ami-07ecc4cacf4b7fde8",
              "ami-0eaf7c3456e7b5b68",
              "ami-08de75e6f0524bc79",
              "ami-0ef8bdb6e4b324f44",
              "ami-0e4c1142a6ab87a7d",
              "ami-0c2b221889a53fcbe",
              "ami-059e9e23003d95252",
              "ami-02be1446475022abb",
              "ami-04eea868d8e013069",
              "ami-02b4ebab1da9134f3",
              "ami-0939551e8f94e494e",
              "ami-07fb182f7b0f2e046",
              "ami-02c826503f78f2f8f",
              "ami-066d355e52dd737a4",
              "ami-0b3aef6bc281a13b2",
              "ami-026a6ccccb37557a8",
              "ami-0fdef9a2e716225bf",
              "ami-0241410686f403ccb",
              "ami-0e7488c2f04f4180a",
              "ami-0c7c372d7193f3428",
              "ami-07b9194fffcf6a1d0",
              "ami-042334d91cb8991c7",
              "ami-0bfab250a54b97e02",
              "ami-080958c498a35a430",
              "ami-0463c870679708efd",
              "ami-072c35de56f316e85",
              "ami-0e1fd4ed3e0403447",
              "ami-0a21fed2efbfe46ac",
              "ami-02c8f32f439064e10",
              "ami-06dfdc7b2da9cfc24",
              "ami-0466f90c5b22aeb5e",
              "ami-09f9f0554382825e0",
              "ami-0daf78fbcadb0a5f1",
              "ami-08f2838a07f464634",
              "ami-02d8e8ad75b912ee3",
              "ami-0b426160be6372e9a",
              "ami-04ae083741045a915",
              "ami-0aae8de02bb918ded",
              "ami-0aed2884084c2bc8a",
              "ami-0780804bcc5908519",
              "ami-0d1cc141027ca9eb4",
              "ami-006b4a62b77d9f339",
              "ami-0ae531fb1cf4ecc82",
              "ami-061492c65f0374be1",
              "ami-09b2383c33596d016",
              "ami-09f0958fa536b4c90",
              "ami-0ea4b2722facc6508",
              "ami-063ab40d44a97dea5",
              "ami-0b054f0624ec1859c",
              "ami-07ce8b93b58d422d5",
              "ami-06e868faae189ed45",
              "ami-0d41e3fdea870c31f",
              "ami-0b3e4dc3f2d736458",
              "ami-06fcb2fa15404665a",
              "ami-0fa1451eb6e0758eb",
              "ami-00929ba4a27a59d60",
              "ami-0c39e1e5e8cc633b7",
              "ami-0df4c943441bb4990",
              "ami-0c0759c7ec2839223",
              "ami-07ce722024e6e0b51",
              "ami-0f3ecfe2daf1f2876",
              "ami-0468cc30e02c5c8da",
              "ami-09080eb190e2d7243",
              "ami-0f0ad631d7cd06bc7",
              "ami-0a5d910bdb92457ed",
              "ami-04f81b030714a3e90",
              "ami-0a084b866f211d283",
              "ami-0eafc380dac1ac186",
              "ami-0e46c711988533c82",
              "ami-0b1c560ad110537e2",
              "ami-0e4908714a193c5ee",
              "ami-02ae9e494fe6e28e5",
              "ami-0889d402fa21ae732",
              "ami-0af85e090881f210c",
              "ami-03704557d10d60c23",
              "ami-0ebf20cd95ed94387",
              "ami-01fd621adba9c183c",
              "ami-0ab24c53077c2a4ea",
              "ami-0af64c4e3fc6bf8d2",
              "ami-06a284a689d3485cf",
              "ami-06ff4e861504c0b6f",
              "ami-02296c233004cc7a2",
              "ami-0e3c3e212cfc3cd75",
              "ami-076c5171a21a905fb",
              "ami-0752b6a263a8cf2da",
              "ami-015c87de475061ef8",
              "ami-0984ef7fbccf8026e",
              "ami-0425d39c9258b9d00",
              "ami-0af3e0b47bf99642e",
              "ami-0c8980c5b8153403f",
              "ami-0aa6384ae0f19f238",
              "ami-01bc395b8f82a0efa",
              "ami-08bf6e3eedeb96d69",
              "ami-07fe1a32c66493b73",
              "ami-078b3676e5184aa03",
              "ami-08a0d1e16fc3f61ea",
              "ami-0eb01a520e67f7f20",
              "ami-0bcb06373da509f5a",
              "ami-0f461719b1db7a65d",
              "ami-0f2832ecb7b381374",
              "ami-03189ba04b89c0413",
              "ami-0d74b367df0267cd2",
              "ami-01e6b2c9aeb45c4b5",
              "ami-072f56bf043cf2fcc",
              "ami-0066accaa3a7a3d64",
              "ami-0aa4e983af7eb666e",
              "ami-09fe33f864e481bb0",
              "ami-04d848e32806578ba",
              "ami-0b58253dd7100c02e",
              "ami-0975ad60e5054592a",
              "ami-01ecb2a28b1d67929",
              "ami-0e82a3e4261706b92",
              "ami-0583d8c7a9c35822c",
              "ami-07472131ec292b5da",
              "ami-0f9ed48507651252d",
              "ami-03bc44931b060df13",
              "ami-0bdfb2ff37058f272",
              "ami-010122f0abf14e9d6",
              "ami-0e81abae4d8597cc5",
              "ami-0c45f2bf394dee00c",
              "ami-03539bbaad2b27b75",
              "ami-01aa3973cdaf40134",
              "ami-0585c4247a98a504b",
              "ami-09b865f99dd87a21c",
              "ami-00714185263ef9204",
              "ami-0a6ec793be6f637b4",
              "ami-0de1d5dbc11af4eb8",
              "ami-0fdad7bdb77e70edd",
              "ami-09255911fae1e7d9a",
              "ami-0a1e27c193efefd83",
              "ami-0b1253f7e9bf36ce3",
              "ami-03383627edf1265fd",
              "ami-0074c80826d4ef64c",
              "ami-02f8ffcccbc59d988",
              "ami-0b135e350645b2d59",
              "ami-037482510be01e486",
              "ami-0e403c6c287542255",
              "ami-0fb8a65e86d917cdf",
              "ami-0384188bcfaa9221a",
              "ami-058e0b57864a50b58",
              "ami-005edb001edcdd284",
              "ami-06768b0b33704cb26",
              "ami-02f9afd340e6c0065",
              "ami-0af0115d16ad0aa67",
              "ami-02032d9da53810efb",
              "ami-0cca67833218424e4",
              "ami-03fbc79943bd9974c",
              "ami-0866db9bd4f063462",
              "ami-07660a9968816de9f",
              "ami-0c75de2926b75e0d0",
              "ami-07ba8005cde2a7dc9",
              "ami-0fcd7e640126f2d48",
              "ami-023029cfa9ae747c8",
              "ami-036fc48d2e279cb83",
              "ami-0515ed6709713271c",
              "ami-01af77bc1fc23d75d",
              "ami-092845c4639ef1c42",
              "ami-0b1e759617d057b7a",
              "ami-067c6a658a2a9ec1e",
              "ami-031f90ba69c8792e1",
              "ami-095733f9e102fa373",
              "ami-07415d4d8bb9315b8",
              "ami-07470ec8adcfb2324",
              "ami-04e2df1da9dc3410c",
              "ami-03ea89780c6cdb96d",
              "ami-0ca89f4f2adf6e7a0",
              "ami-0726e82b1ea99d47a",
              "ami-0e5301a2d6f0c351e",
              "ami-038208e2f161d8102",
              "ami-0374d0b6ab9dcb8b7",
              "ami-020da8471b4eb209d",
              "ami-0aea6292ab6a39eb8",
              "ami-012cd4f235706a66c",
              "ami-03690d3059161cae4",
              "ami-057af9cdd394e8b6d",
              "ami-0551f5d9a4b51a9f0",
              "ami-0070c3aec2a1bcf75",
              "ami-072493bc9d9b30e94",
              "ami-03faee7c7ede1979d",
              "ami-049a05033476a5bd3",
              "ami-0727b31c5a99fd8b9",
              "ami-09af7f4ea54a77d83",
              "ami-0e78eafd8ecc8ff26",
              "ami-09716cbb613aa17b4",
              "ami-0308c60cbc7ff63d1",
              "ami-0ea7b494e7e02b196",
              "ami-08cc2cacc19403c3f",
              "ami-03cab742a88946ad6",
              "ami-02e02e021ba8500f0",
              "ami-0bcb49642ac49d5aa",
              "ami-0b9e545aa4c20aac6",
              "ami-03667283ee43f3000",
              "ami-0aed8dba35aa48c75",
              "ami-02dc4776899024301",
              "ami-0b28916bb4e3739ca",
              "ami-0c7bd78dd1d634204",
              "ami-00a628168ff365f20",
              "ami-066d744867bb80fce",
              "ami-04d8ed408c1ad8cbd",
              "ami-05942369be6b27cb3",
              "ami-0f908057e2978571b",
              "ami-0cee6e618711d024d",
              "ami-033d03f9fb22145a2",
              "ami-0934f6641fe905158",
              "ami-0b6ed4277b515950f",
              "ami-00bae3b421020b35d",
              "ami-0980c117fa7ebaffd",
              "ami-092786cb1ed3f081b",
              "ami-0d514082561a0790c",
              "ami-00fbe5cd496a21155",
              "ami-05f63ba6e718cbe0e",
              "ami-0c1e015e2cc12fe67",
              "ami-0abc37c01f5684fcd",
              "ami-0f5d8657c8ae3da85",
              "ami-00e995099514026ca",
              "ami-007fe6f100765dc49",
              "ami-0a90fb9f04a959488",
              "ami-0cc9fbbbe2f9cb93f",
              "ami-05b031497a6bba12a",
              "ami-0e21b2eb2c48fe09a",
              "ami-0184907fe3662dda1",
              "ami-021b7245282de3641",
              "ami-0b5fd006daffffaf1",
              "ami-0c1a9d5d4f3c946a8",
              "ami-0da5a21233bf172aa",
              "ami-0c62be25e10236122",
              "ami-0f44ff34388e1d860",
              "ami-070fbb68d4b57cd30",
              "ami-06c3522de58a7a9ef",
              "ami-003b403cea4d2d979",
              "ami-017f5315cf17ec21c",
              "ami-0be6b7515f893b64e",
              "ami-05e43259b04d95af4",
              "ami-036abb118d595690b",
              "ami-0a311b95fed257751",
              "ami-04d8145385e22cbcf",
              "ami-00b665de4c0f21be2",
              "ami-096381dfbec01544f",
              "ami-0dccf7332e6c25411",
              "ami-0776a487d1ea8356c",
              "ami-05b2c136a1424e36d",
              "ami-0cd7e0a1f432c4be2",
              "ami-0aad92243dfbbb534",
              "ami-02909e3f2475f4418",
              "ami-03c06f9a30e73a563",
              "ami-04721fea78d35dd23",
              "ami-094680c9634590fa6",
              "ami-0d6b30f3ee615276c",
              "ami-0a8811cb74eac05ed",
              "ami-01eae91442e8c197e",
              "ami-0ca144a5e1f01244a",
              "ami-062fa347e1a1f9fca",
              "ami-0b783963349f98893",
              "ami-05288ca07a54521ff",
              "ami-05a9daf7e161682aa",
              "ami-090930ebf12e707d6",
              "ami-0268e55457e802da8",
              "ami-0ef3dc5465448cdd5",
              "ami-01a60300d3c213169",
              "ami-0e916ba9175d7d448",
              "ami-0848456a77cfcd010",
              "ami-08552b67b7de51c99",
              "ami-0afc536c424aa7bd0",
              "ami-00f257ed199261eed",
              "ami-07193b47a30bc44c2",
              "ami-04261e949f212799c",
              "ami-078d2afa1e02a4aa6",
              "ami-0a9cbfecd41480c1b",
              "ami-062b2733e2968b21a",
              "ami-0f99630b9dbad6a18",
              "ami-00874066f4baca724",
              "ami-005b9b4a5ae5c1401",
              "ami-0e84006f2799ee107",
              "ami-0667cc8bd7be9f687",
              "ami-0ea868ff4edb632ee",
              "ami-0305ef5617ada379f",
              "ami-0f8aaca67b0b39194",
              "ami-04b144132e1d6e67c",
              "ami-0a3a18b9646b6802c",
              "ami-03a06bfe5dfa57133",
              "ami-0cf1144b696532c30",
              "ami-0b6f65937b2584dec",
              "ami-0415bde11d5287c9d",
              "ami-03044a9af68d61a73",
              "ami-0b02f366cbc11c531",
              "ami-0a4b7fd73df66a963",
              "ami-005abfb2c80e8655c",
              "ami-0bf8a61f44a485394",
              "ami-06453a2b07ac2b455",
              "ami-0b6928bc422663f52",
              "ami-069e306e29db9ed55",
              "ami-0cdb66d9dacb7e395",
              "ami-0c5acb9ce557a3477",
              "ami-0dda18e1b830eb2ad",
              "ami-0bb3d71594af8d2ea",
              "ami-0df90a654cb9fd33b",
              "ami-057a110dbdf4e3af2",
              "ami-0d55a8108b1fcbae8",
              "ami-085422879ef1c99cf",
              "ami-0206116c131f890c3",
              "ami-047ebf8a45ca8d30c",
              "ami-0f86fcf0f675f6930",
              "ami-06c4d3b6fa6005231",
              "ami-0c11a0ebe0572807b",
              "ami-0147a0d6cc9846667",
              "ami-0a21d6a7d9522cd65",
              "ami-0f81732f07ce19b1c",
              "ami-034a94f85c50a71e3",
              "ami-0ef01abf27c014f57",
              "ami-0bec366a313e4417f",
              "ami-0501bbad231a68366",
              "ami-0bf5f44cb93fed732",
              "ami-05d1b7d1208d62a86",
              "ami-032d156c696876066",
              "ami-04c86f4f2ab519a19",
              "ami-024b0f44a33f81abb",
              "ami-0d20f85e6a3f17e77",
              "ami-03757a9c8c3a0f596",
              "ami-03aea163894a0c026",
              "ami-0af51142560d05e56",
              "ami-0fc5f9fea2f021c78",
              "ami-0a3d05199db5ec17c",
              "ami-076129e944cdf154c",
              "ami-02c143c9d2983cbbc",
              "ami-09c54177926fbb054",
              "ami-0928b10bc9360a78a",
              "ami-0d9a2ec8aec3d78ee",
              "ami-02c222095b1658913",
              "ami-042a63ba35b8ebb89",
              "ami-00943cd9f658d5292",
              "ami-00f18582b1499c8b6",
              "ami-0003c79478ab84e19",
              "ami-079bd600dc20f7717",
              "ami-059ed2f8832a53fc8",
              "ami-0cb84666bfc68c295",
              "ami-00a3fc89f6a6e4d30",
              "ami-0f3df47db3dfac305",
              "ami-0105303d18d6d419c",
              "ami-0dd757f69c8de12af",
              "ami-0472c62fab35510f4",
              "ami-079f32546b5ebad93",
              "ami-096bf7265616d539b",
              "ami-0469fcb2e219afb31",
              "ami-023d60d321eb1c8a5",
              "ami-0de706dd500339471",
              "ami-0b2fbb21dd1e56eeb",
              "ami-0541faf950e596dbe",
              "ami-0fc4a38895ea5310c",
              "ami-0e8497e4a2c200a19",
              "ami-01147c3cb0c623d12",
              "ami-049992c3c2cd33207",
              "ami-016d4c6c1e58fd4ae",
              "ami-02dc7d3e94f1c07b4",
              "ami-052282f76c3db9f63",
              "ami-0daa8fe3d5e37adc4",
              "ami-0a0fd598bf02ddc71",
              "ami-0cefed24961376493",
              "ami-065b24fbc9c2deb8c",
              "ami-0b966c9c0d4dbd0c5",
              "ami-0f2ee1b771916c0cb",
              "ami-099562c51c299a4fd",
              "ami-0a884a21299d98684",
              "ami-0d76bf3e251e2af05",
              "ami-0f5a730cff8101b09",
              "ami-078665dc974bc28fd",
              "ami-034b90e92d6039b91",
              "ami-0f649507a9e766c03",
              "ami-0b0b3583edbc7ea2c",
              "ami-01da03b950c59b1ce",
              "ami-0de71d4e3be4fc2e1",
              "ami-059c10d37aa8488b1",
              "ami-051027b61544b3d11",
              "ami-0036347a8a8be83f1",
              "ami-09896e9c0c4728a70",
              "ami-08ae3d154e2a4c91d",
              "ami-0fefeebc497fe5775",
              "ami-0ec227419a4a54cd0",
              "ami-06a7faa613df9bdec",
              "ami-04c40c150f7933ead",
              "ami-0c13dec58913b948c",
              "ami-07b1ff916ba4495ab",
              "ami-0166f4ae5ca50629d",
              "ami-0e82e548f6f81185e",
              "ami-0bf632e4c738df98c",
              "ami-07543813a68cc4fe9",
              "ami-06497214167ae33c6",
              "ami-0ef848060717b8835",
              "ami-04bd5ac82a0c1ff52",
              "ami-0d63b70c3d1dec30f",
              "ami-0d191299f2822b1fa",
              "ami-04e4684703f5e7e88",
              "ami-04e8b3e527208c8cf",
              "ami-0ebe826b9285d1a52",
              "ami-05e20e647a0d7f03c",
              "ami-00c47ff3fef905bfc",
              "ami-0fb009c6be99ad9f8",
              "ami-0497fbcc057019903",
              "ami-0a615f49b87ecf7bf",
              "ami-061aee3f3c70b5c67",
              "ami-0efca83a88386297f",
              "ami-0b61cded247dae0f6",
              "ami-0c340a0944228e0bc",
              "ami-0a6f3d5843f53b093",
              "ami-053bf238e5cc14263",
              "ami-010f7288ded89ec70",
              "ami-05153e28cd40f83b7",
              "ami-088d82e00cd4f8bd8",
              "ami-08de9b2d9ee0823d6",
              "ami-019ccf157d57a4225",
              "ami-0c9bff9a1997d95b1",
              "ami-012262cea0eb83bc4",
              "ami-0766f2a32eccf4597",
              "ami-0412d8a3a3ce0c203",
              "ami-0ff2889832abf5243",
              "ami-0f0245ab17a8a072f",
              "ami-0c1f92e4eeddbbdb8",
              "ami-0aa197ec9fe874d10",
              "ami-0150c6717c581933e",
              "ami-0ba9e6ae057b03873",
              "ami-0e9599efa4814ffca",
              "ami-0121f4aaaf0a335f2",
              "ami-023673176543d7f1a",
              "ami-091fafff601ac2f29",
              "ami-0f2a9086c2e364a65",
              "ami-0d0bc8bc91df44afa",
              "ami-0b42a5c2cde37a42e",
              "ami-0f65f72711a44619d",
              "ami-0cfbfc0f48cad4107",
              "ami-073cece93905d696e",
              "ami-0f68227840aa99839",
              "ami-0c8dcb21334caa622",
              "ami-0c0280b033aeb3097",
              "ami-046ac3215467208d1",
              "ami-08e26339ab43d2b84",
              "ami-048bfa7078c5dec83",
              "ami-09cddb3a21a2bde28",
              "ami-009163a2fe70bee55",
              "ami-07cd3bedc2b870641",
              "ami-09c1bfaee3537a573",
              "ami-098f18bffcca9b58c",
              "ami-0fdd0f3fd76d16162",
              "ami-09abd532a26bb1acc",
              "ami-0df59f82a86ed34c5",
              "ami-0326436b54989dbdc",
              "ami-0f2a1bb3c242fe285",
              "ami-0120d88db7a0c4125",
              "ami-0c97d1671286ef434",
              "ami-00656f1bd5c0e6ffc",
              "ami-022c9fe3e2d85f0dd",
              "ami-078cb4217e3046abf",
              "ami-04c1dfc4f324c64b2",
              "ami-00e22a1ee8d1196fa",
              "ami-024c90dccce35cda1",
              "ami-01fb19ed072d9ec11",
              "ami-09db8fd6ba8222c59",
              "ami-0fd3a630891cd5f74",
              "ami-098d2c41ab8902ae6",
              "ami-05ba344f588400404",
              "ami-040a4878d902c24ba",
              "ami-084badf3a283f1a9a",
              "ami-02a0090ac1041d57a",
              "ami-02c603dd20360feb9",
              "ami-018cfb51f7c1808bc",
              "ami-039bb043f0419a703",
              "ami-02e7d067f45dd4c5d",
              "ami-03cefb5cd4f867d6c",
              "ami-09983cfa96c24a7e3",
              "ami-012a8f293604b0b0e",
              "ami-0df4e463be0af3686",
              "ami-02c63433464109ee6",
              "ami-0f70bcf9092d84334",
              "ami-0f5d86840ea6ccc53",
              "ami-086db370ba6b73c50",
              "ami-0824f598de4d663a4",
              "ami-0a6bd681362cf0e02",
              "ami-05ac80a5cef5f391a",
              "ami-03fd5ff057029e62f",
              "ami-05219e68283b2b0ca",
              "ami-067fe6fc8c7045431",
              "ami-06d1d997de080dc1b",
              "ami-064e0d54038e5e081",
              "ami-031f60acd9c4887ef",
              "ami-0f958164c31225ecc",
              "ami-0e91fb08406d85b5f",
              "ami-079fe90dc329ddc27",
              "ami-0c14aa55ae4c519bc",
              "ami-00077020afd540ec7",
              "ami-029d19bbdce33b53a",
              "ami-076b70638baf9beb2",
              "ami-00a357a620e66131a",
              "ami-0f15481a7237da848",
              "ami-0b9a2dff14d7eb3b0",
              "ami-07faee878992ca533",
              "ami-0ad5bd74c2f9dd2a0",
              "ami-02c145b5520568b46",
              "ami-02190f4b5b3230839",
              "ami-093c1a357384598a8",
              "ami-02592dde49ddea6a7",
              "ami-0ffe379350a2c65d6",
              "ami-014cb98123f1945e7",
              "ami-06df9e3673fd396de",
              "ami-0ccbfdc782f782595",
              "ami-0593124c1191e47cf",
              "ami-061a65adb61538e7f",
              "ami-00c1278de7688ba2e",
              "ami-0471ee161716573d2",
              "ami-0fd7a49bad4d4c343",
              "ami-0699528ab37107955",
              "ami-09396818e58d13d1e",
              "ami-0454d2e0989d8c154",
              "ami-02337f2b379d0f8c0",
              "ami-0316bc98aa9385d5b",
              "ami-0dbadfa2d73065863",
              "ami-0c563b41a087f6316",
              "ami-06ba6e312ddee0d4a",
              "ami-0deadd815c2842735",
              "ami-0e2ea10a9b5a89a4b",
              "ami-0a24670a6532ea110",
              "ami-0cccd866f925e7603",
              "ami-04d839ff8959772fc",
              "ami-0b6136c4eb760e72a",
              "ami-06285163ec7b2b1b4",
              "ami-008b78e4618606da9",
              "ami-0fa15c0d02252426b",
              "ami-053b5df36c4018153",
              "ami-03d55fb4bd621aa38",
              "ami-0404a966d27201b4b",
              "ami-032ef1ec5871162ba",
              "ami-0d45eb7354af8f01c",
              "ami-06e097691d7a26b18",
              "ami-0aceb54337555fa87",
              "ami-0e1bd2e7c974237bb",
              "ami-03e5bf11cb1d0c0ab",
              "ami-09f40aeae0766babc",
              "ami-0dd6043a1a46082b1",
              "ami-092fb50d284c71eb7",
              "ami-018d2581e39ba803b",
              "ami-07069503cde59f6ef",
              "ami-0183ad6527708d077",
              "ami-0df8011906538c3d6",
              "ami-0c3630c468e31c7ba",
              "ami-044943e1d6678ca51",
              "ami-02be43255a2a2824d",
              "ami-0b32927592772b9f0",
              "ami-0cce6bc0af9fd934f",
              "ami-06a84361c9f5b5da9",
              "ami-0eb10f198cacef39d",
              "ami-084b9389cee26a8b8",
              "ami-0b67181166bc73bf7",
              "ami-0a5805f4c28b579cc",
              "ami-01df6df22868cc36e",
              "ami-0830a27b92905635f",
              "ami-091114d14407d6400",
              "ami-0589afd7c36300a42",
              "ami-0c8a388c4d8a21521",
              "ami-0bea5e9c18c1bf4f9",
              "ami-0321eb42f0fef345c",
              "ami-0bf80365cb35eb783",
              "ami-057ace6a11e505785",
              "ami-06b4e38126d907a42",
              "ami-0a2deb083b5556169",
              "ami-047d0821ef79af7b8",
              "ami-0d06f30e8d6e02990",
              "ami-0a3908ef8b7c95b68",
              "ami-06bc8129ceb26e9f7",
              "ami-0ced973dc2290a186",
              "ami-03073b1b96481ca48",
              "ami-0badf92b6f44924ed",
              "ami-079ac4bc4ef645dd9",
              "ami-0adf73468dfc5ba66",
              "ami-00afcbeafee5123a4",
              "ami-0a007b6c76184ac1f",
              "ami-08f7ee59b85f42e0b",
              "ami-0f2f908a9c26c7ece",
              "ami-017623269531eda3c",
              "ami-0304f501bee47039d",
              "ami-0e0eb5ab61bb2b358",
              "ami-0ba7681bc6e5eb5a1",
              "ami-04d396f4951ed97be",
              "ami-042bb1951e193f098",
              "ami-0d34c172bf62b510c",
              "ami-0ccb9cd0f369f2cb5",
              "ami-0cb566e48da898ddb",
              "ami-002388442943a4626",
              "ami-0641f6c4c4efd325d",
              "ami-0c77f4912581d2a92",
              "ami-0fc4a7d0b8424c2bb",
              "ami-09c035ed5b62911e4",
              "ami-01fe70fd0c15dec73",
              "ami-023c23268dc93aade",
              "ami-030fdc20ba487aba7",
              "ami-00a452e7341957a45",
              "ami-045ef7fb51ee7b72b",
              "ami-0a6e937be33b64a93",
              "ami-0e9fad19a9a30979a",
              "ami-0dae0ab6057f1da00",
              "ami-0f3f8cdd3d64a963b",
              "ami-0f0f75bc1730fe41a",
              "ami-041ab1475a76513c3",
              "ami-048c5df85242c7116",
              "ami-0b9d3a1af218d6c0f",
              "ami-0010deabdfbaf9637",
              "ami-0dffde5c07492477a",
              "ami-062eb497988acb2a7",
              "ami-0f2f4d0dceedeade6",
              "ami-0c47a79d9b211cb44",
              "ami-0e8881b1e91ed4c27",
              "ami-00e7818d8d3070ee7",
              "ami-06cb79205bb320322",
              "ami-085fe1432d0f3dd6a",
              "ami-05ce5a4bb676c7568",
              "ami-09f9414e7ae4b67ba",
              "ami-041192edc805375dc",
              "ami-02859fd7d7ef5e9d7",
              "ami-01db45c311a458149",
              "ami-0bce6c8ee6116e92b",
              "ami-0ef45c5a26e456e6e",
              "ami-06ec93304a42dcab5",
              "ami-0c9dbd4fbf9bb7617",
              "ami-0d94353f7bad10668",
              "ami-090e1d9eacb1ced64",
              "ami-05ade5d40b1a76a54",
              "ami-00fe47890705a7062",
              "ami-0733b0168269355ae",
              "ami-0359a2b0540a8b6b9",
              "ami-0b207c9d71f93e108",
              "ami-03e9149278a6f457c",
              "ami-0ba0a41215c9be75e",
              "ami-09e4af4958ca9b88f",
              "ami-0c17be7ddf4fa9be4",
              "ami-06f4469ebae67ec26",
              "ami-0e7966676451e7a91",
              "ami-0bd7e769cf8cd8918",
              "ami-0e7c832fffb27ebe2",
              "ami-0e48abc47d7d837dd",
              "ami-06c6c3d3fa99ca4af",
              "ami-0a4dc4a336c3af473",
              "ami-04a8e6a32898527a8",
              "ami-096eee0e508b5efbe",
              "ami-0bff91314438f3a02",
              "ami-0e428002961f562eb",
              "ami-0314e2266aea0f0a0",
              "ami-0f58a97f557a2091f",
              "ami-05f9b408f5193b137",
              "ami-09e26cf893d2d0fb5",
              "ami-0ab9e593ea51cf19c",
              "ami-0f6cd061cd90a4550",
              "ami-0d4d04dd3d9e8498f",
              "ami-058b64e3d51a7d4c3",
              "ami-08f78afec06ba0db3",
              "ami-050a1a6e411a8a3d6",
              "ami-0c0db9741e049bbf2",
              "ami-0edfae0758a190630",
              "ami-0b4a4df8438b6d606",
              "ami-007b14959df3a12c5",
              "ami-090eaf37e1bdde055",
              "ami-0b197932e0d5f2735",
              "ami-0076e4d313e8d228c",
              "ami-06662716abd048285",
              "ami-03d107d909d08f6aa",
              "ami-0bd4ae544cb1bfe92",
              "ami-08fb1c0dad5e2b820",
              "ami-02f4dc2d29cdd506a",
              "ami-0bfb96f2dc3f8c984",
              "ami-0e3274f9acd0efa4e",
              "ami-02a77755c2d3ec109",
              "ami-063fa2742eee19c22",
              "ami-01a19b60ec15924f4",
              "ami-0cd895e9f2a6c1c12",
              "ami-0178705a88e651804",
              "ami-0ab5c25fd8bc86f29",
              "ami-0abd694f829eefd61",
              "ami-0c95f41893ea0c4ea",
              "ami-00a0fc4c0b6b53f14",
              "ami-041300bab0a14adc8",
              "ami-01e3e765704dda7b1",
              "ami-088ef9abe33140925",
              "ami-02150497d65b9af24",
              "ami-016c604ab9c002e9b",
              "ami-035831904bd7bea84",
              "ami-09c539a8f36e0565a",
              "ami-0fccec67a1368d055",
              "ami-081418c4038596615",
              "ami-07353cbffecc62fec",
              "ami-0530d390c99e825b2",
              "ami-0ea3f5cf47ae6f4de",
              "ami-072885db87a9a23d7",
              "ami-0ce13b1232d8f5d75",
              "ami-058c1f1510a8d4690",
              "ami-0a5752e1c6d19a2d5",
              "ami-0aae066f85e9bc6a9",
              "ami-0cd09cff72c597f4f",
              "ami-0bc0d2bf4ab7762d2",
              "ami-01e66e3920c088735",
              "ami-06225bdae28115b31",
              "ami-0055c416d77c3d038",
              "ami-0feecc3854090c282",
              "ami-015b4b07f820e7abf",
              "ami-0ae25f183586ec49c",
              "ami-023c41565e17eb432",
              "ami-00946adfe666d4a18",
              "ami-068671ce4b250ce18",
              "ami-03a327e32adb3e485",
              "ami-073bc67279b07d7c0",
              "ami-0cd6298db7765dc2f",
              "ami-0eca2235307d127d4",
              "ami-0e1b4c12246588324",
              "ami-098080e3c81d882de",
              "ami-0d5ae209e27173316",
              "ami-067ed3046366c62c0",
              "ami-09743b860847c5f58",
              "ami-01622b740380d90fe",
              "ami-02b55eece9c6cab27",
              "ami-04da531e1c1588053",
              "ami-099ba65bd43a08469",
              "ami-0986e837a0931905c",
              "ami-07979ad4c774a29ab",
              "ami-062d941ca8d8940c1",
              "ami-036088546aa8abecc",
              "ami-06ccb6a1658fb9b33",
              "ami-0cf60a53ad9cf9e40",
              "ami-03161e0db9507793e",
              "ami-0cc1913338023e4dc",
              "ami-05417a761be9018ab",
              "ami-04d8d1e7c7f0e0845",
              "ami-02a32e60aaac96851",
              "ami-009b57073d2274f28",
              "ami-00f1a911e60f68908",
              "ami-06d931f083b281b68",
              "ami-0202e96c4e4293085",
              "ami-0044f7020378eea20",
              "ami-0fcd0e32697d9f123",
              "ami-015cd6a79b5012dc8",
              "ami-066c59d4c047d3b9f",
              "ami-03b3a90dd7c4d70ca",
              "ami-0d303480e0cdcfb5e",
              "ami-0d0b95fecf4b186a5",
              "ami-0341cb09c7e116464",
              "ami-0a04bc728097b22a5",
              "ami-0cb01d2b05182309c",
              "ami-014834ac9897be3eb",
              "ami-0290c0aea719bb5e3",
              "ami-0eb589b50f2369b2b",
              "ami-0773ac80e6592f744",
              "ami-07cd35f3ba015f4f4",
              "ami-0f22538613bbf56d3",
              "ami-052e96ba7001f82be",
              "ami-0f1be76c3f07bdec4",
              "ami-0b7f595b304f52af2",
              "ami-018bb1f7d433b3c7b",
              "ami-0515cd4b4ced428ab",
              "ami-0d1ed6f5764799779",
              "ami-0132a84138202c91b",
              "ami-09892a5d9f13c525e",
              "ami-0004af9d8968177bb",
              "ami-0a44942a526129958",
              "ami-0989e8bd1ef43c912",
              "ami-005a83f7e9e34e399",
              "ami-05a49565f5e4ceaa7",
              "ami-0e5acd39e823b7467",
              "ami-08bd1a33531c8892f",
              "ami-0b9f739cbe686714a",
              "ami-0917369f30598b228",
              "ami-061433b534af48450",
              "ami-0ed2742a71ce5c6db",
              "ami-00a2dfe5baec0762d",
              "ami-0c567569c1ad135e8",
              "ami-03877c3aaa3517454",
              "ami-003a3e067eefe53cb",
              "ami-0185a93cea7095e92",
              "ami-0e4b0ff4cb1c8ecda",
              "ami-0386cf822ad454150",
              "ami-00b7811a8305335e8",
              "ami-0a382f8f53edc1a02",
              "ami-009d5c34521d8966a",
              "ami-0da2e00e1f5e374ea",
              "ami-0c855aee8e5f5f9fb",
              "ami-0a21a70487147377f",
              "ami-007621e721ece09ec",
              "ami-064c8aa13a4b056bf",
              "ami-0b7ffa0490ca3da0b",
              "ami-05b6b5ac3caf29a58",
              "ami-09e810efda93bc3dd",
              "ami-03663d2db32a2007b",
              "ami-0b769f8687b540476",
              "ami-0537d7396e5eec2c4",
              "ami-0a2e4325b49c6cf33",
              "ami-0c24dc9d92f3c28ea",
              "ami-0d9f78b8052ae8d71",
              "ami-0674607f89a15a23c",
              "ami-01796f24b984c0484",
              "ami-0376e1f9880fee443",
              "ami-0a4d4bb3455dd4cad",
              "ami-04878997fe6012fac",
              "ami-0a33a0849323b2432",
              "ami-07a42d654e3928b27",
              "ami-03223b0aefdb87e4b",
              "ami-0993409bb280d02fc",
              "ami-03eaed363bb39ee49",
              "ami-0da4615829bbb7357",
              "ami-08a84c3f430fb965a",
              "ami-0ac08aa79ab8a00d6",
              "ami-0068fd1affde3c367",
              "ami-0b8f13885b6e99d5f",
              "ami-0c652dedd58f1f68f",
              "ami-0a0d5257d7487e478",
              "ami-024f340088c862b05",
              "ami-0f620afead0f5b9e2",
              "ami-0039fc6a7126465c3",
              "ami-0f30a3492680154a7",
              "ami-08a06b7bc3f1c2f8e",
              "ami-0769868500347fad2",
              "ami-0a3641290f47850c9",
              "ami-03f11d8b7af180e66",
              "ami-03bcc0ea16d7b0972",
              "ami-0671acab007558c01",
              "ami-0069eac59d05ae12b",
              "ami-02ecd082bfa391ee8",
              "ami-0c05dcf6934ece31b",
              "ami-0fb08233c37f3eb0f",
              "ami-008932808b44e1166",
              "ami-077988553ab4088a2",
              "ami-05b812ad7945c04b7",
              "ami-0a68de603e5758fb3",
              "ami-0af1194048e44610b",
              "ami-05f78683468c71054",
              "ami-0edb1bc20a03e1f93",
              "ami-06d365e992eff34d3",
              "ami-0cd5190fa53299461",
              "ami-0190d17721aceedb0",
              "ami-0d4ba4adc654896ff",
              "ami-03ab5a500e65525ce",
              "ami-0e02570b92dd4f2ae",
              "ami-00c1a1f98463ef144",
              "ami-07ed1a35eb45d6b0c",
              "ami-04d4525b31ea0d75a",
              "ami-081c6308cd13667f7",
              "ami-01805f714041bb363",
              "ami-051f38c2ba667dd97",
              "ami-09817069f20d3ca50",
              "ami-0f9ddb755e67d7c41",
              "ami-0e50c51e07abee65f",
              "ami-049d3ae2b3837da5e",
              "ami-0d83ebfe02118a7f6",
              "ami-0ffb6959e81a7f68c",
              "ami-0c318230818f52ea3",
              "ami-07734aae51a9e6e9e",
              "ami-0de55e24782311c55",
              "ami-07b6d0ee298887d90",
              "ami-0234204c8402a7e00",
              "ami-0a97c426eec7f5158",
              "ami-0da57d4f374c5640c",
              "ami-085f03fdf1560fc86",
              "ami-05e3d473d43b3fc6d",
              "ami-0483b740ac7c9c820",
              "ami-0da4f542be64370fa",
              "ami-0af7f235209f8f10a",
              "ami-0162b44b80d41b558",
              "ami-04e84503068799ef1",
              "ami-0cf413766fcde4350",
              "ami-0dd9ebe1f8fe2ec46",
              "ami-0e71d0a873cbcb7a9",
              "ami-0dbc4508a34b33e62",
              "ami-00100c67cbb96f7c2",
              "ami-0179326cbc3d654a2",
              "ami-04a506c94e3f7b782",
              "ami-0ebc4eb40f33cdf1e",
              "ami-0ea96b1e12a19f1b8",
              "ami-08a01c34c94128f1b",
              "ami-004db65f7aaee70b0",
              "ami-018dfb14e409f06d8",
              "ami-0d8f9186687138022",
              "ami-09523e05812dcc464",
              "ami-0c01e9aabd1b2ccc2",
              "ami-0f20f4a87bba60081",
              "ami-0f10c93eff7a368de",
              "ami-04094276a9ebb79b5",
              "ami-022c1e6fc813d5f8c",
              "ami-026c5f7d149847641",
              "ami-091d7efc8a8251917",
              "ami-0f060ea1d0000b4f9",
              "ami-0a5064945bf92727c",
              "ami-05739b9d6b1edf6b6",
              "ami-07278e4a350bfceb7",
              "ami-09e64cdefc46f51fa",
              "ami-08d8c3382d08fed03",
              "ami-0f71323f2ff57515d",
              "ami-08531fb994d4150b7",
              "ami-0a8086b2893e0a5e3",
              "ami-0376cc16ff29d479c",
              "ami-0859f9f3c8c2c6a72",
              "ami-09d0dab817c05fff3",
              "ami-0e107467ba7bdab8c",
              "ami-0d62d934fa5f9765a",
              "ami-093969990f98308eb",
              "ami-052cd8e8cfb326e56",
              "ami-078ec609cc03a54cb",
              "ami-0b4e6cea72e4a5602",
              "ami-0f60140025219dbc7",
              "ami-0be14eb17589f82c5",
              "ami-0f73cc69335331e81",
              "ami-02dca614f074272a6",
              "ami-031e816cad9bff855",
              "ami-007f391c72bd0c1fc",
              "ami-0986d7b49001bac23",
              "ami-0f1669ab8f7a165ec",
              "ami-0967b9602268e33ee",
              "ami-05149ca0115dc83df",
              "ami-04141ed8b2d10307a",
              "ami-051f69bd176c21021",
              "ami-057a3d48ab1cb8605",
              "ami-0575d3c2aa75d2767",
              "ami-0ca07dd490a12a281",
              "ami-0244c34becce2ce04",
              "ami-0f5a32de1be43b2b5",
              "ami-061dcf54165423d27",
              "ami-04ac6b85b64b07590",
              "ami-079a07abedbb24026",
              "ami-036d4eeac78574631",
              "ami-03b4c641393cb3e17",
              "ami-09cf9664913b094fd",
              "ami-01b5bb3d9a17fa2bd",
              "ami-02c9c6f738820e42b",
              "ami-088897ce173e6a445",
              "ami-020448bb8379936d0",
              "ami-0a869c446e63cbe39",
              "ami-088e57382c5007e61",
              "ami-05fc3968b3d44115b",
              "ami-0ffd5effbed707f73",
              "ami-04f25453c8f2f938f",
              "ami-0238886603cd84df9",
              "ami-0a7e9399e1861d4a5",
              "ami-003eff308ae1f0c3a",
              "ami-074bd9ca58f033469",
              "ami-0b6c374ba4ea637cc",
              "ami-01755d4b6d5b6d5e0",
              "ami-0b3add5181ad2b47d",
              "ami-0e1b4d3a2cc131f99",
              "ami-0fa3e658a05b2e4d1",
              "ami-0e87fae068ae8d4e0",
              "ami-0e1a70ea834eff495",
              "ami-05fe2c9dc64a6c767",
              "ami-0f7e6d94af7fd7bcd",
              "ami-0f0dbef34f9bcc89d",
              "ami-05d018b6c09ba06ab",
              "ami-08c4936668d258d97",
              "ami-0555f6dfe406a66b6",
              "ami-047439a0d37d1e430",
              "ami-0907ebd3be8ecd77f",
              "ami-04ead57c96f4cb891",
              "ami-01d267b705a0521d1",
              "ami-0b7729a126a8c1a03",
              "ami-02476f3e67b497813",
              "ami-0ef4091c743d74b5d",
              "ami-07a364fed1fbdfeba",
              "ami-0949350f6fa4e7b9d",
              "ami-03148181961baeb4c",
              "ami-0d48b0cfd6504ee51",
              "ami-073d273b744231733",
              "ami-0c075c63440211b0e",
              "ami-03b0652416283a33e",
              "ami-0320c0ed06c265446",
              "ami-04c70792fb713f89a",
              "ami-025089b43739665d3",
              "ami-032e9e148353fe286",
              "ami-0c376485d415d03a0",
              "ami-06c9702efa72cb122",
              "ami-0709242f27ab5078f",
              "ami-091f9f136b93e168c",
              "ami-0b40b8f0c5ca38a5f",
              "ami-0169bd0a2030cfc86",
              "ami-0c8313b20e2ed5991",
              "ami-0628c402c05894cac",
              "ami-02e13ef29f5f46849",
              "ami-0cf0ba6b23c3f9318",
              "ami-077e7097c8e5e96b9",
              "ami-0db3991f7809da6c3",
              "ami-0680d712781ae7b42",
              "ami-074d2852d3e9a4eda",
              "ami-0e9393c26c693fdd4",
              "ami-090dc770886ab2760",
              "ami-0dd8a8b12cb270f33",
              "ami-038cbb4bb821d54e4",
              "ami-00538ae4cb9f55528",
              "ami-0a2f6f18bbbb9bf88",
              "ami-010019a3849fef184",
              "ami-0d074fec36af24a62",
              "ami-0e371e3d22abacee6",
              "ami-00ae5f805867cbc52",
              "ami-08a9cf60361a0ec94",
              "ami-05785d6b110a26e66",
              "ami-0ed07457101b10d89",
              "ami-006c7e7015c0d03e5",
              "ami-054ae8677f8074bdb",
              "ami-0451994b2de7f6297",
              "ami-0f08d24ab03f16f75",
              "ami-09ebde0e4527ec143",
              "ami-01a77911ab2e2659d",
              "ami-02b3c0989d8a94e02",
              "ami-0087f021f284b370c",
              "ami-012485deee5681dc0",
              "ami-0a6a24cfdb722a214",
              "ami-038950bbf09dfc77b",
              "ami-09a4f271c279cbc27",
              "ami-06920db45828179a1",
              "ami-0684f93326efc86ca",
              "ami-0ffe7aec719a4682d",
              "ami-0310946905fd8b9ed",
              "ami-0d3ad9ccd53715744",
              "ami-08ea92c6f805ac6cb",
              "ami-0c727de6f8bf9e5ae",
              "ami-0d90c0eb9f43c3a44",
              "ami-0f84d372fa5c542fd",
              "ami-06be5b79d2e634a19",
              "ami-0172993cfb8e95431",
              "ami-08f9d7cecdae6f445",
              "ami-07c034c28a09e836b",
              "ami-07904cab6175554ed",
              "ami-04c824c5fb32729ee",
              "ami-012563d2d72eef05a",
              "ami-07c9ca1f1f76ee9b7",
              "ami-041e84d0cef334b88",
              "ami-02b2950bbdf95485b",
              "ami-045f705b26c53af40",
              "ami-043de921f1cdf9dd1",
              "ami-036c2a4fc379d76d3",
              "ami-09130382ae9737992",
              "ami-07ca05d4fd9c5bdf0",
              "ami-001c5d22c8ede8130",
              "ami-01fdad8809c4cc90c",
              "ami-09213e6ae6f52082c",
              "ami-04534cf1d540cf9a0",
              "ami-0a479e9bd679fad2b",
              "ami-06e98307b1b83908a",
              "ami-02d9285c6d2bd6d8e",
              "ami-08237f97b6b9e6848",
              "ami-0276eb20664b76de8",
              "ami-024704be7ae2749ee",
              "ami-00a39530041e16a28",
              "ami-0688222751ad007e1",
              "ami-07a944e5ce09a203f",
              "ami-0d1615135dab52077",
              "ami-0df6b2dc72e634805",
              "ami-002fcbe80312dc58b",
              "ami-0352b0516ccfef66f",
              "ami-02ffa5092ec66e2aa",
              "ami-0a25e1d9b05424fba",
              "ami-0686e4efa2a6b2b2b",
              "ami-092bf128e88304de7",
              "ami-090fc6d15ecf6d6a0",
              "ami-080cbcf9c1b8cc360",
              "ami-075935f515970c4ed",
              "ami-05ffd53687bc4afb5",
              "ami-028fd38a4557abde5",
              "ami-0a9ef373e4cf69ed4",
              "ami-034948859cb53f400",
              "ami-0ed01c8b6e28cae4f",
              "ami-03c39b777d66e2a09",
              "ami-0d1e794d8dea720d2",
              "ami-019f9a9b854075000",
              "ami-0ac63c4a9e81a56bd",
              "ami-0cc2caf8b8b6f44b3",
              "ami-0cfc8f371ae714a13",
              "ami-049ade9631453b880",
              "ami-02a07d31009cc8717",
              "ami-097c058d7e7a22402",
              "ami-009a150e379b39fe4",
              "ami-0fcc44e33ff6e4a5f",
              "ami-0af89b544b7c8ff50",
              "ami-08fdcda9c08dd0b06",
              "ami-03fe239bec8667a2d",
              "ami-0c587b48287b62681",
              "ami-0ce38f02289bebf52",
              "ami-0666d7e764abdfddc",
              "ami-0885e09f2c0dbf02a",
              "ami-08a0fd96ae492f50d",
              "ami-089165edd9e2a1627",
              "ami-084be5c0a36acd888",
              "ami-00aea57137d211b5a",
              "ami-0a6b20c31fec040d1",
              "ami-087a987b513f92f52",
              "ami-041e541d4e97f8f15",
              "ami-06207c5ada1d22322",
              "ami-077e637b2372a502d",
              "ami-02640048eebc8b128",
              "ami-003c4410d832eb31e",
              "ami-05d2416d3dc5a7165",
              "ami-0c3a533e68d798d1d",
              "ami-02be3490b9d37ca33",
              "ami-0263439e1b154c2b6",
              "ami-0bebbf4add499d7a6",
              "ami-0b81e59d8a7914d21",
              "ami-067c07e8ede1f371d",
              "ami-0299d02ea9863fdf2",
              "ami-0dde7ee9bd7d94575",
              "ami-0aa09dd5af4734e48",
              "ami-0b54318913c8316f5",
              "ami-07f72e8f288970a20",
              "ami-074bf5c53c8979c65",
              "ami-077e8846fc808c93d",
              "ami-07ba20c1df7dbc555",
              "ami-0c6dfbcce0dee2027",
              "ami-00c667a66b6526549",
              "ami-0ee54088b968c174c",
              "ami-0482622dc2dab1991",
              "ami-0788d1d755b5e87f7",
              "ami-0028d7b894e925917",
              "ami-0c1353e15e67fcec4",
              "ami-049180ae2624fffef",
              "ami-09d1b32c08a65b5ad",
              "ami-0448eec252af296d5",
              "ami-04a7d9dc44ca1c029",
              "ami-077e0cf2c7a5e3101",
              "ami-0d815e3186db4c34f",
              "ami-09ddbabaaa80f32c5",
              "ami-0ff28c836328dfa7e",
              "ami-095b792773a60b773",
              "ami-0e3e07747742e3a81",
              "ami-010534bcd4d2644d6",
              "ami-082b1f33a5e3e85bb",
              "ami-08c4e888bfeeb59b5",
              "ami-0d41f4bc5909cec79",
              "ami-052f31e6133eb94f9",
              "ami-0c4dfc945c0b6a4ab",
              "ami-06bab71d50046d2fb",
              "ami-09469f0c609931e79",
              "ami-0589dcd8ad0a598cd",
              "ami-0ed6d244c95b05230",
              "ami-02268f2ec335233b8",
              "ami-05439e7935144bb0c",
              "ami-0c424bad8a0d7084d",
              "ami-03f674268b8cc1a6a",
              "ami-07bd5bf8b6c80dda6",
              "ami-0ed7004b038fede25",
              "ami-07de9cf5d8bcd508d",
              "ami-079d46f1c1ddc98af",
              "ami-0e4f11e364a37e4ad",
              "ami-09189630aa4772c0e",
              "ami-0cff92ce3aa19025e",
              "ami-06794165901527e2f",
              "ami-01e5387c96f9b7a40",
              "ami-0f70ae20396038652",
              "ami-093020482b4d3f1e2",
              "ami-006f0df116474f80f",
              "ami-0801648bd652693d2",
              "ami-0775238415bd82497",
              "ami-04ff98ccbfa41c9ad",
              "ami-08b60ffb3e911735c",
              "ami-0babef7f814da8951",
              "ami-0bf0a33dbcf9150cc",
              "ami-0eec8bdc433e40bb8",
              "ami-05fbb450357120c6c",
              "ami-08c97d68b92aff229",
              "ami-0b7e25141ae1bd90c",
              "ami-0bbc0801b3da5b7ae",
              "ami-098d1e70d7b145b78",
              "ami-0833e5d88516fa595",
              "ami-019450b101da03a36",
              "ami-0eac6fa222326e34f",
              "ami-018d5cbf47e334b65",
              "ami-0d30c639a0f1ed6a3",
              "ami-0f1cfafd8be6ddbec",
              "ami-0c4393f0e44641410",
              "ami-0fdc811d2cb1c72db",
              "ami-0b54855df82eef3a3",
              "ami-0b59858f81384a2bd",
              "ami-0d5a30b805eb786cb",
              "ami-01579e3c813e9114f",
              "ami-0bc1509ccd7e04ffc",
              "ami-05c1a4588d4fabf98",
              "ami-0b82200ac9495f543",
              "ami-0f89e188b0e838b97",
              "ami-02763820184d78caa",
              "ami-076b8db46566a6178",
              "ami-03cb53067a3dab81b",
              "ami-081401c24acdfbdac",
              "ami-04905df1535ba866c",
              "ami-035d99bce5794eeff",
              "ami-032f49487fe459614",
              "ami-0cfa2ad4242c3168d",
              "ami-00e4e5067b302b6ba",
              "ami-00d4cdb3bda21c6ed",
              "ami-0f43c08d51f14ecb0",
              "ami-03e78f470a6b504fd",
              "ami-0e9777e8a2a5b54fb",
              "ami-0eeaa5de21fa609a9",
              "ami-0fd13232c2c7fc2c3",
              "ami-0e8cf61437cd1d216",
              "ami-0f6223ebd6ad98b0f",
              "ami-0bcd49986d6a41afe",
              "ami-0d37e7c0dbcbc3021",
              "ami-031135441813bd8e2",
              "ami-0d3b373c25c9759e3",
              "ami-04555694334cc4a8a",
              "ami-0e7dc65024677e461",
              "ami-0d66e65484105adff",
              "ami-0cd16583c2e99bfd8",
              "ami-0e1836511ebf55d6a",
              "ami-086a8016f0e36b948",
              "ami-0e4bd895ff442cd34",
              "ami-083fdd01b71859a2b",
              "ami-00d466a942f8827f7",
              "ami-041293fcf2cee45bc",
              "ami-036e540922515679b",
              "ami-019751bbc46b918ec",
              "ami-0d17ead45d6f91660",
              "ami-0955089ef6685326d",
              "ami-0d164bbd0c3b2cbd5",
              "ami-0326ad1c8d5f685da",
              "ami-03809a8d39536d869",
              "ami-0e0188c6db59255ba",
              "ami-05c828b251785369e",
              "ami-025866c5c3d9ee9dd",
              "ami-06a50482617cfd91d",
              "ami-0d3d1031f2d267df3",
              "ami-091277c5d1c49ec55",
              "ami-0ab6c2f51d0fe0157",
              "ami-0c61e99e06dc4bcce",
              "ami-0317659f88589dc40",
              "ami-04159b80df2ef2d8c",
              "ami-0d7577f3f24b3316c",
              "ami-0a16412d305dd74e2",
              "ami-00cfbfa2d5b5c2711",
              "ami-014be4feeb457200a",
              "ami-09cd2984f9822f1ec",
              "ami-0b01ed8466a12c766",
              "ami-0dfa9f79fcbbbe030",
              "ami-0e58a3e5ed336193a",
              "ami-02e5fb193990307b3",
              "ami-06c7c523576d714a9",
              "ami-058191ea2a3992759",
              "ami-0f41cbc1de5d0473a",
              "ami-02233d5b1cd3fbcdf",
              "ami-02b8cfbd9362d45cc",
              "ami-09d0da6151c31bf8d",
              "ami-0bd2756d895691490",
              "ami-07ca01a1bc3ce5e42",
              "ami-06c62ce0726796f0a",
              "ami-07fd6d61fe0039d04",
              "ami-07c62af8c0e404995",
              "ami-046d426f3dba40d1e",
              "ami-0f61cddd462c51744",
              "ami-008aa213030ad3008",
              "ami-0610577a9710aa0a6",
              "ami-06147d1c8be1fb7b1",
              "ami-08f0906abd2c7d324",
              "ami-0f51cd6540a4b7648",
              "ami-0e2c22f414d0ccfb7",
              "ami-0e444acba59763f3c",
              "ami-00cb708ece47a8cb2",
              "ami-0b5b4739fff459155",
              "ami-04f34228dd776a2ee",
              "ami-0f1bfee5f93ae6b69",
              "ami-0a3d1172c018e8b47",
              "ami-023da41ecfc3152be",
              "ami-0dab50ad631dad87a",
              "ami-0348ec3f61ecf5a8a",
              "ami-08716e85078552359",
              "ami-0cc44670198b3bc21",
              "ami-079e25b74f29c63e7",
              "ami-02175b0058d3ce245",
              "ami-00a89d4425ceaf734",
              "ami-006586a3fdbc29089",
              "ami-039ab806ca10ec1a0",
              "ami-00ae8f9d95f4b64ad",
              "ami-0fb7cd48e8d65e7a1",
              "ami-0057ac7beb0c2675b",
              "ami-06808feb1a07587dc",
              "ami-09e0f5c1b7a8f41f1",
              "ami-02cdd9b232b3b7c96",
              "ami-0cc1a1123f2040252",
              "ami-0145cbb5ca80aefa8",
              "ami-0b0e46c9307a7c6f2",
              "ami-0f932941176f20c19",
              "ami-0e3a6d8ff4c8fe246",
              "ami-08fb735e987e5662e",
              "ami-09aebbc2f89ddeb8b",
              "ami-0ed40eeef664b1b2b",
              "ami-0d71abd8a1615615c",
              "ami-0731734d01edb4e5f",
              "ami-0d1b3da401cac9494",
              "ami-0efb185ed40c98729",
              "ami-032b01540b3905e53",
              "ami-0cbbaaafc7b2f07f7",
              "ami-05e90e489fa121653",
              "ami-09995b63d240c3b00",
              "ami-00617edd7eb99e832",
              "ami-0103953a003440c37",
              "ami-0e879a1b306fffb22",
              "ami-0eac975a54dfee8cb",
              "ami-04b70fa74e45c3917",
              "ami-0542208c222017506",
              "ami-0f009a8c9a6ffed6e",
              "ami-01eb192bd99666401",
              "ami-0046cbbe25829d3a8",
              "ami-00da63ea3a5b249fe",
              "ami-03ffb2337bd14edb2",
              "ami-08bb2dccf4ea2f4a8",
              "ami-05e29cb649560a77c",
              "ami-0da7768f0b236d677",
              "ami-0d28ec7fa075954c9",
              "ami-07a1089a1c3f4123c",
              "ami-08b47d25752514cc1",
              "ami-057f57c2fcd14e5f4",
              "ami-0c5da50e9b3e111dd",
              "ami-0ee8115731cdc7130",
              "ami-05f5e77a790ec46d4",
              "ami-0a45c8b16782f3406",
              "ami-02efd0d9e75e2bf32",
              "ami-00c29c8d797ac383b",
              "ami-047d3e4681cabc63f",
              "ami-0d18914e2e88b8a07",
              "ami-06893ebb2759ff783",
              "ami-0e5f6fda427a9451e",
              "ami-0d79d624e5d109ce1",
              "ami-0184a4f51d63bff60",
              "ami-096053fee7254a7dd",
              "ami-06bb52331319d17eb",
              "ami-020feba4b498935ba",
              "ami-0b997f20fa8675c63",
              "ami-057f49c54d950e56c",
              "ami-042970f9c5ccd4d6b",
              "ami-05183a8fcf525ca9d",
              "ami-079fcd733303590b9",
              "ami-0b1b7c884b05dc20b",
              "ami-0a1795daf02ef07fb",
              "ami-0097365f6cbf817c4",
              "ami-08eafc80d3446d4ce",
              "ami-0eb1e02c760135634",
              "ami-0524694e62521d4e9",
              "ami-0459685b2b5bf9fbd",
              "ami-024c442a2d8cb962e",
              "ami-0dd52db5730d9b32e",
              "ami-09123e265c644cd31",
              "ami-0d71cd4c987a95ced",
              "ami-0cd68e71f4961d809",
              "ami-071605dc41ea2259c",
              "ami-08e1abd1d7bc05873",
              "ami-09cbba1577f35236b",
              "ami-0afd552e36b9d02a1",
              "ami-00dc517c5f78111de",
              "ami-0fe37f2af62e20499",
              "ami-01067ad7592fd5a7e",
              "ami-0ed4df3a47b1a4b4f",
              "ami-009d054f02cf91376",
              "ami-0e5006d7a0f2f2834",
              "ami-0f9bdc05e75d00921",
              "ami-054a0b5df7c5d3116",
              "ami-079255e38154924b4",
              "ami-0b01958db51ebc8d3",
              "ami-0acebdf0046f8b461",
              "ami-0b60ee956cccf72e9",
              "ami-0509bb38414d14523",
              "ami-059aa4a8a092e0b0f",
              "ami-043edd2bedc2e6ffa",
              "ami-05795d0ae83c96404",
              "ami-0afd8577a5db2211c",
              "ami-0bef9ca92d98dba19",
              "ami-035b18975102403de",
              "ami-01f20b58392e4d3b8",
              "ami-0162e95445b566fc8",
              "ami-07cbc8f5756deb405",
              "ami-0f414e4cee01a4621",
              "ami-02bb83644e1e6835d",
              "ami-043b948d09a10c6b6",
              "ami-07dfd341b1bec54f0",
              "ami-091eec98fe0e38651",
              "ami-0b69690d5c8e81a87",
              "ami-006acae9ccbe07e15",
              "ami-0eaff81ab778a2219",
              "ami-0ed56e08057b2e0b3",
              "ami-0ec6aaba9a8600809",
              "ami-0e926c5227029a666",
              "ami-0f21aab282ecb2130",
              "ami-0cc43550f82a3d211",
              "ami-0394bd9f0fdb772d2",
              "ami-0e8cfe29840b591ac",
              "ami-00f602d9c7c19096d",
              "ami-02e407fb981a2b5e3",
              "ami-0592b8a46b388e889",
              "ami-0537c5ff43586188e",
              "ami-04a0c90347a90de41",
              "ami-0666fca47c94a367b",
              "ami-0d9eee1649508c0d9",
              "ami-0acc719996c832aee",
              "ami-09f1f477751bbae35",
              "ami-0524c1fca0ad6d199",
              "ami-0c18bcf0d5462cf95",
              "ami-0521bf796d085dd47",
              "ami-043c7129305c6a51a",
              "ami-022f8ddbd33bf3e5e",
              "ami-08887e77fb83fea0a",
              "ami-04a40c386a23bbcee",
              "ami-0ad117f0aa239cced",
              "ami-086898da0634b4b87",
              "ami-0994d4fdc3e90f196",
              "ami-092db69e0bb888fd0",
              "ami-08d9eb7cce2d33990",
              "ami-0b0df78d8c269ab06",
              "ami-067d916961dea9e9f",
              "ami-07da08f613ccef1dc",
              "ami-0e8ac6cb3c5b790dc",
              "ami-0acc2e23981216b9c",
              "ami-0a755321979d10a37",
              "ami-09f28b6debff80917",
              "ami-08cc464a7ceec002d",
              "ami-0b519b88e5b6afdcd",
              "ami-070eb0bd45adf5b3f",
              "ami-0aae98926f9ad6543",
              "ami-0c923a4957c89e303",
              "ami-06681657c726d7fda",
              "ami-0a294e17bc3d85403",
              "ami-05ebdcdebc63a5027",
              "ami-0c5f34e09d780e5ff",
              "ami-00160b35e1ef11f87",
              "ami-0bebb49c60f3c7bf8",
              "ami-013e6ccfa097b5810",
              "ami-05121773d77caf8eb",
              "ami-04813b7e729b83984",
              "ami-00b8fd29bd53a3dfe",
              "ami-0be8c159d570ecd07",
              "ami-0bf8d097480e5e5af",
              "ami-0de2adea10ba33a4d",
              "ami-085e2da472cfe7faa",
              "ami-0279bd7f22577a9e4",
              "ami-04937bd52978a5c0e",
              "ami-0c3167a90d67e35bc",
              "ami-07519faf6820d59fc",
              "ami-0b5ff4b7fabea9b76",
              "ami-05359512dabc21f4c",
              "ami-00322e3c7d4f88d0e",
              "ami-07bb01e5dc40e1598",
              "ami-01270d0dfa79233d3",
              "ami-045ff6ee2efee1a1b",
              "ami-04f65ac8b9ec27761",
              "ami-0764f1a59ded5703f",
              "ami-0f5b67c165a231de8",
              "ami-012d3ab92c588ac39",
              "ami-0fca3d6b830dfac25",
              "ami-0e0b3cf3e93842298",
              "ami-0dd3407484aec1d58",
              "ami-0dc7ecee7785db47c",
              "ami-007eac84e6c41d9df",
              "ami-0d54e026a3217a9bf",
              "ami-0378bf6555eb63df9",
              "ami-02ea872e28f345224",
              "ami-038bd2febc5a17d71",
              "ami-084af18ca3711fca2",
              "ami-0af5d3ce1a1805bb4",
              "ami-0827337679663cd4b",
              "ami-04b77cfd688670710",
              "ami-0ef8faa715e152787",
              "ami-0e3d48616e159ca9c",
              "ami-0b902619ef9b65e97",
              "ami-0e10be4996b6d7e3b",
              "ami-090e411e5e4939285",
              "ami-03e05ea1b11359a6a",
              "ami-0187c2a4d71b6ccc0",
              "ami-06bb67a25b0caeaf4",
              "ami-07b4ebdab88f34ddc",
              "ami-0e49e6e3b1a28e646",
              "ami-0209b8f5235722d2a",
              "ami-02e9fd116060b7e5f",
              "ami-0f91b2744dc248928",
              "ami-0c7843e04a8f52429",
              "ami-05db6bd93cf85b72a",
              "ami-085a76936de8e704c",
              "ami-0788ff46a0776df83",
              "ami-0d5536af4e4715bb5",
              "ami-06beed7a77bb140c1",
              "ami-08daaecf2a0e009ef",
              "ami-0256d0f3cbc1b9655",
              "ami-0dc67668a35aed9be",
              "ami-059cca0a5a4b51c8b",
              "ami-0446a75a2f20467c5",
              "ami-023a34f600436207b",
              "ami-0b858343b3e604b3c",
              "ami-07d50a319cd5c73c4",
              "ami-0e13ca1e5d258894e",
              "ami-085e2f262ebf86f32",
              "ami-061612d72693df8ce",
              "ami-02a11b0e9436b0c7e",
              "ami-0f7b4cbe2e10542c2",
              "ami-08b4f974a382529a7",
              "ami-058db2a57a263ab4e",
              "ami-0b7f71ad2c04da741",
              "ami-0356dbe3af6452e77",
              "ami-094c4de8296d439ed",
              "ami-08ad597ab688b0d82",
              "ami-0822ac9c9bce582ab",
              "ami-08bcddaf3003c3b90",
              "ami-0166406f479efd408",
              "ami-0b5b816d92c4b72c6",
              "ami-0f853d6075df3fbf1",
              "ami-0a1becc625f944d3f",
              "ami-0cb760dcdd730115d",
              "ami-088a28c43ed228a71",
              "ami-09659745630d5e6d1",
              "ami-0515f3963c203d061",
              "ami-074e2dcb63ecb56f7",
              "ami-0685a795800114fdf",
              "ami-0be60bfda06e27ca9",
              "ami-099f80da0e544a1ff",
              "ami-088e9c66ed29068ed",
              "ami-0dc3231c93c9b82fb",
              "ami-006e68a76de3eef24",
              "ami-093bb52bc444e09ba",
              "ami-05aca136585fd31d2",
              "ami-0f21def8c1eef8b30",
              "ami-0035fbb711497fb09",
              "ami-0d22901622180d2a3",
              "ami-075f233ed0dab01b5",
              "ami-0859c1f784e5c0dfc",
              "ami-05782d761c7a91989",
              "ami-04c8260c1526bf6ea",
              "ami-0d558bf936cb94373",
              "ami-0719e23d33d65b3f4",
              "ami-0ffedf030827cd3c1",
              "ami-0c2a4c62be455d4bd",
              "ami-04c2ee16314b7d0dc",
              "ami-0f6bdc3ce0ee191e9",
              "ami-0ec11ab2d485769fa",
              "ami-0ee0d0f42220d619c",
              "ami-01520c51b1b0e680b",
              "ami-04919aece89d3ed7e",
              "ami-04444d2ac4398c99a",
              "ami-01af8560b504eb3db",
              "ami-0e1be5ff99d3ce286",
              "ami-06363ebd1bc3e73f6",
              "ami-03d72e3333edf43a2",
              "ami-0bff459c15116609b",
              "ami-0ceee7f87d6bfe896",
              "ami-0a1e28e459f18fba7",
              "ami-0dd3fda06e2937d8f",
              "ami-0a379340db53f7461",
              "ami-063b15f2ea3ff36f3",
              "ami-0be887b749d32eab7",
              "ami-0143eef2ad4adb5a1",
              "ami-08d32a582a652f91a",
              "ami-06be820faeb3f829f",
              "ami-0b7584eafa86cb5be",
              "ami-080ccf0993c84d4be",
              "ami-093f8c069b7f7d865",
              "ami-00ffccf0e0d427f24",
              "ami-0939e913920c69a88",
              "ami-08714b584ba2ba705",
              "ami-033797cc2f977567b",
              "ami-0b010ef453808a5dd",
              "ami-075a2170a52083e86",
              "ami-076cfd00050880e1b",
              "ami-0a1179631ec8933d7",
              "ami-020decb02d54071a9",
              "ami-045602374a1982480",
              "ami-091c474108fca1315",
              "ami-0ee8fbc2f76128a28",
              "ami-0dc8659cd0564b167",
              "ami-029d9e431b9620d7a",
              "ami-0c9f21aa04a9d99ef",
              "ami-0da4f8fdc7891ad8a",
              "ami-04659629695e57e58",
              "ami-052195a3f0f2b9af3",
              "ami-02a55df7bebdaf28c",
              "ami-0f3e3c1b802aad444",
              "ami-06cab7d16d127f987",
              "ami-025d348f971e2a89d",
              "ami-09c9e84d884747724",
              "ami-0f328dce9c8df3710",
              "ami-03fcde15e48b69e3f",
              "ami-06bcefa591ba52ec2",
              "ami-0a36bf13d470c6b20",
              "ami-05918603b594beac6",
              "ami-04eb30d25a0e4154a",
              "ami-0f24b09e3977d2fea",
              "ami-018823602a44dea93",
              "ami-0be14a5ded1dcc38c",
              "ami-0a8b81b63960eb17a",
              "ami-0b3caa258f504e701",
              "ami-004ba1bbf2c5d6e1e",
              "ami-06e5c101368849b20",
              "ami-038e1d574f3140013",
              "ami-00cf58f4ce3488cf9",
              "ami-0cc2f298aa1a495a1",
              "ami-0381b05aca14c37ef",
              "ami-0b2f684f14a5dac1f",
              "ami-097d55884ff6f4d8c",
              "ami-0a0e5c228dec05884",
              "ami-0a6ff6c8708268b33",
              "ami-03a0933ab2f873518",
              "ami-0a7efdb28506e0e2a",
              "ami-0cc71854ab34c0238",
              "ami-09d6941cbfc29c9d8",
              "ami-05671ad47aebca9d6",
              "ami-0497412c3a34abeeb",
              "ami-03ebc278c6a313254",
              "ami-0e938238a19f40e09",
              "ami-01a6b2e24c650e388",
              "ami-0869bbad88e433bc2",
              "ami-0ede996a6c02d83e6",
              "ami-09f1597deb586083f",
              "ami-0f74388b6c1ebfc27",
              "ami-06c43ec07ea464de1",
              "ami-044cff1cfb9be96ca",
              "ami-0eb7d26d066784272",
              "ami-077ea2c53f4f01ac4",
              "ami-0f1094ce7eba8d366",
              "ami-086446473975d223b",
              "ami-036beed586d61a68f",
              "ami-02c983373cb1f7aa1",
              "ami-0fd235ae7af0d32ce",
              "ami-0179a954d94662156",
              "ami-0222134238118d887",
              "ami-0d4dbd3c009c27c3a",
              "ami-0e001c9271cf7f3b9",
              "ami-058b428b3b45defec",
              "ami-0546a9e8b4cca8186",
              "ami-09165609c0ea3b340",
              "ami-0bc4697bc9e16551e",
              "ami-029be82f485f0ecb0",
              "ami-0d8c3623918572a26",
              "ami-07f0a156446edd164",
              "ami-01e576997014f72bf",
              "ami-061e243e042cf68cb",
              "ami-0e2ed7a99b28bc1e6",
              "ami-0104f372c892df7ba",
              "ami-0d0b8a7de54ee0ddc",
              "ami-0603c0c11f43be2f2",
              "ami-0a4fbdfed582af3b1",
              "ami-0b85de77f93073eb6",
              "ami-0467eefa06eee997d",
              "ami-0ee25ef5613ee37a1",
              "ami-0dfe81bc552f4b5f4",
              "ami-0c5a828c6643c1490",
              "ami-00dd52c290d5e3f1d",
              "ami-0cdd7d90b965ae8b1",
              "ami-0ff446ec05f49d24c",
              "ami-0a22ff24d2aa2b254",
              "ami-0e057fc0916fffc9b",
              "ami-081bd29e669d6a240",
              "ami-092adc690deee8517",
              "ami-0f81b3c05e130a057",
              "ami-0d75948d851ab8cd6",
              "ami-0df09479949250d47",
              "ami-06d04f16e9f4e1252",
              "ami-05f827a6eb34eee16",
              "ami-0ec819aa05c1576ec",
              "ami-051baf1f6ec1adc04",
              "ami-0a944320c66fccbec",
              "ami-0803414a7b19ca0af",
              "ami-023c04acb545ba82d",
              "ami-0c1ff0065fe9719a3",
              "ami-04768c9c7c6e77d9b",
              "ami-0a546f0e7f0ab8def",
              "ami-042423646d826b390",
              "ami-001f1eecc25d99fdd",
              "ami-060e415687b5d7a8b",
              "ami-0a3f4995193348f0f",
              "ami-0147d0dd9af4b5a20",
              "ami-02a2eb1e087db76d1",
              "ami-0c4d5dc560111febe",
              "ami-06e2a71da8dcd4c68",
              "ami-0f9c243ba583d1b7a",
              "ami-08ffcbd590282b4d8",
              "ami-0cccd3f17894f3d06",
              "ami-03210b3080431cfb4",
              "ami-0019832b95584337f",
              "ami-028bb6f9c6d67a959",
              "ami-0c69e4e71f41e9e02",
              "ami-0a0230f6ab9b0a07a",
              "ami-04d7bb4b312b21ac9",
              "ami-0be7f55f1aef5e996",
              "ami-0f9db84a871e51f60",
              "ami-0b858b01a65911ea3",
              "ami-0047f888e41983bb1",
              "ami-0666d1bd7b87069bf",
              "ami-043b98582b07a3c55",
              "ami-05aaac25cf61a439e",
              "ami-0944c57dceefa73c5",
              "ami-07bd4094b330ec250",
              "ami-0d61365aed5718617",
              "ami-02ab418ca03717f7b",
              "ami-037e9866dfa445309",
              "ami-0b845c5735ff60742",
              "ami-056f38a9d869b038e",
              "ami-0c3c159c219c6f806",
              "ami-046cd3392b1398248",
              "ami-03f28e954f13424d3",
              "ami-037eb5c2531151b86",
              "ami-0579f555eba22de20",
              "ami-04b8b7cbaf0e86328",
              "ami-087b991b95fc24de6",
              "ami-08d1b0ddcaaaaaabe",
              "ami-0e5382055081659ad",
              "ami-066a19231008a19aa",
              "ami-0dec19cd52311c542",
              "ami-017e46143e18485a1",
              "ami-0969f5b005164375a",
              "ami-08465dd060ca035a5",
              "ami-0efb29cfc2c595b58",
              "ami-0f66166f7256e3dd9",
              "ami-07ef32c0be20d316e",
              "ami-02c2a8b447f4d904a",
              "ami-05c70f0299cef192f",
              "ami-05455eafdd129339f",
              "ami-0857e50e992876be2",
              "ami-09b6a6a7413eb1c69",
              "ami-0f4d7e8a1c195ea59",
              "ami-0ee9d603410c4d24c",
              "ami-0d141e20191c8c098",
              "ami-01fd361b66b9939eb",
              "ami-084ee7f394f13b3b1",
              "ami-0b0ddf60cf8ec5219",
              "ami-065edeade531683da",
              "ami-09b20ec38ee07d9a6",
              "ami-0d3a6f725f3a26aa4",
              "ami-0719e78534c2d7d25",
              "ami-06cf3b4f8a548446a",
              "ami-0a06ba3fe4546b6df",
              "ami-0cb81b56e0a44cfc6",
              "ami-05e1a253c415c6323",
              "ami-070382ce3945c1c1d",
              "ami-0b50cc83ee916e382",
              "ami-0fd3822df8045bc60",
              "ami-03b7d98b07298cacc",
              "ami-0f91e42792865a3f4",
              "ami-068440f150e9d3911",
              "ami-05821768380ccca45",
              "ami-09dbbab2ff97c3f73",
              "ami-071670a2f883a5730",
              "ami-09b86690777eabe26",
              "ami-01e9c32ad1e1cb7f9",
              "ami-079919077ffad7fa3",
              "ami-05ffb5574b0a7311d",
              "ami-0c815b2b90e7e35c7",
              "ami-0667fa92f5fd978cb",
              "ami-0f9e8ce4dc47362b4",
              "ami-0b85a624437d903d7",
              "ami-01f4c450473f81623",
              "ami-0200933b502391bc8",
              "ami-0a62069ec7788c8be",
              "ami-0d54ae584e472757f",
              "ami-05b208ce0ab4a2bd4",
              "ami-0e70bce2115cbb2a5",
              "ami-00a5a4920b4d92a1e",
              "ami-0691d9a4b03ce75cd",
              "ami-0312733cb0fd6771e",
              "ami-057f2c48159841178",
              "ami-074225c47d85ce195",
              "ami-06f0fbc3800ecdfe8",
              "ami-0f54c5cf8b55b4dd4",
              "ami-098ca4011795b93f2",
              "ami-03fe7a8d363647eb8",
              "ami-08595c9dbd942bd16",
              "ami-0873ccb8e9bf85934",
              "ami-0739fab768a140caf",
              "ami-0f496107db66676ff",
              "ami-0ca7efe2b52a8dd81",
              "ami-07be9a73bdc5bd995",
              "ami-017f17e07be6cd0cd",
              "ami-046b48372eda24f3d",
              "ami-04b685ead2beb7701",
              "ami-022c8398d5bd47976",
              "ami-0e1bd29db83c9c98c",
              "ami-0ea94113a65b60f80",
              "ami-02d82584462dd53ba",
              "ami-078ecfe70fd0d2417",
              "ami-067e7e54b216aff33",
              "ami-0d66a7f8b40cf4f5b",
              "ami-0af9e559c6749eb48",
              "ami-0ac089b03be9955e8",
              "ami-097c8f66dbe7720ab",
              "ami-05ad2ab89afbecb51",
              "ami-021fe45d6043e82c8",
              "ami-0c6257b68a8c2c46f",
              "ami-0f02c760c74ca0cec",
              "ami-03e118f02152e6cc5",
              "ami-0bd2f238e75f8092a",
              "ami-0c84ffb957927cdeb",
              "ami-0585cf4c7ba836380",
              "ami-0baf8021c819fc487",
              "ami-0551a2db5d631231f",
              "ami-076eb261ffa1bcede",
              "ami-00a201349a6b0a422",
              "ami-015cfd938875a11ee",
              "ami-08ef271115bcc073e",
              "ami-0ebc2d93cb4b33956",
              "ami-0e746f529fe8c05d3",
              "ami-0ee8f983879745431",
              "ami-07604294d32487241",
              "ami-00cdd571f7402a1b0",
              "ami-0d1cec73170ec5a05",
              "ami-0b83b1291ee2edafd",
              "ami-025e57f8f7ddb3194",
              "ami-0310cac77f080ed1c",
              "ami-066dcc9515fd71cff",
              "ami-00e27f964bff49ec6",
              "ami-074fbdef3468c0da5",
              "ami-036a7c976465623fa",
              "ami-0af00af0732304c12",
              "ami-03d9c9a7d974aa127",
              "ami-089bc71b0eb6bc825",
              "ami-06d7ddf40184c6e77",
              "ami-05f362ee0f8ff849e",
              "ami-0e79dcbd2438c6ae2",
              "ami-0e2ddaa6fc05f8a22",
              "ami-0faae638438cc4b38",
              "ami-05ab0a3f026508e4c",
              "ami-0abb8b29ec170e702",
              "ami-00f64b8702b85acb2",
              "ami-0000a441e1aeb64b2",
              "ami-0794efff6bea0e93f",
              "ami-09df702b1fe2d678e",
              "ami-0f8a36a5853957812",
              "ami-0d003dd3b307738b9",
              "ami-08a960ef25104ab31",
              "ami-0176fd59caba078eb",
              "ami-042f7d6d8b1dbe6ae",
              "ami-0e056444b1654f397",
              "ami-0c7ac669c1c2b1b20",
              "ami-0a44aefa5a8df82eb",
              "ami-0d64006a36fa72efa",
              "ami-04a2b9cebf69c8e1d",
              "ami-03bfffd32db0678d4",
              "ami-0fc76f49c6c8610cb",
              "ami-08c301b78d822690c",
              "ami-01b71bf928efe57da",
              "ami-0eba899170e21098b",
              "ami-0d31d8d1285f91827",
              "ami-09a453d0790846390",
              "ami-0c9403d0b69b577f1",
              "ami-02bc8225fc9f735ed",
              "ami-0a6be932e2128d378",
              "ami-08b02f152a3c2475b",
              "ami-038ec61e4ee19ac92",
              "ami-0e2ffcf8e058da6fb",
              "ami-042a2c178ab09c781",
              "ami-09e180547a165a71c",
              "ami-04744d6a1b7b6dc5d",
              "ami-0f01e9aefea9352fc",
              "ami-015bc2c6007767e08",
              "ami-0c6262d1506cc714c",
              "ami-09c57287987b90676",
              "ami-0c37b51cd1a93f8bf",
              "ami-069849b282597bfb8",
              "ami-08a4f0f5696598786",
              "ami-0bc728958d46cd0a6",
              "ami-005fe39014475ee56",
              "ami-0800218a426fafd8f",
              "ami-021fec93fc20fbe9d",
              "ami-0180150bd95105c19",
              "ami-0da8b4cc13acd3c1a",
              "ami-0ad4e4368407c9651",
              "ami-010e582f4f0dbc883",
              "ami-0c0ba5780d6838d83",
              "ami-0dde464a786bb7562",
              "ami-099b67979e435b52f",
              "ami-091fd687129c23fd4",
              "ami-0aa8436ea65ac654c",
              "ami-0c333ba76e7d58c8b",
              "ami-005a3c9111865ebc4",
              "ami-08023a398e869a7e7",
              "ami-020a108b796b63983",
              "ami-094d79a975d5fe5b4",
              "ami-0e9719065f1244403",
              "ami-0fc4f55157317ed4e",
              "ami-0c3cea2b8492b06fa",
              "ami-0a699202e5027c10d",
              "ami-0454171438ac57e5b",
              "ami-0b4758fc8b541f57a",
              "ami-0f5c09f38e38f18cd",
              "ami-09393610426eebf1e",
              "ami-075a6ff9c5174018a",
              "ami-058c141028445cf20",
              "ami-0e5d901a203446d5b",
              "ami-070405677a6a5a483",
              "ami-0719b301ec80633ed",
              "ami-0e47acbf612c8c18d",
              "ami-0c76c41ec6156e557",
              "ami-078af0e27fb83f604",
              "ami-0d23eb749600d391f",
              "ami-068008712be526395",
              "ami-09e287da1c2a6d2d6",
              "ami-0145cc1b68ec8db28",
              "ami-094903ca53ac89c59",
              "ami-077a745fad5063d76",
              "ami-04517315558d8ec7b",
              "ami-0134eda8f708449c5",
              "ami-04cd1fae3b88414cf",
              "ami-06db8625e63ea3f62",
              "ami-07dc09fca383bd73d",
              "ami-0fd2670a6a64678c5",
              "ami-08605e2ba5d10e66f",
              "ami-0e33574a519b7a224",
              "ami-0ae31bbd32bf7fb60",
              "ami-02a9814e25fb12452",
              "ami-04185d472e722c3a7",
              "ami-099e5496e678abd74",
              "ami-0a1f7648a379b0d53",
              "ami-0d659590992f901f0",
              "ami-06bdc043ac1b1ef09",
              "ami-0b0296250cb959400",
              "ami-037a45e80f9706fd0",
              "ami-0ab27bd2b719e73da",
              "ami-0b51f51f19f8d758f",
              "ami-06cd294db3bb82a7d",
              "ami-0dc1c8bd9eb48a898",
              "ami-06ece6a911ce58e52",
              "ami-02504e4a8eb42d225",
              "ami-096b72410b0d6f823",
              "ami-0cf43e890af9e3351",
              "ami-088c3e0386f456576",
              "ami-0cb71aea6c0328b74",
              "ami-0896f6c2aa9fbdba5",
              "ami-073e4e359fbfcda30",
              "ami-0b660115243d1c4b6",
              "ami-0cf1fff3014ceebc3",
              "ami-0b670eb559348214c",
              "ami-0d54d538518201b03",
              "ami-0140c344ea05bbd7a",
              "ami-051d0701723b5bf53",
              "ami-0b354996440c75a09",
              "ami-0bd31cc75aff94192",
              "ami-0668cca4109feecfd",
              "ami-0ac84e68d638b1b2c",
              "ami-08eaf5568b84ac107",
              "ami-03371955851b4be01",
              "ami-0d23a475eefd3c9f4",
              "ami-0dc67873410203528",
              "ami-063bc79c15f22e7ab",
              "ami-02c383a1133d1d55b",
              "ami-065910b0f8e6db8de",
              "ami-0c4b41cbd5b66a622",
              "ami-0457a95a1da97b4db",
              "ami-0583b69082f6be979",
              "ami-05d4b0c351590c190",
              "ami-024c62bf62a6d6c41",
              "ami-0d56b8de5182e126c",
              "ami-03944178f2d2fa95e",
              "ami-004e0bd96c472da35",
              "ami-00c1ff3a71336736d",
              "ami-055caf124a3c39c28",
              "ami-090766935802e5446",
              "ami-0d5e7307a7cebd477",
              "ami-086989df66c79246f",
              "ami-0dba84dd744a313fa",
              "ami-00e5ae8e73b80a91e",
              "ami-0c9367e0770142cc7",
              "ami-02a79161b34bdc292",
              "ami-0ab5e4ec7266a5138",
              "ami-027d215a00988fcda",
              "ami-0090a6967b4d4630c",
              "ami-0530e5778b2ece629",
              "ami-0e333dd7f4bfc2acf",
              "ami-0b17a8dbb52a93115",
              "ami-038e3fe58c12efce7",
              "ami-017ee555875e5f712",
              "ami-097a392344c5fb47c",
              "ami-0298d8e263e495935",
              "ami-021cabbf38977f0df",
              "ami-0ebcd7b52a66d90d2",
              "ami-0ca174db9a5e0cf13",
              "ami-0ef18c0463efc945e",
              "ami-030b6a4064abaf005",
              "ami-09005016672360579",
              "ami-092ecb25c1be99241",
              "ami-08e95933e84652766",
              "ami-0611a76807ef2520f",
              "ami-006c4f00ecc799eea",
              "ami-0c8b938d32f2cc5cb",
              "ami-0cde1b3c987b66a03",
              "ami-0ab725353e3b4e14f",
              "ami-0c965f60383bfe044",
              "ami-0bad6a36f07039ce4",
              "ami-0a7fd09d54b9f37f2",
              "ami-0c60cbe1534728369",
              "ami-091b89f2cb7c6c12f",
              "ami-062d634dffcba89df",
              "ami-04b3d604e480f67dd",
              "ami-0b79325897a84a80a",
              "ami-0238975d8bf4cbbe1",
              "ami-049985209a55f0f4f",
              "ami-059ca376067240ef0",
              "ami-09739e01ed56609b6",
              "ami-05966dffda534ca28",
              "ami-00d17870216eee5a6",
              "ami-0c17590f23e6e41f5",
              "ami-0231992874654c711",
              "ami-0e904c1aac8590035",
              "ami-0908fc682d331044c",
              "ami-0f5e653d6eaa8f3c5",
              "ami-07eca465bfa62bc13",
              "ami-045adf8bee0372cfa",
              "ami-022ff3c4596463eb3",
              "ami-0d4bf2b487f8c6691",
              "ami-0c7ebfb7bec2f13ab",
              "ami-0f913b12409782350",
              "ami-0f798a7eeea2780ff",
              "ami-0b0efd0d798eb0ac8",
              "ami-0586e631da0009303",
              "ami-065a158e99104127b",
              "ami-06586e641f248f847",
              "ami-0b9644ffc7ab372a6",
              "ami-013df415a84207d2c",
              "ami-07664d7e0a32925a8",
              "ami-0f7c7987ac0e1cfbb",
              "ami-0385b1f095eae5161",
              "ami-0281a2d1872e01076",
              "ami-05f1e2d0a381c0c3d",
              "ami-0ad2f1bea4e7a64b9",
              "ami-0ce8a051e404d82f2",
              "ami-053053586808c3e70",
              "ami-0ed19957e49be45d2",
              "ami-0757bdb3268077f9f",
              "ami-06bd604ff88ce5fb4",
              "ami-0cf0eb3255ed54d74",
              "ami-08359890c4a3437f8",
              "ami-0e9ea62a7927be821",
              "ami-024922deda3c1fac6",
              "ami-0e6d08ce238d9c06a",
              "ami-0b790a5217b206653",
              "ami-0d50438fd84704054",
              "ami-027e56feea0064b7b",
              "ami-096b230882f350474",
              "ami-0a11d04d1e5a6e107",
              "ami-029a6e60262c6fcaf",
              "ami-0c0fdb08b43540530",
              "ami-0f6ec08f8abf61c1e",
              "ami-05a0ac644cba3cea3",
              "ami-06b4e4edb494dbe24",
              "ami-0ebf3b256bb3013f8",
              "ami-097041b3bd1104d8a",
              "ami-01a2048edeb3ae0d8",
              "ami-05ac7fbbb1ddc7412",
              "ami-07917641d01ba294f",
              "ami-04f3433c1c8cb4971",
              "ami-006fa3c62ae2bd537",
              "ami-082734366a12a90c1",
              "ami-0b7530023c4aa3a21",
              "ami-04bc05ab0494f4237",
              "ami-056a6c42134fec3f7",
              "ami-0374df4b41e353b98",
              "ami-00a01ce0d76eb2335",
              "ami-052f01af0ad3dedba",
              "ami-07ce1d201e00fb67a",
              "ami-0e38b869b8063a534",
              "ami-07165cdaf69020743",
              "ami-0ba22a0ade47a81aa",
              "ami-09f613b53601450b0",
              "ami-0ad22c12f35f9ffec",
              "ami-01882cead53fd8034",
              "ami-008419f4f233d6d89",
              "ami-0e246b81e9a75189d",
              "ami-07d8745c5d1380064",
              "ami-07c30f15de252fb68",
              "ami-0712a550e437aab97",
              "ami-01b3282c8bc1f1a78",
              "ami-053c5bc3436e275b3",
              "ami-0eb39302bc2101546",
              "ami-013a665ac7ccb305d",
              "ami-074e38c4e6671f41b",
              "ami-032b4ccc9623113f7",
              "ami-0f755be6821da5cec",
              "ami-00960216d996efb22",
              "ami-07c63ef6ba2c8f5f5",
              "ami-00009114fa9ca2a86",
              "ami-040f655e6180ef83a",
              "ami-0be0b7b17bd2fc7f2",
              "ami-01ecd5bd7188a6014",
              "ami-060ea81039f0d042a",
              "ami-03438c82b04393b37",
              "ami-095687e9e6f927768",
              "ami-05eda17403f0949ea",
              "ami-0a9f14aa6beb91d6d",
              "ami-0812cd09fe1a53f14",
              "ami-06f8dce63a6b60467",
              "ami-08a9efb2b6d4539fa",
              "ami-0b63e9c37e3e5caf2",
              "ami-0899b8f9329d62de5",
              "ami-03860880a73c47cf1",
              "ami-054beac89266bd14f",
              "ami-02655de4a57d96c81",
              "ami-0140e7c85bbc5517f",
              "ami-02f0e12faeedff315",
              "ami-061b0c6ee1eb76ab7",
              "ami-0667f06c1489581fa",
              "ami-0c7f5a2f79b061f30",
              "ami-022886c26ebb6d4e3",
              "ami-068cc50b5698f1101",
              "ami-010e1863a272853aa",
              "ami-01ebeb976ba364ad4",
              "ami-004d8e8f71350158a",
              "ami-0cb0ca2347da5be45",
              "ami-02f65efc640105b64",
              "ami-03add4985d6486d03",
              "ami-0343e38aab09b6f49",
              "ami-0bd2d71010f61023f",
              "ami-06260ea10c354c89b",
              "ami-0df1b5767f84d8460",
              "ami-0e0f965ee5cfbf89b",
              "ami-0553bd592058885b0",
              "ami-0d0fd54d711ac63a5",
              "ami-01aa217c2c75f0e3d",
              "ami-033a1ebf088e56e81",
              "ami-0821bbdc32bd3d617",
              "ami-0bd01824d64912730",
              "ami-0a3b66b5917277b96",
              "ami-06b8cdd61d038e043",
              "ami-0441cd97aea8ba655",
              "ami-0133954542394b43a",
              "ami-0d0a16aa9741a2431",
              "ami-07c4798e349e3c74c",
              "ami-03fe866b2d3bbfc8a",
              "ami-0355af5ff3b7a8225",
              "ami-0a14e49a0645de530",
              "ami-013f61fef064ff1ee",
              "ami-0c1eb6d4a93ed9206",
              "ami-093d9f343e2236e99",
              "ami-09a95bb11a08df1bd",
              "ami-0961520434be05c63",
              "ami-0241c90b0fb35a6c8",
              "ami-021ffd38d96581ad5",
              "ami-05d6f98c3e70a82a5",
              "ami-0eb3b7995d4e9fc96",
              "ami-0dfd81276ee0e0be7",
              "ami-0eba18da19e7280df",
              "ami-0b167d34552889c75",
              "ami-0c582ebf197900dc6",
              "ami-00ad3435d6fd060b3",
              "ami-0003dc817c30c66a6",
              "ami-05f8c1aeeb6763337",
              "ami-02162b6ec575cfe09",
              "ami-00a17c51b089bc85c",
              "ami-055128a6937b01b39",
              "ami-0a0286c0bb38127cf",
              "ami-0e21465cede02fd1e",
              "ami-0169a29ec6ec4a1f3",
              "ami-0dd3368d14fa1d483",
              "ami-0b24abd2200d3a859",
              "ami-036479da1432aca96",
              "ami-0faa60e61b266f9df",
              "ami-06c43ee667c41b1ba",
              "ami-050920b25a1cd68d9",
              "ami-062ec4ab2b6e948b0",
              "ami-0f5d7599a648a5a72",
              "ami-00e6b54303b2bbd75",
              "ami-0b668e9287d87e67f",
              "ami-0f62402a8cc3e7e00",
              "ami-0d0fd9224495478bd",
              "ami-0f9a3e91364d7065e",
              "ami-06347f7946d52b78f",
              "ami-09846072c897aaf3e",
              "ami-0276d788f0b24253a",
              "ami-02f8905dc9d5df397",
              "ami-00639914e14fe1203",
              "ami-0084d10d48ce85d11",
              "ami-0a50dca34eaca1bb8",
              "ami-009f691a59a4ca441",
              "ami-0710902b00e650ef4",
              "ami-02a66314e8be66e73",
              "ami-052237171ef04d112",
              "ami-04414c7225648cd42",
              "ami-0189d09c8d78f7e87",
              "ami-07809c837cb3ae71e",
              "ami-09b7e3ded00b5df5b",
              "ami-0e6796dde612c5014",
              "ami-08a07d7ad47493a56",
              "ami-03f96e81520375930",
              "ami-007bdcd6ba8551812",
              "ami-016bfe2125528f110",
              "ami-0ee07f21a252d2099",
              "ami-010d005e71ab8b316",
              "ami-0c0d63a6e1042bc73",
              "ami-07a1981dc18e6e4e0",
              "ami-08f88eae4c90bdd8d",
              "ami-0893c31d2e4091165",
              "ami-0aff1816fab2d8713",
              "ami-0a85f48422caa8df9",
              "ami-07e543b2bf2986dec",
              "ami-041097222a671a17e",
              "ami-003127e7acc84a068",
              "ami-05f41823a41226f1c",
              "ami-0291e342b97ce28fb",
              "ami-0a41c91f493462c72",
              "ami-0166418bfceab71dd",
              "ami-00cd300daedc4f3c0",
              "ami-0a0d4c85da77f5242",
              "ami-0bfaaba6c2ec0652a",
              "ami-0771692bea1cc7592",
              "ami-09563a61320dd4c1c",
              "ami-01c7a79802ff17d4e",
              "ami-0f494a3778710faf9",
              "ami-00721452e4bc7b44b",
              "ami-01baa5908f3c83dcd",
              "ami-0073083fc4606f01c",
              "ami-0b610fed69b9c845e",
              "ami-0ea4ad8bf98f20a37",
              "ami-09f55f3cd278146ad",
              "ami-0ca750843ecf4b08e",
              "ami-03103d9f6625af258",
              "ami-07285c14b61cbe8aa",
              "ami-0f52a47981ca59e7a",
              "ami-0bd2d8fbbf6fdbb2d",
              "ami-0ca212ecb433189cc",
              "ami-0d46ad45e18a7698b",
              "ami-045009ffffa498a40",
              "ami-09eb515620395ff64",
              "ami-0ae745051556ff885",
              "ami-0749652b135778292",
              "ami-0c62a8652dd4156b6",
              "ami-0675f382a33b0aa3d",
              "ami-05319fd44c050403e",
              "ami-0c85c5fe728a9c00b",
              "ami-006bf696b0dfd2c46",
              "ami-0d26898eefc75ef98",
              "ami-04d199f216846e78b",
              "ami-0fce5929bccdd6390",
              "ami-00bac7528acd2e5b6",
              "ami-05fc43ee9396465c0",
              "ami-098ca9ae3a3d5494f",
              "ami-0c46537346f8d8c28",
              "ami-09a2b3fd68bd8d01f",
              "ami-03117b742c8aab5d4",
              "ami-051d78347897d3cd9",
              "ami-049ba6a235f2e4df1",
              "ami-0689a3d89d5e1a853",
              "ami-09ce92d43c2d39124",
              "ami-0936f72d2486c9a40",
              "ami-0949463ff5f740869",
              "ami-092b54ac406a1a4e5",
              "ami-092d65dfea2c2b80a",
              "ami-05d0df8c1422cd634",
              "ami-0f7735d2aeefd19c7",
              "ami-0ed77e73125d45aa2",
              "ami-003c93942afbf2b8d",
              "ami-064ff976ae3da8c24",
              "ami-058757a6b2883eaa4",
              "ami-0f0dea1ae31710cda",
              "ami-08f3fd870759354a9",
              "ami-061e7dd342101a802",
              "ami-09f1e96e440a7ba0a",
              "ami-0c4e5752410df0646",
              "ami-02d4a021bc9189901",
              "ami-0220fc82c72d8bae5",
              "ami-0f8f1d457c8b4c4ec",
              "ami-038d68e7edcdd98d4",
              "ami-0127bf477eea8e7eb",
              "ami-0680231dee42f56d7",
              "ami-049cef0b59ff8b075",
              "ami-0f9b14d9422912f3b",
              "ami-043bc33b4be15f73e",
              "ami-0fa750dbcfeee2ebc",
              "ami-0ac64ff0fab5abd5f",
              "ami-06d07f7b60aeedbce",
              "ami-0ee70b541c79e6363",
              "ami-0f38ba86304d83b54",
              "ami-0a396efca147deafe",
              "ami-036a1a3ba77ff01c0",
              "ami-03969b7bd02f1543f",
              "ami-0e2928fdd389e7fdd",
              "ami-0867e9f53b5956adc",
              "ami-0a72f9eb8d794b9b9",
              "ami-049761e6412e4b46c",
              "ami-0b5bb1072dfa549d4",
              "ami-057c61d4db32bd0a1",
              "ami-01930f3a6a8d81284",
              "ami-08882338c8594976f",
              "ami-0a1265272426617c8",
              "ami-0d800a10c28654bdc",
              "ami-0418ab45cc293b5e8",
              "ami-0035f356066b106a8",
              "ami-0a9e78e47bba1b8c6",
              "ami-0ae6b3bc371a516e5",
              "ami-0d2a904b23cbe737a",
              "ami-0621f5560cc418fe9",
              "ami-093935afdbc0b58ff",
              "ami-013fcf902e8844f9b",
              "ami-08972e6456f4aeec4",
              "ami-0b3cd509748cbb1d3",
              "ami-0b3a25454174389eb",
              "ami-028a9a80574116bce",
              "ami-099fa8b3f7abf9b63",
              "ami-0eb42efafb3153193",
              "ami-05c205ecb56717c47",
              "ami-0a293d9d2a9380e5d",
              "ami-0bc9e34c7c214f492",
              "ami-0571bd95ffeb61541",
              "ami-04e377ff5268bd68b",
              "ami-05770dfddf61aba1f",
              "ami-09c01cf89df0149f6",
              "ami-05cae8673696a9f1c",
              "ami-06c3ca4813e73c087",
              "ami-03b25e17f695f10bc",
              "ami-07e36c04c156b8561",
              "ami-0dce0664f01d0b966",
              "ami-09fcffe2f2f96a758",
              "ami-0e58060c0960185d5",
              "ami-0c60659d53169129b",
              "ami-075626baeafdab6cb",
              "ami-0e77670c371fc3bd1",
              "ami-03f4683abf89ed827",
              "ami-03e23e608a87e8c91",
              "ami-0451d56610469d226",
              "ami-0e3703b3e6156fbf6",
              "ami-086dbcea68c026c39",
              "ami-078b808374bac0ccc",
              "ami-020c9fca733a8ed19",
              "ami-0a993c7ae2de30ec3",
              "ami-018758e60d92b625c",
              "ami-0f8a71e2e87489dcc",
              "ami-0b04ff5e3bb5640bb",
              "ami-076e343c48ca741b2",
              "ami-08fab15f589aefaac",
              "ami-0ec889b892e940cec",
              "ami-06ed536dbb86a2cb0",
              "ami-0a2caecf5f1302b58",
              "ami-0d292a4d9366c09ae",
              "ami-0b62e0394dc03b2ee",
              "ami-0a6f016c6493fca67",
              "ami-0f9e1e845cbda32ef",
              "ami-0367bfb6c5d4a3d77",
              "ami-0545c740b53f04f40",
              "ami-0d3fb8d8fe5a1c79f",
              "ami-0a5d43a67d2c75a4d",
              "ami-023b1ef3af7e6b9dc",
              "ami-01d66967c4e905c1a",
              "ami-01cc4f06217c571f4",
              "ami-07fcdbf1b466d3e2c",
              "ami-0f920e524f6477f69",
              "ami-07db753f71becc02b",
              "ami-078c8be656a952013",
              "ami-05d43557b3d6769df",
              "ami-0c94896b7739cde16",
              "ami-0a47f7f609bc67dfd",
              "ami-0ea1de8f523e23f69",
              "ami-022a76213553b526e",
              "ami-0be97ecea1b5db765",
              "ami-0adb3566b84b34f31",
              "ami-06a37c136ef94e249",
              "ami-019b39936398da90f",
              "ami-0b5a89a6e2cdfc756",
              "ami-093e4fb48e0bef03e",
              "ami-025ff83af9dc56039",
              "ami-09d856674c92a3bde",
              "ami-0d167ee8380fdd99c",
              "ami-045ba249763d83e3a",
              "ami-0d739bc71725cffab",
              "ami-0c7fc924ed7037061",
              "ami-03603fb0217178a70",
              "ami-0933382d7563bf4ae",
              "ami-0fb75ff99ddc37767",
              "ami-0faac27e2fc42cead",
              "ami-0381a3763b64c5e6b",
              "ami-0692ed65d25c07757",
              "ami-0c29023c70d681fb8",
              "ami-05e4a4ce9336c9a74",
              "ami-0712d7fd1b28ff8a2",
              "ami-090fb1191ef26ba7b",
              "ami-03cd80cfebcbb4481",
              "ami-041ea8d9c1402c8ce",
              "ami-030f58e9b3871921e",
              "ami-0c94c5a1eb0534f19",
              "ami-0c441592d3d261766",
              "ami-0a2fcd4d03e8fb32e",
              "ami-0428a411f51b5547d",
              "ami-07f29b2b9be2eb71f",
              "ami-0e731ae1b0eacbb8d",
              "ami-085635177c9b8a4b7",
              "ami-00ef2dda39a271d24",
              "ami-035eb1c9dfbdc69a3",
              "ami-0dd0419d730e99731",
              "ami-089fc952d66f8f271",
              "ami-0f6869a018b913858",
              "ami-0f624cbd6d7c51d36",
              "ami-0d86f54b0322934d7",
              "ami-0ef64a797f95772ec",
              "ami-01562f205340e0a01",
              "ami-0feb89f35de042c8c",
              "ami-07c8ce59cff096101",
              "ami-04157e4a54a3d46ac",
              "ami-071752f7b3b356352",
              "ami-0ef3e9355268c4dbc",
              "ami-0d4a32baa570c84ad",
              "ami-0c08f44a5fecf849f",
              "ami-0acaecf29ddcbd8e3",
              "ami-0b1d14d2e64ec5884",
              "ami-0ea346c3dc6874a10",
              "ami-0890a9961c28b05f5",
              "ami-0bb445f7c61c4405b",
              "ami-01cc7d758ae2f9c45",
              "ami-0a026eb60d79e012a",
              "ami-073418eeabde16969",
              "ami-004137f5a210c32db",
              "ami-073c9f415fc47f2bd",
              "ami-0fc9ebe3d1873b1d7",
              "ami-05c6cd3b90e1fba7f",
              "ami-0e15b0f6da2eeb00b",
              "ami-00de0e2b10a1ebdb9",
              "ami-0ff895b322e65ff53",
              "ami-0434891978d1346e3",
              "ami-0bb26404a99ef6871",
              "ami-0b5317ed6c1d88273",
              "ami-0385d95ecc1941e6a",
              "ami-082f462a7e3da13bf",
              "ami-0d85a662720db9789",
              "ami-0b0996d01eadade22",
              "ami-0d0fecafc9040fae9",
              "ami-02d7fd1c2af6eead0",
              "ami-03213286ddb820cf4",
              "ami-0bef12ee7bc073414",
              "ami-0ce0c36d7a00b20e2",
              "ami-00e989b47cf01f819",
              "ami-0841f1147687c5d57",
              "ami-03eac300fcae83e63",
              "ami-03c5a38d438cf3d3e",
              "ami-06b41996219e39fb4",
              "ami-01ccacef7a4b6ad09",
              "ami-0c3c50b0e76166230",
              "ami-0e5a16d79e5c63dc7",
              "ami-0debb185844d03481",
              "ami-07752b0f77caea762",
              "ami-0d61d02af9d04dce3",
              "ami-0b047bdfc83a5c3f4",
              "ami-0382ff4ed25c48d99",
              "ami-031e889e75cb38be6",
              "ami-00ce2dace6dde2e48",
              "ami-03ced07693655fd39",
              "ami-00111e93b2d8aff40",
              "ami-001e0a4de4c601f93",
              "ami-067e79e76789c3447",
              "ami-0e5b28afdf8063d31",
              "ami-0a82e46053318558c",
              "ami-0f3bb77c69a9bef9f",
              "ami-016b1551fc6129398",
              "ami-0c772d584da5d087c",
              "ami-0a4b0fa876132e3f7",
              "ami-0d054b4fc97e807b3",
              "ami-0fa013c46d3cdc5b2",
              "ami-01e82569004e9f9a9",
              "ami-04d5dbb1819ebb178",
              "ami-05a3a96abed4c5c4d",
              "ami-00136a0f25fe06c07",
              "ami-0a0e3bcd80ee0707d",
              "ami-0603d7a82a23e1f87",
              "ami-0311bf8362d1f175c",
              "ami-0839e4d081ea000a5",
              "ami-0ce9c3051c1a1edc4",
              "ami-0ecf3589b079eef08",
              "ami-0c0e8ad1315c4194f",
              "ami-06b2edb48eb3448ec",
              "ami-01e4e3defef588e6b",
              "ami-0734a402fd963f4de",
              "ami-0d98699b372e7336f",
              "ami-0a17a42febb37d307",
              "ami-030edc11f90d05d8c",
              "ami-02dffa12ee7007cdc",
              "ami-0527fa9bc401fd31a",
              "ami-064f436af2d4747db",
              "ami-0a4f4a029fc4e8931",
              "ami-022489cd0a779e5ad",
              "ami-00f2b7b8dcec940b7",
              "ami-054ff7165f58d19ff",
              "ami-02e1e620b01e9e7e2",
              "ami-0f4b537d59b4f9be8",
              "ami-07bc4a410123ca85e",
              "ami-08c8e4fe6691e61ac",
              "ami-0c4e60ce08c544b91",
              "ami-05fc769a34ddda96c",
              "ami-0f0f215a5d51635e3",
              "ami-0b641a37d546ea0ea",
              "ami-0f715bd9c827e86d0",
              "ami-0053a8952d21a002a",
              "ami-0b2bd80f1875da905",
              "ami-0125a4a767d22c36d",
              "ami-024489a99e3b52103",
              "ami-05a0eed05ebf317d1",
              "ami-077e67169c607f8ca",
              "ami-0097dd13b5399225d",
              "ami-03c83c7d712f526bd",
              "ami-07d158dcd053fec98",
              "ami-03aa42bb1b810af8a",
              "ami-023a8808c2738a48b",
              "ami-0b1ef0def05318aec",
              "ami-035410e9cf95d2ad2",
              "ami-052a3a64364fe5832",
              "ami-00b8a0da76079d914",
              "ami-0fc8883cbe9d895c8",
              "ami-0677a1dd1ad031d74",
              "ami-0780fb502b20edd73",
              "ami-0feef305f3f16f6ee",
              "ami-05f3bc2d5931e1eb2",
              "ami-04efc63a1275c1d17",
              "ami-04867573a3559ee02",
              "ami-0903d015a0e8de7c8",
              "ami-0e30aad1343aef48a",
              "ami-0a70c849e3ad58bfd",
              "ami-0799b07466f79cf8b",
              "ami-07dc736df1ae24468",
              "ami-03197265db5d42fc7",
              "ami-0fa191b415568e003",
              "ami-0c9542fa17c1a1097",
              "ami-0051607a416876cec",
              "ami-0d1df1cb6f662ea58",
              "ami-0f3f431d32bfe0c85",
              "ami-04c8cfa69bc8185a1",
              "ami-080e1f13689e07408",
              "ami-0a55ba1c20b74fc30",
              "ami-00c8f89961198e9a5",
              "ami-0d7682ee79dc266a9",
              "ami-0d678772ad0cdc8d7",
              "ami-04b1a93e6cd30dabb",
              "ami-07a23899c92e2770d",
              "ami-09424930db7c532a2",
              "ami-093252386d2d96929",
              "ami-0f8b8f874036055b1",
              "ami-09ead3fc1ea23ffc8",
              "ami-03be8a3a922ec2cf1",
              "ami-0d8667b0f72471655",
              "ami-07aaefd83e12c7683",
              "ami-07fec0aae8be8891c",
              "ami-00dfc4eecf3e0464d",
              "ami-03a3d88652d92b777",
              "ami-0325d5e1e751bb7fb",
              "ami-062933b25e6ecde70",
              "ami-0784164ee544070d0",
              "ami-04bb14771e587ab60",
              "ami-09c3784e22caa610b",
              "ami-0e196d6e340e39424",
              "ami-000b603b003994f09",
              "ami-02adf4249b6ca2d03",
              "ami-038d3773fcfca130b",
              "ami-0cd59ecaf368e5ccf",
              "ami-05f45f2e962205865",
              "ami-002c5830ecba05771",
              "ami-02803a72956f4082a",
              "ami-0da80daf69cab6d24",
              "ami-081bf01ce200a4a39",
              "ami-03a5d0e8322fe43b8",
              "ami-063ae6dcea1f82da1",
              "ami-0ee7d04a584bf5d77",
              "ami-0be7a2ce9d7f29f92",
              "ami-0e771da97cb597c23",
              "ami-065f1e5fcd8f6e9a0",
              "ami-0e5870a2e2c15ca18",
              "ami-074a9a2b3eb3b6248",
              "ami-07e39e384fdf6925d",
              "ami-009bf73255d5ac550",
              "ami-052a32ef67ae69adf",
              "ami-098a95ec9cb88b81d",
              "ami-05f59d33cd5bbc09d",
              "ami-01e87ebc217da24d9",
              "ami-0addb8bbb1075296f",
              "ami-0ab9558df95b7d2cd",
              "ami-08543b6480137fe09",
              "ami-0d10e418411fa4e21",
              "ami-0cdbed22b6375db3b",
              "ami-0552b3e5085247f36",
              "ami-05a58184b56fbc8f1",
              "ami-0df33cb954c3f5200",
              "ami-0fa8ec883b60f31f4",
              "ami-0fff6931dd43ffa78",
              "ami-04b2c93b08fcc1921",
              "ami-0936e351b3747edbb",
              "ami-04bb12e5837ec0c2c",
              "ami-08ba1f27f83f51a68",
              "ami-0755e08e31b858d19",
              "ami-0519c186f74b0df3e",
              "ami-076a56a8c32f8a56e",
              "ami-061f225240f4e382f",
              "ami-0fec8d7d7ff459e5e",
              "ami-066e1a0831ca22b09",
              "ami-0c32d708db14fc73d",
              "ami-0db31e41a5c191fd0",
              "ami-0950e0e27e456ef04",
              "ami-0cbcdb3f42365934b",
              "ami-007df9ede2402671f",
              "ami-0e58b1ac65cc02370",
              "ami-0309d44ae5f39097b",
              "ami-0b82f2759e90753d2",
              "ami-06022c639cc559c7a",
              "ami-035ab9f49a5771ae7",
              "ami-0ab15c32188e1a684",
              "ami-0a5010afd9acfaa26",
              "ami-0e3a77bda9dcc7add",
              "ami-0c7ca8b33ef1d643b",
              "ami-045c25f92806a4795",
              "ami-068b446f97a609717",
              "ami-0ade758beb0ea8d6d",
              "ami-03ec1e27f78616cec",
              "ami-0a618807f22ac8a2b",
              "ami-08420fff5fb4f1823",
              "ami-0d01ce5035fba8b9d",
              "ami-05e1e07dbcf5e8866",
              "ami-03dbd7f9eb42c07ef",
              "ami-06bca49e46d747bd2",
              "ami-0cb4c73d17901d5a3",
              "ami-024b06cffdbf4ba7e",
              "ami-0564a62d7d2df29af",
              "ami-0d4ef55c4b4f28541",
              "ami-0dccc897685dbb671",
              "ami-06941dae5e7585eb1",
              "ami-02aefdbc9ad79864a",
              "ami-09765a839c76c84f2",
              "ami-0ee0ff9638171cb9c",
              "ami-02820dbb3cbacd6b4",
              "ami-03cd8b69d9e7b00cb",
              "ami-0e7b31caa0d97a9b5",
              "ami-05af9f244dc83e4fd",
              "ami-0ebeb93a1f397f7d0",
              "ami-03202a24c5b917bef",
              "ami-0b136d3c8f24f9ad7",
              "ami-0a0ea9219861a9393",
              "ami-07588c2cf1f26208b",
              "ami-03b4ff639893d70d8",
              "ami-0c1b9602e25c7e5c1",
              "ami-0bad24b1555627079",
              "ami-04e9db6c99de3bfbf",
              "ami-05c279d232adcdd5c",
              "ami-0ef96f32984201c19",
              "ami-0fc30a18f022d958c",
              "ami-01a1631543c495c92",
              "ami-08384343abee7a4bb",
              "ami-0df0988a85ec209f8",
              "ami-0c7c61660a4ea9064",
              "ami-0e820010df3f0341f",
              "ami-03340a40a33574fcb",
              "ami-0da90d3f903e27e9f",
              "ami-0431faf91b0627466",
              "ami-0dfbb9e91dcc31ad0",
              "ami-0835692d4318f48cb",
              "ami-09b667b64e2bd836a",
              "ami-0a52e26ab38006cbd",
              "ami-0bbca5106066510fb",
              "ami-089d0aa0681d3aa42",
              "ami-06284d2f875e08d51",
              "ami-01ee6d28a84d2e86d",
              "ami-0be4cabd5fdee089d",
              "ami-06d66a7fe8d07e023",
              "ami-063af6bf25a1039a1",
              "ami-0358e217c80ec0b65",
              "ami-0e653dba292159521",
              "ami-03ea14d5bdb493370",
              "ami-0af73524bff194732",
              "ami-0fa77a6db3f6978dd",
              "ami-0f033f0d4b283c0f0",
              "ami-030c960e7c76c7ad5",
              "ami-0dbd04bef752a4fe6",
              "ami-09e40c6e560dbb03c",
              "ami-098850fca8b9b0436",
              "ami-0d45ec60fbdaeabf5",
              "ami-086a053fc809c85f0",
              "ami-03cc3d183338649dc",
              "ami-00f5ef07013bbdeee",
              "ami-04b2960876d64de37",
              "ami-08ca0bcbb95e9b4ca",
              "ami-02e958b868d08fc38",
              "ami-0c459ce5878b81574",
              "ami-0c2017427cef0903b",
              "ami-0e6b0a1f7f29fa192",
              "ami-0fb391238cf3dbe7c",
              "ami-0f06ba4193da04440",
              "ami-0d41b2632da037bc2",
              "ami-0691b80ccd77ec42b",
              "ami-01cddae4ac93d8ba3",
              "ami-0f793918e87501ed3",
              "ami-07761f3ae34c4478d",
              "ami-08fa3c280a327872c",
              "ami-0d4ba33c8f63a8063",
              "ami-014d544cfef21b42d",
              "ami-01184db239e4c756c",
              "ami-0e8516b9fdfdffa5b",
              "ami-0988057eeb087b3c8",
              "ami-06723030fbcb3cb75",
              "ami-065adebdcc80a96b7",
              "ami-0b1c2e7eafac77408",
              "ami-0ab0cfbfb12812ede",
              "ami-04081f0b1abb9e44a",
              "ami-0aa002017ee5a883b",
              "ami-0189f35669a88ba21",
              "ami-06af3eceaa1cc365a",
              "ami-05f513bd3383f50f3",
              "ami-0c4a13bdae6833812",
              "ami-081ff833e9509ca59",
              "ami-085e149275ddb6dba",
              "ami-0a89da733235f47a4",
              "ami-085e57abefbb0e5d5",
              "ami-04cee90fe9a3a86d1",
              "ami-01804fcddc244e542",
              "ami-0105bee8717dcf694",
              "ami-0a9f0f45d68274360",
              "ami-0979b2973f45237f9",
              "ami-066b77f39f3fbf836",
              "ami-0fb439f6df7ecddf8",
              "ami-0c22a1e9357db41b3",
              "ami-08fa69839037916fc",
              "ami-066bfcca005c8247f",
              "ami-08db818298a505abd",
              "ami-0cee3352dec86867b",
              "ami-064ae5fac3c4ea662",
              "ami-0f623fc60e44e28fc",
              "ami-0203cb0e1f0a94cea",
              "ami-0f27b8da266f21348",
              "ami-043f3e91064a7106b",
              "ami-0fe626180a7e1464f",
              "ami-0b14face3724d9706",
              "ami-0d379b1928cf6220e",
              "ami-05491a9efc476a73f",
              "ami-014f7c0a18ddd8db8",
              "ami-0997005530953e404",
              "ami-0787b56e273e03108",
              "ami-0beac18c5a2403e02",
              "ami-05e9f973316d695c4",
              "ami-061dc8ba17ddb613d",
              "ami-046772debbdc11823",
              "ami-00514fcddac57b513",
              "ami-0cf1810907a781f00",
              "ami-08c93a5bf683b3752",
              "ami-01045bb5c7d2fbb3e",
              "ami-0bc5b6e0f698a89d5",
              "ami-0d4c90d78313ff536",
              "ami-0fda8ddbf744d1fd4",
              "ami-03df65066bc93ee4f",
              "ami-01f52454e5feac214",
              "ami-011a10ed71194b358",
              "ami-0e2ebc43144e52562",
              "ami-0456422a55e2fa418",
              "ami-022854b7a702b0506",
              "ami-01bbe9211da8099bd",
              "ami-03996e951aee02ba0",
              "ami-0b6ff48126b9160e8",
              "ami-0d3bdeaeb467f0a3c",
              "ami-0c92c6b6cee46e465",
              "ami-025aa6472f0b887fd",
              "ami-0689e4044a46a3437",
              "ami-0e5a1655c26ab042e",
              "ami-0885523ad1063dd1a",
              "ami-02f135da545e2fd21",
              "ami-02516ba543547106d",
              "ami-0cf6c46ab2e0acb72",
              "ami-098d42368d9c186c2",
              "ami-0c4d02a444cb00b9e",
              "ami-0c3cb5e5d453bb13c",
              "ami-06781102250ea6121",
              "ami-037c9bc6d5a6bacf1",
              "ami-0151d363a215baf82",
              "ami-08e8c7a7b4963d0ea",
              "ami-08346aa741a403da3",
              "ami-09b40afb05a3af783",
              "ami-0e530aa427ea63ceb",
              "ami-0a9426e3dc4f9de7f",
              "ami-0de8a7e805b017a1f",
              "ami-0252b5081179605e1",
              "ami-03016057b5c391173",
              "ami-0d4c9da714f9e85df",
              "ami-0340d62fab0f4cd88",
              "ami-097ab7de2e338f535",
              "ami-074003fa4e9ad3899",
              "ami-02c43b390b4455fe7",
              "ami-04a3d2545a553c802",
              "ami-04c11565102b9cf63",
              "ami-06eced84000908afa",
              "ami-081b0b9ba03772c0d",
              "ami-07d8f28fd8a6852dc",
              "ami-087543e50ba5c7bfb",
              "ami-03943ad43a5a679c8",
              "ami-004efddf2111ed432",
              "ami-001d63f11bc11c987",
              "ami-0680a02f79f7db92b",
              "ami-01667e74a15e2e6fd",
              "ami-012943973ea75cfd1",
              "ami-0a3f586381c88725f",
              "ami-06903473263b78d41",
              "ami-07f966cb9ee793d09",
              "ami-041da71af02d1d23a",
              "ami-00bca2a5b8a860df5",
              "ami-0ab85cb4122b1b0ff",
              "ami-075927c3980927bd5",
              "ami-03f5c0a7a37bf7d56",
              "ami-080019d952aeb9b45",
              "ami-05dcca737aa88a20b",
              "ami-0fc0a73c3cb441e03",
              "ami-01225384fd9f9a16d",
              "ami-002de332f9d332c70",
              "ami-0b6fa20d3a54ba47b",
              "ami-05989bc95d908a1ad",
              "ami-0d335579f34809c1a",
              "ami-00c49a39d7be7b277",
              "ami-027c441ad0d697ab2",
              "ami-068c0b3351f6e4fa2",
              "ami-04862bd44b88b24f3",
              "ami-089eb6d9db464770f",
              "ami-0b3e7dac369fd8c69",
              "ami-0d85d2f7507b5e161",
              "ami-00e0c373ffd0750c9",
              "ami-01216febee24c6616",
              "ami-0bac68b9ab8cddafd",
              "ami-0c00510020cdd45b4",
              "ami-04e67939b40157ac6",
              "ami-011e3dd2c64c2e6cb",
              "ami-0d805de59d364d67a",
              "ami-0b1ec723cf9251471",
              "ami-0ece155e5bd591ddf",
              "ami-06fd194b82595ab0d",
              "ami-033a2ee4ea968e5d9",
              "ami-0b1d76950fd40fc63",
              "ami-09fff8248032a78d3",
              "ami-0cfce9b3e05a08ba8",
              "ami-01619155d9e1d203f",
              "ami-09bc75853ab665ccd",
              "ami-0da38db779978a5f7",
              "ami-0a5b388463c37fc52",
              "ami-041844f59b28875cd",
              "ami-08e77de3d2dc03bd5",
              "ami-0a22edfd3ed45a0df",
              "ami-0f1df6b67b5f95748",
              "ami-01dfeb28d17035e08",
              "ami-01995ac9b2f74e79f",
              "ami-02bccf601f8245ac7",
              "ami-0de3b4fb7b16af33d",
              "ami-051f3ce98415a4ac7",
              "ami-0158c1ba9b638b228",
              "ami-0537f0150f2450b6f",
              "ami-0268e3a62139b2643",
              "ami-01eeea9fc94432582",
              "ami-049c71710426ffa1e",
              "ami-0bf48c9fa2fbdaac5",
              "ami-0d6853e9f552f1af3",
              "ami-0c6a288ca1b4a4c66",
              "ami-0d88a9372ea753ff5",
              "ami-0db015379b5fbc546",
              "ami-0a986007c0efb108d",
              "ami-05b5ca6cdcc3e8991",
              "ami-0aa5b3c6ffe0f89d0",
              "ami-0062180249b8c1f3d",
              "ami-0987e490d795b8b0a",
              "ami-0d7f9344ac497f0f7",
              "ami-088b5d631e2789cbc",
              "ami-04c51ecbeeb9b2405",
              "ami-05f2730271eeeff4a",
              "ami-0f89253057e7d4b59",
              "ami-0d9acfa2cb41b8331",
              "ami-0d841b911bbdb0303",
              "ami-0adcd106e8f7b9291",
              "ami-0f64342bd37b898c4",
              "ami-06566a88cce098513",
              "ami-0ada7423182fad97a",
              "ami-0d8d09f1b98751ba7",
              "ami-0cd2fe386da6fe473",
              "ami-033d5766871448fc9",
              "ami-042691b46836e3179",
              "ami-004c27b4731465e98",
              "ami-0e2ec7aadb285a9ed",
              "ami-0f09acbe1881566ae",
              "ami-0155a74fdc111a5cb",
              "ami-0c45d6ab087c388a3",
              "ami-0016c21f7c46a863b",
              "ami-040b323bd868d0fdb",
              "ami-0d86a0346bad41ac6",
              "ami-08bdb306c4fed7629",
              "ami-002224f22211575c7",
              "ami-08812b79b90ec93b9",
              "ami-0672a771a6f852a02",
              "ami-0bb995ab579bccd8f",
              "ami-081697bc2f25e06ed",
              "ami-0c3ebc7975c864eb3",
              "ami-0372c7f86cff00085",
              "ami-05f7304649f8f5794",
              "ami-011da84b5ba39f30f",
              "ami-029392dbe2851a549",
              "ami-08fe0460459743ac7",
              "ami-008e5a52eabfa810b",
              "ami-0cc12ccc424ee486f",
              "ami-03569d85b6dea0933",
              "ami-00d7f08def59dfcab",
              "ami-0e0df7f9184419ad3",
              "ami-005ab925453aebf46",
              "ami-0032887082de34b3c",
              "ami-0a795228ea5793321",
              "ami-00885e1d9db683135",
              "ami-08e276fe410c7b966",
              "ami-02c6db8fd331730e4",
              "ami-0ae7343cd580fc3f0",
              "ami-057e33a0b401f9a38",
              "ami-04f08f3a9ec009d1a",
              "ami-0d1a1e9ea3028b9a7",
              "ami-03db19328bc67a6ef",
              "ami-0c0eb5c746ea44b6a",
              "ami-0c9787304c01b7772",
              "ami-0d6b5087853395a8b",
              "ami-0aabf05ae517a9952",
              "ami-0d456f7ec069d3921",
              "ami-017408ef6e51aa822",
              "ami-0ab9ac8868b29a646",
              "ami-0092cc10c47e42517",
              "ami-0d239b4394e4fc315",
              "ami-057e06979bd19f55e",
              "ami-0fd2cdd06883dcad6",
              "ami-07502741fbe9e770a",
              "ami-0cd728743665c1a74",
              "ami-03f3ed3c4a4df426e",
              "ami-050499e07c323475f",
              "ami-0a243919d547e0d0a",
              "ami-056b028df62e6c3c6",
              "ami-081c4b66cf2bde219",
              "ami-08cece8401ecb74a9",
              "ami-0c48fc2da3b9060a3",
              "ami-0353e2a54b0576aa0",
              "ami-02960db2c2eefcd43",
              "ami-04d7825822fe66af3",
              "ami-01b19b3469b37ec02",
              "ami-06b2860b5a1546530",
              "ami-0ff9fc6ac86e2e295",
              "ami-050c9ef7f798b1a5d",
              "ami-0894de719218772a4",
              "ami-0ae6c896679a47c87",
              "ami-066defd35055566f7",
              "ami-082351e8043336302",
              "ami-0e2bd4e9fed743401",
              "ami-0af37e05a06da2ee6",
              "ami-0c0133e4576353097",
              "ami-0c9a4d22cd7b1beb2",
              "ami-08577c44b9c694d1b",
              "ami-001dc6ba58b761088",
              "ami-07082e1a8561807af",
              "ami-09da7c13a9f4c6cf6",
              "ami-0381cda9b703a4f8b",
              "ami-094614221a8c18eb9",
              "ami-0fad9e38940652597",
              "ami-0b52d40c45a1fabfa",
              "ami-05708033e31c8c466",
              "ami-04a81ef9ba5431b9b",
              "ami-0a3b3229473adc712",
              "ami-02ee3ecd4394cbb6e",
              "ami-020a6b75820f4ce58",
              "ami-0a2ca812726a6b43a",
              "ami-026dda1ed2efce46e",
              "ami-0e943bf3d7f28b3a4",
              "ami-06cc514f1012a7431",
              "ami-041bbc4298f778c4d",
              "ami-07d9980185143ca64",
              "ami-05834d06c2ed52be9",
              "ami-018ab3d2d65bce6eb",
              "ami-0ee25f582ea1faaac",
              "ami-0c0ec57e58a12f597",
              "ami-0e07519774069b81a",
              "ami-050b291ad5c77f695",
              "ami-0ebb19611c9b47cf6",
              "ami-0d92f585729e7ff59",
              "ami-0181e8cd3a865b7b0",
              "ami-07faf17cab12683c1",
              "ami-0df3b5459506bd6cf",
              "ami-08000398a4999e075",
              "ami-06be0d1a454db6d58",
              "ami-084199076f3c8bdeb",
              "ami-0ec4c37e3401d8001",
              "ami-04e7e8fb3298ec201",
              "ami-07c952f04144125f7",
              "ami-00c1028631b863b46",
              "ami-0c6f93b31f98acd93",
              "ami-04d0240076c03003e",
              "ami-0c71d3d329eac8097",
              "ami-052d1f6a930a46484",
              "ami-02f16cedc8cd1fa0c",
              "ami-0e9a95d512d7ef52d",
              "ami-0aa6a6a5636caa92f",
              "ami-0b48b193ee6039740",
              "ami-0f9c44e98edf38a2b",
              "ami-0a60d632d5b2d7272",
              "ami-000551805fdaf7e28",
              "ami-0c3fd2512c6afee5e",
              "ami-0942ec5fee64ab398",
              "ami-0e6296995b2ba358f",
              "ami-02f968f9078b604d6",
              "ami-06f0dec14b589d0c8",
              "ami-072666c8f7038d4d2",
              "ami-045318dbb901ac753",
              "ami-061821f70393c7d78",
              "ami-04cf4c6d3782e30f9",
              "ami-07ed80903b7fefccb",
              "ami-0495a86b432911d62",
              "ami-0515881c343b5ad6b",
              "ami-035fe89540ea9d8e5",
              "ami-0f542ab99cf2b3da3",
              "ami-01e5919f60b78ba0e",
              "ami-0d021c2785100d81d",
              "ami-010762567cc6a0d3f",
              "ami-0f64aaab7bbea058c",
              "ami-0fd18a6181949e814",
              "ami-093115ce2e0c7ddfd",
              "ami-02b7d532f30b6aa6d",
              "ami-0677b4f5ab8236601",
              "ami-06499d19897fe215b",
              "ami-0358db6e0e88346aa",
              "ami-0cccb200a3e815135",
              "ami-0841f4d794c8888a2",
              "ami-0bcd729b982c87422",
              "ami-0c9d567fb8bebfbd5",
              "ami-06024dec3aaa88f0f",
              "ami-09cd488df762e31b5",
              "ami-083edf735cf424dd1",
              "ami-0b5615d4c77bb9360",
              "ami-03db40c1bc89322c6",
              "ami-04bb6de45022a5c0a",
              "ami-0d00c9f7217e4079c",
              "ami-08d507aa65ae53579",
              "ami-0f0a41e30e1d0b8a8",
              "ami-09dc4a865b5b83bc7",
              "ami-05617e577f01310c9",
              "ami-0aeb50da7f03e5184",
              "ami-0bbf29a532f3d36fb",
              "ami-060965c739bfa9bc1",
              "ami-0fe359e7d372da260",
              "ami-0a48f5c099588228b",
              "ami-0f3d211e7bdfff9ce",
              "ami-0d3b78362fc3d8e61",
              "ami-06e0fc30d143e3694",
              "ami-0ffd806346e38f46d",
              "ami-0e4d3a17b8dcf601f",
              "ami-02269465a4b1f7ef5",
              "ami-0fd320e6b2de9e34a",
              "ami-097be5ffa8c007067",
              "ami-05b22964255135d3f",
              "ami-0b4217c802fda3b17",
              "ami-0d5d329a3a5c247f7",
              "ami-0d79abbcd5caa591a",
              "ami-0b9bc6b8474b03237",
              "ami-0f1efcd724dfbe59f",
              "ami-09aa1332a13f65860",
              "ami-0a84d1ba05c550f86",
              "ami-0a8d548a5d4c8c50b",
              "ami-0cb540709ccff73e6",
              "ami-0d6a528d44e141bba",
              "ami-070fe43c82d84dadc",
              "ami-0a8478e1e56e8b057",
              "ami-0ecd124bc267185a0",
              "ami-09deef7ee59b1c04d",
              "ami-0c7bbec517988f4d9",
              "ami-0f0f9c91559befd4e",
              "ami-008148dace1a6b8a9",
              "ami-0158bc6d4d39172ef",
              "ami-063abf0aa5642f4a0",
              "ami-0f9985e8dc6768959",
              "ami-0e7dc580ac1b2737d",
              "ami-0225fc57a58689798",
              "ami-0b288e8fb0e803b12",
              "ami-0dd07a50e5e3d3ccb",
              "ami-0eaf9d31f215903b0",
              "ami-0a410356d12928dbc",
              "ami-03af0e9dc07b16c7f",
              "ami-0873bd33f11079049",
              "ami-0e94a57427e4e0611",
              "ami-0b76f6f57f73c089c",
              "ami-03ba227a1a7d13b03",
              "ami-0105dbda608004575",
              "ami-09058f8bd8861f514",
              "ami-05f60be83d1604e16",
              "ami-0b46feb08c886ffd5",
              "ami-0f197036f22d2cc93",
              "ami-003300d1aefea24ea",
              "ami-07805725cba874a83",
              "ami-018000c1f29d546b2",
              "ami-024f6ce74407ef900",
              "ami-090f725f6624113c2",
              "ami-0ad15440e622adde6",
              "ami-0e47a34e1f3e8fca1",
              "ami-0f19a1cf9c1469fd6",
              "ami-0665a52b11dbb3974",
              "ami-00272702f1bc75271",
              "ami-03ec39564c24d1a21",
              "ami-0bc35f6ff9b5d7726",
              "ami-0c5bcb35a3c4243cb",
              "ami-02aa2f43a91b53cd8",
              "ami-0e1f46469b7aa2502",
              "ami-0ea09f73e400d0c98",
              "ami-07d9b9ddc6cd8dd30",
              "ami-0568072f574d822a4",
              "ami-01d144c31254547d9",
              "ami-079c99ad646475f5e",
              "ami-05fd80cfaf5402436",
              "ami-02a7c8161f9fe6705",
              "ami-079ce88a030285488",
              "ami-0e459aa446ca0e3ca",
              "ami-061da49847eedfaf8",
              "ami-00554a250bd94cf50",
              "ami-07a57303bad7f69ba",
              "ami-0ce5ae366df428a55",
              "ami-0212c251a6f213917",
              "ami-0fa6b25aea0fa07d0",
              "ami-0fc35602c3b1affc7",
              "ami-0adea78882a0ea0c3",
              "ami-074e66fa89a4739e6",
              "ami-007e7e33dc5ed0af7",
              "ami-0eb3364c7796a817d",
              "ami-0a4065c9b504fff9a",
              "ami-00ad9837f20fa59db",
              "ami-0a393d59fc2988e1e",
              "ami-083cf9f42fce1ab84",
              "ami-06e51709b273afd30",
              "ami-0b4fa1e8902efd4f8",
              "ami-02b093082d40d2e65",
              "ami-006704e55e133fcea",
              "ami-051616c38fe97fdce",
              "ami-0327129e45105a501",
              "ami-030c47aa53cbca424",
              "ami-0b4cc10cf1514dcff",
              "ami-00cc0d888f1b408a2",
              "ami-0cfbdf4142e662a76",
              "ami-0b41ab6022d019ccd",
              "ami-03d6339b3a099130c",
              "ami-0c274803e832a1b0f",
              "ami-054c5948a8a90347b",
              "ami-0f42622e2722f0fe5",
              "ami-04c60863bff6154c4",
              "ami-0b4800f761c0dac33",
              "ami-0c53e0a78e51551fd",
              "ami-0dd3757d7c8a12436",
              "ami-02cf96f8c80e93af0",
              "ami-0c15e6a43cf8f3491",
              "ami-0711ca02e881cf426",
              "ami-0ae887d202a96bc5b",
              "ami-05bbcac5d7611bbd2",
              "ami-016f2650c8c83edbe",
              "ami-09b557e92447097e6",
              "ami-0cefeda4bc6036491",
              "ami-018e59aea8d9ab51a",
              "ami-09aca1b014757f129",
              "ami-02d37db8417ffb1ad",
              "ami-0fddac013156a2e30",
              "ami-0281f8f9d79830fe1",
              "ami-0d8e10e4a014faa7a",
              "ami-0c1573114d028cb51",
              "ami-007aa157b36037022",
              "ami-0f5851205d51da961",
              "ami-0ed18b8db8e9db998",
              "ami-06dedb1bc712a4a40",
              "ami-0798e784c70e43c16",
              "ami-007506d59a3d5123f",
              "ami-08854f7ea3a4dd964",
              "ami-06214bb5a2445e1f7",
              "ami-0e2082abe3c70d491",
              "ami-0b9a28678e3fcd391",
              "ami-08e4d6d80513881d3",
              "ami-050ba421d75b6a268",
              "ami-0a2adc952ab405e3c",
              "ami-09d1f6e7e11474aa9",
              "ami-0345bbb8d0197bf2c",
              "ami-01a82091d7a3466f4",
              "ami-0fe5405c306399cc3",
              "ami-0cadabe060becb0e1",
              "ami-0a398af3d4262e58f",
              "ami-0e490f650e3d02890",
              "ami-0a93b30839c34bba6",
              "ami-0e1e938b3f38e7558",
              "ami-043996ee1159af7c6",
              "ami-03d9af2121fd7df2e",
              "ami-0f90bd3669358d247",
              "ami-0ba9fb6bc8faf1fe0",
              "ami-084177e94910b5cf7",
              "ami-0abd4de1eab38bc85",
              "ami-04ac7ef116f9040f0",
              "ami-0de0b9a963392ddb0",
              "ami-0f4f6ef1fcbb82679",
              "ami-0b8dd6fc9e6b8e5e9",
              "ami-05b4aa762596b1eca",
              "ami-09c7ed8633ac0a31c",
              "ami-07bd068977cdcd421",
              "ami-0d553d1c49774cf8b",
              "ami-034babb89dd099d60",
              "ami-0f409b4461ac03c2e",
              "ami-0d43fdf4d3c3353c7",
              "ami-07b74c52a4bcc9c4a",
              "ami-02d11946ff095423c",
              "ami-030686a4e905e98d3",
              "ami-01331105241865ecc",
              "ami-0937d28aa1608c597",
              "ami-0837a0484ffb7a85e",
              "ami-0a16c02fd2b47c38d",
              "ami-0edc133f079d86735",
              "ami-01368f3e684da6ba1",
              "ami-090fb13b83720422f",
              "ami-081c01ca5be5a69be",
              "ami-0f5319043f03927da",
              "ami-0242514f06bab0432",
              "ami-0a6f87bade4aac0b5",
              "ami-0be72f18fb41e2989",
              "ami-0f642b4a175bf9fd2",
              "ami-0e1877de1eb018a0b",
              "ami-030e9506302b5bbee",
              "ami-0161baa376d4ccf52",
              "ami-065ff4357a98b6a35",
              "ami-0702ffd8138721d50",
              "ami-0ec2b26962660dfcf",
              "ami-0c944f50ffacb1503",
              "ami-029521d2fe94ab145",
              "ami-0204ebedad9848f40",
              "ami-0792164e217b4e446",
              "ami-01b12930f89d772c8",
              "ami-0d6ce2bbcc72bfbbd",
              "ami-002e68a9d3afa78d8",
              "ami-0fb6e245d0123aab6",
              "ami-04483550b6f22a0de",
              "ami-0a0d829c0cad0ac0b",
              "ami-05e647ee498715b0c",
              "ami-0828d6ae062a328d7",
              "ami-07455039b269b8ee6",
              "ami-0dd3c25967c6fea59",
              "ami-07b4698da35335280",
              "ami-005207f214a599b48",
              "ami-0bde9baacd7000bb5",
              "ami-072268eb1ec09da75",
              "ami-0fb19df3b608709e2",
              "ami-0f820a956767c7e89",
              "ami-08d794c92d57fc7a2",
              "ami-06de2f9b2fd0588d9",
              "ami-0292a45fe2bd78905",
              "ami-0e402b20fb2a50f23",
              "ami-063c049012523b445",
              "ami-078251918947e623e",
              "ami-038d768aa9c087afc",
              "ami-0dfb373d5c2dfe18e",
              "ami-09badb2a010cd1090",
              "ami-0057eff257806b039",
              "ami-006493cb50a0e6874",
              "ami-0c30c471e53240bcd",
              "ami-08aac518ab88a3d11",
              "ami-0f058b73213ba1cbb",
              "ami-05764b278a44a83d5",
              "ami-041954cf65d7d44dc",
              "ami-0341c10a3fa2d2a7f",
              "ami-0befe6e3f80c6246e",
              "ami-070f54df448b5ba72",
              "ami-05ad44626034e8d98",
              "ami-01cad04ccf394b817",
              "ami-08a069e3043aac587",
              "ami-0604a7d4f09192a51",
              "ami-033e991438e91b4cb",
              "ami-001ca57c6b5adb8be",
              "ami-0b5483339ae8cc1b2",
              "ami-096c7a5778b397613",
              "ami-0e85e3fd5a7b72665",
              "ami-0b92c0dd9d872a60b",
              "ami-04cf18c5e7d58b221",
              "ami-094a103d30ee09f34",
              "ami-0d7be0453ca9e9136",
              "ami-0c02681343aa6f382",
              "ami-0beb8f8cd10caa0eb",
              "ami-0b765f451ebbde312",
              "ami-0c2a30db6ef1582e4",
              "ami-09e46be2a64fa8ebe",
              "ami-0cbb76603b2c5844f",
              "ami-0acd8022ba2afccd5",
              "ami-03394312613594817",
              "ami-026760518ab209d66",
              "ami-0623722112688f4e1",
              "ami-0345f22d617b2e503",
              "ami-0ba93eba86c4b41f5",
              "ami-04095495072d4077d",
              "ami-0d09c9f47dd67919c",
              "ami-071f381b064f2a1ff",
              "ami-0c75c425e9a136575",
              "ami-0de3c3e6648467bd8",
              "ami-04cf293b12a835c21",
              "ami-099dbfa9a4f902856",
              "ami-0510c7f21ab661930",
              "ami-0b1c511201f7349b9",
              "ami-063fbc0a1dc04beaa",
              "ami-011b9b5a60523bafe",
              "ami-0b515fc10058babde",
              "ami-0869414778a65f5d3",
              "ami-05c5561a04606fb7d",
              "ami-0cf6402d6dbb9d766",
              "ami-023d3a6562c215725",
              "ami-096424e2ee8ce16b2",
              "ami-006f1fdbfb00b1f62",
              "ami-09ba62eec22467683",
              "ami-0fc370be4e6093918",
              "ami-06a4bf56d4fd6b4b0",
              "ami-0844b3596d15cdc3c",
              "ami-035cdc43c139bd004",
              "ami-009d0b35e431bd0eb",
              "ami-0bd4d3005e8cce4d3",
              "ami-04a13d019b251807b",
              "ami-0c574b811be1b656f",
              "ami-02518ac2e6fe36ae8",
              "ami-0f69cfc9d0b88df16",
              "ami-0aacb1bfbfd0dac7d",
              "ami-0296d6480c17db8e4",
              "ami-0d1fa4185e77c2148",
              "ami-04d4dd7b34e293332",
              "ami-0d42173b665d626f0",
              "ami-051852387fb73df2f",
              "ami-051394ccb12210d6e",
              "ami-0752a3512e0d01dcb",
              "ami-04dd5e6c710d52e51",
              "ami-02deba27b0790a5b5",
              "ami-0208d22c2ec75a135",
              "ami-0f9842b3faa4c3b0f",
              "ami-07595572c34164a26",
              "ami-04e62483c89688dde",
              "ami-05efd9e66ddc3cf4b",
              "ami-0b83abf97f4d00b08",
              "ami-0b9eb3aa813f0e4d7",
              "ami-0ca10c68b0cfd2d12",
              "ami-056de8ced9ada64e8",
              "ami-04e459c0daf42492a",
              "ami-0aba45d749322f1d6",
              "ami-0b701d86aa908ca5d",
              "ami-029bdee89471523f0",
              "ami-0c5f33b907e2acc16",
              "ami-02e51704272aaf9da",
              "ami-0cf10cdf9fcd62d37",
              "ami-0a62cf63915a42304",
              "ami-03c951bbe993ea087",
              "ami-099e3ea485d18ff9b",
              "ami-0488080797b623755",
              "ami-0b5a882486bffc313",
              "ami-027432484a552bf3e",
              "ami-023c9d904d7c3bf72",
              "ami-0c9c5822184ad7ddd",
              "ami-0220c0cd37a37190f",
              "ami-0248f4be56fbe7835",
              "ami-0ad8141cbf46a6464",
              "ami-0b8a01bfc50ef7653",
              "ami-09850af6c1d815f54",
              "ami-060434b07007adf85",
              "ami-0fb5ffa054e5e7d4e",
              "ami-0663190c22b8917f6",
              "ami-089c90643ead88df9",
              "ami-046bb2435b9992a13",
              "ami-01284f4a64b39ca4a",
              "ami-0ccb3496f552e9547",
              "ami-04ab94c703fb30101",
              "ami-0359becdd3cde005c",
              "ami-03c2090bcd4119f23",
              "ami-09b481b451b4b6b20",
              "ami-0ad1812ac18f5c441",
              "ami-0f6f3ebed58c785b3",
              "ami-0130ea7c0d03a4f21",
              "ami-018c597aa91c6d7ec",
              "ami-01d7f86340a1b07c5",
              "ami-0876a4cfa1da37622",
              "ami-0c4045556b04e037a",
              "ami-0515076b2ebec9ca9",
              "ami-0df7ee4989875cb58",
              "ami-0c34e29b8196099aa",
              "ami-0bf3b211113be3191",
              "ami-09849ff2e35c77bd6",
              "ami-0129331cca19d66b8",
              "ami-0f4d8fbae5142e875",
              "ami-05637875fb62d15f6",
              "ami-0fdc6ea6421486107",
              "ami-0c035a768556898a2",
              "ami-05445c84ac106496c",
              "ami-0f1500eb2d53fd6bf",
              "ami-06f30847c8fcc9763",
              "ami-03bf678e581793fe3",
              "ami-0d81b1739cd8270d0",
              "ami-0933529fd71c9d116",
              "ami-08fc4abe2c4182577",
              "ami-01268a093948fb9a9",
              "ami-039b6bbda5db389e4",
              "ami-0d5bada524cc6036d",
              "ami-0ea617d53ce74789c",
              "ami-0aa292424ec86257b",
              "ami-0d42ea2cee621c8df",
              "ami-019230de57822ac8f",
              "ami-0f5cf4740841d3200",
              "ami-0b841a8bccf79da5d",
              "ami-0e5a31a8f1ceb5c0a",
              "ami-03f0054aaa82fa306",
              "ami-036a4cba02f62ab77",
              "ami-061ead639b2e29cf7",
              "ami-01dc9891bcb0b632e",
              "ami-02f9fac0c05aec3b2",
              "ami-09028bd50f3391250",
              "ami-0da74e4375eb46801",
              "ami-000f400777aae8fb9",
              "ami-0c1c13f564f29f866",
              "ami-0a324c2689dfeaae9",
              "ami-071265919cfe1a52c",
              "ami-0580b793639567b65",
              "ami-026ad73ed895934d6",
              "ami-08cad45a4c1cefeb4",
              "ami-04634463600bf1e50",
              "ami-0b20a4a8ba6f05406",
              "ami-04ffc9f7871904759",
              "ami-0f47c07f5f1bc6d26",
              "ami-04470b70f2777d29f",
              "ami-0e0a633d6a18a0e00",
              "ami-0d145bce97ab71de8",
              "ami-0dc430554d1998447",
              "ami-0002cbfcf1573e77e",
              "ami-04addef9a1ffc336e",
              "ami-0857f4292ceff2e66",
              "ami-0fae5afa75c8c52af",
              "ami-02f24b72bb331c9e5",
              "ami-0cc15b3da2de565e5",
              "ami-025bab41693a162e8",
              "ami-034815db3020ebc44",
              "ami-0a6ea00f081e84623",
              "ami-0b74f2622cd8bc068",
              "ami-0ce5572eb768bb315",
              "ami-0f8b128876601479f",
              "ami-0729116563ecd9565",
              "ami-0f84b5ccd72fc41de",
              "ami-01792869728ff55cf",
              "ami-0690365e480edf904",
              "ami-0f55e5b855167ea2e",
              "ami-0b5667906624732ec",
              "ami-095671d04ca77a0ab",
              "ami-006a91b770d35ca3b",
              "ami-001d6f67dd7ac8908",
              "ami-008677ef1baf82eaf",
              "ami-0f09eac1988eae1dd",
              "ami-00a1745ec0aa1f514",
              "ami-046eeba8a7f7bbefd",
              "ami-0587a19e199d10a2e",
              "ami-0e137e8e73f5e4323",
              "ami-0c249209bed376189",
              "ami-022c4fe80a1213486",
              "ami-096f2ec68b9fa98c9",
              "ami-0eba96f39ad557447",
              "ami-0fe630eb857a6ec83",
              "ami-0339ee0a14a92573d",
              "ami-09d039ab902aa47d3",
              "ami-09f0162e4115dfb6a",
              "ami-0cd93a4828bfbbaad",
              "ami-03b548fcceb71733e",
              "ami-09f276f8032aaa2c3",
              "ami-0c8c0444a831df2c2",
              "ami-09350179b1a13192f",
              "ami-09dbba3f1aa71548d",
              "ami-011bcd37b9f3dbe0b",
              "ami-0d18a19a6e69e67d3",
              "ami-0712c0dbb386155b7",
              "ami-042c4fdf60b709ede",
              "ami-00a622e0c0ae6934a",
              "ami-0ad3ce0914bc0fd05",
              "ami-0660615b6385c2c81",
              "ami-0dd37e4b85a75620d",
              "ami-03337d3b2dbee8028",
              "ami-0d736f59d334931d4",
              "ami-045e0f56d7965340c",
              "ami-0fa1289e4624ed805",
              "ami-0bb2eb1055e6c5018",
              "ami-0e40fc4f8013e79a7",
              "ami-0320c53ca40f0f3ad",
              "ami-02a830a243af706b2",
              "ami-0e606ee03a91ba639",
              "ami-0a583bf6d2dd12dfd",
              "ami-09a81fb63149be3c7",
              "ami-03a5e3312c794ea07",
              "ami-03ca837886419bdfa",
              "ami-0a7566e2cc786cf92",
              "ami-072b7b1fdb1ab1acc",
              "ami-0d63f57638f545a7a",
              "ami-0417873d1575473f5",
              "ami-0f2b3f3b461cce3f1",
              "ami-0be2e4393e6157757",
              "ami-0687c7aeacbb98809",
              "ami-037c544eb0dd12500",
              "ami-08ba1ec427b0a2f74",
              "ami-058b32d58e41a0951",
              "ami-013d7933f8bdb77e2",
              "ami-042ac34a64bc25b4e",
              "ami-0535360ed8feca802",
              "ami-057566a4d457622ef",
              "ami-0a54895441179301d",
              "ami-01d38ffad1da936b6",
              "ami-06e9ae0c1409ed9f4",
              "ami-088ef3f03bd0f4f81",
              "ami-0e22dd671b60fc9e4",
              "ami-0147b695dd087e282",
              "ami-0355c9153c9156fcc",
              "ami-081f017ed36b282bb",
              "ami-0d51bc067bc2747d6",
              "ami-0d617a6646547e912",
              "ami-0f7e7adf846cfb879",
              "ami-02d0a34b9d8cedf45",
              "ami-0e720ce540d437165",
              "ami-019bb092d74cbb64b",
              "ami-051ea81f1d1f4e9f4",
              "ami-039d134baa351d919",
              "ami-05796269e23598d16",
              "ami-0cee0ef2b96269ef8",
              "ami-01f80c4d6f5e79401",
              "ami-07b6beed7d533070e",
              "ami-0256dacaa8cf175c1",
              "ami-088797a8c678dfc1a",
              "ami-040d932478899fea7",
              "ami-05acb4959a4fc514d",
              "ami-0971b6ff39e964529",
              "ami-0337c8d6fb02b2dcf",
              "ami-0b071d61250079ce1",
              "ami-03f22f83cb65b17f7",
              "ami-04d46284c5f72d0c8",
              "ami-0308cf13df41f942f",
              "ami-05f4e10ccf8272fba",
              "ami-01eba98c26f317c58",
              "ami-08515a6712f47dfb8",
              "ami-0f568218743062848",
              "ami-0c772747157b34bec",
              "ami-0bf964046a441a4ee",
              "ami-09b2701695676705d",
              "ami-094d91eabe4183992",
              "ami-0518d49483c992980",
              "ami-003439069fb86d00f",
              "ami-064554c930446539f",
              "ami-09560c64c9c5d4c1d",
              "ami-0c36937f586be1fd0",
              "ami-052c704a7f82c38b1",
              "ami-0de4e17e74e4abaaf",
              "ami-0ea61bc93569fc8bd",
              "ami-0d6d294d181ac02b7",
              "ami-06bfdef6ebf52e328",
              "ami-0c67d4deba6eb4fba",
              "ami-01b037956108a1cdf",
              "ami-0ffa5b62c61229d00",
              "ami-08ad82b17c37aaebd",
              "ami-0c482d7ce1aa0dd44",
              "ami-00782a4e70ebb87be",
              "ami-007003f73ab28bd98",
              "ami-0049c7c104b9b1829",
              "ami-02f32259ae4f4512f",
              "ami-07fe5f35e24e37a81",
              "ami-00c8b75241a880fff",
              "ami-0baab3ec3ccfb4a78",
              "ami-0ec05785a6c492b73",
              "ami-0da2ab58cace8997d",
              "ami-052cdfbe78b6396d5",
              "ami-0866defc10f6622cb",
              "ami-0b307f72bca8c505c",
              "ami-07252019da3a8acc8",
              "ami-08df98b0a86440882",
              "ami-0e40346a8c8ef463c",
              "ami-079d42b3fc2a26688",
              "ami-09ade47799f24f759",
              "ami-0c21ea0150926d104",
              "ami-0db37e4679707787d",
              "ami-0144b8b6d65cbc486",
              "ami-06ea5486f4dd63d82",
              "ami-0f0d62e41a6d4d9f6",
              "ami-0d64229f82a2a38a2",
              "ami-07b0b8cdb4cf7933f",
              "ami-0ac7ca9af4122b3e4",
              "ami-0ff5cd4b412331896",
              "ami-0251eabadb62842e3",
              "ami-05ee9141a9c07fb54",
              "ami-04516dd695d5c51d0",
              "ami-062f11caa1f38d09a",
              "ami-0de67925349f263d9",
              "ami-0c3032002f2ca7b04",
              "ami-027d15ce2206020c9",
              "ami-06f4274886145d73f",
              "ami-0345bcfad790cbf47",
              "ami-01ff5874b57a57613",
              "ami-0e7956467b07d5866",
              "ami-009fe1f06f9cae300",
              "ami-08b9d579f842de8ef",
              "ami-06015d3e745b4154e",
              "ami-024cf340f2c79e44d",
              "ami-0b789cb897e3bc975",
              "ami-0f413a05df14b2114",
              "ami-05f9c83596f8fafc1",
              "ami-05dd5d6afc6d69aea",
              "ami-0288d30303560d4f2",
              "ami-00f69d99859fa00f1",
              "ami-01357f5e2cc46e841",
              "ami-0e8a9501b8fbd74c3",
              "ami-0bde5fbb7f384f9fe",
              "ami-09f294db2e0b147fa",
              "ami-07dd38168e5cfb5ca",
              "ami-0dff594dbb088594e",
              "ami-0c9bbfb4490d8a42f",
              "ami-06affc02d3755f30b",
              "ami-031d1a25184c9e39e",
              "ami-0175a0138f976d7a5",
              "ami-0e103b714d0d953a2",
              "ami-0d0c3ee146b30f7b3",
              "ami-0107a1bafaf5084ff",
              "ami-01ea2bcb8430929cf",
              "ami-08ab1f9a6af5df341",
              "ami-0e104bd264ead9b23",
              "ami-06928f64091b585ce",
              "ami-0c5057dab6715c070",
              "ami-047d1a8dce3715ec4",
              "ami-0ac3e08616babb1df",
              "ami-02376c34444bfb711",
              "ami-0a5ad0eb618385f34",
              "ami-015a55dfbc18dcf52",
              "ami-0dbfa71c674062f95",
              "ami-05118065493349c20",
              "ami-04ffca7ff0c1b6b2c",
              "ami-00cd0a36fff560a39",
              "ami-0b16ac26dfd5ae57c",
              "ami-01d8edfaf710d0f16",
              "ami-0a836313a2c846d8d",
              "ami-0bdbdc22c195f0f87",
              "ami-0f55c3fe6ef071cb4",
              "ami-0cd420371aef531e3",
              "ami-001e1dbcea2f474af",
              "ami-0e722628dbaa1c8c5",
              "ami-0271111deaaf4141c",
              "ami-03d393cce987876de",
              "ami-0d7c841c0f3f6362d",
              "ami-04a856c875b98deca",
              "ami-0bdf2416a89d5e29f",
              "ami-08a477f3fc0357f17",
              "ami-02358db55dcd21aaa",
              "ami-06dfbe0cf90704b65",
              "ami-0adf2ae4c7b448f0a",
              "ami-0039af0a1686c51a9",
              "ami-073c13f2d0c5307d6",
              "ami-0d02c917891d02473",
              "ami-0614f960ffce6afe8",
              "ami-031bfe73f5c775b82",
              "ami-0c7dafa95eb379394",
              "ami-0704d02231282bbe5",
              "ami-0bc164ada8ee6fea5",
              "ami-014e66baad82985a5",
              "ami-0ad421ce80d46fc0e",
              "ami-0b25362624d310ef0",
              "ami-003542581452a9bf8",
              "ami-09b17fb0968549e63",
              "ami-0c0b74d29acd0cd97",
              "ami-0ce402dd4b145b502",
              "ami-0ba1962a8812a60d2",
              "ami-04c0f9ef2f505b609",
              "ami-07a5496cce9a01c1e",
              "ami-0612d8d6b54bda3a3",
              "ami-0df4af256d38f0424",
              "ami-095889fa7a7b9da4e",
              "ami-04dc9f46fdb5ccfaf",
              "ami-092d49872d26d298e",
              "ami-0396244bfc444065f",
              "ami-0910f7d4e4a858f86",
              "ami-00585fab950a79067",
              "ami-0c26d25ec2932e467",
              "ami-04e693b79659373f2",
              "ami-087ef7ee316595442",
              "ami-0d44e049cfbdfa91f",
              "ami-0a962bf3d88232ebf",
              "ami-035c7811938ab47c5",
              "ami-0f311000156154bae",
              "ami-0f06092f1ccdcf847",
              "ami-0be2697ffcc222e22",
              "ami-034bc75be0ecf8280",
              "ami-0c43538b49cfc5642",
              "ami-0ec90125e6f303fb2",
              "ami-077a622c128a6dcfe",
              "ami-0defb52ebcc6b79b2",
              "ami-0fbea04d7389bcd4e",
              "ami-0470c01e507313e81",
              "ami-035ffe239c1e6a870",
              "ami-05cf6d09e368b837e",
              "ami-07f1c82f9802aa621",
              "ami-05224e0d07ef84111",
              "ami-0a8dada81f29ad054",
              "ami-0bf10f2188858b770",
              "ami-09b1db2d5c1d91c38",
              "ami-03f1ad69933f09ddb",
              "ami-0e7fd3a18b61efa54",
              "ami-042f0ea5a85c8407a",
              "ami-077399be2d0ae7e0c",
              "ami-0f49cefc7e0c7a44a",
              "ami-0e4e8054245e28670",
              "ami-03744342b98d77d02",
              "ami-0f6b109a6f84e8af5",
              "ami-00ac38b69ea9d2dc5",
              "ami-0ef687e64d9a2182b",
              "ami-0c5d88ab7cdba229c",
              "ami-091d785a5eab92645",
              "ami-098fe91b0fb76d85e",
              "ami-005da309f4ce58fd9",
              "ami-0d881c8e9d4844a86",
              "ami-0e31ee872f79f78c9",
              "ami-099f9445b08c3dc19",
              "ami-0d2f3e7fc4ff1f017",
              "ami-071aa551b442dbe85",
              "ami-00f3e12ac5cb9af88",
              "ami-0d21a791ac7c2ea02",
              "ami-073fbf1c78c3e6e08",
              "ami-0475cc3b264889226",
              "ami-0e9081e998f035b2d",
              "ami-0be75a5abc95637d0",
              "ami-0aef3e5090bf17640",
              "ami-0ebb3d6f5d811b38d",
              "ami-0e01f847c6f7e4b60",
              "ami-0714a861d14d1eb79",
              "ami-0defd5bcc4dfc9174",
              "ami-0f77b97a0f526df89",
              "ami-0e038010a812c0031",
              "ami-09b5e70d87501ecda",
              "ami-0738b6717679a538c",
              "ami-0dc68deb3580d323b",
              "ami-0f9fd189b4d3bd51c",
              "ami-08bee276977a07e7b",
              "ami-04ee17cf64bd6120d",
              "ami-0bb4ccc549d056b27",
              "ami-0a90d2f5d74cef17b",
              "ami-06e6d64358b65b338",
              "ami-0d95594573b865054",
              "ami-0f5e87931b6f49559",
              "ami-0b9ba288fbccf6f7a",
              "ami-002a53be89c7bb5de",
              "ami-088063b7c42034309",
              "ami-01fd08bed3dc5fe64",
              "ami-0d50956ae221341e7",
              "ami-05a8c576083812f88",
              "ami-0207070fd563fd6c7",
              "ami-022cb6ea28b0d765d",
              "ami-064758693ec5c0931",
              "ami-05b5ef59e0e3e83b4",
              "ami-098062f9f3a027641",
              "ami-03348b5b81f9a25b9",
              "ami-0ccdd76e4cd0869d1",
              "ami-00e657ea8aad585d8",
              "ami-084c661f0f8ed0865",
              "ami-00f805a3d1cc55594",
              "ami-04911aa910a3c4fb8",
              "ami-00e078db5da87eadb",
              "ami-03174a5938fd41b42",
              "ami-053e2886468cda88e",
              "ami-0fdb13d8e11515ea4",
              "ami-04c482865fb8fd804",
              "ami-0ae1245628b4f760e",
              "ami-0fd7b1bc833af8572",
              "ami-0970b2c1add862036",
              "ami-0c26614b7f9d0402c",
              "ami-0f06ff8cd0473db64",
              "ami-01dfa43d1c1070a20",
              "ami-03fc56f496aa128f0",
              "ami-076160c470b75bbc8",
              "ami-05657dee1b54ac645",
              "ami-0b13350ad973a4cc3",
              "ami-09bcf0f74e5a6e70a",
              "ami-0ecdddb4865ce50dc",
              "ami-06dc4790094759946",
              "ami-02d6c3836ae12c889",
              "ami-0320143720dc0b338",
              "ami-0140bfeb29c948a24",
              "ami-073b663aeb0d19985",
              "ami-0fedc16df59900f58",
              "ami-05260469d34c5e836",
              "ami-0a6198a11b3d25d6f",
              "ami-095a9516e5470227d",
              "ami-0a5bce049d3070ac9",
              "ami-03392b1d7493a6482",
              "ami-098e21427471ececc",
              "ami-0881154255aca401c",
              "ami-05f076acc5209fb49",
              "ami-093528ed93cd685ec",
              "ami-0da1114139406f1cf",
              "ami-00fd176961cfcf31d",
              "ami-0c3fa0f6751fc1c11",
              "ami-08863d14dd82b9482",
              "ami-061203157bd2b3759",
              "ami-014ff0fa8ac643097",
              "ami-06fe1c553e339bb2b",
              "ami-01190224a94984569",
              "ami-0f0ef769d0a7e0fbd",
              "ami-0b67ae5b18bcb3ed0",
              "ami-040e7cefb4ebce7c7",
              "ami-0c45946ade6066f3d",
              "ami-0d59d4941a5429c1b",
              "ami-062257fb41dafcad5",
              "ami-015cae525821f1bae",
              "ami-09e02475c2084eb56",
              "ami-0934db29495935c16",
              "ami-075488b4dc8c674e8",
              "ami-0c795c60f9df86bd7",
              "ami-0e589b3ad44239d3c",
              "ami-0b3fd4465f19a9981",
              "ami-0e292598ff4cab199",
              "ami-033a1ef04d047e1ca",
              "ami-08a90f0e70d2d687e",
              "ami-0c6280e2663c8b1a2",
              "ami-00b8917ae86a424c9",
              "ami-0af61065dfdfeef27",
              "ami-0591e1c6a24d08458",
              "ami-005162ea4dc7a9a1b",
              "ami-09dfe708a6ad2cac6",
              "ami-094c2a4c1db89113f",
              "ami-0b75330fe874099af",
              "ami-071dd5b509cf39ccb",
              "ami-048d7f5ca8e2edd06",
              "ami-08eaa56e48c41482c",
              "ami-0397f44fd36acb309",
              "ami-0b72372231dfb015c",
              "ami-0a4fde7bd512ecb9e",
              "ami-07b5748551a7fd6b7",
              "ami-033561adb13aac21c",
              "ami-0d35cbc2bb584537c",
              "ami-0977f37257d8e5a33",
              "ami-0e91c1a75edfca299",
              "ami-0b14015b8aeec0ef0",
              "ami-001426bd858acfa9b",
              "ami-0a21539edca03ee1d",
              "ami-0af33a5e4a10162af",
              "ami-0f97aece39d376864",
              "ami-030e5cb88ed3721f1",
              "ami-0ab884927def70780",
              "ami-0406d8b5775683e49",
              "ami-012c1425c95b7a63b",
              "ami-0d26848bb5c5a7b34",
              "ami-0c616c26080d2abc0",
              "ami-04d7ff74b30f002ac",
              "ami-0857bef216b8510df",
              "ami-01ce44113578742d4",
              "ami-02b1974dbb7028337",
              "ami-0ac660e409e61ea36",
              "ami-013cc368ba7d5bcc5",
              "ami-0ef5f11222bbfd5a4",
              "ami-05d2dc7197f963842",
              "ami-035395161cea500d2",
              "ami-056e83ae20d662a2b",
              "ami-03962c2ff6371511a",
              "ami-01ef1250c5ea0ee19",
              "ami-0068c726c20b963a1",
              "ami-0fda29917807d91b7",
              "ami-0ba0382a2400e7f59",
              "ami-0e76cd196be498bba",
              "ami-0d9cc50c2d09c6a32",
              "ami-0e2a8e53cc348e22b",
              "ami-041d62f97ea6f0c88",
              "ami-0620781df87f2f102",
              "ami-0a2b543a2a48ec133",
              "ami-062045808bcab8599",
              "ami-0219ac3fc16bb1517",
              "ami-089698089df95d2e9",
              "ami-0e12c3049516b0cc0",
              "ami-0e31499d4125b3b3a",
              "ami-0bc1689cb809e8ad8",
              "ami-0a0007baf9249d887",
              "ami-0cf496ac226eeeb3e",
              "ami-09718bfd7f222231e",
              "ami-0a1d00557269e859a",
              "ami-097bff71b17ee07ef",
              "ami-0f55a2d8f44cd36b2",
              "ami-08e778e5a60620a76",
              "ami-0f0aba96ae6a57a1d",
              "ami-0fcef9679f83eb1e5",
              "ami-0eb16c2b9da09c637",
              "ami-0d05fe81215b1a161",
              "ami-00b336ca75d94aca0",
              "ami-04e8461aa70c422f0",
              "ami-009b7b2e7c9d09f2c",
              "ami-0b5953e99b66efa54",
              "ami-060619c94133d6e0d",
              "ami-06c19a58e419dcaa8",
              "ami-0149772a390bc6fd7",
              "ami-080184cddaec79ce0",
              "ami-07eb8d0c2a428bbf7",
              "ami-0eafda9f139b2a17c",
              "ami-0e7e3b767fd75b729",
              "ami-093fcf42955249501",
              "ami-0597ae6120c39c1e4",
              "ami-0f26520e8c30c9f0d",
              "ami-0f9e9659ed7eb935c",
              "ami-018e13f1ab7f7ae75",
              "ami-0afa2c9e327527c65",
              "ami-0058d040f230872b1",
              "ami-07d95db7c099834dc",
              "ami-0c5a7b39fa85904de",
              "ami-01a9b5fedc3ba0bd6",
              "ami-08881c2a5dde7ce1a",
              "ami-099fdbf1afc3b8d8c",
              "ami-0f7ec5219577a9f81",
              "ami-0debd6c6a48bc9072",
              "ami-0ded4b25bd54bf6e9",
              "ami-0c1511f15436327ab",
              "ami-0dc48d345ce36ece2",
              "ami-0e233bab45cd332a2",
              "ami-0062a4b339f976d7e",
              "ami-07871278ba4773831",
              "ami-08d0e8ec5ad8ff889",
              "ami-07b9560ca6b14ddb2",
              "ami-0fa1cb44c46001939",
              "ami-0902051cd2da4a6fd",
              "ami-07e92809205ff3286",
              "ami-059dcc7b5a2334ff2",
              "ami-0f43aa74ef90cd045",
              "ami-0de3295ba501534d5",
              "ami-0ace7eac64073b303",
              "ami-0cddb7bfcb741c889",
              "ami-0aaf76063368ad869",
              "ami-0e88e3a856472bae5",
              "ami-0d222ccc6c6a7e934",
              "ami-09d3ecb9b99aeb335",
              "ami-0b21734a6d1e0ecfc",
              "ami-016b8ab9e1de40841",
              "ami-0f50519c15f59c2a3",
              "ami-043768d50ad0247ee",
              "ami-0b6de1c79ad8921eb",
              "ami-043c2bb140fc65c44",
              "ami-077c4ca4567aef2b8",
              "ami-0fbbe14d1d4f8c847",
              "ami-041ecd7669b6f1612",
              "ami-03027ffbbb7743947",
              "ami-0328ee235439090d7",
              "ami-0bcc588074edb6360",
              "ami-0d7091af2fdcccbb7",
              "ami-02223fa5d8dc1bca3",
              "ami-0da0e0ebf36ec0c2c",
              "ami-06207ec3698a7e337",
              "ami-0d3207374bbdcbf6b",
              "ami-0cb40a839af8691a0",
              "ami-0719e89b34449c149",
              "ami-07799761b1a806c25",
              "ami-06dbaa56ad2231000",
              "ami-0027be334407f9979",
              "ami-05c292583615b3e81",
              "ami-0e4b534754cd57c9b",
              "ami-07fb9ccf9da1aa94a",
              "ami-00fb1968f3a609242",
              "ami-0c1b8d87afc20eea7",
              "ami-08007d02e53de0e9a",
              "ami-009da8de82c1f97e6",
              "ami-0d90f1fe53be078c7",
              "ami-0d92f7cd20e48684e",
              "ami-066e43db4685e598c",
              "ami-03e422ea53fb2420a",
              "ami-0b09f727eb0d818fd",
              "ami-0dca011f56387b942",
              "ami-050d0f569fa062299",
              "ami-0fbdd4336c3c0f7bd",
              "ami-03ccdfc410850e77f",
              "ami-08ba0312640fc568b",
              "ami-03a32b07db91ae2d2",
              "ami-0c68f6ca32efa0f95",
              "ami-0ff2fae76e1f353be",
              "ami-03f197a3e50a8a83b",
              "ami-07a343810f823ef22",
              "ami-08e6cf50837b8002f",
              "ami-007c6d04b85846d07",
              "ami-0eb36db0b0ebabdee",
              "ami-053cc292999c033f8",
              "ami-0aca25fa0130c4032",
              "ami-0e95c3796d7012375",
              "ami-0690bbe94bc62b729",
              "ami-04f3a5d742704f2de",
              "ami-094974759c61bde68",
              "ami-00d3f6c1c6d00ab99",
              "ami-05195c12a4f7ba230",
              "ami-088c036fa37c5c500",
              "ami-0fd3faf34a5c6fb0e",
              "ami-00c85603f47013c28",
              "ami-0eaa89696ddc3f494",
              "ami-056d1bece3787bd47",
              "ami-0af31f1e52dbee6cd",
              "ami-09ab06a63de801358",
              "ami-0929ecfc70ed062c4",
              "ami-0bb514e8ccb15c912",
              "ami-09fbf120b20a9dff5",
              "ami-046e840fcbe821674",
              "ami-04fc102fb2278f0ac",
              "ami-069b5cc284aa07471",
              "ami-0bbe5696e08c9e921",
              "ami-0e0f68cc2b0928ce4",
              "ami-07bce24d002a39900",
              "ami-09a2af856b20cbe66",
              "ami-0913927dd47beb713",
              "ami-00430b879728cd6dd",
              "ami-0acfebd76fa5f3b10",
              "ami-0232508cc5c75e93a",
              "ami-05bb7edfbddc8fb77",
              "ami-0f3ddbcdfca732a7b",
              "ami-0ea5f94de5c15dc95",
              "ami-0d8e98f266aa3d8e7",
              "ami-03ea38a777a65678c",
              "ami-08aab4f45cc1fb9e0",
              "ami-0e28baa1277e33884",
              "ami-0dc019aa3e07f8935",
              "ami-03b527ece992c1caa",
              "ami-0082d8a2d719b9bc5",
              "ami-037487edb591bce68",
              "ami-0d136b1a41c424f55",
              "ami-0d63b418468ec7b26",
              "ami-0c40194f14c844b41",
              "ami-05c108f4dcb34e410",
              "ami-037e26c8c035ff6a0",
              "ami-0a696bb54470d14d2",
              "ami-05d0fc4fa0ec12a2b",
              "ami-0ff14cd6b2289ef80",
              "ami-06b9b13c10d861d7f",
              "ami-0b317072b26c255e1",
              "ami-0443c54aa8650108b",
              "ami-0fb0a6bf941044f29",
              "ami-0b1577dc927b1052f",
              "ami-03b2600244e80a558",
              "ami-0717f2f2e2fa87286",
              "ami-0326c49b054e462ca",
              "ami-041cee0213a1f0cd6",
              "ami-01d295888c3427e2f",
              "ami-010185db5ef67e5cc",
              "ami-08453d00654b30ee8",
              "ami-010b4f3cc590406f3",
              "ami-09d078ff314557501",
              "ami-0260b5f22a8e157cc",
              "ami-0a9c7eea104ee0d12",
              "ami-020e26440f66d98a9",
              "ami-09a8746702a53009c",
              "ami-08adad7b3e77c7d2f",
              "ami-0b2f2c807bbae79a6",
              "ami-005c7793240244d60",
              "ami-0611687fab81d81c7",
              "ami-001ee515721355b64",
              "ami-0c92662251ed10838",
              "ami-092ecf5177082b4fb",
              "ami-0580729c87e3bf4ce",
              "ami-07828f5a6f146fb5e",
              "ami-0099facbf5767c90a",
              "ami-06033c7c03f1411fd",
              "ami-0ed2f3a9743c54e5d",
              "ami-01bebdf70f7c1ac94",
              "ami-074d58f4c5d5183fd",
              "ami-09e0325a02cfe51db",
              "ami-076b3168228e24215",
              "ami-0c9d8391c3a23c9eb",
              "ami-0a11e3cdfd5f1ee2c",
              "ami-06938c7701be658b4",
              "ami-024d3e1fbef290b9d",
              "ami-05626a70e30309f0e",
              "ami-0ebf330ebbfac441d",
              "ami-03f3dfd95a6d2521c",
              "ami-08718bb08da54cbe2",
              "ami-060c3fc8b9117e486",
              "ami-044df4dad589ad4d5",
              "ami-0175073a21e12d3eb",
              "ami-0427262f0d9717a05",
              "ami-0e700d63539210932",
              "ami-0d2b3218411f3d3ad",
              "ami-07d8d60951989dd93",
              "ami-0d34ea6796ecf0833",
              "ami-092cfaacb91744323",
              "ami-0bae5fc93c1a02a66",
              "ami-0342c8a3b68d002fe",
              "ami-08fca5864290bf2c1",
              "ami-07df6b9bb310c9024",
              "ami-03882303ac3385dd8",
              "ami-0ee13bfbbd2321628",
              "ami-0b18840d31d829855",
              "ami-098a3e20fef4b43a2",
              "ami-08011c866ca323f43",
              "ami-0e6a5ce9ac2d50206",
              "ami-0e589bf290c0e0266",
              "ami-006bc9b829844f6b9",
              "ami-0ebce39ee3f7c5711",
              "ami-05a449f4fb27161d8",
              "ami-0836c04ec6785db32",
              "ami-05f7446fd56eb28f9",
              "ami-0d126721b0d558ac3",
              "ami-0bf0bfee40e30848f",
              "ami-0eef6cfcfcc0b3698",
              "ami-0514433772df3108e",
              "ami-0cc3712eb099b2b7f",
              "ami-04270333b84820a9e",
              "ami-0cc3ad624e383d4a5",
              "ami-02c93e8a697259ee5",
              "ami-05810383069a0ee13",
              "ami-0a24467dc37943bca",
              "ami-02aafdb09f8a8931c",
              "ami-022714352e659dca6",
              "ami-05789c8d1ce8c2b35",
              "ami-0bf695028a10d52a8",
              "ami-0064ddcd4e792a1c1",
              "ami-05614093f9c576ee5",
              "ami-0c23116d02076c985",
              "ami-0a9aae3689ff4eaf0",
              "ami-0c683cd0e2d62d0e9",
              "ami-0a214ade195f7bef6",
              "ami-0d196daaee58e2b18",
              "ami-0064d37a78289f7ec",
              "ami-0c9b81c7887eb66c3",
              "ami-045a946a7171d63ce",
              "ami-0ce03502c5bb5e188",
              "ami-0cd702880819f48bb",
              "ami-066db0188c074b632",
              "ami-078e704f630555c9f",
              "ami-0fb169604ac6fd66a",
              "ami-080ee45e1bdd9cf54",
              "ami-02c8d9426e08c5c11",
              "ami-02ffc827c83fa9f94",
              "ami-01a497b0026afd62f",
              "ami-0fb82764d74d797e6",
              "ami-01ee93258623ddfd2",
              "ami-0337a4fc360a5b712",
              "ami-02da5cfd6020a5c3e",
              "ami-0180720fe064a2ece",
              "ami-0dfe09c460ed36944",
              "ami-05fdfc3fcc3a112f6",
              "ami-0e7ffc209e424dd31",
              "ami-031684f08e1b853b5",
              "ami-0907890759c21823c",
              "ami-036cb85308b96e3b6",
              "ami-0dadcaa1d3d3b0636",
              "ami-075453075e58982f7",
              "ami-0ffbd904f78ffb102",
              "ami-0e46c7e357f9c8c95",
              "ami-07ced6e11905805cc",
              "ami-085bf6ce4bef1cf6a",
              "ami-020ce7b4a10644f12",
              "ami-0027cc3a00b2eb4f7",
              "ami-0482c3c975e1912b9",
              "ami-0bbc934ed1d5ebe86",
              "ami-00e754b43db8c9f74",
              "ami-0b8b4972f771de53c",
              "ami-0e365edd3d30d031b",
              "ami-08598962cf82d3d72",
              "ami-09e5be7d89f099e92",
              "ami-0549e1dbeb6f14203",
              "ami-00d8834ea9c9ecd09",
              "ami-0ef13c78b8ad36dd3",
              "ami-0e9745e169b2cf90c",
              "ami-09356d8643203f330",
              "ami-06ec1c16f31d3673e",
              "ami-0f364014f4d0fb0be",
              "ami-084040926aff54856",
              "ami-0702d61730a75708e",
              "ami-0736ae7e710ed7edd",
              "ami-011cbb23469edca29",
              "ami-017c5dc1fefc1e90e",
              "ami-0c2c5dc8eaa8c32a5",
              "ami-0f4581489e6809acf",
              "ami-027a754129abb5386",
              "ami-055f1171dd2730b8d",
              "ami-06df9744744b3c299",
              "ami-090de4922fe00d35e",
              "ami-02c319ceae88c3182",
              "ami-01a96392ec81731ef",
              "ami-0675c0b2198140b28",
              "ami-076f81c967c41ed0a",
              "ami-01bf89ecff126cebd",
              "ami-004fd9d956d4c54c9",
              "ami-01edee474bb1c74ae",
              "ami-069227355fa701122",
              "ami-00354acb6e3508fd0",
              "ami-03c0a7fe7530c7928",
              "ami-0266937c7ed5a7c9e",
              "ami-03d34520e95c59219",
              "ami-019a7d743addc8a40",
              "ami-0c7217cdde317cfec",
              "ami-05d47d29a4c2d19e1",
              "ami-0b98a32b1c5e0d105",
              "ami-0c460fdf6a8a1edef",
              "ami-00098fb65669d2797",
              "ami-0bfb14e483c08be7d",
              "ami-01c853c962e603737",
              "ami-0495bdd5385980a42",
              "ami-08be17c96d80cbd7d",
              "ami-01619135b3c166b87",
              "ami-095ff65813edaa529",
              "ami-08c97791e66537f23",
              "ami-0940130e0c9c32678",
              "ami-018ba43095ff50d08",
              "ami-0a3772e3d28d2b50b",
              "ami-083b33e1ce4044064",
              "ami-05034109c18473f00",
              "ami-0c4ca77abba3a7c9f",
              "ami-0b1fbe18a652cd360",
              "ami-0fd785c51b195f2f8",
              "ami-03374c4c5abccff23",
              "ami-0e5afe18c11ab23b2",
              "ami-0572b18632e373bd3",
              "ami-0d4f59d25f9a4d737",
              "ami-050e9b5cde042c40a",
              "ami-0056e57be3efd8277",
              "ami-0de01deb802c7619a",
              "ami-08e5880668babf3cf",
              "ami-06dc4997faaa51628",
              "ami-055215a60bce6a9e5",
              "ami-09f260ed937352284",
              "ami-0403ea05d2b9b2a0a",
              "ami-067dcd096f744d3c8",
              "ami-041949c3367b98e69",
              "ami-07f2e740f8df7038f",
              "ami-03538cf11a8ffaa26",
              "ami-09c2ff39d344181ad",
              "ami-0ba6b8515cf38b51e",
              "ami-00a911a39399e7935",
              "ami-0ff87d7d561b44b11",
              "ami-0c35e0138b1e23c85",
              "ami-0b0dddc1a5f5ff543",
              "ami-0263d9cf7d9378f12",
              "ami-08601dc753591ab88",
              "ami-0b85b6992541bf6aa",
              "ami-028c6514ea77d5ac3",
              "ami-0c9db8d36d76d38ed",
              "ami-09b21680970b4eb8b",
              "ami-07d6e9bc861281061",
              "ami-02eb3ba442c83b14c",
              "ami-0d2b03ca80e7f91e7",
              "ami-01ed4f6c24612b3da",
              "ami-0a66c4ed357d4cfb3",
              "ami-05893953330e1e015",
              "ami-0a82d8704e0f8a290",
              "ami-086cf6d141b288068",
              "ami-0ba716c4f59b666f7",
              "ami-0aad2ab6a7cc50638",
              "ami-0ce3741be1f94ae52",
              "ami-09178b92307f21773",
              "ami-02536e22ad4f5221b",
              "ami-0c92d717a327fb905",
              "ami-020c9af55974be132",
              "ami-0a7d53e5bbf0c8dd4",
              "ami-02328d53099ffc3e0",
              "ami-0a45ed2e6d7e8a182",
              "ami-0eaafacae80bcaffa",
              "ami-07b7e2ab028b1dc67",
              "ami-04a4ceacd0a6417f1",
              "ami-02965745c21fb7ff3",
              "ami-0f35785fa7ea388f7",
              "ami-097a6f51c5c0c3a4a",
              "ami-0cf920442ac4972f5",
              "ami-0573bc9b9ebb4f4ae",
              "ami-0046b8a1ee434f790",
              "ami-041caf79b7b8fd913",
              "ami-0f9dcad8164121fae",
              "ami-090048cd225199097",
              "ami-0d2690a880e40f656",
              "ami-0a2b1b38a4684df6a",
              "ami-0830efe85e1962729",
              "ami-0467e6adef48a20a9",
              "ami-04995a787de5a79af",
              "ami-0ef016ab21d72f4a1",
              "ami-085cf3f68d20f3ca4",
              "ami-0ff1e0f66202fb699",
              "ami-0cb9e95da8a3cd8d3",
              "ami-0064dbad2f1f4037a",
              "ami-0df88a6d3d96762e8",
              "ami-09f21817a1161152a",
              "ami-0077ea1caed038141",
              "ami-0e8a1c63040206254",
              "ami-0311854417eb1dfa1",
              "ami-0b126cb3dbe8a27f8",
              "ami-0f981dd2928dfd4ea",
              "ami-02eb48bbd04885430",
              "ami-099d73eaf515b982c",
              "ami-009f19bf0cb23aee6",
              "ami-0ac15c1df7dd33049",
              "ami-0a3792a28ae9eb33e",
              "ami-013554dad91c4091a",
              "ami-044b241029d3561d2",
              "ami-05411b8626b061559",
              "ami-0a6ff50ebfd1b6f0f",
              "ami-0da9d72f7b84b06d2",
              "ami-0c702d9402eb3b6f5",
              "ami-0cb1499bbb9916bc8",
              "ami-07a1ab3bfd964ec7e",
              "ami-0bc2b9b80ed3b2853",
              "ami-0ed54738e5ef01932",
              "ami-0f9da5dd365c0c9ea",
              "ami-0570ee31abda25e2d",
              "ami-044b5174cb15eb499",
              "ami-03e7aad581aad5878",
              "ami-0f59ed5a00e319ca8",
              "ami-066126541772f39e2",
              "ami-0398913231571af56",
              "ami-050a7dd544dd4760f",
              "ami-073dd4f6a75685a06",
              "ami-0276937d8bb5c791b",
              "ami-0b24c041101c8a3d5",
              "ami-02a81b18ea9093f02",
              "ami-0dd1b67c37370001c",
              "ami-0a3f15dd91d6fc068",
              "ami-041775ee7cdc2f003",
              "ami-09eca4b2cccd1c858",
              "ami-00577b9fe23424613",
              "ami-0c763057a5ef43770",
              "ami-0803a6c679b402570",
              "ami-006ed7732602b3bf3",
              "ami-06a1ff74acdc146be",
              "ami-09f9f8c2c99020c3d",
              "ami-0e23a1b7ed9fa866e",
              "ami-07ba800c9c0c4679b",
              "ami-04dc04b6c2a3a3fef",
              "ami-0364690af034eacb3",
              "ami-00c34198de0c05a64",
              "ami-02a99a8ccca8a4438",
              "ami-0a0f9e6f20efb47b7",
              "ami-077b0b5c1cb089957",
              "ami-0956672593ecc8c5c",
              "ami-0ecd8e52b59a42126",
              "ami-028a7313cbf8bbe57",
              "ami-0417f0ffeb387e070",
              "ami-065b4646a16152533",
              "ami-015f43dca924cd4a2",
              "ami-0ca8e3d7541cc8243",
              "ami-0de9b4f87f94a3ca2",
              "ami-01a2841cfa9f432b9",
              "ami-08a9ceaafb5653a51",
              "ami-06bf554d48c866dea",
              "ami-0c426b94e857658ea",
              "ami-0110468560e22dfca",
              "ami-03f50183bb922884e",
              "ami-09d8ff34d85ffe3ce",
              "ami-0f890494e52693975",
              "ami-042666db27a6740e6",
              "ami-05dd09b835e4d4d87",
              "ami-0091c11c1bf74fda1",
              "ami-014bcec5a7798272c",
              "ami-0e467150185aba1a0",
              "ami-0e3859c2539fc674e",
              "ami-0c715a4c2db3965ad",
              "ami-0857c6a0e871486a7",
              "ami-09007c7e821e5ed7f",
              "ami-03ae24afdb6541606",
              "ami-0cd044f9fddd7fc19",
              "ami-02aa5625329b331ad",
              "ami-0ecc3f97f509feee1",
              "ami-098da4a785859c11c",
              "ami-003d574bab317de3c",
              "ami-039e3579f5e1888af",
              "ami-03bbc0aef79b79b8c",
              "ami-0c6e3c1e5fcfa3990",
              "ami-0632958ee049ee10d",
              "ami-07b1f93182dd5b74c",
              "ami-08050de637c5915fa",
              "ami-0e685c88937b1bbcf",
              "ami-006238c30185c795f",
              "ami-06b613529e4daf4c1",
              "ami-02ccf595b20a6ea0e",
              "ami-09b7d005fcfc5e593",
              "ami-0795e8e0fa2c300ce",
              "ami-07b330604c593034e",
              "ami-0e660256e632c8788",
              "ami-07bbb78b905740a2c",
              "ami-0a2ae465da2990f8a",
              "ami-0e3c4ee768c436213",
              "ami-0b3018bd34786dfb6",
              "ami-076c37640ea4cf882",
              "ami-0cb8c42617fd0f4a9",
              "ami-08c0597c8377ec015",
              "ami-009162fb661c30882",
              "ami-033faeeed1bf82252",
              "ami-0e27b884f74a912c0",
              "ami-0260bbbdd034fd154",
              "ami-086c52880ba7b988d",
              "ami-0d82a463b01ac9095",
              "ami-051394c86dc4ed745",
              "ami-0bfe9e36a4707f14e",
              "ami-0caf17bdb6e58af89",
              "ami-0c06fccfde6c5542c",
              "ami-02ce756d585919313",
              "ami-082e7af96015e789d",
              "ami-062e1d011aa0fba2e",
              "ami-0f27ad6b7d2cab468",
              "ami-0f5e9ac3f79ef05e1",
              "ami-0ed4bd8c2748e421c",
              "ami-00f8146d2a74d4b4e",
              "ami-0a5f04cdf7758e9f0",
              "ami-08cb16f6ab995d344",
              "ami-087f185358e1d5ec2",
              "ami-05471dd5cf61f7f30",
              "ami-01fb53719e2ad1d1a",
              "ami-09b524eed481908d3",
              "ami-0cec535ec52a615dc",
              "ami-01745c6ae9fb7e223",
              "ami-09bfa126e913b15ca",
              "ami-07bc3ffbbfaa6c89a",
              "ami-00d321eaa8a8a4640",
              "ami-081ee5692eef0562d",
              "ami-03dafc9cbf419338b",
              "ami-07eddf096a3b6b822",
              "ami-04af569854424bc35",
              "ami-04c03612c6521e5e0",
              "ami-064ce1c78b47bb05f",
              "ami-0327eee94f17752bd",
              "ami-0c21960a84012b47f",
              "ami-0651b9a50d76733eb",
              "ami-097ef9230965e71c2",
              "ami-053a61eea4e4b7dba",
              "ami-09bd88adb2b694330",
              "ami-0eeafa0c41e8844f2",
              "ami-050079b0e5a5b70da",
              "ami-0b2a9065573b0a9c9",
              "ami-0dfc637789c2c5f66",
              "ami-040b9e45b2fe01abd",
              "ami-018d3a0d4b4d128d7",
              "ami-0072f06f94fffc16a",
              "ami-0b6b6c01cf95170ee",
              "ami-04dcdf31285b2a185",
              "ami-08d626e5e3393cd21",
              "ami-02f2a533fdbe32bcd",
              "ami-0fa1ca9559f1892ec",
              "ami-0b85bd3ce60249805",
              "ami-0588935a949f9ff17",
              "ami-0062355a529d6089c",
              "ami-0462c7b18aa0729be",
              "ami-051b4a74af8834d03",
              "ami-02b84b780571fcf45",
              "ami-0c80bdc3fa1b47c1f",
              "ami-06be9989af4fda1db",
              "ami-064a7c6cac6cafa79",
              "ami-0745ba02512759516",
              "ami-0e29da65e99001ec5",
              "ami-08c1cb1b20be5b9dc",
              "ami-069f3b517602616ce",
              "ami-0d76be9b523d93fd8",
              "ami-00ac8ef79b365e240",
              "ami-0523ec92527c07187",
              "ami-08c3bba44d2e4e0fa",
              "ami-0a7445aba8bfe4609",
              "ami-08a605ff38c2ebf05",
              "ami-0199004a63b94a75b",
              "ami-0e0b0f2cb811d16b0",
              "ami-01f1eb742f7de159c",
              "ami-0b6f89f548c40aa48",
              "ami-041443cd22a415882",
              "ami-0e902873c2d138dc8",
              "ami-0e5d34da45e3ce34f",
              "ami-0e117340d108b3b5d",
              "ami-085f2ace01f7d581c",
              "ami-0aeeb08b35d63b59f",
              "ami-0e3ebb6b9f28e55d9",
              "ami-071048575bb02e29a",
              "ami-0cb06ac50a7eea4f2",
              "ami-074ace6b86ee3ed82",
              "ami-018169b46a5a1f607",
              "ami-00ed8122cd052a872",
              "ami-00f747470ff841d9f",
              "ami-09a4a8cb18daf4b7f",
              "ami-0f1904c7394764c7e",
              "ami-0f84d008059ccfd29",
              "ami-0f01bd452322b8b06",
              "ami-0652670118d9a74d4",
              "ami-08f78c507f031faca",
              "ami-0ed44d730628ae5cb",
              "ami-0e5bc1f7446902202",
              "ami-04a1c75d1bf481012",
              "ami-0fddf676edcc3882c",
              "ami-084630564e77c070a",
              "ami-0a0349e542d8ce529",
              "ami-03309adf30344b40f",
              "ami-0e8eb7dadd4355b83",
              "ami-0acc13a79f5ce1d6a",
              "ami-05ac62c14ac994667",
              "ami-067a69de53b09830f",
              "ami-055f9d4f369fb4dda",
              "ami-095edabc80bc34fef",
              "ami-0b42f2c0a3b42c8b3",
              "ami-050ce213ac617a481",
              "ami-0603a796956f8ed14",
              "ami-0c270309800742014",
              "ami-0c0a81311733ac15f",
              "ami-0d9d54602dcfadb8a",
              "ami-0d3a1aab2168c02cf",
              "ami-08bd9edbd3470f85d",
              "ami-0ebf4c3608fb1474a",
              "ami-02723b72f91b7f52a",
              "ami-02eab97d272c23e37",
              "ami-0c1809ba010f0f4ff",
              "ami-0967e993034d2d449",
              "ami-06c34c4ada7b13add",
              "ami-093dea58b95bb87de",
              "ami-01de8c1470d611415",
              "ami-041f8aaa8db8cc404",
              "ami-05302709a77f5c295",
              "ami-0880675593bc67989",
              "ami-0d2ca896641932b24",
              "ami-003f89ba7a96f2aac",
              "ami-01cbe9dc9f1d4fb2d",
              "ami-00ffbe34da33dac52",
              "ami-0d82219eef1c898a6",
              "ami-06102b8e3d16f7fc8",
              "ami-08d5e6a9320158712",
              "ami-0eafe29a8c8b8fa05",
              "ami-09139c136ce1c26fa",
              "ami-011dfc7203872171d",
              "ami-0cad263346c983894",
              "ami-03ce0cb8a3b0c5312",
              "ami-0472db87fea925c70",
              "ami-0c5acc23a58a1f436",
              "ami-086098d82be02c2ef",
              "ami-0bb66291bea908b19",
              "ami-00106ccd8d4d5c658",
              "ami-0c6dc748d60a0a13b",
              "ami-001be2ab4a67014fc",
              "ami-038f13acb40a43abe",
              "ami-046f4c665598b0628",
              "ami-099147b488ec35587",
              "ami-0864313f989b161e3",
              "ami-0b8d1c25859ed165e",
              "ami-0023a705a036ca1d4",
              "ami-060bd908ed1f53bb4",
              "ami-0a3347467b1b38dff",
              "ami-0c0aeaebce605530c",
              "ami-0ba4a022793e2691e",
              "ami-0cc33083c8a1fc134",
              "ami-08ee35b458d22faca",
              "ami-04718c966ccd7a35b",
              "ami-0bb601247fa819efa",
              "ami-06ef01ee89108d741",
              "ami-0e10a678922e388b0",
              "ami-0128ff7646e5462f9",
              "ami-01f1a39cc7342e426",
              "ami-0cf689fbbc217062d",
              "ami-067c77b65b3ea72a9",
              "ami-00c6f475579da3efa",
              "ami-0312931a87fa203a2",
              "ami-0a99455a726aaa9e0",
              "ami-0f75086a31198039d",
              "ami-03af087024bfdbbee",
              "ami-0e4d5919f897c11ce",
              "ami-07a921c32053c977f",
              "ami-0bbfe6890eb3fa3c8",
              "ami-0bce4ffe95a3a5475",
              "ami-059da1f66611ad877",
              "ami-072616509aed7d277",
              "ami-014ec8a1da2211db7",
              "ami-02c2c730993f2cbf3",
              "ami-0abaa26f96c2e77b3",
              "ami-0f9796babcd35f59f",
              "ami-05bdd3f613cfd4885",
              "ami-011e5414af216e774",
              "ami-08372bfb8bf685a90",
              "ami-031333bee24ead69f",
              "ami-062f35b56768fb4e6",
              "ami-0b0436238365e99c9",
              "ami-024990e301199c4b3",
              "ami-0e94e9df011ae24a9",
              "ami-04bd86a5512d286ce",
              "ami-0b9123864c4b1c3ad",
              "ami-01db6fb36667b7752",
              "ami-01f90e1a7c41ed6fa",
              "ami-099b178cef82837e8",
              "ami-095c15e41b2f9c567",
              "ami-020a1b62f001ae1e9",
              "ami-0cddeb543dd226e49",
              "ami-0cc5efde866c4f55d",
              "ami-06f9b93a111451979",
              "ami-087788d955a07e5d6",
              "ami-0dfe0109a7eda0eb6",
              "ami-0c9fb66600429ee85",
              "ami-0145a97fa52fb3dde",
              "ami-075b5a088da6154cf",
              "ami-0faacad246d8570d6",
              "ami-01029318664c8af4f",
              "ami-03726328f161deb5e",
              "ami-052fefa54ebebe9b0",
              "ami-087ab3cad04111f9f",
              "ami-07ad02f896df2b8d5",
              "ami-040d958bfd9a0dc42",
              "ami-0900237fc8b7d7742",
              "ami-05e80a6a8d7eff1ad",
              "ami-0d8145620cd2e3ec4",
              "ami-04aca148c3e0723f3",
              "ami-0b6cf0db1c097d7e4",
              "ami-078a0f6b26f6dbbfd",
              "ami-0f826f1202cd057b3",
              "ami-069c1b306b1116c9a",
              "ami-08f25ae8ec3055727",
              "ami-00b41ac8ee91bd1fc",
              "ami-0c38397074a0b89c2",
              "ami-01efba00c1b52836f",
              "ami-007729fcad9ea31fd",
              "ami-0b144479712d4886c",
              "ami-002421d79a3aefe29",
              "ami-0c5a7ee2331c9e3ae",
              "ami-057408275faf83440",
              "ami-002fe24918cb3bf51",
              "ami-0eaa62d2ea26e8464",
              "ami-07809b298b2069134",
              "ami-0c997396cd1812687",
              "ami-0afdeec3d9caa6aaa",
              "ami-0136788b9fc06abdb",
              "ami-06e97aeeb1d012d18",
              "ami-00b6c72b31bd84da3",
              "ami-096f2919e70af130b",
              "ami-0698faadf1b91115e",
              "ami-091505a8660b1f6d0",
              "ami-0376d4b62806ff2c0",
              "ami-0beed3dfce15ed5a5",
              "ami-0a19314623c0b9dc1",
              "ami-05d2ddd0e58ad798a",
              "ami-0fb340311826681bc",
              "ami-049c747b1bb05a72a",
              "ami-0258229bf3cd8af20",
              "ami-036c2987dfef867fb",
              "ami-09d5d0912f52f9514",
              "ami-023c11a32b0207432",
              "ami-0d9464ba1501db1be",
              "ami-09e2639b59ee94f7c",
              "ami-04e3a8eec84163eda",
              "ami-082af43e8cf191583",
              "ami-0b0307e6a5c41a255",
              "ami-09360ce51dc46322f",
              "ami-03c2f1a52596048c8",
              "ami-0e2d106fbcae8ac25",
              "ami-0aaf8f74a2cef9feb",
              "ami-02f25637617879e9d",
              "ami-042198e2c63cdb910",
              "ami-08831d328e6955bd0",
              "ami-0aceb32908f2ecbab",
              "ami-0cfcc6d4ba09e738f",
              "ami-0a46762347241231e",
              "ami-078df1dff1f6f72f3",
              "ami-0f1b832b8b8057046",
              "ami-02012ae1fad153a39",
              "ami-02872df47199586cc",
              "ami-02927a16d57da2252",
              "ami-0b836913ce5b4839c",
              "ami-0fe2d6411f96517e5",
              "ami-0a255e93c1fd532a2",
              "ami-06cb3eee472508700",
              "ami-01f73b9905409506b",
              "ami-0c5518200698d804b",
              "ami-0290d4149612d840c",
              "ami-01fd3e4ee4a97f6e8",
              "ami-05a86e2ac93a87f4b",
              "ami-0077a350292f081f3",
              "ami-0906a0047c1ebc062",
              "ami-04a43c90e84e6a793",
              "ami-0b74aeb97fba885ea",
              "ami-06d1383bd9b4947a4",
              "ami-04199dbec23cddb97",
              "ami-06de76ef2a443b677",
              "ami-0ac1f653c5b6af751",
              "ami-05ffdf42b2fa9e133",
              "ami-0a0d064f56810905e",
              "ami-0cd54ef10ca81e62e",
              "ami-0f48c137ffdf6665e",
              "ami-010f3e7b3cd6b6a10",
              "ami-0f8742fc52fbf914c",
              "ami-0b447df43f31360ec",
              "ami-0fd9acd3851c6d60a",
              "ami-0cc5280a00e814411",
              "ami-066fcaa5b1c8bb8e7",
              "ami-073c5fc1798eb7056",
              "ami-075739f4ab18d3439",
              "ami-08fd3d99176106f4f",
              "ami-01852e1427c835356",
              "ami-0243206bd77123a9a",
              "ami-00f86d6f4ee866d49",
              "ami-0656fcd0028a950d4",
              "ami-03bd01bf2139c515c",
              "ami-0b17d796adc48c863",
              "ami-0e8a34246278c21e4",
              "ami-0da17107ebdcade43",
              "ami-076c7acfc9e8ee57d",
              "ami-06cea9c2ea6c568a9",
              "ami-08e72fa1057f8503d",
              "ami-0fb6541a4d6b437f8",
              "ami-0598aec89ba06c624",
              "ami-06b67199d57b1bf17",
              "ami-05aae8993bf6f4fc0",
              "ami-03007c083c52f864a",
              "ami-061dc0582f86ee66b",
              "ami-0b768998978dbd858",
              "ami-06a8d37db687f7bae",
              "ami-09a935b418b3c9aeb",
              "ami-001e3e7725d51f534",
              "ami-016b967d3cd14a9f5",
              "ami-05108a94de59e3666",
              "ami-0762dc55b343fc092",
              "ami-069429117b2f17b0e",
              "ami-091a423424de3004f",
              "ami-0812a8e0daaa71466",
              "ami-0b36ae9ba9e03cb47",
              "ami-0f40d039c2c57609f",
              "ami-043375e2bdc1f1394",
              "ami-03c5e418ba573dd2e",
              "ami-09c11dc7c9868348e",
              "ami-0c20a0220f85ec890",
              "ami-0712c438748dac2e0",
              "ami-07e754652290768c6",
              "ami-0bc04d377f89079d2",
              "ami-02a35bd020554f400",
              "ami-0fe842be33e9fe805",
              "ami-0a1d045d0226ddc48",
              "ami-0f36ddad7944e718b",
              "ami-06978f2d3e435039f",
              "ami-04b107e90218672e5",
              "ami-0c7167c7f19b42827",
              "ami-02582dcdd4ede3f84",
              "ami-0feba2720136a0493",
              "ami-0e783882a19958fff",
              "ami-05e1fd55c36b0b1f3",
              "ami-099d66bc6a097b33a",
              "ami-0d6278a237a3e8b90",
              "ami-0395c3359180e8a20",
              "ami-0bc91427501e0e7a2",
              "ami-0cda9319ca18397dd",
              "ami-02d91134e650bb873",
              "ami-0b76159198d24e767",
              "ami-0f95518c7fd37de1f",
              "ami-01a999a1f8b733bbc",
              "ami-07b5c68792a18a134",
              "ami-0324d2f2555c756fd",
              "ami-0c6a0ffa54075949a",
              "ami-098db88f2609b2ef6",
              "ami-0065d1db1e72b2d9b",
              "ami-0c00b82b43dbc2872",
              "ami-03e0669a5e07f85ce",
              "ami-0e0ce710d6346d076",
              "ami-0025584dae46cb43e",
              "ami-0317363839f0530a3",
              "ami-06d4c6cdaa915d3c6",
              "ami-0bc1cf100ec63cb0d",
              "ami-01f3d86d15a055026",
              "ami-0c97930d0d19e564a",
              "ami-09718adaa2b8a9ccd",
              "ami-028c6823cb511d242",
              "ami-009233288514cfbb6",
              "ami-0a799e809930c6593",
              "ami-05442bc7f19efb62e",
              "ami-06b5f7ae7adf3ad93",
              "ami-0e639fd66e478ff3d",
              "ami-05ff657d036abd9e2",
              "ami-0bd263e9b6a2cee97",
              "ami-0c3231f1f8a7618a3",
              "ami-089d9d54aed6ae098",
              "ami-03ffab88f11a812e8",
              "ami-06254dd139ad8ac33",
              "ami-07046a33efaae8e0a",
              "ami-09f67d514bba98f66",
              "ami-013cbdb2bd0dd1fa0",
              "ami-0598de16d616847c6",
              "ami-01e3b8141da1e5c70",
              "ami-0a7adad41d8c9f001",
              "ami-0fc10231c57504348",
              "ami-09730f1777d02900e",
              "ami-0c57fee674e29bcdf",
              "ami-0cf63a051a29403a2",
              "ami-0d9b731ebdad0c312",
              "ami-05f8b2c86ac546b96",
              "ami-06aa3f7caf3a30282",
              "ami-0a75bd84854bc95c9",
              "ami-0c223d12527513a42",
              "ami-0682f7655307017a9",
              "ami-0cd4d4b6bfd58aa97",
              "ami-02ca2d3524abff67c",
              "ami-0d129238e082c3367",
              "ami-095c96878ea4124d5",
              "ami-01e2eb6f278dc2229",
              "ami-0f272cc79f4290df8",
              "ami-0a2bb5850566c6338",
              "ami-0f00f7771b5ca4d8c",
              "ami-0f1a1aa341cea3756",
              "ami-08ddb2723e2d9df90",
              "ami-0d8af568ba7e6a760",
              "ami-0c9eba8bce5da0b9f",
              "ami-0db0ba5d32714f06b",
              "ami-0e61884880883ba6e",
              "ami-05288bd8e44388e88",
              "ami-017d2155804b7b151",
              "ami-0ec2838acaf8f0735",
              "ami-01d438b240ebb40ea",
              "ami-08ab460c44c63ba36",
              "ami-08976d608754b2905",
              "ami-03a5c87a808604c89",
              "ami-028dd53b28f10fd2b",
              "ami-06a35417ca4a8f4bc",
              "ami-0528cc153a65327d3",
              "ami-03ecebfcf4a70471d",
              "ami-02d246f74fbb9b29c",
              "ami-09d1a14a0a97e3690",
              "ami-0f13f3e06b1122df2",
              "ami-0179b57127cbf0857",
              "ami-0ae95224708e5f4c9",
              "ami-032a0b502e0640488",
              "ami-03ffab4a720f6e39b",
              "ami-0c23adfdf3a3fccc9",
              "ami-0bdbe5da489f3a8e0",
              "ami-0c12d845da7f74e22",
              "ami-037057f9512b47316",
              "ami-01e7619ec9b06a612",
              "ami-0bc4fc99f74e5df7f",
              "ami-008d819eefb4b5ee4",
              "ami-01ec7354bd709968b",
              "ami-0dea732dd5f1da0a8",
              "ami-0949b45ef274e55a1",
              "ami-020f383efa740a3ee",
              "ami-08662cc7aed840314",
              "ami-049d7e3c53a475e53",
              "ami-04215982dedb895b4",
              "ami-0e5662e75860bbffe",
              "ami-0328612c933eaad3b",
              "ami-0d67887ec7d9b29e7",
              "ami-0aaf814a13845b443",
              "ami-0f6e41e89d1e3093c",
              "ami-02fb22e8d04e1d739",
              "ami-0666fbdbb37922c9e",
              "ami-0b494ce216adddb18",
              "ami-03fb2b7002ddfa94c",
              "ami-0874a928bbdd99fbc",
              "ami-01799ee7cffb40644",
              "ami-01eccbf80522b562b",
              "ami-02ce35e4af73cb9ab",
              "ami-0c9e929defa073d7d",
              "ami-0e2ee94858f02b0ad",
              "ami-01afe71195af3fd1d",
              "ami-0aae3b0b22270eadc",
              "ami-0ff3caf04ed8ff986",
              "ami-0b4c67d70a6907b93",
              "ami-0ea6caf7a387d2fc8",
              "ami-055677e8b97d48427",
              "ami-084846258c89aeb4a",
              "ami-0dee1ac7107ae9f8c",
              "ami-0923e3c507c46eee3",
              "ami-0067883d58ced2673",
              "ami-0c447a61e997ed92e",
              "ami-0472d42b81c520aef",
              "ami-0f164e79f80144451",
              "ami-018ae4f4e73d0cea9",
              "ami-0f768ca836338b20c",
              "ami-0f4420dd06ba77387",
              "ami-0fc7acf08c2238f38",
              "ami-055ad844e5bc50179",
              "ami-0f623713ebd964984",
              "ami-02c7cb65a48cde97a",
              "ami-0f93a3de814c1c6a8",
              "ami-0ff834984748eaef2",
              "ami-0372efd2cd94de14f",
              "ami-093edfed2fa048d80",
              "ami-065f7345367c9bd0a",
              "ami-06545c6d990290d1a",
              "ami-0059c571d0d537528",
              "ami-0d2c67769e0c111b5",
              "ami-081b1f4565625de79",
              "ami-03cc0ba7253c47b20",
              "ami-04f22ad62246aca5e",
              "ami-048456dd7a28021c2",
              "ami-0dc621d419a0dc52c",
              "ami-0b0feeeff0b99eded",
              "ami-004947e1f728cbbb6",
              "ami-07bb2d043ae15f820",
              "ami-03325cb2be87392fc",
              "ami-07cf4c79dd80db146",
              "ami-033795995194b29c5",
              "ami-0c1fdb683dbaa1c8a",
              "ami-0a483eea51861c2eb",
              "ami-0ed42425255f45752",
              "ami-0c6a764deb32850da",
              "ami-038f7e49c6b1ed877",
              "ami-028d9312e9e3daf24",
              "ami-06758734b266fad53",
              "ami-07494cbe4e6341e07",
              "ami-05001c6815553e5fb",
              "ami-03737a734481ba4ff",
              "ami-0a5df977aa04cf254",
              "ami-0f1d2ba3be0a7a21d",
              "ami-0505cbad16d68d043",
              "ami-0d679d3d6c69fe9fb",
              "ami-0950fec221caffd1c",
              "ami-0aadcf6190ba6883f",
              "ami-00c46ca1965df6a05",
              "ami-079742b09a518cf24",
              "ami-067a65b3423cf6f3f",
              "ami-0b0b68b94d01d494a",
              "ami-01f73e0ddc2d40260",
              "ami-08fec635409169a43",
              "ami-02a7ae3a913fa9d64",
              "ami-03e861e24ece718b9",
              "ami-07dadea1ec1d40cd1",
              "ami-00c853ec5054ef23f",
              "ami-0d0c5573cea459bf3",
              "ami-0f16338d729775d5c",
              "ami-08999a3a60a2247dc",
              "ami-0ee9dabb877afc674",
              "ami-033aec61fa5178f20",
              "ami-0cd5bb07d893ee0d7",
              "ami-08ea92631c9c7d80e",
              "ami-03943488ca40911fd",
              "ami-049ca7f5da17f3e6b",
              "ami-0c4cf225c1bd6cc8c",
              "ami-00a8a9133a724db41",
              "ami-0660238a744550ad0",
              "ami-0cb036f6c219e944d",
              "ami-0e21938ffe432b0a6",
              "ami-0fc53dc413a65d25f",
              "ami-003ed94f11f7ecc7e",
              "ami-04ccc42e1388f6abb",
              "ami-03d1b2fa19c17c9f1",
              "ami-0306596eb92147f6b",
              "ami-0b47d15158fb668a1",
              "ami-0e824153bdc8a6fd6",
              "ami-04e08fd9eeb071f73",
              "ami-0120dae904acfe624",
              "ami-022bbc989ada11249",
              "ami-0d96a0dc6844c1aff",
              "ami-0c47a507d2c485dff",
              "ami-067635905a1f88045",
              "ami-099df472d83c1794b",
              "ami-0bbb9cea20986caa1",
              "ami-022a620f97a47985e",
              "ami-01e6a258f4325f5cb",
              "ami-06cf2144a5b0054c5",
              "ami-0fd886c30d05816f1",
              "ami-097a84be48850833f",
              "ami-004539c4a6a666a8a",
              "ami-0490ff8427dffa1cf",
              "ami-01ec38eb30ee45e66",
              "ami-0cd35ad3ad9d97958",
              "ami-0c2f82cfe76cade7d",
              "ami-021572132f46e0c78",
              "ami-0f1c85504d801cc3b",
              "ami-021ca626f703395a4",
              "ami-03a812c16632176ae",
              "ami-05a0cf2540be86411",
              "ami-05d1868b63137125b",
              "ami-0f6fa140d853edc5c",
              "ami-0b5e207a0ed71e09d",
              "ami-0369765027a86dbe6",
              "ami-0850b66899ab3b269",
              "ami-0b13a4c87b1dddb86",
              "ami-0175a7d3b059e6436",
              "ami-010da3b5f4deddd3f",
              "ami-046c53c3eb75d3071",
              "ami-01d64d687a816933a",
              "ami-09987814553e4ddc7",
              "ami-0fe555bb343da270e",
              "ami-0e1c8df42cfd1638a",
              "ami-02bcbec16f5a239b2",
              "ami-028a0aa8abf9b6f2d",
              "ami-065c7a664359373dc",
              "ami-0e0d10f4461d306bf",
              "ami-08a380ab1181dfafc",
              "ami-0c15d1a37b8bc4cd2",
              "ami-0bfaea69ddffb6188",
              "ami-095113f652f690b43",
              "ami-08033a4322a7da9ee",
              "ami-032346ab877c418af",
              "ami-093f72e10145c59c1",
              "ami-087a20debb8593970",
              "ami-01d724505bae91c42",
              "ami-0094e62fd266e5e04",
              "ami-007070310c5073b6d",
              "ami-039e6f146cb2c85f1",
              "ami-029ad12be9f7bbc8d",
              "ami-0fabca46697c586ae",
              "ami-03eb6185d756497f8",
              "ami-01e3fe8cddcdabbf4",
              "ami-0d486584d4cc1b0cf",
              "ami-05163bdbbc24049e3",
              "ami-0fe4bd75332a821e8",
              "ami-044f2ab6442fef1f3",
              "ami-0b7caa34572d444e5",
              "ami-069ef9bcf69a50f63",
              "ami-074b7aedefa284438",
              "ami-0a66bef69fb105c77",
              "ami-0854f8b6f082e2cd2",
              "ami-02aead0a55359d6ec",
              "ami-0f550875fd1ba0d63",
              "ami-0133fb3dded749b65",
              "ami-096801a2b423b7d57",
              "ami-09221f4147b5c52fc",
              "ami-076cbd561ae9c19e9",
              "ami-0c940031baf653fcd",
              "ami-0fc220a883d208204",
              "ami-0baa5a3d36719f6c0",
              "ami-0b15582dba0deef4a",
              "ami-04142897ceadbbb7d",
              "ami-04990aa9169419e97",
              "ami-0f8a019c7093d3e48",
              "ami-0f58aa386a2280f35",
              "ami-058bd2d568351da34",
              "ami-067bb7fe4a15dce19",
              "ami-0095eef8953a5ae37",
              "ami-0bf9135686d53deea",
              "ami-00701d4048709650b",
              "ami-09066cc666cdcaf50",
              "ami-036b37e0a6b60d98c",
              "ami-0a51379a332c8b144",
              "ami-033e76d0ac5f9b9a5",
              "ami-02be5d4c5f5696b63",
              "ami-0b3dfd7ccc4110460",
              "ami-0ba3a7d76c5a8507d",
              "ami-055b16a59d7a1c27d",
              "ami-0b832010f6acc4837",
              "ami-008989f340c445c2e",
              "ami-016fd85118ab76e70",
              "ami-05fe885db7abab3a3",
              "ami-030ea610f78de23e1",
              "ami-0b68cf2d12a1a5a87",
              "ami-039e2b78c244b2690",
              "ami-05f8c62f18fc8698e",
              "ami-00d094f8b34c3288a",
              "ami-0d11d49edc93cc8f5",
              "ami-058204347d557742b",
              "ami-07bdcb71692139207",
              "ami-097d27e56c768c7b5",
              "ami-03d72029f663e228d",
              "ami-06c55b1ef0044c0fb",
              "ami-0ce403470e6a1023f",
              "ami-0ee1c717adf90dcf5",
              "ami-00467ae173d0acc6f",
              "ami-0dddf2735b77630b8",
              "ami-02d5d3ba85e681875",
              "ami-07730ca88225ebfe4",
              "ami-0e41ee78ef02cd62b",
              "ami-0a76b99f563c70247",
              "ami-023f4893d884ce2e8",
              "ami-035dadef2a779bb41",
              "ami-081f3ce0fde6011df",
              "ami-025a476b5ae307212",
              "ami-0ed81a0cb3560b4cc",
              "ami-0714a2ae1c9de85d7",
              "ami-071a5bbee173cc113",
              "ami-0bcc476f0af20424e",
              "ami-06d678852a1c780c6",
              "ami-02259c7b1afce4589",
              "ami-00eac1ed0a99ee4d6",
              "ami-065f9ce2108508f57",
              "ami-050fe96b60fe1e8d1",
              "ami-015577fee1cfc2962",
              "ami-045c263bd701a071c",
              "ami-0c3b6578c6b9ba3db",
              "ami-02f351dc439d4efaa",
              "ami-0549d578b48fe03ec",
              "ami-07e377099bb84317e",
              "ami-0a3edab18273588ae",
              "ami-0b9505d6258638dce",
              "ami-0fa5692b65debb9a5",
              "ami-07e1fbce993777ead",
              "ami-0c8a89f2cac1ff7a5",
              "ami-046675b44144b8b64",
              "ami-0ee49e284ff09f2a8",
              "ami-009ac058b1c955759",
              "ami-0858ed614df237d58",
              "ami-0d5959229c8dd360c",
              "ami-0e4ca909b5cedfb1b",
              "ami-0206480c9c0a4f4ff",
              "ami-02c42bcf65a3ba73e",
              "ami-0a2decb425bb23e8d",
              "ami-0feef58303c713a63",
              "ami-0c20dcc4ee7739d66",
              "ami-01b5cae6afbfd1e94",
              "ami-01f6fd6d4bc5e1a58",
              "ami-0b19af6439704326a",
              "ami-082bdb06f3eaea991",
              "ami-01a4810fb63e80b95",
              "ami-05b08b32f32f8c19e",
              "ami-0e7ec0189f998c5a4",
              "ami-091091f2ea9cc533b",
              "ami-0c0d75428752d78a3",
              "ami-06092dc30d601cf99",
              "ami-0730357a62b92d25e",
              "ami-00d059d93b29ba418",
              "ami-0ea9f2fbb2110a519",
              "ami-0ec710d29008eff72",
              "ami-062e61b26c46f4b4d",
              "ami-0d39932585c6d4e3d",
              "ami-0ee160e4fb4b712e8",
              "ami-0100d5b7c62698a23",
              "ami-010c9c00b9d9db2ae",
              "ami-026c2988c2c71204e",
              "ami-03e1466a0c592fa14",
              "ami-09bba9036cbc83791",
              "ami-0a928780a8423e720",
              "ami-0b129f4d163a8dcb0",
              "ami-0d4909df88bd2d424",
              "ami-0e9c9ecc3127a25ba",
              "ami-041ba1f6e0bb4b7b3",
              "ami-0535538fe0e751281",
              "ami-073fc16b222d40458",
              "ami-0cbf1e7eda55c45c7",
              "ami-0b3eb677d236f5e4a",
              "ami-0efbe8542ba48faf4",
              "ami-0a6e38961e6e621b0",
              "ami-0bfa46a2ba3fa0f56",
              "ami-043c9a86aba7d3111",
              "ami-06da61360ab5e37b6",
              "ami-0bdb45ad1f37b790f",
              "ami-041fca69b855a786b",
              "ami-0bf4345dc1fe562b7",
              "ami-0f63aa666117f7cc1",
              "ami-0e83cfb21671b05ec",
              "ami-0f2ddb55591225941",
              "ami-0c840c04a7ac8abb9",
              "ami-0ddd1e915b3f2342b",
              "ami-034608daa45aee403",
              "ami-0ea5e9630dcf98849",
              "ami-0507a4e7d427dfc09",
              "ami-068f45d8f70bd5f8c",
              "ami-0573ea95813491dcd",
              "ami-07c7db417b573827e",
              "ami-0c0925f65f99da6d0",
              "ami-0ebe48a7ee8cf3571",
              "ami-0b5b78c0deb5e51c8",
              "ami-076971e7808a3d3d5",
              "ami-0322da7aa2f60c638",
              "ami-0902c533868e9fa32",
              "ami-07998b97e5f3ce0e9",
              "ami-0290b00b66e7b8f3e",
              "ami-0f3a106ae765ef6dc",
              "ami-0b72f5a3cc9f3f7ed",
              "ami-068fc560944abf4e2",
              "ami-0c2e1e105e9cea361",
              "ami-01a040f38b44b0585",
              "ami-0fe6f9f7224693928",
              "ami-0a68d6081e5e0d388",
              "ami-085a108db4d6cfd37",
              "ami-0f25afc8f7ab65697",
              "ami-00d0415e7413d30f5",
              "ami-09f44ee2660a282ec",
              "ami-009d80907c266147e",
              "ami-0e6208863b9a34a93",
              "ami-072241403862a6aec",
              "ami-0333a06589f44428a",
              "ami-0474c5fe3b15d9685",
              "ami-063c96f0f567e495e",
              "ami-031a739cd58cd95cc",
              "ami-0a15c1261ab9b7ff7",
              "ami-007f39d3e1d727fcd",
              "ami-0dd7006cb3a28d563",
              "ami-07a4da1ad38f627ee",
              "ami-067fb3752f43c5ef8",
              "ami-0931c5226a4cdf2cb",
              "ami-0633a9d8f3c901189",
              "ami-09fb8687342c73ebd",
              "ami-0cc97762b1dbb2347",
              "ami-088a1753d6689683f",
              "ami-06412b31bd213e75b",
              "ami-07b3e27daabb3f937",
              "ami-0f453d22c04132100",
              "ami-07f150453da0b8e13",
              "ami-09e56bbbf745f34c3",
              "ami-00e973ba8c6e39d7c",
              "ami-0b45b4d5eabc22b7a",
              "ami-09ac67348d24ab22b",
              "ami-03a3697fb8fa1cc70",
              "ami-07ca250e4be98256b",
              "ami-04c8d6c555f5850c0",
              "ami-0409f3e6f02980546",
              "ami-0fbde7993f3e9bafe",
              "ami-09389b4e9b1873053",
              "ami-0a5d55cedfdebbab5",
              "ami-08f46fa18befff75e",
              "ami-0aa53dab5294598ec",
              "ami-013ab363f228d970f",
              "ami-06ebab805796d802e",
              "ami-0f57736eef8483bce",
              "ami-09851d8b17daf038e",
              "ami-00f529903bcc02204",
              "ami-00c61e7eaac151f16",
              "ami-0bb4c991fa89d4b9b",
              "ami-052e52de626ee541d",
              "ami-0c9f1617fd30771ea",
              "ami-0d887a308369b6881",
              "ami-098e01a48722a2a93",
              "ami-064f0052e410de99f",
              "ami-0225899c6408a5682",
              "ami-0a445ece583184891",
              "ami-09182e7254c3d721f",
              "ami-026924e4c3571e2ba",
              "ami-09942f146e30bb95d",
              "ami-0f479380a43b94f8c",
              "ami-054eccfad47a28bb3",
              "ami-0dce8fd7579e727ba",
              "ami-0ac4c0b1415952986",
              "ami-019a4601c30092a48",
              "ami-03339db4b8d6d1769",
              "ami-0ba0b99c5be9450d0",
              "ami-02d616ae4b8ef9fcb",
              "ami-075ba22ae7d206fe9",
              "ami-01dc3b928e1482da4",
              "ami-04e27fce3d6735188",
              "ami-0658ef3164c151b5a",
              "ami-0ad3d11156336bf7f",
              "ami-06ae641f89f0ea5f8",
              "ami-03b87ed8b11290855",
              "ami-02d9f8171b827b623",
              "ami-0e7dc42502d6408b6",
              "ami-0084b462454306e6b",
              "ami-083f8d031fc5e6eb7",
              "ami-048649ce30d58594c",
              "ami-00fea58a7a285d9ce",
              "ami-042c43a3c49128ccd",
              "ami-019572243b855c816",
              "ami-099ca2a10759caec9",
              "ami-0ed92c711e4ddbcdb",
              "ami-0a0e46d01b6ec0477",
              "ami-0da84f388a19343bf",
              "ami-03b5c0cc224648f56",
              "ami-0a75f21f112a3a2c5",
              "ami-058562a9405ad11cf",
              "ami-0c72dc826d0785d16",
              "ami-047d36f1a3979c168",
              "ami-0178b7d15ab5a0400",
              "ami-076fbba6848d7149e",
              "ami-0baea3a44ff9b9d04",
              "ami-0150c50e428737961",
              "ami-0f6ad55c14fec6386",
              "ami-001b78ba700c199b7",
              "ami-00f3c3b59eb011674",
              "ami-0847b4957f18e62fd",
              "ami-0164b8ae1906d3372",
              "ami-05095f6623692e26d",
              "ami-086c5404de8929421",
              "ami-0156acc32df28d1d3",
              "ami-059bdcbe5667e5170",
              "ami-0aad4a90f54529f7a",
              "ami-0aca7f002513a6e13",
              "ami-0dfcfee2c5797c24a",
              "ami-0c92ea9c7c0380b66",
              "ami-0b2d8accd3aedb909",
              "ami-00f3343a54b247bfd",
              "ami-066d6ea12a063ba90",
              "ami-0f70ebf4d0bcf3463",
              "ami-0ad6846bc9ecd8290",
              "ami-0b84bdc16ca5af593",
              "ami-08e11b46600dc2dc2",
              "ami-09ce3d3a0dd6a4180",
              "ami-0d0875d0212350772",
              "ami-0f79feaf61cffa779",
              "ami-0e6c38db1f0346297",
              "ami-0dc041c2ccd768b86",
              "ami-0763909a7719061e2",
              "ami-0cb7c6fb6b8295cf5",
              "ami-0c945983de4324bbe",
              "ami-092859b6ac6f63e47",
              "ami-07d4cabe97d1c9233",
              "ami-00f3421b94bf9ee5e",
              "ami-091e22cde7b934d8b",
              "ami-0594a495008a4ccd9",
              "ami-0384e492712cd1d70",
              "ami-0fc5d935ebf8bc3bc",
              "ami-016485166ec7fa705",
              "ami-0fe0238291c8e3f07",
              "ami-0f6426fe0b6419ecc",
              "ami-0ce427baf7eede29b",
              "ami-05299a4dd61d593ba",
              "ami-0c14f07b6a3e6fdc2",
              "ami-079cd822d96380cff",
              "ami-06d078615f99d0d3f",
              "ami-0f5ae319a716643b3",
              "ami-0fc22174d4b103619",
              "ami-0770134595d82d48f",
              "ami-020dc87f104e2ae08",
              "ami-0bccfe4de5164603d",
              "ami-07911e4974ae475a4",
              "ami-087d3faebdf502548",
              "ami-085dd79643adf0976",
              "ami-0d72af426ef7d19ff",
              "ami-0c180ea7a027f9051",
              "ami-0d1d3a35a0b8a38b5",
              "ami-0cee3478611876c43",
              "ami-0b1868f31e1004b92",
              "ami-0b0acc905f2395b42",
              "ami-09c9ab15237fd5960",
              "ami-09593cb04b38eca19",
              "ami-080b112b53a34c142",
              "ami-051d54e4745a82978",
              "ami-0463930084e75eef7",
              "ami-087bf38791e9b57ef",
              "ami-0790e580604f5b32d",
              "ami-0e38af253910c453c",
              "ami-0ffb01b29efb5d3c8",
              "ami-08af70aa49891054f",
              "ami-0e6aeea0b9aa6bfba",
              "ami-0d606c6292417108f",
              "ami-03cec425ec46ff6ce",
              "ami-0d520e46b60874bb3",
              "ami-000df88c0a486a062",
              "ami-0c0bdeb8b38e4e8ca",
              "ami-072689059bedd42c4",
              "ami-06616819de50981f1",
              "ami-00691cbaa8398f220",
              "ami-012f44b6adf8f5308",
              "ami-0547e18bfa0c67710",
              "ami-05618d727ee61f566",
              "ami-0fe49e47882be4bae",
              "ami-0abd8a311a5236ce0",
              "ami-0d787842a182484e7",
              "ami-0146baa429e2ef53c",
              "ami-0c20b6704f2231313",
              "ami-0a9364b391eaa9b48",
              "ami-0b6ff9ad8cfb8f184",
              "ami-022c84500efe05cf7",
              "ami-0d2e7db673b9487d7",
              "ami-0a6a927d6eed2e2e5",
              "ami-06a88052e3ac31bf0",
              "ami-0fec9863172e50c93",
              "ami-02f2d7eae2f9a75c2",
              "ami-0e62914c1cb94a559",
              "ami-097151658a482c904",
              "ami-086fc8c8bc14a0d09",
              "ami-07fd2160fd444df6f",
              "ami-072e70d4e264b1cce",
              "ami-0afa794ecbe858568",
              "ami-068d304eca3399469",
              "ami-0244d893b61cefb9d",
              "ami-071e86efac1825e1a",
              "ami-02d7ab1717c7787ce",
              "ami-00c6177f250e07ec1",
              "ami-00df249ca4e41e45e",
              "ami-098143f68772b34f5",
              "ami-0ffbb45dc7484fc4f",
              "ami-0890f15f1b4cdc55f",
              "ami-05c8cb6eb86111d8f",
              "ami-0eb6b60a49abf0356",
              "ami-0571d1c0feed82a15",
              "ami-0bf68bea5da0b9e11",
              "ami-0c3176eab51aef17b",
              "ami-03af6ad9a0f211d90",
              "ami-075f05dbc115647bb",
              "ami-00969820d60fe9d66",
              "ami-0051c80cce1c6bbcc",
              "ami-07570365567845bde",
              "ami-0172fc08f9a5a0316",
              "ami-0c20d96b50ac700e3",
              "ami-026f9cbb894b65ef4",
              "ami-05972cfedc12d60b3",
              "ami-0f5898e22a53f015d",
              "ami-04d4b63992fdf183e",
              "ami-057d54638c5e4a801",
              "ami-07ad8636ff3355635",
              "ami-0bf2c1811d531e777",
              "ami-021db1e46943d7baa",
              "ami-0ce161904391700fe",
              "ami-03b48ae7ba21c2cd4",
              "ami-0f238cd7c96d866ad",
              "ami-0b874753e9e3168c5",
              "ami-09b7ba45daca0268b",
              "ami-019196e4b3aafa00e",
              "ami-078a439eb9d3a9180",
              "ami-08d312f73d68466bb",
              "ami-0fe66d8be4da43ca5",
              "ami-057501192dbbd79b8",
              "ami-073350f558b4c5121",
              "ami-0de18810385e289ad",
              "ami-097620ca9ce75c85b",
              "ami-0682e08c33e7b02bc",
              "ami-0c38efb4f5f15205f",
              "ami-09177003832581ac1",
              "ami-05c52346cba92861b",
              "ami-03fbefd0d20e06453",
              "ami-05a5f6298acdb05b6",
              "ami-07ade4093f49f3324",
              "ami-04c65f7799d1da568",
              "ami-0f844a9675b22ea32",
              "ami-077121516579d893a",
              "ami-03904be97632b24ef",
              "ami-0821e601b0426ccf5",
              "ami-035e7b051bf9d11df",
              "ami-040f40ade2bd2c30d",
              "ami-0defde43150915527",
              "ami-04249813e163e2cb8",
              "ami-0889f866be5ceeeb3",
              "ami-078afeb4f0dbc19a4",
              "ami-06f45868c08d83477",
              "ami-0ab9230aca57ec95b",
              "ami-03c1c8fba820e52ee",
              "ami-0c5e82d97302de8cd",
              "ami-0d807c12f9b94f29a",
              "ami-08a386e7d8134b0e4",
              "ami-081acc81110bd28b0",
              "ami-081785217d14e50ef",
              "ami-0a2e035b15ce2c19e",
              "ami-064589d23768e0c2c",
              "ami-096ce999eea914dc3",
              "ami-023f997762a228eea",
              "ami-05f47c1e767a6b9b1",
              "ami-0c367d5d13ffc9374",
              "ami-07e0e8219bc65d1ed",
              "ami-0f4b0de09d328daa5",
              "ami-0594b2c7afd8a3348",
              "ami-01b55c244e5265c08",
              "ami-0bb5db4926d7be9e7",
              "ami-025304c587194207d",
              "ami-04293d3a4f5df99c7",
              "ami-019de210c97f93b2f",
              "ami-010e83f579f15bba0",
              "ami-064b469793e32e5d2",
              "ami-0b6ad8378b3cbcce0",
              "ami-0e42ba4487763a0b5",
              "ami-028e4fbb931c28ee2",
              "ami-08f851d6045664c85",
              "ami-0ede52061d1760232",
              "ami-0a07e041af3e47600",
              "ami-0e6ee9b8d4def2ed1",
              "ami-0e9ce58f952dcc2b9",
              "ami-03651756c38f52e3f",
              "ami-0f32541298380e84c",
              "ami-0c039207fd2f2d628",
              "ami-03c5c88d2dd10d575",
              "ami-0ed2bb10fb00b991f",
              "ami-0fe6142abb6c5cf39",
              "ami-010045ee1d3ea738b",
              "ami-010a9b0e424b70c2c",
              "ami-0b14bf54c9cef7492",
              "ami-06908478b0577ac8a",
              "ami-037bcdd2cecca9c51",
              "ami-0ca1f75ebd7b74522",
              "ami-09b55991f5db1bef0",
              "ami-06247ca3025b7b168",
              "ami-0ef39fe7be099827a",
              "ami-0d9954b078d1b7f75",
              "ami-0789c396f98dccef9",
              "ami-0170f63cea449444f",
              "ami-056626d309df97c4f",
              "ami-05aeada30df7637e8",
              "ami-08d0efae35de141ce",
              "ami-081a0104a1a337b04",
              "ami-0d152307172b4499e",
              "ami-0556615f4c228a7ee",
              "ami-00233e57de217c5a7",
              "ami-0b8478ea8df4ec67c",
              "ami-05b52efcd036d9f3f",
              "ami-01b32273bcc8cae09",
              "ami-0f181e6329bb312af",
              "ami-062b5711649ce309f",
              "ami-00bf0fc5d4eb16df8",
              "ami-09d3d64845b18a422",
              "ami-088c2d7a03c62a946",
              "ami-0ed78f45406497ed9",
              "ami-076a664817705f0f4",
              "ami-0573eaaa517b0df26",
              "ami-0408adfcef670a71e",
              "ami-0ad8678db4054377c",
              "ami-0d9887c7d6ac14eba",
              "ami-0a914cf9e7009dbe2",
              "ami-0cf731af04a6ce14d",
              "ami-0a82393b352a5b3c7",
              "ami-089a9ce86e72b129f",
              "ami-02dcdd73be47f9e3d",
              "ami-0bad4a4ea0960fc7c",
              "ami-0335fd1d5f11c9c11",
              "ami-0ce6c20ac873de7bd",
              "ami-0c37054f2b985cd58",
              "ami-049383f4cd32062d5",
              "ami-0ee588c33a2ffe671",
              "ami-0e71043b348b35940",
              "ami-0b9e0c574fe471e24",
              "ami-0b9ef026910d0aec8",
              "ami-0f78b8fc2cb3b5f7d",
              "ami-0f7e2670fdef40cb0",
              "ami-0dc9926e25f58b6d0",
              "ami-0ca77116fe6c7d824",
              "ami-016d19ac208993eef",
              "ami-04f215f0e52ec06cf",
              "ami-0abeb171ba7210dc7",
              "ami-02052100b0844849e",
              "ami-0b5329687e64fc083",
              "ami-00482b709efe24a4a",
              "ami-067e8d0c123243e87",
              "ami-0921d5452d08c437a",
              "ami-069585bade4a0190c",
              "ami-0fa19faf11f562e9f",
              "ami-0c5954990d79595d8",
              "ami-03486504503207ca7",
              "ami-06eb2a7a40294d92d",
              "ami-0231423c9dff6ea4e",
              "ami-0cb69bc5b3d409691",
              "ami-06ab16ee41d098435",
              "ami-037c42302c8f5bf55",
              "ami-056baff0ee908fca2",
              "ami-087f18c285bb84401",
              "ami-00e6a29e75639416b",
              "ami-04e667f5715d972fe",
              "ami-02e40b8e83ecdef4e",
              "ami-0d3ca713d0ee72403",
              "ami-0434995840577b5b9",
              "ami-03df530c241f61e0d",
              "ami-0a0f099e72decdd5b",
              "ami-0bacd510b516ceb39",
              "ami-0cc358de471a354f7",
              "ami-025727f58c4fe295b",
              "ami-0b730ea3dc0542f70",
              "ami-03868bff31bfb5294",
              "ami-0a827e96a74399a2c",
              "ami-0d164fb25f62cbc6b",
              "ami-04e7712d6606ddf3d",
              "ami-0307882166f081aad",
              "ami-0f9c346cdcac09fb5",
              "ami-0f837acd9af5d0944",
              "ami-06094de7f0aed957c",
              "ami-0520c6ee8495b7794",
              "ami-0728517dfa0c93501",
              "ami-0c712f8511459f608",
              "ami-0105a01db92ca11bc",
              "ami-0f1a81a9b0309d502",
              "ami-0fe7215c073c7bb34",
              "ami-0ecf181643940543b",
              "ami-013895b64fa9cbcba",
              "ami-03677637d9867aff0",
              "ami-0266a75a5e281d943",
              "ami-0127b4a82ae8696f2",
              "ami-02759925ad596a5f9",
              "ami-0ff192304e27ec5f1",
              "ami-009224759f1d08989",
              "ami-0d24b5d367ff2557b",
              "ami-0a24b148c910924f8",
              "ami-0c66ebb049bbef209",
              "ami-02898b32d4329ad3d",
              "ami-02cb47b3cbc793c81",
              "ami-0d787f35c457b7e4a",
              "ami-0614d9cb9b86b70fd",
              "ami-05668072af4cd3d1c",
              "ami-0b6b9b35e56c87862",
              "ami-012569d62c444297c",
              "ami-08928919ff7582ed6",
              "ami-0136fd5b17c1cad98",
              "ami-0d0abacb43704d4a9",
              "ami-07f7bbe3a6839a93c",
              "ami-02e75a29096474262",
              "ami-09bda098f9f146b7e",
              "ami-036f97ffc15a265b0",
              "ami-018f96b40b9cca2dd",
              "ami-0c694140f37d54e59",
              "ami-0824fa0d9fe2df88a",
              "ami-0f409bae3775dc8e5",
              "ami-03a39332b5f7abb8f",
              "ami-0ca0aa51f6479a944",
              "ami-0e1c5d8c23330dee3",
              "ami-0e4422457a8848234",
              "ami-0e1350686884f6907",
              "ami-0f0f7b386be96ec2d",
              "ami-004e430495661b00f",
              "ami-0e0db09e74bad94d9",
              "ami-014eb2625d714932d",
              "ami-01f5dc7c4ff470f77",
              "ami-03d57c6f085140d11",
              "ami-053f492a130a35885",
              "ami-050f409d44bad99ca",
              "ami-088f3457fef51ee50",
              "ami-017916db76be59067",
              "ami-036cfbaaee9f27c1b",
              "ami-0755bf8380e7b919d",
              "ami-01312873a4ce15ead",
              "ami-062546f45c221b617",
              "ami-02bb8862df3074b44",
              "ami-0ea751f8fca4d9c39",
              "ami-0d08bfe808787640a",
              "ami-014861460916244c4",
              "ami-08bd5ed64cc865a33",
              "ami-0482f79205ca1f986",
              "ami-0bcb6c9802c30f740",
              "ami-09cb1f7da1903a79b",
              "ami-013255b3a28aea0e0",
              "ami-032a4564f2f4ba130",
              "ami-076e47d359a7c9113",
              "ami-07c726c55b3976371",
              "ami-0491a9fc8841d2c24",
              "ami-0e249362ae56bf640",
              "ami-0aa76eaba31f5ff9c",
              "ami-0f85296e37d305ac6",
              "ami-0cbbb5a8c6f670bb6",
              "ami-0ef78a837e86dcd66",
              "ami-003e88c315f90687b",
              "ami-09a3fe0f8c657808d",
              "ami-080632d422a0f7cc5",
              "ami-0efd29731fa3bec3f",
              "ami-075246b6c925ec851",
              "ami-0be95c748d00bc353",
              "ami-08c7dd6586e4a1449",
              "ami-0fbf209d5e9beda8f",
              "ami-05fce9050224b157a",
              "ami-05d67a5609bec1651",
              "ami-05de445b9f51871fa",
              "ami-0b9810ebeabb65e31",
              "ami-024dbe2ffa238f43a",
              "ami-00da546b1ce3f5868",
              "ami-0885afb7f09f0b602",
              "ami-0fe738194552a31da",
              "ami-051ae19d04358fe8f",
              "ami-0177285938485ed8a",
              "ami-05074bcdcae43aa5d",
              "ami-0d2fcfe4f5c4c5b56",
              "ami-0810c99a26ec65018",
              "ami-06be7c79234a3be48",
              "ami-011e48799a29115e9",
              "ami-08086ccea47d1524b",
              "ami-041d946a8b9e52c75",
              "ami-046b1babf84cba1fb",
              "ami-0eab4597a7e92d75d",
              "ami-066d8bce34e9e3388",
              "ami-0577484ea03d97502",
              "ami-072e1eafd9306ee9d",
              "ami-0b3573f322edc01b1",
              "ami-0ef09288116f44ef8",
              "ami-02262fb011e2bc0aa",
              "ami-0bae8df33460eefaa",
              "ami-0e692fe1bae5ca24c",
              "ami-0b11163bc5cc1a53b",
              "ami-07f8a3e81fa8ddd24",
              "ami-0d7e4f1a22fe392bd",
              "ami-0f458833dd9024e8a",
              "ami-0e0edad6ec87d3ab8",
              "ami-08b096a6f8a2e6d1b",
              "ami-0620581fab2809e68",
              "ami-097017c9a1aeae218",
              "ami-03b67b4d9647a20e5",
              "ami-086fe4351dc1de373",
              "ami-094b9c818a4449717",
              "ami-0ae9328bcad70db94",
              "ami-031127284ff2ffa64",
              "ami-0f718a77c3da53f82",
              "ami-0938c99fe5d2270cd",
              "ami-0668fa3c798e6f25b",
              "ami-0174443c0917b9c8e",
              "ami-06a00275baac76f0f",
              "ami-087dfe3e5c3227e98",
              "ami-05d68deddcf52aa90",
              "ami-0244c4c284c4bfff0",
              "ami-016a4974ba124bfd8",
              "ami-0afce9d4fc20f5f40",
              "ami-0d23daa7acca9ead1",
              "ami-0f33e495268971e28",
              "ami-01a8e201a0b9f5c01",
              "ami-0e5d69853f2ef7620",
              "ami-0f72b79de992a6ff6",
              "ami-0842218efc23e73ff",
              "ami-0f2f97068bae0f561",
              "ami-0b64e3c6f6b0737f8",
              "ami-0de69fc0451b0aadf",
              "ami-0cabfceda7aa81b4c",
              "ami-0152bedf0e0edaca6",
              "ami-0903fdc06b26e7bd0",
              "ami-08ca62760f6daf67c",
              "ami-0e50d2020fb1e2953",
              "ami-0cc1445f815bb7916",
              "ami-02988ffecc992c057",
              "ami-0a57439ec1c4cea33",
              "ami-0453898e98046c639",
              "ami-04a8a4a6dab314046",
              "ami-0e464dcb00e0780ba",
              "ami-0ccb473bada910e74",
              "ami-0afb0b5079bc4b1cb",
              "ami-005c0e629769087fa",
              "ami-01449cece6fb0c1b9",
              "ami-0a27863587713655c",
              "ami-05cdec0bef91b9ed2",
              "ami-0e5cd7e29362ef9f2",
              "ami-0e53d07303bd75ddc",
              "ami-050aa53cc9e0aa492",
              "ami-033d3612433d4049b",
              "ami-06129d58cfa5c2b1e",
              "ami-04b1f386c2a435553",
              "ami-0cd322b5c59b38663",
              "ami-0801f4558df501003",
              "ami-09115e07699547b59",
              "ami-0ddfe002f378e4f2e",
              "ami-082819cd23a10d775",
              "ami-0e8d6e5795a090d34",
              "ami-03ff333e5102390f5",
              "ami-076eaf0abb3054a03",
              "ami-0ba0a036ea3a5bbb1",
              "ami-0e0cbe89d66bde18d",
              "ami-0fa0214a478d6bb9f",
              "ami-096b891331c0e0da3",
              "ami-079a69d153cc35688",
              "ami-04fa8791a9b1e8136",
              "ami-0d0f8cec01fe240b0",
              "ami-05406c4171ff90a20",
              "ami-0ebb6a6507b9948bc",
              "ami-04cd146a4f2457093",
              "ami-021e2f059fc21162a",
              "ami-05572f23993e7f327",
              "ami-0d647012bbdf3d801",
              "ami-05bfbd7aa5e9b943c",
              "ami-057e056c379bead8b",
              "ami-0152810d11354c507",
              "ami-0e3be79612fa7c16f",
              "ami-06056551becaacd2c",
              "ami-0ea07a2d7c72f3ced",
              "ami-05543abe7b00118ff",
              "ami-073c509a30ffe8eaa",
              "ami-05f5861670457761a",
              "ami-0d6424fcaadd28b43",
              "ami-0a077d52fda8c2d29",
              "ami-05035fd9319b2f307",
              "ami-059ddc8b6b56cdf10",
              "ami-0ca84f57d642074ac",
              "ami-060bf5acfea2aa125",
              "ami-0705bb678dbf65031",
              "ami-0df39670320ab6326",
              "ami-0861d07080679b7e7",
              "ami-0993e213bcd3d244c",
              "ami-0d0ad37f1c3d46a93",
              "ami-0ec10ca60f05f0df9",
              "ami-052eb6cbab04d2689",
              "ami-0108ade0d057c8eba",
              "ami-01ae074e29e7f8fd0",
              "ami-041540a5c191757a0",
              "ami-065773e37f31d5cf0",
              "ami-0785aa540977de24b",
              "ami-089b11ce1e083ee86",
              "ami-01d11256bded7943d",
              "ami-061a9012b69fc9b36",
              "ami-00607f14968ec3909",
              "ami-0627713d95f03d514",
              "ami-09e9e53acdbaffe0e",
              "ami-0e9d25e74a46ea44e",
              "ami-049f5974bd6008bfe",
              "ami-0207cf2cc05e718d1",
              "ami-0653953a3071d8a36",
              "ami-032bde7a71d2340d1",
              "ami-0b08e6581561fb6da",
              "ami-06d6a7eca1d9163c4",
              "ami-0fcb9752266680322",
              "ami-033d82ba195db6ab3",
              "ami-047d32a2cd9d4d917",
              "ami-0339bce28c1f58b2b",
              "ami-0d0bc8a4d63535f70",
              "ami-0d114a627f015307f",
              "ami-04187af688525cc74",
              "ami-0e0665ad6d52d07d6",
              "ami-070617e1f4c04722d",
              "ami-01daa2397a7309a87",
              "ami-02d9f0ec619aa0219",
              "ami-068c5e4bef66dcdce",
              "ami-02076ce556f4b8084",
              "ami-0e94e3e3603496b1f",
              "ami-0e13330257b20a8e4",
              "ami-015835eaf43933bcf",
              "ami-071f9202e28856e56",
              "ami-0ebbb7d7b5831da52",
              "ami-0bc4534a93057f9fb",
              "ami-06c65dac33505aaeb",
              "ami-0535e1899c7934fc0",
              "ami-06195cb2a27fcbee2",
              "ami-06f28e19c3ba73ef7",
              "ami-05e4f3953ca159b92",
              "ami-0358974e9a18620e8",
              "ami-0f5b0cba93b09e284",
              "ami-0193e5054c15bca72",
              "ami-00a4cd63f089232e0",
              "ami-054b0ff095521e6a4",
              "ami-0e1ab3aca99870c44",
              "ami-06cdd69ad2fe9e092",
              "ami-0747e06a78c0a2c18",
              "ami-06c7af5c69a9967a5",
              "ami-0f51adb0f31451f54",
              "ami-085405593c57273c3",
              "ami-0a1ef69ad780dc2f1",
              "ami-0b498ebb631ffb0a5",
              "ami-04babbaae45b0defb",
              "ami-0f9c82c24aead695a",
              "ami-03afadb133cf1018d",
              "ami-0b44cef9ed08aeee8",
              "ami-035b511547bda91c9",
              "ami-067cf009aedb2612d",
              "ami-02675d30b814d1daa",
              "ami-036bb7824de4fce57",
              "ami-087932acbb2aa71f4",
              "ami-01c02207b05390ceb",
              "ami-05524382e66e1df04",
              "ami-08a44307939cad528",
              "ami-0becd8ca941bdd40d",
              "ami-070d671d8a1f37a6d",
              "ami-01124a9db394c1e21",
              "ami-0b20287e10105ffb3",
              "ami-09951211cf158a63d",
              "ami-0f04e66784f9ecdb9",
              "ami-0da512d3c9e2d959a",
              "ami-05e8b3454cbd21b3b",
              "ami-0583eea7490d64c58",
              "ami-0dd6e3efd23aec37b",
              "ami-0716bab572be43f66",
              "ami-0308d15dc7a5c7525",
              "ami-0cba6b1b297b529ab",
              "ami-072f691fa113a9cbf",
              "ami-037ea607e2f8ce5bf",
              "ami-0429353e11a651852",
              "ami-0261e1ce247daac10",
              "ami-04b0a480c3fad4658",
              "ami-03e861d974267e326",
              "ami-09e576e06d02aefda",
              "ami-0ef039627f8dea8ac",
              "ami-02c25d059e5110ebb",
              "ami-09c00922f19d22b9c",
              "ami-0704ab24024610412",
              "ami-09538990a0c4fe9be",
              "ami-074ba055e1eac183e",
              "ami-03f4515c75d426353",
              "ami-09748abeb7370d1bc",
              "ami-0a58b475e94715d02",
              "ami-0922ac9b19bf15663",
              "ami-01409a1436cd8dac0",
              "ami-059310caab7e9f4ef",
              "ami-05cb00a04745ac888",
              "ami-042c6496d406c2e03",
              "ami-07664267044f213f3",
              "ami-0be8d483d49769016",
              "ami-0a0d8cd56cd2171f4",
              "ami-08aff1376f6f28905",
              "ami-09674c0705ae1832b",
              "ami-0ab3511b5ea7f4c66",
              "ami-0e3affc648141500b",
              "ami-0ca4effb3f478ec4c",
              "ami-068c18b8e5bae8d96",
              "ami-06737e9adf78f62e5",
              "ami-07074875f6240dd68",
              "ami-0d60111aff2817bf5",
              "ami-03dfdce305665b9e0",
              "ami-0776b713cfa372c8b",
              "ami-0b27c7a432fef501a",
              "ami-031051ad379263122",
              "ami-0f598ecd07418eba2",
              "ami-0a84700bf03decb55",
              "ami-0442f22efb4e9e0cc",
              "ami-07f3d6b78534e7b4a",
              "ami-0a40fc7d109e3de25",
              "ami-042e3f646bd8bbd84",
              "ami-05e04b80058dc2782",
              "ami-0942ae46c84a5eb33",
              "ami-064e72469327cafbf",
              "ami-0cf85190a152dc661",
              "ami-0638c68b20d928859",
              "ami-0c74228c474ae19ac",
              "ami-0332ab1a4fcac2ef3",
              "ami-0a3db6a6bb59b68d3",
              "ami-08ca2ad64bf79f48d",
              "ami-0aeed8d1f37b02aa2",
              "ami-0f0c573515fa8026f",
              "ami-0d3ff470c33653ce1",
              "ami-012cfb65ef7674ddf",
              "ami-038789e9866459b60",
              "ami-01e97fe6448341041",
              "ami-0129ad25a067579a8",
              "ami-0ed35d8765a9dfe23",
              "ami-0f56e66bbaf0aa693",
              "ami-0b91d09f7aaf145e7",
              "ami-0c74233bf53487c14",
              "ami-0b364aba93e5df982",
              "ami-0a6356585bdab1986",
              "ami-078d2535be506d38c",
              "ami-0c10dba72e2067c12",
              "ami-0414cbe9b4df96ec4",
              "ami-0644951390c35bc93",
              "ami-0aec91ce089103028",
              "ami-0283f44ec9565674e",
              "ami-00e79464f63e3b244",
              "ami-00568b315a93573da",
              "ami-089396785bafc7704",
              "ami-06f488b7af13f8ef5",
              "ami-05281fd537dda5581",
              "ami-0616840b4284fe4c6",
              "ami-0e398b6a6c133451a",
              "ami-0f72d06867a0d2aab",
              "ami-07a565cccc67fb8d8",
              "ami-0ec3bbe3c66399357",
              "ami-061ac5d91646a2131",
              "ami-0abcc849a0f8b30cb",
              "ami-0a916b68a16f7ba34",
              "ami-0f1abddfcea661eb1",
              "ami-0d1a20d27315c05ee",
              "ami-0120882132cb138e6",
              "ami-0598aff54e30cecff",
              "ami-034f051614822e4d6",
              "ami-0e25a8d2d717c29e5",
              "ami-0c439417abc3067e1",
              "ami-09bb73c19816658b3",
              "ami-0420876cc65ca20d0",
              "ami-06885bf4009501fc0",
              "ami-0861c9efce61b24ef",
              "ami-08ff455a7345ca58f",
              "ami-08e46509e0a66c014",
              "ami-06fbf36372b7b26ac",
              "ami-03c78641af2c4ba60",
              "ami-09782b38cdcac2c33",
              "ami-0d0fb173ee55e842d",
              "ami-05aca8932be1b68c3",
              "ami-08bdd642a33e1a9f1",
              "ami-0b3f31e0d7ab93e02",
              "ami-073fc9684bbfb1d80",
              "ami-05d80861f2cd68ad5",
              "ami-0eac4b44b81b07eac",
              "ami-062e5cb1360c24be7",
              "ami-08cf61738a7afe2a2",
              "ami-09f94f0dc5ef7e3c2",
              "ami-01010b51cf29459b7",
              "ami-05cbf7dbaef2998e4",
              "ami-072c73cdcc7748de8",
              "ami-0621658486c264f62",
              "ami-0f9ce67dcf718d332",
              "ami-0487f364c431af21b",
              "ami-08f5d8d5da63a2807",
              "ami-0476f2ee0a10d89bc",
              "ami-0b1b459d62a3b2762",
              "ami-0c6fffab089bb0415",
              "ami-0ccfc8b2d0000516b",
              "ami-04a1c5890e49a379b",
              "ami-09280a9dc837c15b2",
              "ami-0c08c0fd7e9f768ea",
              "ami-0d2a46c75089a647b",
              "ami-0cd6b97ad78d4c09e",
              "ami-0b9cd097ba106c366",
              "ami-0e598319abb8ff61a",
              "ami-0bf1189aa51becc24",
              "ami-0d224d471ed421020",
              "ami-00de1dd564e9b39fb",
              "ami-0685affb37c723440",
              "ami-0eed26cfc9d4e9e49",
              "ami-09c3cc112d4ebc9b3",
              "ami-0246dc282fb7101be",
              "ami-0ff98f80b73ea27e6",
              "ami-0ae0af064389d0ba7",
              "ami-0a899abf9ba35ac5d",
              "ami-0af9d24bd5539d7af",
              "ami-08c417ecfdc73a8c2",
              "ami-09e9273e164560484",
              "ami-0026ffa8c08991c66",
              "ami-05a172a52dba44ba6",
              "ami-0b82a5e27bfcbf01a",
              "ami-0b6d5a6ee5126f3b9",
              "ami-0b19ee5aef6a590a8",
              "ami-0f336f0e4050c66ac",
              "ami-065e7c322f5846454",
              "ami-01e8fbda99c153c6b",
              "ami-0857523dadab9aacb",
              "ami-0dde738f495439874",
              "ami-0f272609a959749db",
              "ami-019dce925128bf006",
              "ami-0efc3784f27783730",
              "ami-01c13c95502f9d899",
              "ami-03a4f9807ec60b7c5",
              "ami-0078868ed4a998356",
              "ami-0331473d422bf7a7c",
              "ami-02fecba3735976564",
              "ami-0be079f9093de9681",
              "ami-09e057b4a4f09cef1",
              "ami-04d64ac76bcedca9c",
              "ami-061de1b6954fb2e76",
              "ami-01c0c6819accd91dc",
              "ami-0d8583a0d8d6dd14f",
              "ami-056d67fa46cc0624e",
              "ami-0dc8c7352a12bb1e1",
              "ami-05bfc1ab11bfbf484",
              "ami-0cb5ad4295de934ea",
              "ami-08da41cad92ad299f",
              "ami-0bba5092f673d19a8",
              "ami-06de4db02b5ccbf5b",
              "ami-023fee97cb788f535",
              "ami-0185f0cbcdf5e8c01",
              "ami-0bdd60bdacf96ad87",
              "ami-0c1c453573fd88cd1",
              "ami-09bd5c84c20e9fa81",
              "ami-08a2e6a8e82737230",
              "ami-0c89b104807c0b8c2",
              "ami-0163cda4307e861be",
              "ami-0839151fdb1d68504",
              "ami-0512bb0a993ee6047",
              "ami-08117b937fbb0e8d3",
              "ami-0199c8d3639774a24",
              "ami-06f589420c04a694f",
              "ami-0db49676cd2b5f1a6",
              "ami-07b716a022e85d9b4",
              "ami-075756de6a096f7df",
              "ami-04d35a70d2f6eb0db",
              "ami-0ae32cfe425c3643a",
              "ami-07b186292be5819cf",
              "ami-03229b997020fbd86",
              "ami-03ecfbf5ef74d28b7",
              "ami-0fe4b35f6a945d355",
              "ami-0bd4c27f7d396ca25",
              "ami-00394f73c455aeee9",
              "ami-00aae228ecb19f02a",
              "ami-0a6d4fc35f4f9d6e1",
              "ami-0ce34d6c47db2a133",
              "ami-0e2bc00f0787b7c1b",
              "ami-06db4d78cb1d3bbf9",
              "ami-0d3eda47adff3e44b",
              "ami-04fb88c79ad30bc2d",
              "ami-06e40d5eeddcb0c5c",
              "ami-03a4363a7d864a093",
              "ami-0f5fdf386940d8b3b",
              "ami-09a9a50077bb9e4f8",
              "ami-006e0b11d99a247b0",
              "ami-03a32d185474e28bc",
              "ami-0f2e11fc415bb857b",
              "ami-081b0b686e1ed530a",
              "ami-0f5bf24b7bc6002ff",
              "ami-029da4a4bfe32bb82",
              "ami-086759ad4b79424c1",
              "ami-041ae67a96409b64a",
              "ami-0507dff4275d8dd6d",
              "ami-08a128ffe5abba8fb",
              "ami-071d35d8274d60698",
              "ami-072f3cc8f5e413599",
              "ami-002536982d3eb6f98",
              "ami-0a0bf3e78170df4f4",
              "ami-0a863da10bbc3e30e",
              "ami-03c4e9c88b971f095",
              "ami-08ad093ffa2edc98f",
              "ami-03b4c6db7381cc0f5",
              "ami-01b18c13f51d7c9f2",
              "ami-0627867694ff09932",
              "ami-088d17bef19290a0b",
              "ami-0a859ac6702d2523b",
              "ami-049414108066328e9",
              "ami-0be43a9a20ea62bd9",
              "ami-0a60c55a6da36ffee",
              "ami-079960b4729f62dc7",
              "ami-0b76f7e088e4cc553",
              "ami-0b6009494b1ef59a3",
              "ami-0a8c6a5d6a1b098fb",
              "ami-041773c3cc79dc3aa",
              "ami-078843455248268d5",
              "ami-0122130354c8a8b67",
              "ami-02a892a468bac4789",
              "ami-0a5f38d1fff50a9eb",
              "ami-0ce73a6b1278a7a43",
              "ami-012bc6a9c366bfd22",
              "ami-03021ce292e26a31b",
              "ami-0a09abccd1b0596f9",
              "ami-0e98e92789f9b63a7",
              "ami-003fab69cbb9887b5",
              "ami-08f8f8a316f4a7d80",
              "ami-0e069e0e708345706",
              "ami-031aaabc376771a72",
              "ami-05aa22cb43c18dc13",
              "ami-0c5fc1d13877bbdca",
              "ami-03c47d65a5cb0df3b",
              "ami-0267c396dcfb52ad0",
              "ami-036b89c06eb44118d",
              "ami-0303555858eaac83f",
              "ami-0b700b3d5991dfaf6",
              "ami-076d275892cec4c24",
              "ami-0a571ac0eb6761827",
              "ami-0937b20387f6d2ca8",
              "ami-0b65100cac0f18461",
              "ami-0863e2994397fb8bf",
              "ami-03c1f8f637becf7e8",
              "ami-04dce937233e731a9",
              "ami-0604d87b8d13cd33f",
              "ami-030415a30daddf593",
              "ami-0af86f15ad67cd46f",
              "ami-0faccbcd84e37667f",
              "ami-0e44d32c25a8b1b5c",
              "ami-0374a39b59ff0c8ea",
              "ami-04dd28e4c9d13b32b",
              "ami-08ec00f2cedeae247",
              "ami-01110491653a11e16",
              "ami-0b8d29e61b502f52e",
              "ami-022b3328586aed16a",
              "ami-0f71508cb7a7b6cfd",
              "ami-054046d3da8bf4699",
              "ami-0ff4413ab8ee089ae",
              "ami-003adf48aeccd847e",
              "ami-05dfc837b05ec0935",
              "ami-0e549ea9d9ecd5df3",
              "ami-02f5a8bd9ca319ca0",
              "ami-02e2a21dd666f70ad",
              "ami-0e1fc4320e4923bb8",
              "ami-0a4c4419745789f4d",
              "ami-02000b38a931c322c",
              "ami-0e15902be73f864e3",
              "ami-057425b6f8fb65d4d",
              "ami-016ce77a68234f5e3",
              "ami-02f265e7542630821",
              "ami-0ce1b8fbe9144995f",
              "ami-0a08479c0216b0f24",
              "ami-0d1ada102ca925fb9",
              "ami-097e99f896f9941a1",
              "ami-0ded72033f940784c",
              "ami-0263d3be8000a1ab0",
              "ami-04b4845fb8d2bc55a",
              "ami-061112afff4339a5f",
              "ami-064184b659ee7ed31",
              "ami-043d113d70529a888",
              "ami-0f0bc37f8a2d9ee52",
              "ami-07ab779cc0925e146",
              "ami-08f9e898390c0b38b",
              "ami-03aceba5a027af716",
              "ami-09e3c1f18094d099d",
              "ami-05d559c5fe4e0d6fd",
              "ami-07ae6b1779daa74f7",
              "ami-0cdf7912e8d2c59fb",
              "ami-0c8985156612fdf97",
              "ami-01e85b0015120c6d6",
              "ami-02a0ad8261fc57eff",
              "ami-0300643f0033a9c32",
              "ami-0a7b2ed6b2d0938bd",
              "ami-043733979fd549812",
              "ami-06f751a338832ff98",
              "ami-056da6ab18cfb4156",
              "ami-0ce0318bbd23e2a56",
              "ami-017163e6cd4dd54c9",
              "ami-01e076d5c9e040974",
              "ami-0ca9eb48ec2fe354a",
              "ami-0255e97e7ec640e2e",
              "ami-075db6f96b42df204",
              "ami-0e5c5f3aaad143c37",
              "ami-0a2229fcb0de35c1a",
              "ami-00fb55701ce9b0f3f",
              "ami-0c4a43b825f0808ec",
              "ami-05299051691549ed0",
              "ami-015396b7c07af836b",
              "ami-01f53c89c6e506290",
              "ami-0259804c4129b45c6",
              "ami-09baa6a3403882175",
              "ami-089016d1f6db201a2",
              "ami-0b30d4f5efea6b6af",
              "ami-0dc56e80140bcbc86",
              "ami-0e209096fd181f0b3",
              "ami-04823729c75214919",
              "ami-04158e9ea1fabe32a",
              "ami-0e8d948dada774db0",
              "ami-0ee3dd41c47751fe6",
              "ami-029eb80bc237bec6f",
              "ami-02c52805e38f99d0e",
              "ami-0b944b1cc60998e24",
              "ami-000a54989336780b5",
              "ami-0503211e7c5fec46e",
              "ami-04610228df433d0c5",
              "ami-0446b85bac54e2a1d",
              "ami-09ef2416e62434297",
              "ami-04e7f5824b1d0f209",
              "ami-00f97e091d8d718f6",
              "ami-06623ce43f54b459c",
              "ami-0b9d9ffe2eb0da714",
              "ami-0ce8b27d9d2ff9092",
              "ami-0771c999e319916e7",
              "ami-010ec4edab23afd91",
              "ami-052db534fc6d692ef",
              "ami-06dee54ec8bc0e3c3",
              "ami-0c69db4ac1ee80fa2",
              "ami-00b3ab51b07e84c95",
              "ami-01aa2a52011cd56c0",
              "ami-0b059d1faa3167bbe",
              "ami-0a2a64758089f57e6",
              "ami-0ad0f89f5744babe2",
              "ami-0eb665a8073180e75",
              "ami-05529b5150669f671",
              "ami-054731c5f278492cf",
              "ami-0a31b130e0aa3ccfa",
              "ami-07840e01911bafc7a",
              "ami-0dd133672acebd83f",
              "ami-0c7a4890d4028cb3c",
              "ami-01207e84671f2c32f",
              "ami-0751cc9c67067ff3b",
              "ami-0d60b9becafb5eac6",
              "ami-00ef9fe64bc730eab",
              "ami-0b2e1054bd619a7d9",
              "ami-00f66b7cc0a4852fd",
              "ami-01a0db5e3cd3c8b1c",
              "ami-051619310404cab17",
              "ami-0d0f2e7a1ecb66706",
              "ami-0be8dc21eba0c080c",
              "ami-014ab08eeceda9f8d",
              "ami-02292338103ebf91e",
              "ami-08a1711812b8ec5d6",
              "ami-0b05361c2e9cba542",
              "ami-05bdaac941ce0881e",
              "ami-05b830bdef56b1e32",
              "ami-03a2cd3088c006ffa",
              "ami-078203c5bfb3e8efd",
              "ami-045b317b873dd33ac",
              "ami-00a5f8f588a821df7",
              "ami-0046edc79345a6a25",
              "ami-092614f64f0e7e850",
              "ami-0b9b15cc17b3e7a3e",
              "ami-01909c103ede97497",
              "ami-07411c41a572827c0",
              "ami-0bab0c83d8dba053f",
              "ami-0985d3845a8468fe4",
              "ami-0e9424b478c1c61c5",
              "ami-082aad91d50a4442c",
              "ami-0d24ca6ff52b973d2",
              "ami-019270b0fa8deff77",
              "ami-0bcfe5f60b0186598",
              "ami-0fc1b572449570898",
              "ami-09654e677d106ddb2",
              "ami-0cb41eddc0f1e5d42",
              "ami-0914ebfbccd143a3f",
              "ami-0d536b9bd6d2b7f39",
              "ami-0479f6e8888ae2a8a",
              "ami-0797f50657991e659",
              "ami-08b6e3ac65326f664",
              "ami-004d982e6e0754f61",
              "ami-047e5dc7d9ab6af54",
              "ami-0f222ddd9555daf64",
              "ami-0fb83fdee45e1a85d",
              "ami-0b9d85115bc40d6a1",
              "ami-09d6b93029b195641",
              "ami-0eaf42876edb71c7a",
              "ami-05c5179ed49f74419",
              "ami-00a8e0293a511b377",
              "ami-0f55a12f56c6a6b8c",
              "ami-0e04504db6ba26e06",
              "ami-034ff84bbdab3860d",
              "ami-02ab023e2241aff10",
              "ami-003d3d03cfe1b0468",
              "ami-088d1e436865195f8",
              "ami-085a02037f42d9264",
              "ami-0efe911dd64506a7d",
              "ami-09f440bc9e103a18b",
              "ami-063342594bb2d137f",
              "ami-0412b0cc01af6590e",
              "ami-0845646faa8bef52a",
              "ami-0aa2f39e96ca8dda3",
              "ami-03c90ec4abb7aaacc",
              "ami-0f7c79ca17c19b9bc",
              "ami-002f4b0d23baa2f13",
              "ami-0240b7264c1c9e6a9",
              "ami-075578e85f041300d",
              "ami-0873c8d369c5070d3",
              "ami-02f7f475dc635c640",
              "ami-0cb6462f92bf14139",
              "ami-01ea92f51c457eeb5",
              "ami-0c9e3ac2ddbbbf0fd",
              "ami-0a7cda7c31acfa7b5",
              "ami-0690a02353dabd3bc",
              "ami-0835cc3a3fe53628d",
              "ami-0d68f0bd4c34d63a2",
              "ami-0d0f8a851f7f43a0b",
              "ami-0b5c34a44d66e4fc1",
              "ami-09fa0c6e4e0a7b884",
              "ami-01e8572ea33b21308",
              "ami-0002aa94448fb4b15",
              "ami-0ff11ac96c22c53a5",
              "ami-0d08ddd966b8be73c",
              "ami-0b2822ca688ecc2ca",
              "ami-0a6a7b5622f668e74",
              "ami-0a42f178021e1e542",
              "ami-04d0d417e8cae8f64",
              "ami-02c18704a6c320cb0",
              "ami-089d0d0821624403a",
              "ami-0174434eaf3eca4c6",
              "ami-0885899fb6698d6c7",
              "ami-01cc36e92a4e9a428",
              "ami-0ce6459823d30d1e0",
              "ami-02838952e0166f9dd",
              "ami-05aec1a076b56d34e",
              "ami-0d5e7b3f49cc64502",
              "ami-0ec47c8afc84edad3",
              "ami-0e4b3f6de7f32d9fb",
              "ami-0fba660de74600429",
              "ami-0946fc413de52d5fd",
              "ami-090e0fc566929d98b",
              "ami-003a5ae80f8a7ad8a",
              "ami-00093528ce32cc803",
              "ami-0f1a6835595fb9246",
              "ami-0bad1853e555b97b5",
              "ami-0b145c66c4a4a8899",
              "ami-0d5f6402be5ac9779",
              "ami-0dd13bd6eb6a9effe",
              "ami-097fed514e130251f",
              "ami-05e8818596c82a772",
              "ami-0dbf9d720400b9545",
              "ami-0203a7b2413c553de",
              "ami-041fa1ebeca34c131",
              "ami-000c1abd6dad09158",
              "ami-09a2f9dd77c34bedb",
              "ami-0d41adec8d477cbb5",
              "ami-05e771ef77758824f",
              "ami-08b0b386723fffedd",
              "ami-0189dfbe765cf56f1",
              "ami-05ac079a0f141bda3",
              "ami-0b453554dc1a73411",
              "ami-03103fbe4a8e7ef46",
              "ami-00423caf1817866c6",
              "ami-0810c2d824776b340",
              "ami-096dfbc259b83dc90",
              "ami-0d6e08f0393073e7a",
              "ami-03a8890aa01a8eaff",
              "ami-0817f4be8d3c41be4",
              "ami-0bf5ac026c9b5eb88",
              "ami-08e8638a74ddefcfd",
              "ami-05eb510584f333d91",
              "ami-097a302c4bcd1cfab",
              "ami-0e57cc6ff46c978c3",
              "ami-089c99bab97824f11",
              "ami-08195b29d3024785e",
              "ami-02dd4bca4caaab354",
              "ami-06a1f46caddb5669e",
              "ami-0f85557b566aa0d20",
              "ami-08c95f33fc51670df",
              "ami-032dc5fe3d5671cd5",
              "ami-0b7e39f57db0e9d6a",
              "ami-0c9e890fe2f66306b",
              "ami-01e804c23c8900e02",
              "ami-0c1b28d2a0a4dad74",
              "ami-09d0693da8b070d77",
              "ami-0902883620a304bad",
              "ami-035d231c6d6fe031c",
              "ami-0e7399e1395a67220",
              "ami-0f7abd12e02335c8d",
              "ami-081d7a139e235083a",
              "ami-073987251ce5a8f43",
              "ami-0197f815425b3b7e4",
              "ami-0fe06c902df3a937b",
              "ami-09e35c383eea7b5ec",
              "ami-061a80565a6fca5f5",
              "ami-03486503b54643567",
              "ami-00ab5d9a4993c778a",
              "ami-061a03df75f2b314f",
              "ami-02f7becf74e398022",
              "ami-09f175e4eeed9f0aa",
              "ami-03b4e9872c8e91461",
              "ami-0db8136b25501df35",
              "ami-0bde6d7e3ba6e30fb",
              "ami-01e8a4e652695aedc",
              "ami-0363e3003ffadf333",
              "ami-0247221154d782ce2",
              "ami-06804e316e82f2b50",
              "ami-0157bf984c9e23021",
              "ami-014fb8bd2bca1080d",
              "ami-0b0e4d57f5774bdd2",
              "ami-028ebc8c71f2a0d92",
              "ami-0fc124d88665eed09",
              "ami-03d60b244ae5ffb66",
              "ami-08e4179ef71850aaa",
              "ami-020ccf2bedac74966",
              "ami-07a717db0711f7642",
              "ami-0781b7f4729d057c9",
              "ami-002f65b9c858c6f88",
              "ami-00046d90251cd8c89",
              "ami-07f649370edde1945",
              "ami-03ef5babccb1721dc",
              "ami-0b2966e7f95135fc2",
              "ami-0af6b0af25187c80d",
              "ami-03fa477d477703122",
              "ami-026ce133dd42f52b6",
              "ami-0fbaceda84cde0e34",
              "ami-04721bc83547d45b1",
              "ami-088b6f5bec80673ec",
              "ami-0efd657a42099f98f",
              "ami-0664a59355635bf4a",
              "ami-025d0fe6e3762da5a",
              "ami-097350135dd5a3d21",
              "ami-09988af04120b3591",
              "ami-0cea463f79b421093",
              "ami-0c503d55a14d7a5f0",
              "ami-04dd3966dd460bfa0",
              "ami-0ab5a25e4ce5c104f",
              "ami-08b388f093bf06105",
              "ami-0d6fff4c083d5f6a2",
              "ami-013e77ebd63dc2197",
              "ami-04f216fd019a646a2",
              "ami-098e3442221977497",
              "ami-09420243907777c4a",
              "ami-08b20ef9981855d1d",
              "ami-09bc11f0bb48dc3ad",
              "ami-0d802452484bc7e88",
              "ami-01ec2f5e8f9c33971",
              "ami-0e5f988ee12e794dd",
              "ami-0538a71737b13aab0",
              "ami-0e6a545aa96bf41ef",
              "ami-0f1cc9e0c1d0d95cc",
              "ami-0a05f9475ebaffb6a",
              "ami-0a9d5908c7201e91d",
              "ami-0ea35f940bb90839f",
              "ami-0beadb25621104eec",
              "ami-01beacbe5ba5d9e73",
              "ami-00fbe16d3f11c8fe9",
              "ami-011135679fadf90d6",
              "ami-0e3bba43ab1da52dc",
              "ami-0a7b3830c9207e3f5",
              "ami-036011e34bf4b6848",
              "ami-074f8bbb689b1c1a0",
              "ami-0080755d0dbfe6cc0",
              "ami-02ff60b9d37a0a0be",
              "ami-0402eb721a124dff8",
              "ami-086289ef57cfa6033",
              "ami-004dac467bb041dc7",
              "ami-012b92d9db3bb9674",
              "ami-096685302fa0c7001",
              "ami-03025bb25a1de0fc2",
              "ami-0fea31578248bcd6c",
              "ami-055744c75048d8296",
              "ami-0ffb66903a7385387",
              "ami-069fcec4d90d508cd",
              "ami-0e79b2db3e5f19265",
              "ami-01f2ebf3a9554973d",
              "ami-02b9e30e585f05b11",
              "ami-0a8b1c2db6bb268e3",
              "ami-019514ea5dcd41e8f",
              "ami-08bd0cf91f449be6f",
              "ami-0869f17a1c79dad4c",
              "ami-002e762de5737f1ea",
              "ami-05a587df2ef795a92",
              "ami-0705983c654abda59",
              "ami-0c8e2149bcc9ba840",
              "ami-0afa579d4fb767b5c",
              "ami-01feed66e2312d793",
              "ami-092d086e9437633d7",
              "ami-0082658e2b0303400",
              "ami-04ab326b2c54e66bd",
              "ami-0f9637946a13d8338",
              "ami-0fd1c61456a329fa7",
              "ami-0d591000e99198305",
              "ami-08581e2e50ad52e16",
              "ami-00b5b48d6335258a3",
              "ami-094475b76358931d5",
              "ami-068ce6f8926e2640a",
              "ami-06e983a1405f7a902",
              "ami-001c6931a3dcdfbff",
              "ami-0f24cb53ee3316531",
              "ami-026bc25718937e5c3",
              "ami-0923e2b5e1d779c08",
              "ami-0b94943bd76cb55c2",
              "ami-0563f245df2589e99",
              "ami-00c698c24ede5b160",
              "ami-02f33ff9dac1a0d32",
              "ami-0fdfb826fa65d7bad",
              "ami-053aaecbaada40a70",
              "ami-08f9343ea9cbdd4c5",
              "ami-0736c1506ff577d0a",
              "ami-04a94860e2407439e",
              "ami-093503c0c2fa41493",
              "ami-077f0926a1e86b272",
              "ami-0880faad189c4f94f",
              "ami-0f8f583dc1e4879cb",
              "ami-0ea1e9d29dabc105b",
              "ami-00ec3f7c5ac3a8cfd",
              "ami-06326b7ef5c114349",
              "ami-0e61fac3c43b4c3e5",
              "ami-059ea9ec2a3f22dc7",
              "ami-042cd2fd384327f78",
              "ami-0c893b8ebfac2caf4",
              "ami-06505ec3c1c491a9e",
              "ami-0f57ffe8bd04fa66d",
              "ami-0970742a249e0bbf4",
              "ami-0bcaab066c3611e2a",
              "ami-04ba769f2091cc936",
              "ami-0fefc6c17e79fd377",
              "ami-0495c68dd73f1efd2",
              "ami-04d9730eb75fb5301",
              "ami-03225560c9d374749",
              "ami-031e5394315e900d0",
              "ami-0df65c324f2f7bf68",
              "ami-0060778a7996f2f36",
              "ami-017d35c807ce0ebcb",
              "ami-0b0c5b012aee58a43",
              "ami-02f9c70fecb19dbbd",
              "ami-0de7de494459a2d5e",
              "ami-04975d548a45164f8",
              "ami-05ed12a50d2fdb1a0",
              "ami-030f787fe0af2597e",
              "ami-0b9ba92701fdce52d",
              "ami-0fe7d200e99e1b1cf",
              "ami-0c1c91561c3236e39",
              "ami-0d45d6a06e858971a",
              "ami-0219b2580fa4dfa7e",
              "ami-094474098ef4c3cb6",
              "ami-0b746f86231995521",
              "ami-0dc4814346f432ba5",
              "ami-0fb416a999e5b4763",
              "ami-06a4af4c79d05ca7b",
              "ami-030a3e8276ae75146",
              "ami-000215d5ae5531bb4",
              "ami-07590bdad72af66b5",
              "ami-0cc0e18872fb6f0d9",
              "ami-0122aced90a2d26d8",
              "ami-08bb6051638d96a7e",
              "ami-07f765c0dd9fa252f",
              "ami-00b73fa8b5c1d10ec",
              "ami-06726dfe0c1db267b",
              "ami-0b998448e1d0cafc3",
              "ami-01df9d9eb7ca9d4ed",
              "ami-0aa229cebf04e9f73",
              "ami-082976b804c8c0cc7",
              "ami-0357a0d8be5a2ab15",
              "ami-0d61689c8b104c0bf",
              "ami-03283ba2c7b5943c7",
              "ami-04f5d9b1b027f7ddb",
              "ami-0522e3984c9372bcd",
              "ami-0f6383abfbc9c0dcb",
              "ami-028b7801a80bf5d36",
              "ami-0c53f650858816edc",
              "ami-030d20fa0bd87e6b3",
              "ami-098d567f520d1f4c1",
              "ami-0da25f62124f6f48e",
              "ami-0e4cd7fad3e447f3e",
              "ami-0a2c1fbffde7539bf",
              "ami-034253121a0250573",
              "ami-08af829cda5e3685a",
              "ami-0661864006ff41349",
              "ami-04f42fd2252ef42fd",
              "ami-0fa617cd5754e666c",
              "ami-0e410630ae3947624",
              "ami-03af5f14c38779bbc",
              "ami-00f4f0e63e0d80601",
              "ami-0a27ed9940968db39",
              "ami-070224de8123dd421",
              "ami-086fbb8fcc37333d7",
              "ami-0c7ad0f53cbea69f9",
              "ami-0c66178bb6a89742e",
              "ami-0345cceb07e95c940",
              "ami-03386350e8b3b53b1",
              "ami-0fc759a2603d43c87",
              "ami-0c544836fc9c1031a",
              "ami-0eb899b609ce2f691",
              "ami-02800c9ce85b8bf27",
              "ami-08373e8b53e86d2ea",
              "ami-05be6dbad95a52fb8",
              "ami-0aed6b55cad0113d1",
              "ami-0e61eddfe6d1aa787",
              "ami-093dc9a36561ab77f",
              "ami-08ad32cd94c7105ac",
              "ami-0b9f3ab7176d3d4f7",
              "ami-0c2d67aae561c46dc",
              "ami-00459f94d756e5e61",
              "ami-088020b432d6a87b5",
              "ami-00d2218792a2b0fec",
              "ami-0eedc9973a8508bff",
              "ami-019aaa79f47c11aa9",
              "ami-0ee956c7cfce4bebf",
              "ami-0b4d3c3fce6b19fc1",
              "ami-0fbe8400aab4b8214",
              "ami-0ef5f7e6314c26b09",
              "ami-0973e7b25b30a9334",
              "ami-0c850a8a92b522c1a",
              "ami-0951b07cb6384b0ba",
              "ami-05b22acc58f4e6494",
              "ami-05498423e37c66d18",
              "ami-0487e9e01022ff6db",
              "ami-0d9705ed6371a25e7",
              "ami-070d2c510f2b1aafd",
              "ami-0d60e75c59f049fb5",
              "ami-05e7f4f297f9fe7e5",
              "ami-0aa3447340d73cba9",
              "ami-07f0eef42d6ada323",
              "ami-0deb8c94015f885fe",
              "ami-014883448b6eac0d7",
              "ami-082778a90b078205c",
              "ami-0645149742867c48b",
              "ami-0c883e0ce728f9895",
              "ami-0e9108840256ac161",
              "ami-0256a3dec2d910a84",
              "ami-0f94091678d3e86ce",
              "ami-0b0fba51fb701ae10",
              "ami-0c853ef14768c116c",
              "ami-0102e2f7834cd79bf",
              "ami-03334f21b6700f87a",
              "ami-06e6b299e8fa17ffc",
              "ami-0145baf2f82855816",
              "ami-0975ccc2f15a5a43e",
              "ami-0a53accc568dfea16",
              "ami-03b4b321bbc280ac6",
              "ami-07b7469ba8070306a",
              "ami-05546a0699dbe2c8c",
              "ami-092b33c71f3bd09ab",
              "ami-08613a92237416544",
              "ami-04e689ab90f362628",
              "ami-01aebac0ba3d24953",
              "ami-05989825b66a561ce",
              "ami-033d00394c3951bdc",
              "ami-0384bf45efc36b1ec",
              "ami-0aff07ca34b2a563a",
              "ami-028e340f5d5e8f7e3",
              "ami-0f3566b51532e7cfb",
              "ami-039afb75e903e1028",
              "ami-05e8e456a43d03155",
              "ami-095577d5f61619e4b",
              "ami-0c16007cf75a717da",
              "ami-0e11bc029df69a68e",
              "ami-0397201f3ba971732",
              "ami-05f99e13c59169837",
              "ami-097e53ce198e81e0f",
              "ami-031ff0c6cd7bcecba",
              "ami-0f31933e43ef1438d",
              "ami-08076bb8c7558eb6b",
              "ami-0fe2449430be97b9b",
              "ami-0991ff634cdde857c",
              "ami-0bef6cc322bfff646",
              "ami-0940b8de91711a104",
              "ami-0d1d53de9eb8ffa78",
              "ami-0806bc468ce3a22ec",
              "ami-09ae3fe59ccb1d8c5",
              "ami-0893d1f1fbf5c643e",
              "ami-0fd867bb66e9caba1",
              "ami-09212035c6444f37a",
              "ami-085f0ad4127ff298b",
              "ami-0499c608058d0d587",
              "ami-01ab3482bde682b50",
              "ami-01dc30246ab687f60",
              "ami-033348c25a2cf74ec",
              "ami-039a14cf08e16fd38",
              "ami-0f3f7af7015e6ee88",
              "ami-0b50975b57663ecf5",
              "ami-062e2bffe75068b37",
              "ami-028dcc4301f1f3d16",
              "ami-071749fb5377ff682",
              "ami-07bd118bb3eb92e50",
              "ami-023b49e1bd08a3e83",
              "ami-0c7975dd1f7e5d947",
              "ami-03d70ad7c2bc2cb26",
              "ami-02a45dd14db72ae8b",
              "ami-0a7567c6ef0d1ce7d",
              "ami-014a0ec18286f1f68",
              "ami-07542a117a35bd65a",
              "ami-0e5d8503657e400a3",
              "ami-0c0c6218bb54b9699",
              "ami-08eb71a63be5888bb",
              "ami-0f9d9346dba5e3ec6",
              "ami-03304dcb27ab0e2a0",
              "ami-0b51de76b8a32f4ac",
              "ami-0261755bbcb8c4a84",
              "ami-097d5b19d4f1a7d1b",
              "ami-0777e1910bf22c3db",
              "ami-0c9ef593b45f931d1",
              "ami-0ebaf10829c5a1adc",
              "ami-0c3f2f1b2875cc692",
              "ami-0e511b33a307a7ce5",
              "ami-08dc22399fc26da2d",
              "ami-00bc3adf45da37c36",
              "ami-079c9229cb9bd2c7e",
              "ami-0e28a3819893dd83b",
              "ami-0dc7b36a7148acf6f",
              "ami-0e1c2a508f207397a",
              "ami-02b481d6b7f3309f1",
              "ami-0f086d3b7cc5469f0",
              "ami-07f1080f6307bb9e6",
              "ami-0fad2129a7a0816ef",
              "ami-02ef2375c30da18d5",
              "ami-0cad4fd0aee82f4c3",
              "ami-0f7888c998e2e742a",
              "ami-08e7ecb7a307fd755",
              "ami-0957789dc408b417b",
              "ami-05d3c1e8d7f2401bc",
              "ami-0f32d32b08fe60259",
              "ami-099d845f45607574e",
              "ami-0ec6998f559b3f454",
              "ami-0fceec18b58bfda68",
              "ami-08391ea30b8b3e3f0",
              "ami-099c124d65c2bee91",
              "ami-0d7a83dcbcea99b64",
              "ami-0f4e0043015ff888e",
              "ami-0e5a33c99d96b4e30",
              "ami-013043515a47efc97",
              "ami-001007065b05a04ff",
              "ami-04d5fc2d5450e8447",
              "ami-093a353586f4ce649",
              "ami-044567762ae197698",
              "ami-055872cbf183d6ce8",
              "ami-0c1b68cf3129098bb",
              "ami-053c22a8673b31769",
              "ami-022862def658d77cd",
              "ami-0a3be447386ed4af8",
              "ami-007eaa09ec960cef4",
              "ami-0d8363633c3bf52c7",
              "ami-06802b09ea316fcf9",
              "ami-0c53b31ea1503ad9e",
              "ami-0c3d5b2fc1dacaf9e",
              "ami-03af796615efecb32",
              "ami-053b0d53c279acc90",
              "ami-0a0c8eebcdd6dcbd0",
              "ami-026584067e3942022",
              "ami-003e4ac322fe183a1",
              "ami-0959ee1a8994fc715",
              "ami-01e5ff16fd6e8c542",
              "ami-0d7fa3afa7fe4c1c0",
              "ami-09730eef30edfc460",
              "ami-06f3c9daf06355105",
              "ami-0ae98e77cfaf2fb3e",
              "ami-006896008e984456c",
              "ami-0e7a849bcbce877fb",
              "ami-0df8a70ed6ebea5ce",
              "ami-08f0666b83a9a3cb9",
              "ami-0160cd7f3636d48e4",
              "ami-09a0b9fdcd12d576f",
              "ami-0200e7bb9bbfaa20d",
              "ami-0eb644d80a076026c",
              "ami-0ae657269cbd9ef8d",
              "ami-0ce0495ec3dd512db",
              "ami-0e38f9978e7cac6dc",
              "ami-095c58b29f7f38afd",
              "ami-0774b2474f446457f",
              "ami-0c814267a9cc2df36",
              "ami-0ed788e8aae255432",
              "ami-05f8ae8d17f39785f",
              "ami-0cfeb5dcafe8fe1e1",
              "ami-03af19cd3a3526074",
              "ami-0305a047a9ed7831e",
              "ami-0f74f64f4a14b1d5a",
              "ami-07bce3325cb86e0d3",
              "ami-0c82973f9ad7c80b2",
              "ami-0e2b0997c233a2349",
              "ami-015c22ef5345eeb1e",
              "ami-044a0cafccca6451c",
              "ami-0dc9396e230aabd59",
              "ami-00016e910cc911e00",
              "ami-01a71cd6ee884c1bc",
              "ami-03bdb25d855f60217",
              "ami-0db79a96b462ad67d",
              "ami-072f7e08061427967",
              "ami-04454150d004cb7a1",
              "ami-08c090a7a0676bb67",
              "ami-0757e1b4c2a1f9595",
              "ami-0b0fd3bb61235c4b0",
              "ami-0695f2f761eeb04e6",
              "ami-093633d170bad8737",
              "ami-03ab4d563c13c764b",
              "ami-0c9414a5a41855452",
              "ami-03e0b422d3e7f11c5",
              "ami-0459875b7a7be98ce",
              "ami-0bb602122e17bec0f",
              "ami-0902f122862f5deae",
              "ami-023a5a9f1abc31cdf",
              "ami-08d56feea76b6f38b",
              "ami-0d9edbde7db3843dd",
              "ami-0b9a7f898ca2cf276",
              "ami-02aa9e8499a4736b9",
              "ami-030f1f74b3569f163",
              "ami-05d249014f7f50260",
              "ami-0f561bb6e99502056",
              "ami-0dd1310df4782169c",
              "ami-05ca60a136f832639",
              "ami-0ba34e9c4909a7510",
              "ami-002bdc22472cc6ceb",
              "ami-0a981876d911c51ae",
              "ami-052d0e4fe32553974",
              "ami-0d86626702968060c",
              "ami-0e7593e3806638686",
              "ami-081e1ad021df1faca",
              "ami-08136edfc02495ff9",
              "ami-0869696c17c4e90a7",
              "ami-03e29bbe761c9e2d1",
              "ami-01b58531bffcd77d0",
              "ami-0d22ee06dfab29fa7",
              "ami-0ca4a88bd4c573f41",
              "ami-01ccdeaa1984f35e1",
              "ami-0ec35413b74575656",
              "ami-064198b22755f3015",
              "ami-0e1cbaa57be278e92",
              "ami-0418ad4dac8fc6d8f",
              "ami-0de407b4e2d2ab6ab",
              "ami-0ebd4e6356d0557a5",
              "ami-0c30e521ca0a0c479",
              "ami-0c14333ea2cb4f11e",
              "ami-042ac7c009e336a14",
              "ami-0bad7c4938d69a76f",
              "ami-018d7907ff53f902b",
              "ami-0dcfecea390714d05",
              "ami-01b84b028d584cb27",
              "ami-002ec93d119338904",
              "ami-01e8de8d5b5f53618",
              "ami-0807ab36af1063764",
              "ami-07f6d08471a74d90a",
              "ami-05681b2e7ef59292d",
              "ami-0c9a01835bc4fff49",
              "ami-064de053bec972ce5",
              "ami-04641d8d28f182ecc",
              "ami-027f56dbb2edf11df",
              "ami-0fe6e9b7247a0b481",
              "ami-08f780fc46a716cb0",
              "ami-0c4ed58ceb120d333",
              "ami-094b1c16e68766bf4",
              "ami-088c53388d161315a",
              "ami-09e82fe4cde8b8401",
              "ami-08286dff47336faf5",
              "ami-0ba3fa97e93f7899e",
              "ami-02efb3c4e5649d3d2",
              "ami-062cee42a24c7dd22",
              "ami-0b217cd0898fa6947",
              "ami-02b33678132550f00",
              "ami-0bc7124b1107392da",
              "ami-0a4ecacffc1a24cec",
              "ami-0a64be521b4b256b4",
              "ami-02de3cbe161321d9a",
              "ami-08adb0e3245b9a21c",
              "ami-055dc5768dc600108",
              "ami-0c31e04e7028a14f8",
              "ami-0fc1464eef9888d94",
              "ami-0c00f6c88abf0c12c",
              "ami-06a0cd9728546d178",
              "ami-0ca1ec56fa3e1d399",
              "ami-0d52ddcdf3a885741",
              "ami-0c0b64a9581ada01f",
              "ami-05984763db5bc8f7f",
              "ami-02b4ca8fff05386f6",
              "ami-0f2f6fe25e32a9023",
              "ami-09e51988f56677f44",
              "ami-00f3b14158b50d5ba",
              "ami-0ef798f5b171a6570",
              "ami-0833412fdba53c144",
              "ami-039c7bf78c2de0c32",
              "ami-042c002fc541cd317",
              "ami-0e8c8fd05abbc53a5",
              "ami-0a8f0cfd4100d96e8",
              "ami-049769f9d1fa3dc78",
              "ami-063980fef3a536416",
              "ami-02aa51b5bb4e26f8b",
              "ami-0301021d3aff41cac",
              "ami-090310a05d8eae025",
              "ami-0a8bdc1293c1c3d82",
              "ami-02c304ad5ce77bdf4",
              "ami-005dfe6c959fe1e14",
              "ami-0d35a4c5725fd0da7",
              "ami-09dc788d5f2d5cee1",
              "ami-09c5dc3046df4741f",
              "ami-0a34b43d0c759651e",
              "ami-08958eefd94cbebc6",
              "ami-0432933b714499ea2",
              "ami-07229b9a5afb9519c",
              "ami-026ebd4cfe2c043b2",
              "ami-03d6a5256a46c9feb",
              "ami-0430bb5217ea5be21",
              "ami-07636fc9c893b44a3",
              "ami-0d98686e46d3b988b",
              "ami-0a888494f9a0f3ed8",
              "ami-0522c25176c3b5f37",
              "ami-01981fc19c1ae1e14",
              "ami-0d496c61f89a1c96f",
              "ami-059317ab096a00df4",
              "ami-06ca0781781334ec1",
              "ami-022ff2ae58801e2b3",
              "ami-08472075b9fc917d6",
              "ami-0740eff3dfe1adabc",
              "ami-07cd31309bf4e22f9",
              "ami-0481e8ba7f486bd99",
              "ami-04943dacf5bcbccc6",
              "ami-015d480e04372d158",
              "ami-0231c4ccf08679cca",
              "ami-00d429a62cad0fbc7",
              "ami-096e757ef685207e9",
              "ami-0768c42434ab55b65",
              "ami-06088f8d489c884f5",
              "ami-07fa0cc5ddfb9ca9e",
              "ami-0f2199b74baa4a4f7",
              "ami-002b16c86d0ea401d",
              "ami-0d3e262f3f684a04f",
              "ami-0f114867066b78822",
              "ami-05d7518562600814d",
              "ami-0c58a08675fe0fb65",
              "ami-0bc6bd2e68692465e",
              "ami-04673eaf05d85ab7a",
              "ami-03afe9d4d76017abe",
              "ami-046bc747ac2499caf",
              "ami-0805526053854501b",
              "ami-099c682e6f605e220",
              "ami-0f8a7ce57b519af8b",
              "ami-0ccb8256507d78d2e",
              "ami-0c0e8e92fc9bfb2aa",
              "ami-057cc5568ff27a5c9",
              "ami-050c3deeb0486e14a",
              "ami-0d4030a2b657178a6",
              "ami-0d39a96240797733a",
              "ami-0fbd696800c833207",
              "ami-0fc2e541511304c35",
              "ami-0403d7b93bc0286ea",
              "ami-09e24b0cfe072ecef",
              "ami-03ea090ddd75eb738",
              "ami-020d9eefe48d7f9bf",
              "ami-0ed4e85d23b8b94b3",
              "ami-013cb680b677f22a7",
              "ami-023157b7562c445aa",
              "ami-088bac347655b5ad1",
              "ami-0cc685744ce5df855",
              "ami-06c03483ce83e1e6e",
              "ami-01d447c518c44ea31",
              "ami-0c5513082477879e9",
              "ami-0a2415c77f411479e",
              "ami-04cbc90abb08f0321",
              "ami-06a010989e9957819",
              "ami-0b24fed3600b6c89f",
              "ami-0044130ca185d0880",
              "ami-0601f60a2ae898302",
              "ami-0ffc79cdbf5c0e1d9",
              "ami-09e585df326819fd0",
              "ami-0c6561743d61477ca",
              "ami-08907d807ff3222f3",
              "ami-04edee1ae94bb02da",
              "ami-0473316cdcd450890",
              "ami-04adbbf83eca8090e",
              "ami-0fc801ca8ca5ee213",
              "ami-0667b873df656d4aa",
              "ami-03411216a73d93b41",
              "ami-053ce8d7266cae292",
              "ami-0acc151b95a0e68fc",
              "ami-0b52d8bdae322200d",
              "ami-095e3dedbd6ea3e94",
              "ami-04f870e8108cea070",
              "ami-0697cf316511cdba0",
              "ami-04744e308a83ca3e5",
              "ami-0c169898e1332de76",
              "ami-0be5f702913dc2b89",
              "ami-030c2c17aa02ee0b6",
              "ami-05b257a2c7097c68c",
              "ami-0cc19049dbff8cf03",
              "ami-0bf6e0b76230d80bf",
              "ami-09a0425bbd3e03a8f",
              "ami-0fa2fc932899e5897",
              "ami-0a2b0c73efbf26c99",
              "ami-0daaaa1d7fff49451",
              "ami-0976997628c17e9e3",
              "ami-02ad4145d99bf6b41",
              "ami-0070bf6ac7c3b947f",
              "ami-0973958784c9ba96e",
              "ami-07fc08427f8b34bf0",
              "ami-041b89f7f3ec5ba78",
              "ami-06101f74c85257ca2",
              "ami-019d6c7c54da34477",
              "ami-08edf016317aa2fc5",
              "ami-00dfcb4670dd68ad0",
              "ami-0305d0b03812a425e",
              "ami-0a8ae702db8fbf3eb",
              "ami-0898579578fe2bf84",
              "ami-06b0f3f037f26bc56",
              "ami-02117ba131e1641b9",
              "ami-0b6f8eac3cb4047cd",
              "ami-0bf90bc722b139141",
              "ami-013eeb383b9ad31db",
              "ami-0d3653fa9233f15e4",
              "ami-08c31894eb96c0494",
              "ami-050d1000850a59480",
              "ami-079b2d82a553c0fe5",
              "ami-0dc7572d900c208bc",
              "ami-0c31e39d73c68249f",
              "ami-04b174339f6b9c48a",
              "ami-0bc9d1fd56c7a463b",
              "ami-06c40dd4f80434809",
              "ami-02393ff8a9e30d8fd",
              "ami-02e9c457e213ee658",
              "ami-0c4cd1bcf7fabfae1",
              "ami-04c7687ff949da57b",
              "ami-0fb77833146f839d0",
              "ami-079aed59c2c07fb2e",
              "ami-040646da8e19f69bc",
              "ami-0f229944964784fcf",
              "ami-0809f964c63e0dd50",
              "ami-0a67dd8484c3244c7",
              "ami-04e0947fba43cef8f",
              "ami-0c129598b64786889",
              "ami-001ded91c8b71dae2",
              "ami-04c49df45d5bf84c2",
              "ami-0f96c18f04267ebc1",
              "ami-0a1b6b8a6488f5064",
              "ami-0ca42562f43556e13",
              "ami-07132ba079c27df66",
              "ami-01379d25cf4ef5c0e",
              "ami-023a8c139b6a2bfb3",
              "ami-06245def2cbe4c872",
              "ami-06e38583f732cb28f",
              "ami-0413ddc62cc12cc75",
              "ami-0221d2839f6fe11ae",
              "ami-06b0a9caa597b53c4",
              "ami-0b7a3bcf28add6df1",
              "ami-02ac4d4fe51152bba",
              "ami-0d032f1d080e38e99",
              "ami-064cdeefe81936b28",
              "ami-048adf6e254f0823f",
              "ami-0f35ebdb03692bdca",
              "ami-0e40db2965dc19112",
              "ami-0c7308760e6a541cc",
              "ami-0f0a06fbaa1ae7885",
              "ami-0bd610d3f6b909fbf",
              "ami-0aaa504fcf52b23bf",
              "ami-0311c1cff02815fb0",
              "ami-0c9ebc987d4aaecb6",
              "ami-059fa3b93b314ad7f",
              "ami-0659891bf1fab08ce",
              "ami-021de1d385716cd8d",
              "ami-00d5fd6d75a1a97e4",
              "ami-0a4541e468ace4c41",
              "ami-0138a68b4ed0ecead",
              "ami-098f99c254676c588",
              "ami-08ed3da08a1efb3ec",
              "ami-077a2d110f0746b75",
              "ami-064e65efdd62efb36",
              "ami-091b1c4aa02ba6400",
              "ami-086b2d3d4340c1f7b",
              "ami-0bea9924fffd83b4e",
              "ami-0814fcf39f8a3c134",
              "ami-0f5b3ccadec1cc91e",
              "ami-0c23525d7aa16fea4",
              "ami-01972b35151b63c91",
              "ami-05e7f2d065c8410af",
              "ami-08fded1e0d60784d2",
              "ami-0fb5bc6183a98075c",
              "ami-06592e9b1474c4a58",
              "ami-040aa46db03dcdc3d",
              "ami-0ab00f4f9f4f3e3bc",
              "ami-0197c01d55317319a",
              "ami-0d6f4aa4629eff4d7",
              "ami-0d3706d92a5a0593c",
              "ami-0492aaaa8772e137a",
              "ami-0c7598841d2dba4f4",
              "ami-08407a42cc106148b",
              "ami-0b7a1555e5cee5ac4",
              "ami-0bcc12e103dfd8e22",
              "ami-03233ee555c003b14",
              "ami-01cc91accf6d856bc",
              "ami-01c8d4ff8b88b0bfb",
              "ami-0a4f922eb2425be92",
              "ami-0591db52e48fcacc6",
              "ami-0bc65f27d5b7b162f",
              "ami-06563c2c95d638d87",
              "ami-031eea986fdb35cdc",
              "ami-0513251f9450d7a64",
              "ami-00a17fe6121b2974d",
              "ami-0027ff7af942a6023",
              "ami-015ef4e441f11931c",
              "ami-08f839f93696ebb3a",
              "ami-0a6769441db73cd08",
              "ami-0808578f5c42a09cf",
              "ami-0780e042609c1f433",
              "ami-0d22241d7624b9f7a",
              "ami-065679d8cc418c6dc",
              "ami-081b1368bbada6fc8",
              "ami-09b80c3fbe1f12549",
              "ami-0c80558b15fae0b4e",
              "ami-04c275eb09dd24ae9",
              "ami-03f3f75ad061209ad",
              "ami-0aeb7f87868461462",
              "ami-0ad09ceed32cfddb5",
              "ami-0035a5a4b40951ded",
              "ami-0c3402beb15fb458e",
              "ami-0ae0d9f5e6f0f2671",
              "ami-0cd8aead3594e2ecc",
              "ami-022d4dc89499d64a5",
              "ami-0a021ed45a28b3051",
              "ami-0b0c79ddd8e131d2c",
              "ami-0ebb9b1c37ef501ab",
              "ami-0b6d784bd5993128e",
              "ami-01e10e09f711b530d",
              "ami-0174a9f5d7af48dc7",
              "ami-0b9812c401f46944d",
              "ami-0b3a1a4f02c8c7bde",
              "ami-09ed46adb1ed87a55",
              "ami-0feec404a0397094f",
              "ami-0f5bdf0ea4084ec07",
              "ami-0205ea3fdf1715b14",
              "ami-0326abf6c43178ff9",
              "ami-016ee8ad0c20abacd",
              "ami-0d040f5c52678998f",
              "ami-0b76a2b3d84aa86b6",
              "ami-00de3c476fdfe105f",
              "ami-03c7d01cf4dedc891",
              "ami-027510bccba463db0",
              "ami-02d69c34f7a0bf36a",
              "ami-00bd56e50fb3dac74",
              "ami-0f0a8b9bc31bd649b",
              "ami-0be609f27b7a9ab5f",
              "ami-0b3b22c3c08c35d04",
              "ami-0c5338a495eb1c939",
              "ami-021fefbcf8abe34e1",
              "ami-063dfa652e831d3d3",
              "ami-062b1c3c00754c48b",
              "ami-05fab5da2d7fe0b0b",
              "ami-08354f46ec937473a",
              "ami-07480caf4e403a628",
              "ami-09b435c65f97ace2e",
              "ami-0b5df848226550db1",
              "ami-028f6d7ddc3079baf",
              "ami-0611433e9f2cff72f",
              "ami-01fa3ae0da717850c",
              "ami-0f529b11a6354f0a6",
              "ami-0066ed2ecf308310b",
              "ami-0b081ea77f4beb6c1",
              "ami-0024699f66c5b8fd7",
              "ami-0e042636c7a05959d",
              "ami-0282cf06944e9a0fd",
              "ami-0f192c80cf479acae",
              "ami-0761bd9de77672235",
              "ami-0c62ac207c2025090",
              "ami-09b24919c207fe1f0",
              "ami-0d52ddb426cca3fbb",
              "ami-06f7670ca3e4e05ea",
              "ami-0ce23e388ad149497",
              "ami-04b5b2e978ffec982",
              "ami-05bd56be03c64dcaa",
              "ami-0d201eb29673f0502",
              "ami-0f762c202a36840c4",
              "ami-0ffc3dba69a1f47ea",
              "ami-067dccd86b62a94d9",
              "ami-01433a20615b9bf77",
              "ami-07adf9f54ede23cc6",
              "ami-0a7eeffd7dd3c3ec5",
              "ami-017f94448d4a5da3b",
              "ami-0196707bc43203439",
              "ami-0f781f36c5af6e6c4",
              "ami-02e651c1a562a77a1",
              "ami-02f8f26f1b079d849",
              "ami-0b6b4852decfad571",
              "ami-0eb16afe8d4b49dc8",
              "ami-014baa373b668728d",
              "ami-0bc03ff5fb066004c",
              "ami-03687cd27af43d412",
              "ami-07c6c911805186958",
              "ami-0511a0c317be6a850",
              "ami-05d9dd13fa85364df",
              "ami-09270e36613b398eb",
              "ami-0ef09b1aa9fb78d2c",
              "ami-0b86237755da87b28",
              "ami-0d3019784d7edd1e6",
              "ami-01391b390209af9c4",
              "ami-0098f87ea85f4b876",
              "ami-04e1fda3e8cc88dc2",
              "ami-0404bc45f47e35788",
              "ami-004cb5baf14ff58ad",
              "ami-093b63d113ce3f803",
              "ami-07f7fc55b9478fe72",
              "ami-0b4adf82d77eff976",
              "ami-0c31584d77c73df46",
              "ami-010a00dbba8c2aa80",
              "ami-0186f9012927dfa39",
              "ami-02b2ef5cf88a95237",
              "ami-0dd75c9fabbc84de0",
              "ami-061cb6519faa3b92e",
              "ami-0f1bae6c3bedcc3b5",
              "ami-048878f5a8f59e557",
              "ami-0b567a011cf565ae4",
              "ami-07e63011bd7e90e65",
              "ami-0df8af1c83a957934",
              "ami-086b337314358a0b0",
              "ami-002d7d8815f3d2baa",
              "ami-0aa743d690609d20f",
              "ami-04d19e6dc0c64b281",
              "ami-01b9dfd165c0daa38",
              "ami-0e44c11a0bd42ed00",
              "ami-0f2b22c3144288c40",
              "ami-036e41e7f5d6d8da0",
              "ami-04c892ad5d07364b8",
              "ami-02ea7c238b7ba36af",
              "ami-0235f979477600fcc",
              "ami-0405edac781bf558d",
              "ami-0fb52012a8def87b9",
              "ami-0b70e10c77dc1134e",
              "ami-0dcca6070f5dd5c0f",
              "ami-0633d7277d6cf7b3e",
              "ami-0433a8dced52e2f34",
              "ami-0cd53f4af20833187",
              "ami-01d45adfdef80342d",
              "ami-098c939daa5e43f83",
              "ami-0ce0bc9be2a044a29",
              "ami-0e1464de76abcd50b",
              "ami-003b36e26a57ccae7",
              "ami-0ec1b2c6f1417d859",
              "ami-00c008cd43492a617",
              "ami-0afbcae699c803db7",
              "ami-0b0d79012c6bfa493",
              "ami-0874ad172603d885c",
              "ami-094e54bd463a954b4",
              "ami-0fc9da934a89da803",
              "ami-038b126b702391754",
              "ami-0718f65b3892565ea",
              "ami-044a8e5fabc7227f7",
              "ami-01e8a7be8527f302e",
              "ami-0134f610fab0ad33b",
              "ami-0b6278baa6691172d",
              "ami-0180f3494a752dac5",
              "ami-02741e7a6e1797d26",
              "ami-0324d134eb236f7d8",
              "ami-069aabeee6f53e7bf",
              "ami-0c38e244af3a9729f",
              "ami-00101c3551c99b710",
              "ami-05f408238af346b4f",
              "ami-09b44575a2d9b52da",
              "ami-0068bb87d41c03f06",
              "ami-0380f4d9c851a27f5",
              "ami-0532899d46335ff25",
              "ami-0fa9ea024c969a246",
              "ami-0ccea300d6766023d",
              "ami-09157eb7f31ffd05b",
              "ami-041c7269ed13d114d",
              "ami-06d3fe7b7d9be660c",
              "ami-069dbcbef0c5cddfa",
              "ami-0e24f653601867569",
              "ami-0698ea8d24ba6dc93",
              "ami-0121d93710073376e",
              "ami-0791b93f3129e89b8",
              "ami-0c3b32f85b75d8f28",
              "ami-0c72a6729cde74841",
              "ami-0559f43d314aa2e7e",
              "ami-00c558abfada1e83f",
              "ami-0b86ea831135251f6",
              "ami-02f5ecb082b74cd86",
              "ami-08a010c5fd096c43e",
              "ami-08712c7468e314435",
              "ami-01a060c861881fbac",
              "ami-02c5235360fb8957c",
              "ami-0f52c99ac20f50be5",
              "ami-049b5ed4236add953",
              "ami-04b8e117d784d9702",
              "ami-02749f7a96386bacf",
              "ami-0bf953afac0fb5df9",
              "ami-057bea9d52efb67ea",
              "ami-05339d597592d45cf",
              "ami-08804492e612715a4",
              "ami-03cdf497c7b1fe43b",
              "ami-0fa6fa0a333f2a7af",
              "ami-03b13ba5d7a7fb34d",
              "ami-0a94cc3e3653bd73c",
              "ami-0b780ff83c13ed81c",
              "ami-0827b1ed832652a71",
              "ami-074186d8abe62d212",
              "ami-04d2290c1e193d4c7",
              "ami-0120f8c37597e5851",
              "ami-0336a84f12aec7fb1",
              "ami-0a4caa099fc23090f",
              "ami-0dce686630c077d52",
              "ami-02457d3f445a5c472",
              "ami-0b43f7cd1a52ca819",
              "ami-0368c5070c4a2262d",
              "ami-063c373a70984f3d1",
              "ami-014fefdc9dfb375e0",
              "ami-01a36be5e9fd841c2",
              "ami-02f8a3b8fe70e81b9",
              "ami-0b1467fc917177953",
              "ami-0886faf4cee6a9f0e",
              "ami-0e485d43604c7073a",
              "ami-096c481109a8ee4cb",
              "ami-02c44e716f1eafa14",
              "ami-01b901ded27bef504",
              "ami-07d28e42a376a75fe",
              "ami-074c57b8764c83c0f",
              "ami-08125c23b4d36780c",
              "ami-0fa1de1d60de6a97e",
              "ami-01f4a352f63a376a0",
              "ami-0d6927ccef429da8c",
              "ami-0faf5051b17c7bf13",
              "ami-096f5931cf08e6aa8",
              "ami-0fd630a770c6a61e2",
              "ami-0bdd98f5553a60471",
              "ami-04b2f5b6488ba883b",
              "ami-0d1ecaad2613d97c3",
              "ami-097f2daf382bc161d",
              "ami-0626241ca1b5afb41",
              "ami-0ee54cd44e91a646d",
              "ami-0f6b076364b055b9e",
              "ami-0448b218350ce3f00",
              "ami-0251324d6563ce572",
              "ami-085a21df99d23c890",
              "ami-09c113112a6705977",
              "ami-0bc92e266171118a6",
              "ami-061acabab94a58c8e",
              "ami-00510adc7ff918263",
              "ami-0fcffc917fcce5cc9",
              "ami-0188c27af26ff415c",
              "ami-066db07c5d9c8d2e3",
              "ami-04c11142d90e4ae70",
              "ami-096be34cc63faab7c",
              "ami-0797d5d95abf31342",
              "ami-0f4cda622f4b2a0dc",
              "ami-0d7a2e123c6a0d11e",
              "ami-02a1117fbef11ef7a",
              "ami-0c41cc22f925516d5",
              "ami-0631a0a64328257f2",
              "ami-0b9f739645ef03dfc",
              "ami-07858c600b3fcfd83",
              "ami-028925c6badbc01d2",
              "ami-0fdcd1be63566cbd2",
              "ami-00b22173b7758e506",
              "ami-069493d0beecedb0e",
              "ami-0503744494a9fc4b6",
              "ami-0653874f9da9c1bc2",
              "ami-036333d7d902c93ec",
              "ami-0b324207d4bcaec61",
              "ami-05bcb9a3c5cfe07c9",
              "ami-07424a92c7f3f06c6",
              "ami-052f9fa9c2d7fbae0",
              "ami-0528af10692058c25",
              "ami-0271ce88f6c03e149",
              "ami-0bb67f8ad09c0ce19",
              "ami-05449facba0f26e34",
              "ami-00e510c9990090a26",
              "ami-043b4ba7a416edf05",
              "ami-0dbda753a9b0e3395",
              "ami-023d238484ee0e01d",
              "ami-0f925573cc9f22ac0",
              "ami-047aac48e2ffc201f",
              "ami-08ae6e8af7ee49698",
              "ami-0ca811f5c7741d781",
              "ami-092eac150f2e6adb9",
              "ami-0c87173d4f3312774",
              "ami-0638741e0c9aabde6",
              "ami-04c4bbac94ed74f8f",
              "ami-0afb477ff8d65bb67",
              "ami-007b72dab6c707097",
              "ami-08bc2f8045fa6b1a7",
              "ami-0ddc09b6a3db655f4",
              "ami-0caa3b55d085c624f",
              "ami-01a71d10df5396841",
              "ami-0be3ca7b9b68fa36c",
              "ami-06ee4e7384c8bd4fa",
              "ami-0c8d525fdd6c85b0c",
              "ami-0c9b416d5d9c784ff",
              "ami-0094b8b3a7042bd79",
              "ami-003bb22bbebd73b06",
              "ami-03bc1de73078fea97",
              "ami-0c1e2d1ef24d7cd0d",
              "ami-09701bffd00f30b22",
              "ami-0e8a8caf840e9b6e5",
              "ami-0dd6ec167676475db",
              "ami-09ba65f5e0476e104",
              "ami-038080ed290019eb2",
              "ami-0ff4482cf487b9eef",
              "ami-04b43a3a5cbb5d25e",
              "ami-0829b2f2bd222cfe8",
              "ami-07ac5c2a049f0faf5",
              "ami-07954f96c103ba44a",
              "ami-03a8c669abab6f0d1",
              "ami-06186ceaeb9a002e1",
              "ami-07f3a21d5a6ec5ee9",
              "ami-06285b6be72f4e628",
              "ami-05ef3de3741e2986f",
              "ami-0e855c6a0457a993e",
              "ami-004811053d831c2c2",
              "ami-0aa2b7722dc1b5612",
              "ami-0b4edcce8cdf877ce",
              "ami-02d6acfe7f95b0e70",
              "ami-05cb73392593e2674",
              "ami-0d87b43677ef96ab9",
              "ami-0c0a11fe786b78876",
              "ami-0e19efdda1862026b",
              "ami-06e949c9af3bf484c",
              "ami-011244318c573c915",
              "ami-003237eb446483b5f",
              "ami-0b74e845d67e596cf",
              "ami-0127b16f500600946",
              "ami-07d3772eacd981ce4",
              "ami-0aa7aa4c87fe47ff6",
              "ami-071432800334eb200",
              "ami-0821f148def0a90af",
              "ami-02b4c9f317adee534",
              "ami-0f3616c13f5d8b138",
              "ami-01a49b3f453d9df87",
              "ami-0e91b83d217ec41d9",
              "ami-02f69c04110e1ff32",
              "ami-018486fecdfd6fe98",
              "ami-00e8d4cdc8d83a496",
              "ami-0e44d28d9d3ea3432",
              "ami-0f82a2e90f1d4b4f2",
              "ami-081c4a9f0bbbca63e",
              "ami-03006ce0b447509ca",
              "ami-0ad6b1e97e86129c1",
              "ami-0301854d803776fd2",
              "ami-0984771b0c4f6fdf4",
              "ami-007855ac798b5175e",
              "ami-01f981c9c82f88c4d",
              "ami-0732cb58a760e7057",
              "ami-098a5401ccd12a7a7",
              "ami-02043a31c179369c8",
              "ami-05018483cd69f2f70",
              "ami-0ea5699bb9eb896c9",
              "ami-052039892612db837",
              "ami-098eb2a5846da3db3",
              "ami-074aa6de41467e8a3",
              "ami-024e3d5a2fd1c6f67",
              "ami-0855feff00f80add9",
              "ami-016707d9ced5bf4b8",
              "ami-0c8fc86cdee639598",
              "ami-0441be5a8de3b4f78",
              "ami-0f0b0c501d15e4565",
              "ami-025e7ac5b3e6ae603",
              "ami-01fd3d54e0170010d",
              "ami-02c429a6ef7dc9b77",
              "ami-09c85acd0d52af733",
              "ami-0a83e259ea887c4c7",
              "ami-0550a1ab2006bf68e",
              "ami-034ade26eaeed5e34",
              "ami-05b26fb6d0bafefba",
              "ami-083475c44c80390f3",
              "ami-01de13834b1136a30",
              "ami-02b7d9966cb9988b2",
              "ami-0368028f5ecf3ec97",
              "ami-0b84c1ce80e8f880f",
              "ami-01e2f5160b726894c",
              "ami-010f7c72d7978e687",
              "ami-052c6353a5e5bc8a0",
              "ami-00ca4e18d4787d341",
              "ami-00a846a0a4f8d42a5",
              "ami-0b61db5f9cd548864",
              "ami-0bfb75205e2d757a1",
              "ami-06a11c2d4b73b81bc",
              "ami-0649417d1ede3c91a",
              "ami-0b15e720c6de8cd36",
              "ami-06bc9e8bc2489e77d",
              "ami-006e00d6ac75d2ebb",
              "ami-0835277cf7f1218ff",
              "ami-0162b588f0ffcbb5e",
              "ami-0c968f03d93c85fee",
              "ami-0614a0d8d607fa55b",
              "ami-0804b62135f06f3c3",
              "ami-07717baf09ef29bb5",
              "ami-0d9388c91cfc6e35a",
              "ami-04e6a6b71e43cd6d5",
              "ami-023046f8180fa625a",
              "ami-0c76be34ffbfb0b14",
              "ami-0f5c19168a4bb46d3",
              "ami-03efa908f8389ec28",
              "ami-0ec52e75da4c220a5",
              "ami-0237daedd4a3b6c05",
              "ami-06e74cca3afc0aeb2",
              "ami-080a413b94c1002b7",
              "ami-07e968f87ae53a88e",
              "ami-0cf1cc8406c2a05f0",
              "ami-068f27965379d536b",
              "ami-01d96117f5e9cc855",
              "ami-0898593d30e40cfa5",
              "ami-0608e8ae3ed7bf921",
              "ami-0cc4b96db4e5c8e2a",
              "ami-0b5fb440f903d1469",
              "ami-0c14a5a3a9d57d207",
              "ami-04c103887ba2cda9d",
              "ami-01891bc4e58b68cdf",
              "ami-07768a0dc1c841181",
              "ami-0eda2c8a9c494285e",
              "ami-035d0371a4b296747",
              "ami-025cbe77044cd8162",
              "ami-0506e14d8994d0d5a",
              "ami-05e76d4bf206c0bc0",
              "ami-079b4f69385c41c4d",
              "ami-0d3e370692f7f52b5",
              "ami-0607ff24603b4c5c6",
              "ami-0d2a2a754d5cee348",
              "ami-0aca9aeb5f5b1b628",
              "ami-0805c71a13351076d",
              "ami-00057bc198bdc2437",
              "ami-08da6116ed657f36c",
              "ami-008db49efcdba665d",
              "ami-07a6790d59ec38f30",
              "ami-0f856e029e3943253",
              "ami-045e9dd7dfe238343",
              "ami-007d22efb609abd32",
              "ami-04c545ca749cfe57b",
              "ami-05f97333c597ea2ed",
              "ami-021248e8228eba010",
              "ami-0a3da8b47de1d87b8",
              "ami-0c1af19ce93aeeef8",
              "ami-0733d88d7fb98418c",
              "ami-01ebcc75013eb4bf3",
              "ami-06f6024993bbda833",
              "ami-0ceb6f2bade619139",
              "ami-05bdb9a595eeef95a",
              "ami-0ccbd1a24ded2a2a8",
              "ami-0222402fc8d0046fd",
              "ami-0a87cf6d5bf76a443",
              "ami-093b08a8944ef36df",
              "ami-059fff7f22f6e47c0",
              "ami-0692f42efce4052f6",
              "ami-094bbbc35cbcb6a1a",
              "ami-07a72d328538fc075",
              "ami-0c5c6216add00bd00",
              "ami-0d3f89c18be82c723",
              "ami-02b37ed26cf5ed8a1",
              "ami-0969878613b5beb4c",
              "ami-0ddfdd8d4e4ccbebd",
              "ami-0c663afb58da56e30",
              "ami-04581fbf744a7d11f",
              "ami-080edf927ec1d532d",
              "ami-02c82a89daff48264",
              "ami-06d3b5e1ed9e1d982",
              "ami-0f482b4bb814ae237",
              "ami-000d2d7418dbc5f0a",
              "ami-0e27ac09531f1fb24",
              "ami-0ef1cf6b946f12499",
              "ami-01d646752e482151d",
              "ami-02d270b7b93ca4355",
              "ami-06eb99c34b39b9588",
              "ami-09b6670f8df6d4e69",
              "ami-0066384864fd82857",
              "ami-0e1254280bba91523",
              "ami-000ea0fee99c3d61c",
              "ami-0f09ed86ba5534c38",
              "ami-0b8956f13d7bdfe7b",
              "ami-014fd3814a8b58ab4",
              "ami-02cbbe3f8a7b091db",
              "ami-04235d25d506f2af7",
              "ami-0631713b28ac842f0",
              "ami-06e89d1b83d3d6547",
              "ami-0d1ac77eb938e3b56",
              "ami-0e3e7d741f4cf5cd9",
              "ami-0d8c5bc18f8085f32",
              "ami-0f84fb6aea62864b5",
              "ami-0687cf2139e5a9250",
              "ami-0bf9a819d98767e0c",
              "ami-083d4e4bd10fd5bda",
              "ami-0e68d23c4b2e08e48",
              "ami-0406710a2aceb7d78",
              "ami-095373b19180f2fc0",
              "ami-0af8b7bb1f8d6f3fb",
              "ami-0119443bffd9dc7d9",
              "ami-0308f7444cc7f1ccc",
              "ami-0443fc65107c6eae3",
              "ami-043e148538278cfab",
              "ami-0c639f49a492de3f2",
              "ami-041e6b6c39be00e72",
              "ami-0e7071b507f45a479",
              "ami-0a4eaa81b7b6acc13",
              "ami-0eeed82b7eb12c7ca",
              "ami-07f92c70adfda8fd8",
              "ami-0e650e92516137347",
              "ami-06b2007bc0bf65654",
              "ami-00cba8a16dcf73e82",
              "ami-03544d8cdadcfe466",
              "ami-004879981d635308b",
              "ami-091a11a3e5e124f74",
              "ami-064bb5ba70997efec",
              "ami-0e4c17af547a64ff4",
              "ami-02a6e8e0eaca744a4",
              "ami-095ce8817e2967cb3",
              "ami-04d18f7536e145036",
              "ami-0d8df161988a895a9",
              "ami-010477747c05bbe9c",
              "ami-042b39567497b9285",
              "ami-040b54f32e6e8382a",
              "ami-00d9a6807a2ae7740",
              "ami-0a5b60097243daee7",
              "ami-04460e852d084f5c5",
              "ami-0703f26cb49b1e947",
              "ami-01981dc9175f6f653",
              "ami-0204d44a8b06ed626",
              "ami-0c73d29a0774fb29a",
              "ami-0930536f810d00874",
              "ami-0b91cc5818c439a08",
              "ami-024c77d2eb3522258",
              "ami-0d09b9cd3b7c85749",
              "ami-08dbbbbef8575072c",
              "ami-02ece50ecd6c94073",
              "ami-0163c6d2704a66447",
              "ami-0a2d179e799198d80",
              "ami-0516af0b5c8d5927d",
              "ami-04e4d1a727c9e8e58",
              "ami-08548ef2e1c83cd32",
              "ami-0613c18449b2b1fe8",
              "ami-0c4bc60d15c39364d",
              "ami-0107c1af8e6280415",
              "ami-0ffcf5b93ec4fa854",
              "ami-0c93d008afbc30707",
              "ami-0ac679805b89727a8",
              "ami-0d9ed35eff5429039",
              "ami-0ef5f5738980bdfc4",
              "ami-096f1a80fb9fbae15",
              "ami-033592485355290ae",
              "ami-02fd2fedd926bab15",
              "ami-0902a2e793397db1a",
              "ami-0afbf892c2d814c2e",
              "ami-0310e04394c549033",
              "ami-0c9f7df5926169e90",
              "ami-0b25235a5bc8509ea",
              "ami-06fa2251116d095cb",
              "ami-0a7db2e37154dc1e9",
              "ami-0286c617e666f2df1",
              "ami-06ad924a145cf6239",
              "ami-0a50ae3a720737240",
              "ami-0d82236ce7e7bfeb7",
              "ami-0a2f785d425713207",
              "ami-0a09b213b6b820b58",
              "ami-09a7227ae41505a21",
              "ami-0d08c00fae325064c",
              "ami-02ffd5a6237dfd96b",
              "ami-00640f29e77a6d836",
              "ami-090504c0302a6aeb9",
              "ami-03988134178e5288e",
              "ami-0d996631acac16517",
              "ami-0d31c3b08c4f591b6",
              "ami-009bec0f7dd142dc6",
              "ami-041e12e1c728fe065",
              "ami-083cd4eb32643c8a0",
              "ami-0cb14954c0c88999e",
              "ami-095c79291a445ebc5",
              "ami-07728b8f106fd4216",
              "ami-0be745ab75ba5e45c",
              "ami-02978b79564e08f2f",
              "ami-016eb5d644c333ccb",
              "ami-007cf291af489ad4d",
              "ami-0b7822abc215c372e",
              "ami-0712cd4d8669bd222",
              "ami-009ea2609d4365329",
              "ami-0369fe9cbe3bb0c7a",
              "ami-082c96b465c76cf37",
              "ami-065c6959cece96cdc",
              "ami-057bd97fb39a374fc",
              "ami-0d07d111194170dc5",
              "ami-01bcfe978da18822f",
              "ami-00122ae0bdaa8ae4d",
              "ami-0ebfa2ead2e4d99f0",
              "ami-044110f0b29194b84",
              "ami-0570db349060ff43d",
              "ami-0868fca3dc0f82b4d",
              "ami-0a7de320e83dfd4ee",
              "ami-0f3dcf4977a3a2e67",
              "ami-0b462e3f9fb2e6d5d",
              "ami-0a25ba661479138ce",
              "ami-0d687d199592239a6",
              "ami-0bd8c872707de1955",
              "ami-07ce6fa7c14ead713",
              "ami-03133e23c49d08bba",
              "ami-06f0ef79c5680c21f",
              "ami-0ea21e38e9d0464f9",
              "ami-0b9bfe44c0a563418",
              "ami-0b822215ae49d55ce",
              "ami-016323e6b8cd75b40",
              "ami-03518c02e566e4c74",
              "ami-06f51f6dff193bc8f",
              "ami-08366272b4f7bc27c",
              "ami-09e647f6914559d3f",
              "ami-05cbf9fe92671b2fb",
              "ami-0aed57cca69257d8e",
              "ami-0376a5a05d94ba16b",
              "ami-0eb7b5e68d8fb1b09",
              "ami-02c4fbb7ab6c4ab6b",
              "ami-0f0a391fc3bfe3caf",
              "ami-003210fddbe2ac0b6",
              "ami-078afdc6b93b6177f",
              "ami-089f8c279fc802f00",
              "ami-044f4ccd72db729f5",
              "ami-0f32d0b7c04123646",
              "ami-07dbc09e1c3402621",
              "ami-0c0f52b289bdc7c07",
              "ami-019c23d7ca70f04eb",
              "ami-01017839908dc0da4",
              "ami-0e08537ced7356a43",
              "ami-07b287ee513299b24",
              "ami-05b28bd0f7a00a752",
              "ami-0a388c635734d6db5",
              "ami-0c87ee02e407d265a",
              "ami-005f9685cb30f234b",
              "ami-0ee08df293eb83537",
              "ami-094497023a09b18da",
              "ami-09a0dac4253cfa03f",
              "ami-06f171a40d7e7ba8a",
              "ami-0f2a2f7da99cab8d2",
              "ami-0742448a96fb36881",
              "ami-05a66dc4a507a82cc",
              "ami-041c8b65dc4b3bd44",
              "ami-0b921efba50ffa8cd",
              "ami-025f143b0c2275b48",
              "ami-08dbbaa81cf9daaf9",
              "ami-052175cc8d5f52c0d",
              "ami-0f496bdb7db0f0187",
              "ami-030fc98bb49efad18",
              "ami-0574db53e4f5aaaa1",
              "ami-0d9c6ff8771f28310",
              "ami-04645fdb07afdeaa7",
              "ami-0fb52f3deeba569f0",
              "ami-02d2d09d6629c2704",
              "ami-09def9404c46ac27c",
              "ami-010b8fe7601268225",
              "ami-0032eb74d4c35ff7a",
              "ami-064dec04a7bbbc3de",
              "ami-02be1098aed25ab6a",
              "ami-0557a3a07a5f5c9e8",
              "ami-0124c2c1240d85562",
              "ami-04a8a8ba56dd8e887",
              "ami-09a213077264f6e5b",
              "ami-0d432daca5fce4fac",
              "ami-0db1d52047cb9771f",
              "ami-046c04685b6d0c429",
              "ami-05a10627bc3ed2f57",
              "ami-08a3d944a206022b2",
              "ami-023a407a0593c2ea3",
              "ami-08b23c222d0864563",
              "ami-03ac9a1e1ea62b69a",
              "ami-024f0cd5608498438",
              "ami-08c71bc46750b026d",
              "ami-0b4795e99297c2650",
              "ami-0913ee3443b7dc316",
              "ami-093ae5f15d5f291c0",
              "ami-00b56546df5a8bc0e",
              "ami-0d48550527d26ef64",
              "ami-0cfae18a66ac37b5e",
              "ami-06c4834c3aab8b74b",
              "ami-0b19cb326aba67031",
              "ami-053f2a788f41ffd3b",
              "ami-012835ad0eb3ecb63",
              "ami-0b070257a3ae0c4b3",
              "ami-0995bf1a18e217ccb",
              "ami-0600e874dfea4fea0",
              "ami-08654d71934eb7a83",
              "ami-0a51bce394ece85d7",
              "ami-00f49133aae9b7992",
              "ami-0aaf657847cad7cb1",
              "ami-0b0123d842c60fbc6",
              "ami-078b2e48715e8766d",
              "ami-0345b85b1018c3e68",
              "ami-08878cd176947248a",
              "ami-05eec61766fedc13d",
              "ami-0b567aa59d1414c85",
              "ami-0813c27c731689436",
              "ami-0e0dcefa3a28fa82b",
              "ami-06130673e86f17250",
              "ami-0f9251ff797fa4c21",
              "ami-06c0f30fa42bd028d",
              "ami-065ac5adec7e0d9fa",
              "ami-04ea738f8b8cdc8a9",
              "ami-09f73e8f7530c1acb",
              "ami-0ace5d7348fb430a4",
              "ami-0e7395d4b7cb968bd",
              "ami-028daf81a75bbc605",
              "ami-09463a012289b008a",
              "ami-0468ac04ce3d1a2d1",
              "ami-08698c951c6698fde",
              "ami-0fcff850404b273be",
              "ami-0724d9f37ede51650",
              "ami-07bb556f58dca6753",
              "ami-050146938daef4bfa",
              "ami-0596ef57b6091bf2d",
              "ami-02210858cb5e7c4a7",
              "ami-0cc831bc21a58b730",
              "ami-06975e2d1f8fb6312",
              "ami-0e0ef6d000988b8b6",
              "ami-08fde3e72316b85bf",
              "ami-08dec970a8890d879",
              "ami-082377dfa99104ae0",
              "ami-010831b9d47102d4e",
              "ami-012345497be0bfb97",
              "ami-00578ff067869e16a",
              "ami-0180c2bc3c84fc3ca",
              "ami-03355a0cb3a1176a0",
              "ami-0d5a350946329d428",
              "ami-06e85f39deb608219",
              "ami-0172ca6f2ab0713a5",
              "ami-0a7b29b99301a0459",
              "ami-0fd2c44049dd805b8",
              "ami-0c6c29c5125214c77",
              "ami-07edc8a25947a1bde",
              "ami-078ab923fba3f9119",
              "ami-0136abace960096aa",
              "ami-06c532f10af4d9046",
              "ami-0953554ad4b6cbffd",
              "ami-021d6662912d6dc60",
              "ami-058d2dac83cfadc6e",
              "ami-0807074f57e2a254b",
              "ami-0d2e39fc13d6fc92d",
              "ami-0172070f66a8ebe63",
              "ami-0724433518e22453b",
              "ami-078eece1d8119409f",
              "ami-0d23ec1228995e83b",
              "ami-0eb95e87fffa6cac9",
              "ami-0fcbba27554ac2df2",
              "ami-0707036664b9acc67",
              "ami-078ed72852a48e87a",
              "ami-0d83433d88ca59293",
              "ami-052eac90edaa9d08f",
              "ami-0858f754d1ce2c0b5",
              "ami-05e11b06d6475fe06",
              "ami-094e0c5aee6e94d5d",
              "ami-00f0851a090feed01",
              "ami-03064b25474dad026",
              "ami-03943ea1afde39e16",
              "ami-01e65c3550dee3f5b",
              "ami-09d39ca9dd388662b",
              "ami-045a50425ac09a3f5",
              "ami-0abb32144ede0634b",
              "ami-0151cb35af82fa2ea",
              "ami-077943a5b503c56bf",
              "ami-0b85200980885ff0c",
              "ami-0c0086758e415ba59",
              "ami-0d2313e68292d11b5",
              "ami-00807f447ba961dc4",
              "ami-03931f8db4516ef72",
              "ami-09d234abcc8a4ec09",
              "ami-0003896d7cf29a3c9",
              "ami-006dcf34c09e50022",
              "ami-08fc510b1fc172e4c",
              "ami-05b5badc2f7ddd88d",
              "ami-075491d23bf82bb94",
              "ami-0c0e254eeb3926f13",
              "ami-07fc1c2ad26037d30",
              "ami-0c4760d4ff1ddc2de",
              "ami-0f254a6bcc5bdad58",
              "ami-0be1ecc7d49ac229d",
              "ami-0cacc567ed97d2914",
              "ami-07769078f72b36c5e",
              "ami-0bd37d505c341e541",
              "ami-0d6e1f56dd6e2ff7b",
              "ami-019b74181dac6ae93",
              "ami-033d9171e1a541396",
              "ami-01954f77f703362d0",
              "ami-07c71052e79e0c49d",
              "ami-0f7a4e92a3b6b7469",
              "ami-04a8015f31efaeab1",
              "ami-06caeb79473a3944c",
              "ami-021c8a2a61e736927",
              "ami-032054705908856eb",
              "ami-0795ed28dbdff1d9d",
              "ami-09e5089d51fa58904",
              "ami-08caafdb533b9ff20",
              "ami-02a3960da8103f6dd",
              "ami-034e2a69463175dc3",
              "ami-03af8681766a2f23f",
              "ami-07ea4e22c3deb8848",
              "ami-01630cecd9f02d88f",
              "ami-08dc1b74385c4ad33",
              "ami-06ef834821a405be8",
              "ami-0828bae4c16160343",
              "ami-0ce64d5b86df4a68d",
              "ami-0180126771eb2d35c",
              "ami-028e7634a3650b376",
              "ami-0ee8a03c2b6dc659c",
              "ami-03e255c74ad56c5b5",
              "ami-0c0977259e59d5b29",
              "ami-0b29c9c13c51cb866",
              "ami-093a9909d86f09c67",
              "ami-08cd10bd8f4d80a96",
              "ami-0dbec994ae0e8fe21",
              "ami-0f16d4b052aa287bf",
              "ami-0c3ab5b2b7db60205",
              "ami-00805552fa999b1a0",
              "ami-09659b212e13e7f13",
              "ami-00ed1846dde481e81",
              "ami-08900fdabfe86d539",
              "ami-011e654a7de2d8097",
              "ami-0fbd23ce8cbb7250f",
              "ami-094e11f92e31a8a49",
              "ami-017c06b6551a8ae93",
              "ami-0e455a4e30f312629",
              "ami-0542b79ed51567d9f",
              "ami-0887887ce422f646e",
              "ami-0c8b4c9ac71df8362",
              "ami-01eae2b586f6406a6",
              "ami-012d1ff22f9c21b0c",
              "ami-0564007c636e882a2",
              "ami-0b5e3af13c7a730e3",
              "ami-07519af3ed90847fb",
              "ami-09cf04b436c94d7f7",
              "ami-0a78e022c1edff515",
              "ami-068558a12b1a2cde2",
              "ami-021849a0550a4bb1a",
              "ami-00f033d7904cd05ef",
              "ami-0c4df5dc0d69b31c3",
              "ami-0b09e8575fff525e1",
              "ami-058b989f0341d6e2e",
              "ami-02214cc392fb65503",
              "ami-01ced323515f177b0",
              "ami-06f2b4c6687dbed34",
              "ami-008ca4b52a7401afd",
              "ami-0727fb78d1259d032",
              "ami-00cbd4adf997cd1da",
              "ami-082eec8ab04ea89a5",
              "ami-02eaf06c708b0fad1",
              "ami-0eff97bf9f2c428a0",
              "ami-0f1e6423c7a24a82b",
              "ami-0bec47e011e8a84be",
              "ami-061a8b99203a39f9e",
              "ami-06679ad02b4818373",
              "ami-0f657e5f316e5f7e4",
              "ami-0f5ed0ef9eb68c80d",
              "ami-0bc0dd679d09049cd",
              "ami-0cf41c11d3fa97da5",
              "ami-079b1289945e31397",
              "ami-08689babc4a8b4f00",
              "ami-08b47fddb4ba746b1",
              "ami-0a2e6b088850ac621",
              "ami-061329c1e06600339",
              "ami-0e2162f7f3582e92f",
              "ami-06b8a8a1685139deb",
              "ami-0562b30328fda16dd",
              "ami-0ae87df03b4940655",
              "ami-0e77e8f8321061730",
              "ami-0fc78b129f6bff954",
              "ami-0d918fbbf79418c7c",
              "ami-090b5585a0f4b1a78",
              "ami-0c68f8a53c733a623",
              "ami-0437bf4bc2d47bbe3",
              "ami-0858ccc19a9a8ea08",
              "ami-0ac139abba5a236a4",
              "ami-074eb2e0dd43f55e2",
              "ami-074907fc03c5ee52b",
              "ami-0317c2a0e07e44659",
              "ami-01dca9f4a80ab2337",
              "ami-034373af53dca7f48",
              "ami-028087f69c281b82c",
              "ami-076342b82eaef5e5c",
              "ami-0981344bab23670c7",
              "ami-0aa9633328c0f3488",
              "ami-018dee2f5a1258e26",
              "ami-06a83abd77ecd2272",
              "ami-08be3a5f0e3081255",
              "ami-08f06ce717d29e681",
              "ami-0813ff430921d1ae9",
              "ami-0f4796595e4865b06",
              "ami-015de8f0cd23d6c71",
              "ami-07dc2dd8e0efbc46a",
              "ami-08ff414257e50e3e9",
              "ami-0064526454c3d9088",
              "ami-02865511a31c2d319",
              "ami-0ac7415dd546fb485",
              "ami-09a49faa1862a32ca",
              "ami-07a94a1d935e7ead2",
              "ami-01ca50b701a74ed92",
              "ami-0e91aa083be0e6546",
              "ami-08ce05abd8d2790a4",
              "ami-03999daf975622fae",
              "ami-0fecd91478f2ca298",
              "ami-07bc4074d2dcaaa28",
              "ami-0b7aea7921e47be4b",
              "ami-0dfcb1ef8550277af",
              "ami-053e8be463309fd38",
              "ami-065bb5126e4504910",
              "ami-0382762d020cb9db1",
              "ami-08a127d31bb7fa804",
              "ami-07f81bc4225a2693b",
              "ami-0fb3b5d2fc8216c08",
              "ami-0cd7323ab3e63805f",
              "ami-0dcc0d373a95ea79f",
              "ami-09046cabf4aa8b613",
              "ami-0e5599794d252b611",
              "ami-0e024aa03c87eaebb",
              "ami-0615155806c547511",
              "ami-04e23808596cce759",
              "ami-076e07f1a2da46fb5",
              "ami-0f9af65ac7f2d7b62",
              "ami-026a08f1a3f282380",
              "ami-019c38cff1ad68f01",
              "ami-07403e7442f1ec3e3",
              "ami-0434abb28cf6cc2b1",
              "ami-03a818a84495b67a7",
              "ami-0efffe14968ee138b",
              "ami-0f7e4428c637f3ad2",
              "ami-017862548b586dfaa",
              "ami-03844fa206cb2dff0",
              "ami-07ff7a41910c021e9",
              "ami-071efbfaaf8d6922d",
              "ami-0a028aa3f1fe533c0",
              "ami-0801d913831c8e52a",
              "ami-0b717894b8f6fabe0",
              "ami-0304240d45f6eb058",
              "ami-0d79e1d732897bea0",
              "ami-0a139c2d516ba1cc3",
              "ami-0262dccbc0daf605d",
              "ami-041c209db5829dfb9",
              "ami-01c1044f03defdd2e",
              "ami-0557a15b87f6559cf",
              "ami-0f9bd9098aca2d42b",
              "ami-03674f95e0804e02b",
              "ami-00b5c7b27e363999a",
              "ami-09cd747c78a9add63",
              "ami-054cb116359624aa3",
              "ami-0e33ed87ebddc9772",
              "ami-099435c28ebc71f84",
              "ami-0ce9be0959d29528a",
              "ami-0915ce1d604b1da6e",
              "ami-0f0a17a479f3bc204",
              "ami-07c8d590aa29229c2",
              "ami-0af392eb091005328",
              "ami-0d4bdb1cf2f07d811",
              "ami-0553b10628d5da670",
              "ami-0e94acd6cd0ef72e7",
              "ami-06bf8e441ff8de6c6",
              "ami-05dcc414ecd0a0cc2",
              "ami-0c37c8c45fd4bedfb",
              "ami-0ee39d3f0294eb8d3",
              "ami-0ebf01230aca0c60f",
              "ami-0fbca2ff2af24dc61",
              "ami-0954cda835cf72446",
              "ami-079363bca92a41c98",
              "ami-07f7a86180217124d",
              "ami-08794756cd16cd445",
              "ami-0cf6c6b220e282e24",
              "ami-028dc6deeb5da612d",
              "ami-0f59f171e50d2fbda",
              "ami-0a2b8f6cd263a90f9",
              "ami-01cef7ee36722431c",
              "ami-00c876151c8d1cb24",
              "ami-07ccbeeebaddbeec9",
              "ami-0717ef2a70ee82e60",
              "ami-031cba27963d0fc7c",
              "ami-0461d54a630636a41",
              "ami-0c86e4eaf4fdd2e76",
              "ami-047e9ebcfad6bf805",
              "ami-0501b28df3b1d6868",
              "ami-0b2217a61d19e1f18",
              "ami-068fcd30e96fb2170",
              "ami-0320abc8192ea72a6",
              "ami-0e967ac233291bc2e",
              "ami-0727e73fa86cde686",
              "ami-0dc2e3e2f9cca7c15",
              "ami-07e972d0a678e1db4",
              "ami-0ee91adfda8a440d4",
              "ami-0cdef6a341f1b5e32",
              "ami-0263e4deb427da90e",
              "ami-05103f1224f4817ab",
              "ami-05399c87d9af03393",
              "ami-02f9fe43b6941564b",
              "ami-01341a0f9373b5cb0",
              "ami-00898231a9ed08b01",
              "ami-070f735bae8e85a11",
              "ami-0a0d67dfe5d9e2e33",
              "ami-03c37af13a49849a6",
              "ami-0672b111289f30021",
              "ami-0373218dcae329f21",
              "ami-06006927c2a9f1bf4",
              "ami-0385327ca8b421d92",
              "ami-0c9978668f8d55984",
              "ami-049b368682d5bdb2a",
              "ami-0bddd4073d6eba21d",
              "ami-005272df19705562a",
              "ami-0406ba0b9315d00d3",
              "ami-022ac952ee3d72aab",
              "ami-0862dc74889405a86",
              "ami-068f2473c017d4b2a",
              "ami-017232b3d5c67798d",
              "ami-0f3eab8f809d77ae4",
              "ami-03e825e61874663d7",
              "ami-0429b78121e493c67",
              "ami-097cf1ae8c7b85c19",
              "ami-040e9de34c36690e8",
              "ami-08f92e2855b6c94bb",
              "ami-0e96fcfbb1ca2519c",
              "ami-0a659e791a2f576ea",
              "ami-0917af17d9ee3d7d4",
              "ami-0af7f6681687a0b52",
              "ami-06f143b6f2ad0ddd8",
              "ami-0077536aa91513183",
              "ami-0b203646410e95b0e",
              "ami-001315ddd2c2df31d",
              "ami-0246a3edab14684f6",
              "ami-0fb807dbb0ed896d7",
              "ami-0f945394e0ed8e970",
              "ami-0ed68ba840d47b781",
              "ami-02e10fbf1d713fc5a",
              "ami-09b659801c07f881c",
              "ami-0f0362ec6b9a1037b",
              "ami-0714a70129d8f9c31",
              "ami-05028b5c30cadf1ae",
              "ami-0e9e69bc3115f3cc5",
              "ami-0bcc61140613808f1",
              "ami-0d0f2b9762ce5e6ab",
              "ami-01c0f069fccf7e2dd",
              "ami-0550eba81546bbf71",
              "ami-0475cadfa839e6f1e",
              "ami-0824dde990309b7de",
              "ami-06df107891519f30a",
              "ami-0c611da926c272a74",
              "ami-0b8563050fa90ecb2",
              "ami-0449f19b2ae12171a",
              "ami-068a2842668a68c17",
              "ami-00ce09e909cc1c74d",
              "ami-0e11f8935b562cdad",
              "ami-0aaecfb7fb0168ea5",
              "ami-0b864a8be87dbc659",
              "ami-0189c8f18959dd47d",
              "ami-0aa7d40eeae50c9a9",
              "ami-0c2a06dcf26f52fc5",
              "ami-0ebb03818c9ed9cfa",
              "ami-007868005aea67c54",
              "ami-09ccbeb553d620077",
              "ami-0dfba033377bf6335",
              "ami-03e4c1c24ef500a2f",
              "ami-084237e82d7842286",
              "ami-0f6634f1b2312d1b3",
              "ami-0bf0565838358789b",
              "ami-0eab7e75d08508bb2",
              "ami-00220b6bc8fa039c7",
              "ami-07425b2870851dd52",
              "ami-0dc0482b55b231117",
              "ami-09a756e27c5f330d1",
              "ami-0b6295e43e891f774",
              "ami-01e733b065c5e3f5f",
              "ami-0c813da46c1d2e827",
              "ami-0bb1e0933ac641dd2",
              "ami-0044e3e3be421e182",
              "ami-0054fe75e9c2000d5",
              "ami-01ee31418997443fe",
              "ami-0e1ec5da2b978723b",
              "ami-0b114e8077b2fa324",
              "ami-0f1a908c3e0b400cf",
              "ami-021c048dde9b81e74",
              "ami-0ffea8f44c44c617f",
              "ami-0876c047d0b186fcb",
              "ami-03a517445769d0c1c",
              "ami-07a4b354199986ebf",
              "ami-0ca02aee4213a12a0",
              "ami-0e6a4661ae662a4a6",
              "ami-0eec9fab6ddb13571",
              "ami-05d0dd9c6dda9e247",
              "ami-0e6edf654457a1020",
              "ami-00e4a208eac213e31",
              "ami-08afb71f3896ff4a3",
              "ami-08c8d2ac9c3b449e1",
              "ami-0d5eb58eddf1e77ba",
              "ami-03b46981f3a038f90",
              "ami-0e6694e5116a0086f",
              "ami-0fec2c2e2017f4e7b",
              "ami-0b1a17a90040f3fe7",
              "ami-035782eed0f5ba992",
              "ami-09629c87e8ab951cf",
              "ami-0bba6dde98d2847d7",
              "ami-0a257717041bd3a79",
              "ami-00e2ceb3ebab35dc7",
              "ami-02efefdf2ce3efc41",
              "ami-07869a6002fb3c015",
              "ami-0852b85c23b512f53",
              "ami-005efc21ad9dd856f",
              "ami-0c6acae200d05659e",
              "ami-097b703ffe598ba8d",
              "ami-0bd12c633e73201a0",
              "ami-08a2f2f4a1acd52d0",
              "ami-00259561cd0a03d14",
              "ami-0e16f769ba61c3172",
              "ami-07ed4de9e22a85494",
              "ami-0c1eda1770212a63b",
              "ami-0e71f35d928a95672",
              "ami-079a392babde102fd",
              "ami-076fd02fd9e5b6ae7",
              "ami-01271bd69d175b34c",
              "ami-074f5b0bdbdc43210",
              "ami-01625be155ee390e9",
              "ami-00874d747dde814fa",
              "ami-0d44fda60ccedcd4d",
              "ami-0d68f6da2fe497445",
              "ami-04840860470bbc658",
              "ami-0ccbbf764ad9d11e5",
              "ami-00784d70cf20335b5",
              "ami-03869c3198c5850d0",
              "ami-0e1636ce062100f9d",
              "ami-0a2c3cbca91f8b433",
              "ami-0778521d914d23bc1",
              "ami-0620aa8714211d0af",
              "ami-073f94d2b4cbc475f",
              "ami-0a64fd0b0946c4fb7",
              "ami-077a17b7272a1a2d8",
              "ami-05b2cac4e1f1d5628",
              "ami-055045b3b7fdd35f6",
              "ami-0e9e697e399633dc6",
              "ami-0b3df267a53b08795",
              "ami-09a4c37837ccc47ff",
              "ami-05000486d2d2e77a6",
              "ami-0f59feb6a4331b45d",
              "ami-035304642b0c76314",
              "ami-0c96a2f29d78f9d2f",
              "ami-0a5ec5786500eaf19",
              "ami-0564c499c8f6c89f7",
              "ami-0f012396f2ef21eb9",
              "ami-02f6e3cd6f1b8d2cc",
              "ami-05e7fa5a3b6085a75",
              "ami-0d3459a070ad5edcb",
              "ami-0f2cb4ff322a0ae42",
              "ami-0bbf53ee8f03b9eb8",
              "ami-0abb9516e466be2ce",
              "ami-0d73a8a38bad9b7e7",
              "ami-0f09ed56128e994fe",
              "ami-0b07d83c2a84aed9d",
              "ami-0b232647094d78ebb",
              "ami-0ee0203fb41de5cb0",
              "ami-08d32e99914c73d73",
              "ami-0089cad80e6c9c38a",
              "ami-06ba8f09b61b3421f",
              "ami-01ca368d3b4282a6a",
              "ami-03cf0e114fa8bc677",
              "ami-0e824aa14b894971b",
              "ami-0ae1152ce29d9d761",
              "ami-0b6f9cb2b6974bcc1",
              "ami-02afb066d18f9495a",
              "ami-0dcbc9938d12a8fd5",
              "ami-0e89333d728594cf4",
              "ami-05713ce3728687cd7",
              "ami-025f33c8c74e1e3a6",
              "ami-00634d7ae9b22b693",
              "ami-06867287c7909dcb4",
              "ami-02404b2399058e485",
              "ami-038ce0bcc2fd5928c",
              "ami-0ca6074a77403483a",
              "ami-0404cc10f5fb9ce60",
              "ami-0054838b69b730460",
              "ami-0ea1c7db66fee3098",
              "ami-0b14717efe248da01",
              "ami-01190bd6ebe4a6f2a",
              "ami-00a3e0296e1731f44",
              "ami-021b765d61a4b649f",
              "ami-02d5a5508f2c23400",
              "ami-0ff2d5125481fd685",
              "ami-0fbddcc9f78b1b20e",
              "ami-03a30cc1dda93f173",
              "ami-0ab1687f626a22bf5",
              "ami-007323642e8bae4f9",
              "ami-088af3f02047229d4",
              "ami-062f1ebb46b295c7c",
              "ami-0eb3216fe26784e21",
              "ami-0a6fd672b404831ff",
              "ami-06c9b6a12f5bd0a96",
              "ami-026df8d1e57d2ffa6",
              "ami-0bac3498e37fe3ed6",
              "ami-02a6b35f82a1e6bee",
              "ami-064bbc3580034e511",
              "ami-0228d2cc2850106ef",
              "ami-0f5e7ce8d0f106c51",
              "ami-0bab05b3a0a749728",
              "ami-0909aa7ee6b0c13fa",
              "ami-0e7c84a57e46c420e",
              "ami-03ebdf48ec1a57a39",
              "ami-033af8584d6c13c36",
              "ami-0cdeceab7a6f9573a",
              "ami-0348445d4e31c0361",
              "ami-0b7e0d9b36f4e8f14",
              "ami-0fbeaf6dddd4055a3",
              "ami-0bbdfcce9e6fe9634",
              "ami-0bd9408c6d484eb34",
              "ami-07b1d37d14a592306",
              "ami-05299c31d6a71f70b",
              "ami-0ce682b3105ed819b",
              "ami-0ee02414419b3e082",
              "ami-09b21b8d289e09cd5",
              "ami-08935c978046a03f6",
              "ami-08d78919d3fb1fa36",
              "ami-0b6fa747aee89b610",
              "ami-03d0d75de9d82f509",
              "ami-0cee44fcfc5ee4760",
              "ami-094aa2ca0809ac48a",
              "ami-0dedce513c4e91330",
              "ami-00eb0dc604a8124fd",
              "ami-0fe0ca6adbf8411c8",
              "ami-0a58b4e1d21144502",
              "ami-001295da50e2af656",
              "ami-058e8127e717f752b",
              "ami-0b1d643a523181019",
              "ami-00be3b34426a5de03",
              "ami-0fe792ccf2cff504b",
              "ami-0e04fdacb0d061801",
              "ami-0c7a92640df7aa6fb",
              "ami-00684b276a9d81a25",
              "ami-06ea5716c996d635a",
              "ami-03fce349214ac583f",
              "ami-0e494f4923ddc8b97",
              "ami-04cccd8e53d1f1f4f",
              "ami-0f126574adbe1b544",
              "ami-0d4578d3d017571d7",
              "ami-0c2b762bc9ab3766a",
              "ami-04377aeb46258a9ab",
              "ami-08ccb3c1c554def17",
              "ami-04356e1a868ad2fef",
              "ami-09ff4035ebefc8abf",
              "ami-097f82ad2d4efc466",
              "ami-008b5ae33c7ef7727",
              "ami-07f76b2a036cc4bca",
              "ami-0b999f522ed30e092",
              "ami-0cc209e6e4ab36895",
              "ami-0f4c5202c83ccc48d",
              "ami-0df705a65eac6b321",
              "ami-09d6f6d4e00fa0192",
              "ami-01fa7c347cd19c998",
              "ami-0bdb8eb309d9041fd",
              "ami-03d6e2aceefaa35b0",
              "ami-0d07e9e42d85ec6b6",
              "ami-0939e127dcd311128",
              "ami-05a94dd157f0aedc9",
              "ami-0728c9c60ec534305",
              "ami-04efe750e6e56caeb",
              "ami-05df35e88f78f4b36",
              "ami-036e845e51d443597",
              "ami-0798ea12363d7c767",
              "ami-08aa86a03c40324f8",
              "ami-0d216fa07fba11477",
              "ami-03bd5e941d628529b",
              "ami-0b45835a2b4f9757a",
              "ami-09624da71c52f90a6",
              "ami-0074ead382a2c10d0",
              "ami-0a47b431adc1d84b0",
              "ami-0a7c969fb2d7af38d",
              "ami-0bd2678b647d05ee3",
              "ami-0af5c035775887c41",
              "ami-074963e096747169d",
              "ami-0e07ecc385470d4f4",
              "ami-0fa6c3226a9458429",
              "ami-099483cbbf1fd0f9c",
              "ami-0e4b9fe67ab21f3a7",
              "ami-06c096a3427f7c5fd",
              "ami-0b6ac3465b7101bf6",
              "ami-0497887a82380f7fe",
              "ami-096bf54d96a00cce7",
              "ami-029f29da5b2d2baaf",
              "ami-02d6dedb54ba89113",
              "ami-08707e197ebea9905",
              "ami-027434148bca32fdd",
              "ami-0367c0d85d22bebc3",
              "ami-0e62ff63e0f607032",
              "ami-05918330f30c6d038",
              "ami-0e1a315eccae9c51b",
              "ami-00109a45ba3d56141",
              "ami-09343473cfb8fa055",
              "ami-0d2af5b3d5cb02c25",
              "ami-0fda424d4df41ed6f",
              "ami-061b04da6c312ac7c",
              "ami-0e085f10aeda84dbe",
              "ami-0094e5fd607e306b3",
              "ami-094f999ecbc5b3d00",
              "ami-0f3327b5d1053adf6",
              "ami-0638a6e4e485924be",
              "ami-056f235a5fc6c6843",
              "ami-0cdbd57e40d4eec18",
              "ami-078635a06d256b49e",
              "ami-096ffed3bbe5f5d1a",
              "ami-0a7c54087100c7df1",
              "ami-0ea3cb6c915d8e8e6",
              "ami-0a01ef9efe375985f",
              "ami-01a4167eb13e3fe9b",
              "ami-02650a41adaf406a8",
              "ami-0e4bde5e53d78b289",
              "ami-01c5f75ef51a63136",
              "ami-05c616847ed630b98",
              "ami-0ee3052360fda14e3",
              "ami-030068fda63ab9c16",
              "ami-0621081c5fcf34a87",
              "ami-09c550ee1cb5b0ca7",
              "ami-07dda96ce3c6d4f1f",
              "ami-07dfb3fb06931f2d7",
              "ami-0b253f5645979c1d0",
              "ami-010ff9e377c6b84f9",
              "ami-0498c64144da130ac",
              "ami-016d094f3a30c332d",
              "ami-09497419b7f6a8b73",
              "ami-076e990ef9ae9e6e8",
              "ami-0c80ea3b7dbbc06aa",
              "ami-0c3433e787e0f664f",
              "ami-0453031791b42230e",
              "ami-0660ee24aa2dc1867",
              "ami-08b477397057a0246",
              "ami-0b7ff1a8d69f1bb35",
              "ami-061f4c9ebca6872b4",
              "ami-0813f0c69efb0d4cc",
              "ami-06b58c9eda5f837bd",
              "ami-0f77f1571be8e7041",
              "ami-017fced14b45ddfb9",
              "ami-06f8e8a05b0816390",
              "ami-0036277c136635ad6",
              "ami-062265bb9c8e736a2",
              "ami-0a7e3787896f471ad",
              "ami-05167506d7a70f9f1",
              "ami-052465340e6b59fc0",
              "ami-033201120c9a1af3c",
              "ami-0695612735f4915a8",
              "ami-03ff45f1a809e92df",
              "ami-0b5eea76982371e91",
              "ami-0224f67c36d0fd82e",
              "ami-0fe472d8a85bc7b0e",
              "ami-033f230e26210618e",
              "ami-01979170769bde34b",
              "ami-04787f5fc1c5ef333",
              "ami-0e97bf2b6dfc899ed",
              "ami-03a45a5ac837f33b7",
              "ami-0cb91ae8d3e6bb2a3",
              "ami-0ae95ad1bde01a6a8",
              "ami-0668880aaf99bf44e",
              "ami-0f829ce5659fcce12",
              "ami-0e1e49426a48f06f5",
              "ami-03d3f57d14bd8b2f5",
              "ami-02cd5e49880beeada",
              "ami-07628c402df378625",
              "ami-03b8c4c9d51a08999",
              "ami-0fbe51010d00fac3e",
              "ami-0dab8c1f64ba78cb9",
              "ami-080908ee920f26eb3",
              "ami-0a67cbc7bc1ec7580",
              "ami-0b5a0d689ba02ff5e",
              "ami-092c2543a03f9494a",
              "ami-08efa23027c0194af",
              "ami-0ede0d57f0f02c245",
              "ami-020fda97b222b0bb8",
              "ami-059bf8ecff92b3eaa",
              "ami-0df569c65ea8c4e13",
              "ami-0d36ad4c8ff38be36",
              "ami-0246c7e68cdeb0861",
              "ami-03f5b2e86a2a937e7",
              "ami-0242181c8a70eee02",
              "ami-0a35ee840bb364d1b",
              "ami-02c8ddcd758e1e611",
              "ami-0c9042396b5d89cf6",
              "ami-078d7a79e6a7c9af2",
              "ami-0ed7f8c97dd0ff997",
              "ami-0cc307ab2502616c2",
              "ami-0fbd99b609778ff90",
              "ami-0f428ed409e936a39",
              "ami-05f61e1a93bad424c",
              "ami-0f89411984ff168ca",
              "ami-03cafe4dc774f8816",
              "ami-0eca1b299fdb31f00",
              "ami-09f1a239fef139843",
              "ami-059f09228b2eed616",
              "ami-0a157c5b1e92cb717",
              "ami-01f0a9ba64a130e8d",
              "ami-09b6888f9ccd9b2d4",
              "ami-0f30dc2d54e7b88b6",
              "ami-0f190c86291c2f4ff",
              "ami-065df9ec51c5617f6",
              "ami-0101e02508ab27a13",
              "ami-0b92ba0a48f07d914",
              "ami-0e72545e0a1a5c759",
              "ami-0a27713a579913fdf",
              "ami-06986b0a767bbb5a5",
              "ami-07b29a9c8bdde5503",
              "ami-0c3b5a8c6fd868b4e",
              "ami-089d2ed1e769ed2fa",
              "ami-0e8963fe5ea10e698",
              "ami-0a520354da312fc77",
              "ami-076822a64c3f1cb03",
              "ami-002fb79c57960a99d",
              "ami-0f972b3903f44791c",
              "ami-0b93ce03dcbcb10f6",
              "ami-04aa1635c7f94541c",
              "ami-015d56c1b00bc8103",
              "ami-010b27894948eaf42",
              "ami-09598c5b640f81672",
              "ami-0cde8eb4b61e21dce",
              "ami-0a44cbb964aef7f01",
              "ami-0abaa54c192c184a0",
              "ami-06bbd2be2b657fdcd",
              "ami-045f803e20740b330",
              "ami-028cbf4835af1ad6f",
              "ami-03e8df75d0415cf38",
              "ami-0281adf324e82baae",
              "ami-026828cf2013e63af",
              "ami-02cd3f34c92acd994",
              "ami-090c5f63c4eed2e3e",
              "ami-0fc5cc171157acd1f",
              "ami-08fdec01f5df9998f",
              "ami-0a7eae50da6b985bb",
              "ami-0add9670b0f4857d7",
              "ami-0579c8a142960044e",
              "ami-056bf3e542dfca3d7",
              "ami-0807d6720f4f3a2ed",
              "ami-06fc4c381011f4b78",
              "ami-0cde473a6c1b294af",
              "ami-03bb04f09d9502e50",
              "ami-085d8c713e084162e",
              "ami-0b79a38d43379753b",
              "ami-00c40fc97678f7f69",
              "ami-0097e4945b2d15c30",
              "ami-0d862a1fd5611ae3b",
              "ami-0d533c03e1cf8fadc",
              "ami-085eaf1ef6875aab3",
              "ami-00d37e45097a12464",
              "ami-0eef1f9a8d4c46988",
              "ami-03760c7521ac17dcc",
              "ami-056c56e8a36191583",
              "ami-0b2c5ccb45af636f4",
              "ami-0bc1e1f01af16cb00",
              "ami-0078319d7f8e85d25",
              "ami-0035c96ac63d470ad",
              "ami-007e637e0f08aadd9",
              "ami-00411e29f0c793966",
              "ami-09e173910a682018f",
              "ami-006b535ee1239ff4b",
              "ami-07a0b4251b544cfc5",
              "ami-033db2e8e9618e878",
              "ami-0edeb4c6a0d332f1d",
              "ami-00b6d2f049340ed69",
              "ami-03786debeb1dff792",
              "ami-002586bb1a27863f2",
              "ami-0b13950be17f7d1b5",
              "ami-0b4de6292a17cd240",
              "ami-0b0923e9c6d7d8ad8",
              "ami-083906b634c2db5d9",
              "ami-098c912fa068e3bae",
              "ami-0a321854fd70d7db1",
              "ami-02f92fa72e02ac5f2",
              "ami-05d2f367f14bc7d55",
              "ami-051f93d620c15cd2e",
              "ami-0762023b38233eb7a",
              "ami-06b5b3c21d6479513",
              "ami-05415553fa58e54f6",
              "ami-07593ac322ce4222b",
              "ami-074a8eb961c0b98ff",
              "ami-090f0f3c4a117e08f",
              "ami-0e3db7a234f414a6d",
              "ami-06878d265978313ca",
              "ami-0ffe6a92e2553e8a8",
              "ami-01fd40853ed6eca0f",
              "ami-08a49ff6524bac08d",
              "ami-06e9b30b57b32ec3a",
              "ami-050406429a71aaa64",
              "ami-01943be91b4407f5b",
              "ami-0f72a5a06285d7d51",
              "ami-06c75ded35de4102e",
              "ami-0eea855a3409a6c32",
              "ami-0ac2afb5536663ab9",
              "ami-0c059a1aa0144b23e",
              "ami-0dcc8a13b6f04b678",
              "ami-033947438a97ede61",
              "ami-094196a63b08938ed",
              "ami-0aa0fa58368bf8817",
              "ami-064b632b779ed3689",
              "ami-06bd82dc3930489a4",
              "ami-05ccd1bdee15c0724",
              "ami-0d5484395f92d9ebd",
              "ami-0500366a2a9ab7791",
              "ami-0331bc7bad49d1ad0",
              "ami-003c393ff617d173f",
              "ami-061dbd1209944525c",
              "ami-0ee6b792d3cdcd9a6",
              "ami-034dfe37d196ea2b6",
              "ami-0eeab06671e48bb3c",
              "ami-09ec508375114062a",
              "ami-0a483ae1f4401d65c",
              "ami-0741d156d44d4db91",
              "ami-00524892644de0958",
              "ami-07c9fc78a05ac1996",
              "ami-09f1eb8c7f97fb822",
              "ami-023eb859c61ba0b72",
              "ami-0a6b2839d44d781b2",
              "ami-062b7ce4bd866c886",
              "ami-090e05d2edaf7de39",
              "ami-0e2b332e63c56bcb5",
              "ami-06bbc798ea8cf3f5c",
              "ami-0574da719dca65348",
              "ami-05ff12c4cddccd19a",
              "ami-083fe8ab4cf0c84b5",
              "ami-04d39e25bc759c784",
              "ami-024e17eb436c715cd",
              "ami-093216adf389119a8",
              "ami-03bbb696385e65212",
              "ami-0a39e82b11082b9f9",
              "ami-0791662f778461e24",
              "ami-0f8e55d25847968a6",
              "ami-01230f819accc3c3d",
              "ami-025756cf43e05a206",
              "ami-0eb2fc9afd1cac5df",
              "ami-0793e1274f453aed3",
              "ami-092ea848b79a44600",
              "ami-09d5010fe2cec8e2b",
              "ami-02b84b2e69de5ea6b",
              "ami-0af377ac5ffdbb50f",
              "ami-0748879fde53f3b84",
              "ami-014767e0660b81e43",
              "ami-056bd9b38260791f8",
              "ami-045e127b3b00e4c74",
              "ami-09d3f5a45a2c3bb0b",
              "ami-007c0031b3cca84fa",
              "ami-07b9873f52c28e8b3",
              "ami-04de0a254e3275376",
              "ami-0125db1836006cb64",
              "ami-034600f72d4faaed2",
              "ami-0ed3114e2c8e91c80",
              "ami-07ae51cfef546f48c",
              "ami-02f0b6550da98db18",
              "ami-06ca8a862253e3b2b",
              "ami-0a79d0ac5639ca0e4",
              "ami-0361d2e2fbd570ac9",
              "ami-05568c855ba5cb33d",
              "ami-0427a81af3d963641",
              "ami-046f5e629293fcaf4",
              "ami-03becb64e8f6b8bbd",
              "ami-072fc0c8a7139f880",
              "ami-02a58d7b6c4585adf",
              "ami-02171522e09a2aa81",
              "ami-0ceb1d435db16e0f0",
              "ami-00ed794f5a8b92ece",
              "ami-0e34d787e356819cc",
              "ami-0ca997f5a1ca9a625",
              "ami-0607aea1f8780fc6c",
              "ami-0f08c46bce734c673",
              "ami-09f1a9e5390617ed0",
              "ami-0e95ce9f3e5bff913",
              "ami-0c74ec3e033018de6",
              "ami-080bbf435b164003c",
              "ami-057b86748faa46d4a",
              "ami-035e832bf09014d33",
              "ami-05db7c72160120375",
              "ami-0899ba7cf2dc1b1f8",
              "ami-0788d7e6b881be91c",
              "ami-0195d068cdede7812",
              "ami-0e8553ad95a9c3f78",
              "ami-05a698a90b8f70232",
              "ami-0776799044a14839c",
              "ami-05ca2de4df1a56c91",
              "ami-0076501e23cf0caa8",
              "ami-00177d0f27ad7b13d",
              "ami-0839bbc53caab2617",
              "ami-0bbf53f23df31f406",
              "ami-0e5d990a1954c1eae",
              "ami-0e58f89e91723af4c",
              "ami-01657b49b981982db",
              "ami-0127ca27065742e4f",
              "ami-08018e9bc7c1d09e1",
              "ami-02720ea524712639b",
              "ami-0fc522222ab74a244",
              "ami-03f58b4b3126dca00",
              "ami-0888cce50dca47647",
              "ami-0ead89695c1ef3c43",
              "ami-0f5776d631f32ca5f",
              "ami-0b057e8d8e9348d5a",
              "ami-02c6c948fbeeec0b5",
              "ami-0096528c9fcc1a6a9",
              "ami-07bc9656188ad303b",
              "ami-031aee1087f2408f3",
              "ami-046fa4983da515fe4",
              "ami-04d4f79658f86f68c",
              "ami-0fe5f366c083f59ca",
              "ami-0a0e34dc5d572bf9d",
              "ami-002d851fa01c7753e",
              "ami-00a0e0b890ae17d65",
              "ami-06d4f8c3e0fc8a92c",
              "ami-01f7ded010f276f1e",
              "ami-0af9c951722b61160",
              "ami-0e71ffc4a013ee266",
              "ami-09bc631b263098fc3",
              "ami-01c2b840243e4504e",
              "ami-0f90d47028b24fd14",
              "ami-0dd57c28bc548233d",
              "ami-00e10370e18c89a31",
              "ami-02fb816a0b60149ac",
              "ami-0801e4201cc53f62b",
              "ami-0cedbe01441a2ec62",
              "ami-0b83ff7ad00bed0c9",
              "ami-05d774e63e937b193",
              "ami-06ce42699ea22852e",
              "ami-0d521de00d75ff4e0",
              "ami-0e920383ad799e669",
              "ami-0c1a45f10d48c8bea",
              "ami-05a276cee7c3d3495",
              "ami-0d33f5d5f3e8c824f",
              "ami-0cde8df62ff8e1734",
              "ami-073d6ace4df5d3116",
              "ami-02f182f2b9ecc8485",
              "ami-03f41cea7a6e517fc",
              "ami-04ff3f580cabd5c9c",
              "ami-012da4813e5a91ea1",
              "ami-011d092e8fe68e65e",
              "ami-0eb2b9dc9be28a608",
              "ami-018238115c0c1063c",
              "ami-067e46abc8d000514",
              "ami-02b509fb28354de85",
              "ami-0b3365709b457b41c",
              "ami-01fce297f68912e45",
              "ami-0302f691454b2ca5c",
              "ami-0d8c624d9d0f9af69",
              "ami-0a89841f9220e8af2",
              "ami-014eae4c3b39ad1a8",
              "ami-05c3186e674191792",
              "ami-08d45e411b3149b3c",
              "ami-00d0a30a7bd26d54f",
              "ami-04fbedd276d9fb2f1",
              "ami-0167568c59a1f1415",
              "ami-01cae7bf2508fc5d8",
              "ami-0e350b11658dbd921",
              "ami-09123e54d9d6a03d2",
              "ami-05e0d32a659ca0817",
              "ami-050a31d333a4462b8",
              "ami-00fdbcd3bd2177e58",
              "ami-02f5d2ca1f13c8f41",
              "ami-01df3ad9b66ce42da",
              "ami-03b60dae06e5d55c2",
              "ami-0b5452ebe5d3aeb5f",
              "ami-0216a24ff9cd472ae",
              "ami-0e8f2e2825a65d634",
              "ami-0c550ce31ecbca4f0",
              "ami-0a13fb29c2bd12550",
              "ami-03c521b6e189dc73f",
              "ami-077f16cd68207594d",
              "ami-06334a6e92bb3f864",
              "ami-072d6c9fae3253f26",
              "ami-073ab9cb45ae1ef48",
              "ami-0dd4d0675dad8b4dc",
              "ami-00666d5f5d94d6473",
              "ami-0618a6798c9c40813",
              "ami-02861932a7d48032d",
              "ami-0ba816677ff34f04b",
              "ami-0988953751b552218",
              "ami-0b0dcb5067f052a63",
              "ami-06facf562c3fc763a",
              "ami-0537767c93ae015f7",
              "ami-02b972fec07f1e659",
              "ami-0c67b76d97c444cd1",
              "ami-05d8c14465cdd8785",
              "ami-02a0007901856c302",
              "ami-01b5ec3ed8678d8b7",
              "ami-09f1f9580deeec186",
              "ami-0a91fc319ab1ec808",
              "ami-0a0eb2c39d67494a5",
              "ami-0dee947669aa0bfaa",
              "ami-06fca9052756a8d4f",
              "ami-01d9a3a5e233388c5",
              "ami-0d8972e7ca8787f56",
              "ami-0b6d3c7603a807bbe",
              "ami-04fdccb8febb61334",
              "ami-0d050320dfd5d1be2",
              "ami-07e6147adfae7f7b3",
              "ami-0ec7db14333294144",
              "ami-048a2f5298b45a31b",
              "ami-0c9424a408e18bcc9",
              "ami-0ec05bbcd751ab0e6",
              "ami-0ec45ac341d2e44b9",
              "ami-0c84934009677b6d5",
              "ami-0e0594c0fa68ad81a",
              "ami-0aa7fc304982a8e17",
              "ami-0744e5b1d1902a610",
              "ami-00e0a485932542546",
              "ami-0033719b7cbee477f",
              "ami-0a6876a592b3b14ef",
              "ami-065e0db5b710c2eae",
              "ami-0b1ab1756aa5831de",
              "ami-0cd88ec8044617cf6",
              "ami-0878e50d541333b26",
              "ami-0c46f9b9e1760377c",
              "ami-0cf1f2bc32d93f70a",
              "ami-06cf802c93765a2fb",
              "ami-0fa43340255313847",
              "ami-073b00a3f70bb583b",
              "ami-00e4797e52f137771",
              "ami-09f85944838b438c5",
              "ami-028980890b1cd0f1b",
              "ami-04869024f1c986686",
              "ami-0cb8d86a770850678",
              "ami-088d18efe3adc1932",
              "ami-05bca704882ffbb81",
              "ami-08f9b6905714ff568",
              "ami-0409e516d85792ae9",
              "ami-0f4e217918dce9ab6",
              "ami-0be49b0e69a32b6bb",
              "ami-0640cf492e3911a9d",
              "ami-0bde0a8f16ce80011",
              "ami-0be0eecd900748874",
              "ami-0b4558e39d3a521b1",
              "ami-0e02ea7b44b5b743e",
              "ami-0d1c1dba6246a6e7d",
              "ami-012ce05082e0364fa",
              "ami-09970014e07b73b34",
              "ami-046828bbb71a1c777",
              "ami-039aae27adf81dd08",
              "ami-0ddcdeddd2c312d88",
              "ami-0c74789ed41b65964",
              "ami-0cab49a61ffec8c53",
              "ami-029eff8d2e99199f1",
              "ami-003c7b6cf3e5259e5",
              "ami-0d7a6a4ec44ce63aa",
              "ami-05e43a8e3790005ca",
              "ami-042f18e495e9cd9eb",
              "ami-014607d5a91dd8a64",
              "ami-0c55307abb2352465",
              "ami-0692e7f470db96692",
              "ami-0c9d33f313cddf768",
              "ami-0a4f85450228bf9ed",
              "ami-08fee0d15210373bb",
              "ami-064e3254fb3f2d8ce",
              "ami-0666f8969f6789063",
              "ami-061756ee97019dcb4",
              "ami-0fe12b543f1354e5c",
              "ami-01db6fc4b49aed178",
              "ami-09d4fe79226cb763e",
              "ami-08a758458fead77fb",
              "ami-020d97745acd71638",
              "ami-07a748a50fdfea9f8",
              "ami-0595cbb9fda4ac83b",
              "ami-0bff1ec98e42d3cb2",
              "ami-01ff6169e2c767739",
              "ami-02937800e6569827f",
              "ami-03a5d8621e2ca6ecb",
              "ami-0ad62a8bd7d91ff7e",
              "ami-04a178a7e1ef8fda2",
              "ami-09cb3c16f158cbf7d",
              "ami-0302d6cb8f79a5485",
              "ami-0270f4dba8c4f2157",
              "ami-07a944316d67b6981",
              "ami-07847388b33c6757e",
              "ami-09d6efd23ba1b5cc5",
              "ami-024065ad860906481",
              "ami-053a2c50bbd863e25",
              "ami-04458375d2220b12f",
              "ami-0a413944b67172c36",
              "ami-096b8e5e482076b71",
              "ami-0d2f7f5882a789745",
              "ami-0dbde8e9cc045460c",
              "ami-053e8240f4c102fc8",
              "ami-00cf7ecd39a3fd225",
              "ami-0f2477da29162f4b1",
              "ami-0ef3183bada76f48f",
              "ami-02cbcb9e5c8d8f10a",
              "ami-0a291b28b6d4b87fc",
              "ami-0c08fd85d8f775888",
              "ami-05c5c474dfb6af922",
              "ami-08e637cea2f053dfa",
              "ami-0bd7418456aaf76fb",
              "ami-0176fddd9698c4c3a",
              "ami-0942f48adbaff7b16",
              "ami-0fd81f068501dce1b",
              "ami-039ec77e19858b26d",
              "ami-0adc3811f5d49bc51",
              "ami-07afb478028676a1c",
              "ami-0615b7b0d21f5f2e5",
              "ami-066a2f96cc0399eb3",
              "ami-02d5f1b25e256f935",
              "ami-0c2fd0aa3df53ea2c",
              "ami-0edc45fcc7b26f1a1",
              "ami-0bdd8f26e8ea0855a",
              "ami-0ca47b1f05db8e9c6",
              "ami-0aa1d58c2de6b0447",
              "ami-05183526bce570b80",
              "ami-0769cca279cc4c998",
              "ami-087ed6f4562eb347a",
              "ami-04ee0cfb7005d5503",
              "ami-06704cb3d44bbf2cb",
              "ami-011a64a5a6a8c2161",
              "ami-02423360aaa349d1c",
              "ami-0e9a63c4d2be9c7ec",
              "ami-059b469094e859e4f",
              "ami-0ef179d596b40a964",
              "ami-0e50cb582ce505dbd",
              "ami-065f88320f48578fd",
              "ami-0b6d378cda7821b26",
              "ami-067025ebe4db1d7a9",
              "ami-04384a0b1995b8724",
              "ami-05723c3b9cf4bf4ff",
              "ami-0cf9c1d3d24311f27",
              "ami-0cf659dec64e9501e",
              "ami-0f1223d3cb074915c",
              "ami-0f0f1faa2a5571ce4",
              "ami-08e166256705ee1eb",
              "ami-08f63d9569e4b9ea7",
              "ami-0f7597d92bdccbdc2",
              "ami-09814d6fea34c8111",
              "ami-0a4519c7f260254da",
              "ami-0299e025d557feb11",
              "ami-06e7efffb6a570c34",
              "ami-04babbbb830ba3213",
              "ami-031fc05a179698d1c",
              "ami-043517230532440ec",
              "ami-054c71212678b39db",
              "ami-04a338a858cf4334f",
              "ami-03c3fe63ff93c789e",
              "ami-0fbb93b2aa2316ad2",
              "ami-02cb9e45369131dcc",
              "ami-0c4a2b4ad440f3c3d",
              "ami-08ad748ca6d229b62",
              "ami-0109b647c99851117",
              "ami-0fe77b349d804e9e6",
              "ami-050c88925ffb2bb50",
              "ami-0d37ecbd75ec5a8c0",
              "ami-032bf71d4cc8a1d5f",
              "ami-0c234732c055b53a7",
              "ami-02f86dfe0fdf63d37",
              "ami-0b9a603c10937a61b",
              "ami-02806bcdef0e9358e",
              "ami-0e61dddbadc56a7cc",
              "ami-0ce8c55b9021a4450",
              "ami-077d9f17eccec7665",
              "ami-0621cd3f095aea7e0",
              "ami-0d1b64d60913b0b4c",
              "ami-00bacc76d57603867",
              "ami-0f117738e3edc0fd1",
              "ami-01430b4da9282fb4f",
              "ami-0719d9993aff99704",
              "ami-082fc70053d4ff182",
              "ami-0bf2f9cd51287e2d3",
              "ami-07064d5dda389fb2f",
              "ami-033aae7e23d5c1110",
              "ami-0d5e2c42ed65ef821",
              "ami-0d2fe10737d0d45c3",
              "ami-076f3ca6cda21c29a",
              "ami-0e777bc9a56187bcc",
              "ami-0609d18895b3c95de",
              "ami-05f2b2d1eb954cf1f",
              "ami-03d1ee59d4d1a188f",
              "ami-07998c195d9c3ff4d",
              "ami-03b4788c3979f8b0e",
              "ami-0a420fb9a50b45d69",
              "ami-07ba856a81222dbc1",
              "ami-08a81916e30da70f1",
              "ami-07eae4d0e7503a9ea",
              "ami-04c2aed39aac35120",
              "ami-08d3ab23139ff0857",
              "ami-065579f89df2720bf",
              "ami-0dec8bf858c7d117b",
              "ami-05243fff29a8ae2e1",
              "ami-03df30b7a7b6f3782",
              "ami-096f692f59241b97a",
              "ami-045393c081cabeb1f",
              "ami-038df2ec824c24e80",
              "ami-002b17f45e3b71fb7",
              "ami-0ef228eae56421116",
              "ami-05a10e9098ab8ace9",
              "ami-0be927a8079cb0629",
              "ami-0f48b3520f4f192f6",
              "ami-078f1ba65e0a02e9e",
              "ami-01b19d5f5793c1d86",
              "ami-011090bcea73b19b1",
              "ami-0008589931ea95696",
              "ami-07ea00c2a68dfb44e",
              "ami-02cd7264a68878075",
              "ami-0783ec77a3d6219d8",
              "ami-0176c8685e37682df",
              "ami-0663facc10f5e6229",
              "ami-09f69ed13f27b947c",
              "ami-03dbf0c122cb6cf1d",
              "ami-06be3ae5bc3d52cd3",
              "ami-0af73c4b677c59c65",
              "ami-00403753d2f6afe65",
              "ami-01ba934f6435d6646",
              "ami-0eb1f91977a3fcc1b",
              "ami-0ae3cf6e3ff60bc1a",
              "ami-0da9438bce7f9c84b",
              "ami-033a34fc09d81cd50",
              "ami-0c36d90cce2306c61",
              "ami-0e4c5cf13ac94f6e1",
              "ami-01fce4da21e85ec68",
              "ami-0c18f96ea19337606",
              "ami-0680852565e072aec",
              "ami-06a26d53c9f52eaff",
              "ami-0768a27440b8a043d",
              "ami-005d340ef0bae27d5",
              "ami-04723971e9cb481e7",
              "ami-0422d45f6fa1968f2",
              "ami-0225d556e1345d308",
              "ami-092c72320ac790663",
              "ami-0b481db926ca342f6",
              "ami-0e61e8c63ced7a0d7",
              "ami-00a7a48765ae0348e",
              "ami-0fc2ee4e15eaf3d80",
              "ami-0835e52ffc2cd246f",
              "ami-0b24e62ef88dfe756",
              "ami-0e842d01bb12b675e",
              "ami-02d5302871276f64d",
              "ami-0326c3fa94bfbae06",
              "ami-099d1fc88b8dff51b",
              "ami-08b6bb2aa041456c8",
              "ami-099a1fffd066b1e19",
              "ami-0038631aa64a8f875",
              "ami-03bc4aa6700871fe9",
              "ami-0c9f85b20c8b12d1f",
              "ami-0defa696d374088ea",
              "ami-0a44ca3e068310ecd",
              "ami-0ef530e8e1c190fd3",
              "ami-0fb2f5209b78d678d",
              "ami-0957b1964db03e737",
              "ami-0fdcc099a161a929b",
              "ami-0b6d5093222ee3fcb",
              "ami-09088e1658a63185f",
              "ami-0c70eae4426ee71d3",
              "ami-061582142d73ff8ae",
              "ami-0a6308c3fc9dcd7f0",
              "ami-0c5e00cbf1931ef32",
              "ami-0849845812038b0cc",
              "ami-0afeecdbe9204789f",
              "ami-0f29737ce0ef86987",
              "ami-0377306a8f776c503",
              "ami-062ffc6d812186da6",
              "ami-009ecfb9521f11357",
              "ami-0e7aa683340745d48",
              "ami-0ba31dd19dc420918",
              "ami-046b028e6b00a3938",
              "ami-0c9183e13636da0f0",
              "ami-0dcf87f96898a63b7",
              "ami-0767c02906a41e0bf",
              "ami-09691a163ad1bd11d",
              "ami-0352026b2a2f6be67",
              "ami-02f3ffacbb7c7746f",
              "ami-05646fd1ed262bd95",
              "ami-0e0c3aaa8ddfa0e06",
              "ami-0f3f22c20d40aeb53",
              "ami-0a142a54354138bb1",
              "ami-06e145a94d149fc52",
              "ami-07a9c14f06cb1c2aa",
              "ami-09286f9ca23f7b8e8",
              "ami-0b3969177a24400d7",
              "ami-070bc33e241ecaa1e",
              "ami-09c004deb2d4cc50a",
              "ami-02324bed0f4292013",
              "ami-0e5361a013ee04dd3",
              "ami-0dbe715111459a4ea",
              "ami-0043450f938be1d0b",
              "ami-024b7aed2c5fe72a2",
              "ami-0376cd09b57ad17e6",
              "ami-0086fb64fd113b9a5",
              "ami-02ad7ac0c1308140d",
              "ami-0e6accfb77621919d",
              "ami-093e10b196d7cc7f0",
              "ami-0d914760ebfeed064",
              "ami-01c907a9b51818bd9",
              "ami-04bd2922f79cd5264",
              "ami-0a151cd8e9ad347db",
              "ami-0f4cfad73822c0cbb",
              "ami-0c04187570dfc5ccf",
              "ami-0de596158ad5bd9a2",
              "ami-0834cc74b50bd8b0d",
              "ami-094f380725f62923a",
              "ami-024b8a7b6c33e84eb",
              "ami-01d08089481510ba2",
              "ami-06a5b9a010e54ab8d",
              "ami-0d7a59bc717a91d73",
              "ami-096c933c984d914d1",
              "ami-0dc1ee859704cb907",
              "ami-0f0d0b197edc6116e",
              "ami-02b60f46e1079e7e5",
              "ami-0f136f37138f59e54",
              "ami-0dce0824f4656494e",
              "ami-0df82b5b435c93703",
              "ami-0cc2aa7a5f7e73099",
              "ami-0067ef3c2a3a2032c",
              "ami-0d1f23d912bcb03b8",
              "ami-0feb3b65377af5eb5",
              "ami-082d6fd17c93a9c15",
              "ami-0ec16479de88bd142",
              "ami-05f0d6bf7cb6e9c4e",
              "ami-008958b14231d5baa",
              "ami-097bd286b3ada9910",
              "ami-071b58e0850220c03",
              "ami-076ed9cab59df2932",
              "ami-09d3b3274b6c5d4aa",
              "ami-0dda8368cc6e1b1cd",
              "ami-0c4e4b4eb2e11d1d4",
              "ami-042bc95a249455bd9",
              "ami-0a11fbfd2746b7a31",
              "ami-08e55c631f86c9d8f",
              "ami-05d4edffcfb32cfcf",
              "ami-081dc0707789c2daf",
              "ami-09661c714ad628ed8",
              "ami-0c33b469b791b88ed",
              "ami-095fbf718595872f0",
              "ami-0aacef6e448f30873",
              "ami-0b16c42523ae48148",
              "ami-09c71a36bc6ebe0b4",
              "ami-00eb90638788e810f",
              "ami-0058b5a14527956c5",
              "ami-0c33dfd558dfe1fb6",
              "ami-0647149df9c0f77b0",
              "ami-017b1fb4f684bad52",
              "ami-0ba4911b3857cd881",
              "ami-00c059d979ef734fa",
              "ami-0254dddbef219b0a3",
              "ami-00e93213821bcacf8",
              "ami-06fccf9b380428162",
              "ami-0db9ae6f7448b0fbb",
              "ami-0cfa04ced41e1c560",
              "ami-05ee6c2fb7f55a348",
              "ami-0b6aa5efa4b0f98fc",
              "ami-015e73216dae9acc8",
              "ami-0c7178e5d70c9639a",
              "ami-0429992530a8b7a3f",
              "ami-0fe65aee072fa84c9",
              "ami-0241d9acb4c402d44",
              "ami-01e9f4f9f17953646",
              "ami-0c7292c303c0991a9",
              "ami-022ea3575281fc08b",
              "ami-04ae2a970d01fb418",
              "ami-02718378a0cde0ce1",
              "ami-0e3b85964d35d9ddc",
              "ami-06370cd563c158723",
              "ami-052a3c108106f687d",
              "ami-03bcd2dcc3251268e",
              "ami-02da64f895e00d9f4",
              "ami-0fb23be3b3a8f9dc1",
              "ami-06771c6c70554b1a0",
              "ami-05bbc889a227dce4b",
              "ami-0100e2d2d23cac105",
              "ami-096e0c14792ec93ac",
              "ami-04cef6c5fe91a6fcc",
              "ami-0101f692e19268402",
              "ami-05cf62c5375f68022",
              "ami-02cf4659108e98fe2",
              "ami-0bdc0f14f74ecaab9",
              "ami-087ce2e507ded92cb",
              "ami-0e8f9bb800a080518",
              "ami-07cc798a42babef2d",
              "ami-0e48ddc612838f3a2",
              "ami-0f8a75180fb018534",
              "ami-07d6d21ce8fa9aba3",
              "ami-0664618a459ed40ad",
              "ami-029e711614b9fd102",
              "ami-06ee25178e4ba2671",
              "ami-007c75687c959c547",
              "ami-03b429fb28faa8365",
              "ami-0d39a64e8c21039ee",
              "ami-0d05de5bd598e42a8",
              "ami-01ab87b3247709523",
              "ami-0b280a9bfa1297334",
              "ami-0aff0dba8aa771c95",
              "ami-0d92e1f1151a6c8a8",
              "ami-09ac54d72ad01c810",
              "ami-0011cd4e00ee07478",
              "ami-01d713d03b991c4f7",
              "ami-024792af430442b96",
              "ami-02763e891d8808f67",
              "ami-00c3885033e1d1507",
              "ami-0abdba442c6323bf9",
              "ami-09c29c43389c81887",
              "ami-0455cb731d6b3964b",
              "ami-09adf6245ca636e7b",
              "ami-0f4c04c3aa50f4e91",
              "ami-08c5ee56553d601a4",
              "ami-0c67e95ce96b31a9f",
              "ami-0a226f635f2316463",
              "ami-0d64523d3ca163844",
              "ami-02b69d22ff0dda58d",
              "ami-07e5e6ac81843ffb6",
              "ami-027887490f0646bfd",
              "ami-07ee67ed990bd40d5",
              "ami-00770c903c56a4432",
              "ami-052fb13859f349f64",
              "ami-04879b929bfc330c6",
              "ami-0671aa4aca16d71fb",
              "ami-096cf57e2e70279bd",
              "ami-06ce8be1e8390d108",
              "ami-0c06debfee880df9a",
              "ami-047770d50d5cf3c73",
              "ami-035626e66a3de5652",
              "ami-0a905e20152b63dc4",
              "ami-04eb0b9d12f2674e6",
              "ami-020934bc9dd6273cb",
              "ami-05f376246a1fa28c3",
              "ami-0cf144047a2abae41",
              "ami-0ca0574a9343b3f53",
              "ami-0eb0ccab0d40d39ef",
              "ami-0a7a507fbaae94812",
              "ami-00be5315be86b04f5",
              "ami-087abc81c535579b1",
              "ami-0c0c19de87c0fc3bb",
              "ami-052c5c2c201b6fc5e",
              "ami-07c97be5a62e1af4d",
              "ami-0aacb04b8552a8828",
              "ami-092d381a3d17b27c5",
              "ami-047686f8431096f8a",
              "ami-07ea53fc8b91e4806",
              "ami-0e103c4958c21cce0",
              "ami-01859b3000b8190d2",
              "ami-01c79904a2c102298",
              "ami-0c968d7ef8a4b0c34",
              "ami-0b83cfd35b8b8b29f",
              "ami-0d1ee47cdec0d9b49",
              "ami-0484c42d9e00ceca3",
              "ami-062bb6a738e594228",
              "ami-0281475a02bb7d499",
              "ami-0a755a1c1194355c6",
              "ami-0b0bcf7886b899c3a",
              "ami-05e071b740e66f41a",
              "ami-02ef389922fa9b674",
              "ami-01b48c7c62646c9d2",
              "ami-03364a8f8692e4999",
              "ami-00b2d3cea0caddeaf",
              "ami-05ee98c4ddbdc2635",
              "ami-09b7838e0c4bf3bea",
              "ami-05813719320d23174",
              "ami-04f5ae6f57e2a188b",
              "ami-04a64f5e4cd8eda9d",
              "ami-01317c3355ff93f5a",
              "ami-00a8ef5d292a89528",
              "ami-07150e3ac4a8d3dcd",
              "ami-0010ebe837ab08dcf",
              "ami-0a8c2d4ab8ccea199",
              "ami-03d0541de98a8173f",
              "ami-0430ad76f322fd080",
              "ami-01f86edf046148f0f",
              "ami-0b769e1cfa0208d7c",
              "ami-07ae8546f4f4d35dc",
              "ami-02b6e44259bd5183f",
              "ami-0b212e70064de6cf3",
              "ami-0159d9927f512b994",
              "ami-07d0bc615c0093667",
              "ami-09bb2f9e6b83c8d77",
              "ami-028a294ba90691613",
              "ami-0d4f474416610f4a2",
              "ami-092a507a283cba2e9",
              "ami-02cec4aae29bead45",
              "ami-0f36f6feea89000c3",
              "ami-08c45660a01639663",
              "ami-046274b103558e900",
              "ami-06bc4eae7ee39b758",
              "ami-000909c366f5030b2",
              "ami-0551131b6fb8a5dea",
              "ami-0bfea681543f5bcd1",
              "ami-0ded27cb7932c49c7",
              "ami-00d16a7a8f5939faf",
              "ami-0cb95dcaa39533e6d",
              "ami-0aadde7e6e6bbfc36",
              "ami-0e3c04b77932bc1b5",
              "ami-034d59055fd4caced",
              "ami-059cb11957874cf5b",
              "ami-0013ac3d0b721e710",
              "ami-087010bebd4695af6",
              "ami-0667df2551bf9b6b4",
              "ami-057739c67f9eafd33",
              "ami-007561224efb25ad8",
              "ami-0ff8ef0f5ea887af6",
              "ami-0d33b45052a529df0",
              "ami-0428ac4d5d3cb3b22",
              "ami-0d3ac7604df2f5059",
              "ami-0fc740c9a60d5fdb9",
              "ami-0690a8ac521a76ee2",
              "ami-0ac4c67a06019d97c",
              "ami-0006eb3adb43cd100",
              "ami-0c70526a1900b5221",
              "ami-0e5e9a0b425f1c421",
              "ami-097fb4e93ab3f3257",
              "ami-0089f6c8abd16d032",
              "ami-06735faf02f9d4dd1",
              "ami-0bfcd22702bd20490",
              "ami-07add3a19d036530f",
              "ami-0f62f05f1f0add723",
              "ami-0c3cbe8ab8f44ba50",
              "ami-0b9c8360cbae3a3d3",
              "ami-08fea441e2461086d",
              "ami-090ebd8ca45b82872",
              "ami-0a53bb14cc99d745d",
              "ami-038e110d7443147b0",
              "ami-03f4a1c802e1aab30",
              "ami-097c675def9ab9928",
              "ami-0df8cc3dca53bba03",
              "ami-0f85a1b2718595d89",
              "ami-05bd86a47b3b8e24b",
              "ami-0cb6688e7147d5822",
              "ami-032de59a18b774818",
              "ami-0663993d99b95861f",
              "ami-0c60ee0e9cd69db9e",
              "ami-0bee85fd99d192232",
              "ami-07944e963aa37c63a",
              "ami-062140f3735608159",
              "ami-0a0889c7e5037cc66",
              "ami-03f58b2fe5d34aafa",
              "ami-0307bb92f69c38bd3",
              "ami-019d586d893bf682f",
              "ami-0be8e1d6b549d5ca1",
              "ami-01797e0883031789f",
              "ami-0d57a9bb20b728d26",
              "ami-09b890ed5e18cfdc1",
              "ami-0637e9119d9c680a8",
              "ami-0de713a639fc1fa84",
              "ami-087fe946e35fcab3b",
              "ami-0f2b682f4c3e4bc34",
              "ami-0df25b667dc8fb64d",
              "ami-0878b75b482934e1f",
              "ami-0ea5cdac247c42e9e",
              "ami-0bd3c2e379f7f09c9",
              "ami-04dc8a2dc76f52b0a",
              "ami-06473257d36930481",
              "ami-01179af28ec82e898",
              "ami-0f4eeecd072b194fc",
              "ami-05cb3dcd8b1e76feb",
              "ami-028ed948af5debd1f",
              "ami-07f2e27c416df8a26",
              "ami-0cc563e3dcae50ad6",
              "ami-06dffdffeed1ce3c9",
              "ami-0c1fedf6be76d53d6",
              "ami-0356e49af01204f2c",
              "ami-06e586b65c76804ed",
              "ami-024c0e053963414eb",
              "ami-07024bf15a5ac31ca",
              "ami-0bca8bcbd1aeb1fc3",
              "ami-09aad5114ce52da3a",
              "ami-04fc00d791d804b24",
              "ami-08e8725a42775740f",
              "ami-0bb8ae1f49276daea",
              "ami-03fd521ce61be8262",
              "ami-0bfa1783225ce047b",
              "ami-0c1704bac156af62c",
              "ami-02127cca177d2a9d5",
              "ami-0ff0ab81ddb871a58",
              "ami-0c875dacdc8625507",
              "ami-075f977aeda54fbd6",
              "ami-031e73cab583e19c6",
              "ami-0b7fcdb05ca1d1e2a",
              "ami-07180fe2c137b852f",
              "ami-0788d33b525dda6f6",
              "ami-0c93d81722a8d6508",
              "ami-0ab811906f0407207",
              "ami-0b4cfc92f6f906dad",
              "ami-0df878b45cf41a8c2",
              "ami-07da26e39622a03dc",
              "ami-050789581593f2209",
              "ami-062ae4206f54748b9",
              "ami-07fcf316b74ff8dad",
              "ami-0f01974d5fd3b4530",
              "ami-015633ed1298a9ba9",
              "ami-04231e0f5229f26c7",
              "ami-09818359fcd692d8a",
              "ami-033e8f7c6498e5a5c",
              "ami-00dae17ccdb514e86",
              "ami-0e355f25ff55753d0",
              "ami-08dc0e220890a54fc",
              "ami-066b89ed53484871c",
              "ami-0b4b992d4d7583225",
              "ami-044661416af487dec",
              "ami-0cf69025444c09792",
              "ami-0f45e0f9d7b3d1ca8",
              "ami-0b027b8a3c8d4d361",
              "ami-0dddeb885e56a9cd3",
              "ami-022c2d908820f7ff8",
              "ami-00922a37c876e2e0e",
              "ami-03a6fbdb258206491",
              "ami-08b1ecb34abc52688",
              "ami-0ddc11a891c5cf638",
              "ami-091115ee970b15286",
              "ami-0228302bab05078b4",
              "ami-0c82c5663e622b298",
              "ami-0fd17a96d23046a87",
              "ami-0db040247527b6281",
              "ami-0a7f97147e81af914",
              "ami-07d131ac12352754d",
              "ami-04b24cbebd4193ce9",
              "ami-0f851ceee70aa7af4",
              "ami-078acca36ebbc571b",
              "ami-07593001243a00d0a",
              "ami-021642e827b8efb7b",
              "ami-04a641bd18c613b04",
              "ami-08a6403c2ca9c4dc3",
              "ami-0acd35a658483acc2",
              "ami-0c43029d031479b1b",
              "ami-0e892d097b35bb3f9",
              "ami-09227c4b4a9ace3e9",
              "ami-0de3029b8f3aa7556",
              "ami-0f60d112f10e93490",
              "ami-085884b6878b35938",
              "ami-00d480d0b71258af9",
              "ami-052aefb9eebee11c5",
              "ami-0838e881fdadbd281",
              "ami-0811a00e5c0589904",
              "ami-0cdca1426b475f215",
              "ami-0c239a08cf69b20bd",
              "ami-02f469efd39503d1b",
              "ami-036e505e8e8970f1a",
              "ami-03c9685492d8115ba",
              "ami-0ae0b6a4f79dbdb71",
              "ami-039dc187187f78395",
              "ami-04b51b91b3dfe9af0",
              "ami-0bd89223138f737c6",
              "ami-06c13d6cdbbeea948",
              "ami-07351ca9581da4fc7",
              "ami-065a3f0acbb472a45",
              "ami-01284cc19a977c6aa",
              "ami-0143adfad0dc6a049",
              "ami-0ef77135f8d95d0d6",
              "ami-0d549e1c562054d63",
              "ami-0d07a91312adfaa45",
              "ami-0e2d8f7f72f246235",
              "ami-0067b91d65294514f",
              "ami-0b5bacd02b461815a",
              "ami-0b86400c924fc3425",
              "ami-09929a3f4fd1c2ba7",
              "ami-054c717a6887a7174",
              "ami-00e8f7ac07f6921a8",
              "ami-0a92eb7a6bc934d2a",
              "ami-022f357f5eeea5812",
              "ami-0a3398ec1a8f3c107",
              "ami-0e64c774c6a206b90",
              "ami-083af0ce5c05c1684",
              "ami-051e34b04923f54c3",
              "ami-09cbf006c05dd3308",
              "ami-0c41a941c28d6145f",
              "ami-026312bd1b496e5ad",
              "ami-0a859a6e7d9c7d032",
              "ami-06fcebb810da7c546",
              "ami-0b6ec97ae3d4de581",
              "ami-0bf0617cf692e03a0",
              "ami-0f9dce465de5578c5",
              "ami-0b266415b9074c1ac",
              "ami-0636915987d7db503",
              "ami-081193a9211362cf2",
              "ami-0ebf0a378109b0880",
              "ami-0d87578fd7ce34e8d",
              "ami-026b57f3c383c2eec",
              "ami-0a752b9e21f725354",
              "ami-0bce06abd13d2d51f",
              "ami-0464d49b8794eba32",
              "ami-00b8caf62fc9c2341",
              "ami-048fded3e8a6a7e09",
              "ami-0a63d100f0f8b5478",
              "ami-0636eac5d73e0e5d7",
              "ami-07fe3d87c88be28e2",
              "ami-04a6f3599c6eb1807",
              "ami-0149b2da6ceec4bb0",
              "ami-00266f51b6b22db58",
              "ami-025a2bec0a4be313a",
              "ami-0eb9bd067e5d1e192",
              "ami-00cc7446b763f6466",
              "ami-0cb44030c29377e37",
              "ami-0a3dba9df110d5d0e",
              "ami-0f2b7c6874eb8414f",
              "ami-083291df8d44c7d30",
              "ami-0f0e178bf819fa878",
              "ami-0b0fc74d726245a8b",
              "ami-08bb25739e21fbfb2",
              "ami-0bd887b3824592696",
              "ami-0395a48b135515a9f",
              "ami-050a098579572511b",
              "ami-0eaa2c29060524918",
              "ami-0d43a67c3fe97770e",
              "ami-07bb741b5479fe52a",
              "ami-077e3180e63f47943",
              "ami-059074e17db843ce1",
              "ami-017893a13a0f3b728",
              "ami-0a87ebd3f73e7d2d1",
              "ami-0e60ed1e8b46be9d4",
              "ami-0974eeef7e210392b",
              "ami-07697a1bdafbfc7e8",
              "ami-06b1dab86c67069ec",
              "ami-0a46181d462b97afc",
              "ami-06d36fcef1a7b30b2",
              "ami-0b354666f9c72645d",
              "ami-0001ceed85462322d",
              "ami-0fdabad8320137360",
              "ami-0f69dd1d0d03ad669",
              "ami-08c40ec9ead489470",
              "ami-0c56357cb414f9599",
              "ami-075c1e3558b15afbb",
              "ami-018ce69d4b9c9e3ec",
              "ami-0c7ed0ec32865e4db",
              "ami-08115ee1fab5043be",
              "ami-0e932077619d6efc4",
              "ami-0225fd8357d421e13",
              "ami-065c05c2f642fe250",
              "ami-0a53718c4bb3f9f22",
              "ami-0165b18f7f6161494",
              "ami-0b210ecb0afdba9ae",
              "ami-0332fd59957714b4c",
              "ami-08e28d3f2a0efe904",
              "ami-010d9989646616c70",
              "ami-04d2e0f7bdf9fe550",
              "ami-0f88e088dfefd0061",
              "ami-08fbd7f7d56f1869d",
              "ami-02bb5bfebf9d6c350",
              "ami-0ef4744ddb0e15d4f",
              "ami-0e72c4a0b0dd60a60",
              "ami-0041136e7bfec8486",
              "ami-06311527200713be0",
              "ami-0e10b7f070fce7e7d",
              "ami-0d79b0109d2c522ea",
              "ami-08dc755ef1a289f6d",
              "ami-06cc9ea389270405c",
              "ami-0c93b29195d67a0ca"
            ],
            "include_deprecated": false,
            "name_regex": null,
            "owners": [
              "amazon"
            ],
            "sort_ascending": false,
            "timeouts": null
          },
          "sensitive_attributes": []
        }
      ]
    },
    {
      "mode": "data",
      "type": "aws_subnets",
      "name": "default_subnets",
      "provider": "provider[\"registry.terraform.io/hashicorp/aws\"]",
      "instances": [
        {
          "schema_version": 0,
          "attributes": {
            "filter": [
              {
                "name": "vpc-id",
                "values": [
                  "vpc-028538eed195469b3"
                ]
              }
            ],
            "id": "us-east-1",
            "ids": [
              "subnet-0cf55884766b81cc4",
              "subnet-05fab0bb62abadc5d",
              "subnet-0a87c23a80ad60234",
              "subnet-0f6931f1ca629419e",
              "subnet-041481310ee98fdcc",
              "subnet-03c9fff6653e0f49d"
            ],
            "tags": null,
            "timeouts": null
          },
          "sensitive_attributes": []
        }
      ]
    },
    {
      "mode": "managed",
      "type": "aws_default_vpc",
      "name": "default",
      "provider": "provider[\"registry.terraform.io/hashicorp/aws\"]",
      "instances": [
        {
          "schema_version": 1,
          "attributes": {
            "arn": "arn:aws:ec2:us-east-1:577430166986:vpc/vpc-028538eed195469b3",
            "assign_generated_ipv6_cidr_block": false,
            "cidr_block": "172.31.0.0/16",
            "default_network_acl_id": "acl-03cde3f9e4d41ec79",
            "default_route_table_id": "rtb-0dd61658f6f251db6",
            "default_security_group_id": "sg-07e6e8274c5883e11",
            "dhcp_options_id": "dopt-0118b83470e1ca3b8",
            "enable_dns_hostnames": true,
            "enable_dns_support": true,
            "enable_network_address_usage_metrics": false,
            "existing_default_vpc": true,
            "force_destroy": false,
            "id": "vpc-028538eed195469b3",
            "instance_tenancy": "default",
            "ipv6_association_id": "",
            "ipv6_cidr_block": "",
            "ipv6_cidr_block_network_border_group": "",
            "ipv6_ipam_pool_id": "",
            "ipv6_netmask_length": 0,
            "main_route_table_id": "rtb-0dd61658f6f251db6",
            "owner_id": "577430166986",
            "tags": {},
            "tags_all": {}
          },
          "sensitive_attributes": [],
          "private": "eyJzY2hlbWFfdmVyc2lvbiI6IjEifQ=="
        }
      ]
    },
    {
      "mode": "managed",
      "type": "aws_elb",
      "name": "elb",
      "provider": "provider[\"registry.terraform.io/hashicorp/aws\"]",
      "instances": [
        {
          "schema_version": 0,
          "attributes": {
            "access_logs": [],
            "arn": "arn:aws:elasticloadbalancing:us-east-1:577430166986:loadbalancer/elb",
            "availability_zones": [
              "us-east-1a",
              "us-east-1b",
              "us-east-1c",
              "us-east-1d",
              "us-east-1e",
              "us-east-1f"
            ],
            "connection_draining": false,
            "connection_draining_timeout": 300,
            "cross_zone_load_balancing": true,
            "desync_mitigation_mode": "defensive",
            "dns_name": "elb-2036170862.us-east-1.elb.amazonaws.com",
            "health_check": [
              {
                "healthy_threshold": 10,
                "interval": 30,
                "target": "TCP:80",
                "timeout": 5,
                "unhealthy_threshold": 2
              }
            ],
            "id": "elb",
            "idle_timeout": 60,
            "instances": [
              "i-05176ea830d4b2808",
              "i-0694520f03e90c7c4",
              "i-0a3c8786a759323f8",
              "i-0b3e12bcbb3214635",
              "i-0cc6927813b6059f8",
              "i-0dc7476b0531601df"
            ],
            "internal": false,
            "listener": [
              {
                "instance_port": 80,
                "instance_protocol": "http",
                "lb_port": 80,
                "lb_protocol": "http",
                "ssl_certificate_id": ""
              }
            ],
            "name": "elb",
            "name_prefix": "",
            "security_groups": [
              "sg-00bbdd226a325606f"
            ],
            "source_security_group": "577430166986/elb_sg",
            "source_security_group_id": "sg-00bbdd226a325606f",
            "subnets": [
              "subnet-03c9fff6653e0f49d",
              "subnet-041481310ee98fdcc",
              "subnet-05fab0bb62abadc5d",
              "subnet-0a87c23a80ad60234",
              "subnet-0cf55884766b81cc4",
              "subnet-0f6931f1ca629419e"
            ],
            "tags": null,
            "tags_all": {},
            "timeouts": null,
            "zone_id": "Z35SXDOTRQ7X7K"
          },
          "sensitive_attributes": [],
          "private": "eyJlMmJmYjczMC1lY2FhLTExZTYtOGY4OC0zNDM2M2JjN2M0YzAiOnsiY3JlYXRlIjozMDAwMDAwMDAwMDAsInVwZGF0ZSI6MzAwMDAwMDAwMDAwfX0=",
          "dependencies": [
            "aws_default_vpc.default",
            "aws_instance.http_servers",
            "aws_security_group.elb_sg",
            "aws_security_group.http_server_sg",
            "data.aws_ami.aws_linux_2_latest",
            "data.aws_subnets.default_subnets"
          ]
        }
      ]
    },
    {
      "mode": "managed",
      "type": "aws_instance",
      "name": "http_servers",
      "provider": "provider[\"registry.terraform.io/hashicorp/aws\"]",
      "instances": [
        {
          "index_key": "subnet-03c9fff6653e0f49d",
          "schema_version": 1,
          "attributes": {
            "ami": "ami-02c21308fed24a8ab",
            "arn": "arn:aws:ec2:us-east-1:577430166986:instance/i-0a3c8786a759323f8",
            "associate_public_ip_address": true,
            "availability_zone": "us-east-1c",
            "capacity_reservation_specification": [
              {
                "capacity_reservation_preference": "open",
                "capacity_reservation_target": []
              }
            ],
            "cpu_core_count": 1,
            "cpu_options": [
              {
                "amd_sev_snp": "",
                "core_count": 1,
                "threads_per_core": 1
              }
            ],
            "cpu_threads_per_core": 1,
            "credit_specification": [
              {
                "cpu_credits": "standard"
              }
            ],
            "disable_api_stop": false,
            "disable_api_termination": false,
            "ebs_block_device": [],
            "ebs_optimized": false,
            "enclave_options": [
              {
                "enabled": false
              }
            ],
            "ephemeral_block_device": [],
            "get_password_data": false,
            "hibernation": false,
            "host_id": "",
            "host_resource_group_arn": null,
            "iam_instance_profile": "",
            "id": "i-0a3c8786a759323f8",
            "instance_initiated_shutdown_behavior": "stop",
            "instance_lifecycle": "",
            "instance_market_options": [],
            "instance_state": "running",
            "instance_type": "t2.micro",
            "ipv6_address_count": 0,
            "ipv6_addresses": [],
            "key_name": "terraform_key",
            "launch_template": [],
            "maintenance_options": [
              {
                "auto_recovery": "default"
              }
            ],
            "metadata_options": [
              {
                "http_endpoint": "enabled",
                "http_protocol_ipv6": "disabled",
                "http_put_response_hop_limit": 1,
                "http_tokens": "optional",
                "instance_metadata_tags": "disabled"
              }
            ],
            "monitoring": false,
            "network_interface": [],
            "outpost_arn": "",
            "password_data": "",
            "placement_group": "",
            "placement_partition_number": 0,
            "primary_network_interface_id": "eni-02f8ce35c5c92b5a3",
            "private_dns": "ip-172-31-29-78.ec2.internal",
            "private_dns_name_options": [
              {
                "enable_resource_name_dns_a_record": false,
                "enable_resource_name_dns_aaaa_record": false,
                "hostname_type": "ip-name"
              }
            ],
            "private_ip": "172.31.29.78",
            "public_dns": "ec2-50-19-54-226.compute-1.amazonaws.com",
            "public_ip": "50.19.54.226",
            "root_block_device": [
              {
                "delete_on_termination": true,
                "device_name": "/dev/xvda",
                "encrypted": false,
                "iops": 100,
                "kms_key_id": "",
                "tags": {},
                "tags_all": {},
                "throughput": 0,
                "volume_id": "vol-0d2f8f8fd742778ff",
                "volume_size": 8,
                "volume_type": "gp2"
              }
            ],
            "secondary_private_ips": [],
            "security_groups": [
              "http_server_sg"
            ],
            "source_dest_check": true,
            "spot_instance_request_id": "",
            "subnet_id": "subnet-03c9fff6653e0f49d",
            "tags": {
              "name": "http_servers_subnet-03c9fff6653e0f49d"
            },
            "tags_all": {
              "name": "http_servers_subnet-03c9fff6653e0f49d"
            },
            "tenancy": "default",
            "timeouts": null,
            "user_data": null,
            "user_data_base64": null,
            "user_data_replace_on_change": false,
            "volume_tags": null,
            "vpc_security_group_ids": [
              "sg-0ff572fb27ba54e09"
            ]
          },
          "sensitive_attributes": [],
          "private": "eyJlMmJmYjczMC1lY2FhLTExZTYtOGY4OC0zNDM2M2JjN2M0YzAiOnsiY3JlYXRlIjo2MDAwMDAwMDAwMDAsImRlbGV0ZSI6MTIwMDAwMDAwMDAwMCwicmVhZCI6OTAwMDAwMDAwMDAwLCJ1cGRhdGUiOjYwMDAwMDAwMDAwMH0sInNjaGVtYV92ZXJzaW9uIjoiMSJ9",
          "dependencies": [
            "aws_default_vpc.default",
            "aws_security_group.http_server_sg",
            "data.aws_ami.aws_linux_2_latest",
            "data.aws_subnets.default_subnets"
          ]
        },
        {
          "index_key": "subnet-041481310ee98fdcc",
          "schema_version": 1,
          "attributes": {
            "ami": "ami-02c21308fed24a8ab",
            "arn": "arn:aws:ec2:us-east-1:577430166986:instance/i-0b3e12bcbb3214635",
            "associate_public_ip_address": true,
            "availability_zone": "us-east-1b",
            "capacity_reservation_specification": [
              {
                "capacity_reservation_preference": "open",
                "capacity_reservation_target": []
              }
            ],
            "cpu_core_count": 1,
            "cpu_options": [
              {
                "amd_sev_snp": "",
                "core_count": 1,
                "threads_per_core": 1
              }
            ],
            "cpu_threads_per_core": 1,
            "credit_specification": [
              {
                "cpu_credits": "standard"
              }
            ],
            "disable_api_stop": false,
            "disable_api_termination": false,
            "ebs_block_device": [],
            "ebs_optimized": false,
            "enclave_options": [
              {
                "enabled": false
              }
            ],
            "ephemeral_block_device": [],
            "get_password_data": false,
            "hibernation": false,
            "host_id": "",
            "host_resource_group_arn": null,
            "iam_instance_profile": "",
            "id": "i-0b3e12bcbb3214635",
            "instance_initiated_shutdown_behavior": "stop",
            "instance_lifecycle": "",
            "instance_market_options": [],
            "instance_state": "running",
            "instance_type": "t2.micro",
            "ipv6_address_count": 0,
            "ipv6_addresses": [],
            "key_name": "terraform_key",
            "launch_template": [],
            "maintenance_options": [
              {
                "auto_recovery": "default"
              }
            ],
            "metadata_options": [
              {
                "http_endpoint": "enabled",
                "http_protocol_ipv6": "disabled",
                "http_put_response_hop_limit": 1,
                "http_tokens": "optional",
                "instance_metadata_tags": "disabled"
              }
            ],
            "monitoring": false,
            "network_interface": [],
            "outpost_arn": "",
            "password_data": "",
            "placement_group": "",
            "placement_partition_number": 0,
            "primary_network_interface_id": "eni-03447f3f7f5119567",
            "private_dns": "ip-172-31-87-60.ec2.internal",
            "private_dns_name_options": [
              {
                "enable_resource_name_dns_a_record": false,
                "enable_resource_name_dns_aaaa_record": false,
                "hostname_type": "ip-name"
              }
            ],
            "private_ip": "172.31.87.60",
            "public_dns": "ec2-52-87-179-17.compute-1.amazonaws.com",
            "public_ip": "52.87.179.17",
            "root_block_device": [
              {
                "delete_on_termination": true,
                "device_name": "/dev/xvda",
                "encrypted": false,
                "iops": 100,
                "kms_key_id": "",
                "tags": {},
                "tags_all": {},
                "throughput": 0,
                "volume_id": "vol-091874842b25d9c3b",
                "volume_size": 8,
                "volume_type": "gp2"
              }
            ],
            "secondary_private_ips": [],
            "security_groups": [
              "http_server_sg"
            ],
            "source_dest_check": true,
            "spot_instance_request_id": "",
            "subnet_id": "subnet-041481310ee98fdcc",
            "tags": {
              "name": "http_servers_subnet-041481310ee98fdcc"
            },
            "tags_all": {
              "name": "http_servers_subnet-041481310ee98fdcc"
            },
            "tenancy": "default",
            "timeouts": null,
            "user_data": null,
            "user_data_base64": null,
            "user_data_replace_on_change": false,
            "volume_tags": null,
            "vpc_security_group_ids": [
              "sg-0ff572fb27ba54e09"
            ]
          },
          "sensitive_attributes": [],
          "private": "eyJlMmJmYjczMC1lY2FhLTExZTYtOGY4OC0zNDM2M2JjN2M0YzAiOnsiY3JlYXRlIjo2MDAwMDAwMDAwMDAsImRlbGV0ZSI6MTIwMDAwMDAwMDAwMCwicmVhZCI6OTAwMDAwMDAwMDAwLCJ1cGRhdGUiOjYwMDAwMDAwMDAwMH0sInNjaGVtYV92ZXJzaW9uIjoiMSJ9",
          "dependencies": [
            "aws_default_vpc.default",
            "aws_security_group.http_server_sg",
            "data.aws_ami.aws_linux_2_latest",
            "data.aws_subnets.default_subnets"
          ]
        },
        {
          "index_key": "subnet-05fab0bb62abadc5d",
          "schema_version": 1,
          "attributes": {
            "ami": "ami-02c21308fed24a8ab",
            "arn": "arn:aws:ec2:us-east-1:577430166986:instance/i-0cc6927813b6059f8",
            "associate_public_ip_address": true,
            "availability_zone": "us-east-1a",
            "capacity_reservation_specification": [
              {
                "capacity_reservation_preference": "open",
                "capacity_reservation_target": []
              }
            ],
            "cpu_core_count": 1,
            "cpu_options": [
              {
                "amd_sev_snp": "",
                "core_count": 1,
                "threads_per_core": 1
              }
            ],
            "cpu_threads_per_core": 1,
            "credit_specification": [
              {
                "cpu_credits": "standard"
              }
            ],
            "disable_api_stop": false,
            "disable_api_termination": false,
            "ebs_block_device": [],
            "ebs_optimized": false,
            "enclave_options": [
              {
                "enabled": false
              }
            ],
            "ephemeral_block_device": [],
            "get_password_data": false,
            "hibernation": false,
            "host_id": "",
            "host_resource_group_arn": null,
            "iam_instance_profile": "",
            "id": "i-0cc6927813b6059f8",
            "instance_initiated_shutdown_behavior": "stop",
            "instance_lifecycle": "",
            "instance_market_options": [],
            "instance_state": "running",
            "instance_type": "t2.micro",
            "ipv6_address_count": 0,
            "ipv6_addresses": [],
            "key_name": "terraform_key",
            "launch_template": [],
            "maintenance_options": [
              {
                "auto_recovery": "default"
              }
            ],
            "metadata_options": [
              {
                "http_endpoint": "enabled",
                "http_protocol_ipv6": "disabled",
                "http_put_response_hop_limit": 1,
                "http_tokens": "optional",
                "instance_metadata_tags": "disabled"
              }
            ],
            "monitoring": false,
            "network_interface": [],
            "outpost_arn": "",
            "password_data": "",
            "placement_group": "",
            "placement_partition_number": 0,
            "primary_network_interface_id": "eni-04024ee24e1ca9aec",
            "private_dns": "ip-172-31-15-77.ec2.internal",
            "private_dns_name_options": [
              {
                "enable_resource_name_dns_a_record": false,
                "enable_resource_name_dns_aaaa_record": false,
                "hostname_type": "ip-name"
              }
            ],
            "private_ip": "172.31.15.77",
            "public_dns": "ec2-44-205-9-220.compute-1.amazonaws.com",
            "public_ip": "44.205.9.220",
            "root_block_device": [
              {
                "delete_on_termination": true,
                "device_name": "/dev/xvda",
                "encrypted": false,
                "iops": 100,
                "kms_key_id": "",
                "tags": {},
                "tags_all": {},
                "throughput": 0,
                "volume_id": "vol-0b698d3e18e53d336",
                "volume_size": 8,
                "volume_type": "gp2"
              }
            ],
            "secondary_private_ips": [],
            "security_groups": [
              "http_server_sg"
            ],
            "source_dest_check": true,
            "spot_instance_request_id": "",
            "subnet_id": "subnet-05fab0bb62abadc5d",
            "tags": {
              "name": "http_servers_subnet-05fab0bb62abadc5d"
            },
            "tags_all": {
              "name": "http_servers_subnet-05fab0bb62abadc5d"
            },
            "tenancy": "default",
            "timeouts": null,
            "user_data": null,
            "user_data_base64": null,
            "user_data_replace_on_change": false,
            "volume_tags": null,
            "vpc_security_group_ids": [
              "sg-0ff572fb27ba54e09"
            ]
          },
          "sensitive_attributes": [],
          "private": "eyJlMmJmYjczMC1lY2FhLTExZTYtOGY4OC0zNDM2M2JjN2M0YzAiOnsiY3JlYXRlIjo2MDAwMDAwMDAwMDAsImRlbGV0ZSI6MTIwMDAwMDAwMDAwMCwicmVhZCI6OTAwMDAwMDAwMDAwLCJ1cGRhdGUiOjYwMDAwMDAwMDAwMH0sInNjaGVtYV92ZXJzaW9uIjoiMSJ9",
          "dependencies": [
            "aws_default_vpc.default",
            "aws_security_group.http_server_sg",
            "data.aws_ami.aws_linux_2_latest",
            "data.aws_subnets.default_subnets"
          ]
        },
        {
          "index_key": "subnet-0a87c23a80ad60234",
          "schema_version": 1,
          "attributes": {
            "ami": "ami-02c21308fed24a8ab",
            "arn": "arn:aws:ec2:us-east-1:577430166986:instance/i-05176ea830d4b2808",
            "associate_public_ip_address": true,
            "availability_zone": "us-east-1d",
            "capacity_reservation_specification": [
              {
                "capacity_reservation_preference": "open",
                "capacity_reservation_target": []
              }
            ],
            "cpu_core_count": 1,
            "cpu_options": [
              {
                "amd_sev_snp": "",
                "core_count": 1,
                "threads_per_core": 1
              }
            ],
            "cpu_threads_per_core": 1,
            "credit_specification": [
              {
                "cpu_credits": "standard"
              }
            ],
            "disable_api_stop": false,
            "disable_api_termination": false,
            "ebs_block_device": [],
            "ebs_optimized": false,
            "enclave_options": [
              {
                "enabled": false
              }
            ],
            "ephemeral_block_device": [],
            "get_password_data": false,
            "hibernation": false,
            "host_id": "",
            "host_resource_group_arn": null,
            "iam_instance_profile": "",
            "id": "i-05176ea830d4b2808",
            "instance_initiated_shutdown_behavior": "stop",
            "instance_lifecycle": "",
            "instance_market_options": [],
            "instance_state": "running",
            "instance_type": "t2.micro",
            "ipv6_address_count": 0,
            "ipv6_addresses": [],
            "key_name": "terraform_key",
            "launch_template": [],
            "maintenance_options": [
              {
                "auto_recovery": "default"
              }
            ],
            "metadata_options": [
              {
                "http_endpoint": "enabled",
                "http_protocol_ipv6": "disabled",
                "http_put_response_hop_limit": 1,
                "http_tokens": "optional",
                "instance_metadata_tags": "disabled"
              }
            ],
            "monitoring": false,
            "network_interface": [],
            "outpost_arn": "",
            "password_data": "",
            "placement_group": "",
            "placement_partition_number": 0,
            "primary_network_interface_id": "eni-0615f4bbf8c017c40",
            "private_dns": "ip-172-31-36-175.ec2.internal",
            "private_dns_name_options": [
              {
                "enable_resource_name_dns_a_record": false,
                "enable_resource_name_dns_aaaa_record": false,
                "hostname_type": "ip-name"
              }
            ],
            "private_ip": "172.31.36.175",
            "public_dns": "ec2-35-175-228-146.compute-1.amazonaws.com",
            "public_ip": "35.175.228.146",
            "root_block_device": [
              {
                "delete_on_termination": true,
                "device_name": "/dev/xvda",
                "encrypted": false,
                "iops": 100,
                "kms_key_id": "",
                "tags": {},
                "tags_all": {},
                "throughput": 0,
                "volume_id": "vol-0f3aae02561435179",
                "volume_size": 8,
                "volume_type": "gp2"
              }
            ],
            "secondary_private_ips": [],
            "security_groups": [
              "http_server_sg"
            ],
            "source_dest_check": true,
            "spot_instance_request_id": "",
            "subnet_id": "subnet-0a87c23a80ad60234",
            "tags": {
              "name": "http_servers_subnet-0a87c23a80ad60234"
            },
            "tags_all": {
              "name": "http_servers_subnet-0a87c23a80ad60234"
            },
            "tenancy": "default",
            "timeouts": null,
            "user_data": null,
            "user_data_base64": null,
            "user_data_replace_on_change": false,
            "volume_tags": null,
            "vpc_security_group_ids": [
              "sg-0ff572fb27ba54e09"
            ]
          },
          "sensitive_attributes": [],
          "private": "eyJlMmJmYjczMC1lY2FhLTExZTYtOGY4OC0zNDM2M2JjN2M0YzAiOnsiY3JlYXRlIjo2MDAwMDAwMDAwMDAsImRlbGV0ZSI6MTIwMDAwMDAwMDAwMCwicmVhZCI6OTAwMDAwMDAwMDAwLCJ1cGRhdGUiOjYwMDAwMDAwMDAwMH0sInNjaGVtYV92ZXJzaW9uIjoiMSJ9",
          "dependencies": [
            "aws_default_vpc.default",
            "aws_security_group.http_server_sg",
            "data.aws_ami.aws_linux_2_latest",
            "data.aws_subnets.default_subnets"
          ]
        },
        {
          "index_key": "subnet-0cf55884766b81cc4",
          "schema_version": 1,
          "attributes": {
            "ami": "ami-02c21308fed24a8ab",
            "arn": "arn:aws:ec2:us-east-1:577430166986:instance/i-0694520f03e90c7c4",
            "associate_public_ip_address": true,
            "availability_zone": "us-east-1e",
            "capacity_reservation_specification": [
              {
                "capacity_reservation_preference": "open",
                "capacity_reservation_target": []
              }
            ],
            "cpu_core_count": 1,
            "cpu_options": [
              {
                "amd_sev_snp": "",
                "core_count": 1,
                "threads_per_core": 1
              }
            ],
            "cpu_threads_per_core": 1,
            "credit_specification": [
              {
                "cpu_credits": "standard"
              }
            ],
            "disable_api_stop": false,
            "disable_api_termination": false,
            "ebs_block_device": [],
            "ebs_optimized": false,
            "enclave_options": [
              {
                "enabled": false
              }
            ],
            "ephemeral_block_device": [],
            "get_password_data": false,
            "hibernation": false,
            "host_id": "",
            "host_resource_group_arn": null,
            "iam_instance_profile": "",
            "id": "i-0694520f03e90c7c4",
            "instance_initiated_shutdown_behavior": "stop",
            "instance_lifecycle": "",
            "instance_market_options": [],
            "instance_state": "running",
            "instance_type": "t2.micro",
            "ipv6_address_count": 0,
            "ipv6_addresses": [],
            "key_name": "terraform_key",
            "launch_template": [],
            "maintenance_options": [
              {
                "auto_recovery": "default"
              }
            ],
            "metadata_options": [
              {
                "http_endpoint": "enabled",
                "http_protocol_ipv6": "disabled",
                "http_put_response_hop_limit": 1,
                "http_tokens": "optional",
                "instance_metadata_tags": "disabled"
              }
            ],
            "monitoring": false,
            "network_interface": [],
            "outpost_arn": "",
            "password_data": "",
            "placement_group": "",
            "placement_partition_number": 0,
            "primary_network_interface_id": "eni-0b8b1aadec3ad9b29",
            "private_dns": "ip-172-31-48-127.ec2.internal",
            "private_dns_name_options": [
              {
                "enable_resource_name_dns_a_record": false,
                "enable_resource_name_dns_aaaa_record": false,
                "hostname_type": "ip-name"
              }
            ],
            "private_ip": "172.31.48.127",
            "public_dns": "ec2-54-145-240-39.compute-1.amazonaws.com",
            "public_ip": "54.145.240.39",
            "root_block_device": [
              {
                "delete_on_termination": true,
                "device_name": "/dev/xvda",
                "encrypted": false,
                "iops": 100,
                "kms_key_id": "",
                "tags": {},
                "tags_all": {},
                "throughput": 0,
                "volume_id": "vol-0ce47b26fe4400f4a",
                "volume_size": 8,
                "volume_type": "gp2"
              }
            ],
            "secondary_private_ips": [],
            "security_groups": [
              "http_server_sg"
            ],
            "source_dest_check": true,
            "spot_instance_request_id": "",
            "subnet_id": "subnet-0cf55884766b81cc4",
            "tags": {
              "name": "http_servers_subnet-0cf55884766b81cc4"
            },
            "tags_all": {
              "name": "http_servers_subnet-0cf55884766b81cc4"
            },
            "tenancy": "default",
            "timeouts": null,
            "user_data": null,
            "user_data_base64": null,
            "user_data_replace_on_change": false,
            "volume_tags": null,
            "vpc_security_group_ids": [
              "sg-0ff572fb27ba54e09"
            ]
          },
          "sensitive_attributes": [],
          "private": "eyJlMmJmYjczMC1lY2FhLTExZTYtOGY4OC0zNDM2M2JjN2M0YzAiOnsiY3JlYXRlIjo2MDAwMDAwMDAwMDAsImRlbGV0ZSI6MTIwMDAwMDAwMDAwMCwicmVhZCI6OTAwMDAwMDAwMDAwLCJ1cGRhdGUiOjYwMDAwMDAwMDAwMH0sInNjaGVtYV92ZXJzaW9uIjoiMSJ9",
          "dependencies": [
            "aws_default_vpc.default",
            "aws_security_group.http_server_sg",
            "data.aws_ami.aws_linux_2_latest",
            "data.aws_subnets.default_subnets"
          ]
        },
        {
          "index_key": "subnet-0f6931f1ca629419e",
          "schema_version": 1,
          "attributes": {
            "ami": "ami-02c21308fed24a8ab",
            "arn": "arn:aws:ec2:us-east-1:577430166986:instance/i-0dc7476b0531601df",
            "associate_public_ip_address": true,
            "availability_zone": "us-east-1f",
            "capacity_reservation_specification": [
              {
                "capacity_reservation_preference": "open",
                "capacity_reservation_target": []
              }
            ],
            "cpu_core_count": 1,
            "cpu_options": [
              {
                "amd_sev_snp": "",
                "core_count": 1,
                "threads_per_core": 1
              }
            ],
            "cpu_threads_per_core": 1,
            "credit_specification": [
              {
                "cpu_credits": "standard"
              }
            ],
            "disable_api_stop": false,
            "disable_api_termination": false,
            "ebs_block_device": [],
            "ebs_optimized": false,
            "enclave_options": [
              {
                "enabled": false
              }
            ],
            "ephemeral_block_device": [],
            "get_password_data": false,
            "hibernation": false,
            "host_id": "",
            "host_resource_group_arn": null,
            "iam_instance_profile": "",
            "id": "i-0dc7476b0531601df",
            "instance_initiated_shutdown_behavior": "stop",
            "instance_lifecycle": "",
            "instance_market_options": [],
            "instance_state": "running",
            "instance_type": "t2.micro",
            "ipv6_address_count": 0,
            "ipv6_addresses": [],
            "key_name": "terraform_key",
            "launch_template": [],
            "maintenance_options": [
              {
                "auto_recovery": "default"
              }
            ],
            "metadata_options": [
              {
                "http_endpoint": "enabled",
                "http_protocol_ipv6": "disabled",
                "http_put_response_hop_limit": 1,
                "http_tokens": "optional",
                "instance_metadata_tags": "disabled"
              }
            ],
            "monitoring": false,
            "network_interface": [],
            "outpost_arn": "",
            "password_data": "",
            "placement_group": "",
            "placement_partition_number": 0,
            "primary_network_interface_id": "eni-0c526eda5c3719a0a",
            "private_dns": "ip-172-31-74-78.ec2.internal",
            "private_dns_name_options": [
              {
                "enable_resource_name_dns_a_record": false,
                "enable_resource_name_dns_aaaa_record": false,
                "hostname_type": "ip-name"
              }
            ],
            "private_ip": "172.31.74.78",
            "public_dns": "ec2-3-214-184-111.compute-1.amazonaws.com",
            "public_ip": "3.214.184.111",
            "root_block_device": [
              {
                "delete_on_termination": true,
                "device_name": "/dev/xvda",
                "encrypted": false,
                "iops": 100,
                "kms_key_id": "",
                "tags": {},
                "tags_all": {},
                "throughput": 0,
                "volume_id": "vol-0cce2ef65fa8d30e3",
                "volume_size": 8,
                "volume_type": "gp2"
              }
            ],
            "secondary_private_ips": [],
            "security_groups": [
              "http_server_sg"
            ],
            "source_dest_check": true,
            "spot_instance_request_id": "",
            "subnet_id": "subnet-0f6931f1ca629419e",
            "tags": {
              "name": "http_servers_subnet-0f6931f1ca629419e"
            },
            "tags_all": {
              "name": "http_servers_subnet-0f6931f1ca629419e"
            },
            "tenancy": "default",
            "timeouts": null,
            "user_data": null,
            "user_data_base64": null,
            "user_data_replace_on_change": false,
            "volume_tags": null,
            "vpc_security_group_ids": [
              "sg-0ff572fb27ba54e09"
            ]
          },
          "sensitive_attributes": [],
          "private": "eyJlMmJmYjczMC1lY2FhLTExZTYtOGY4OC0zNDM2M2JjN2M0YzAiOnsiY3JlYXRlIjo2MDAwMDAwMDAwMDAsImRlbGV0ZSI6MTIwMDAwMDAwMDAwMCwicmVhZCI6OTAwMDAwMDAwMDAwLCJ1cGRhdGUiOjYwMDAwMDAwMDAwMH0sInNjaGVtYV92ZXJzaW9uIjoiMSJ9",
          "dependencies": [
            "aws_default_vpc.default",
            "aws_security_group.http_server_sg",
            "data.aws_ami.aws_linux_2_latest",
            "data.aws_subnets.default_subnets"
          ]
        }
      ]
    },
    {
      "mode": "managed",
      "type": "aws_security_group",
      "name": "elb_sg",
      "provider": "provider[\"registry.terraform.io/hashicorp/aws\"]",
      "instances": [
        {
          "schema_version": 1,
          "attributes": {
            "arn": "arn:aws:ec2:us-east-1:577430166986:security-group/sg-00bbdd226a325606f",
            "description": "Managed by Terraform",
            "egress": [
              {
                "cidr_blocks": [
                  "0.0.0.0/0"
                ],
                "description": "",
                "from_port": 0,
                "ipv6_cidr_blocks": [],
                "prefix_list_ids": [],
                "protocol": "-1",
                "security_groups": [],
                "self": false,
                "to_port": 0
              }
            ],
            "id": "sg-00bbdd226a325606f",
            "ingress": [
              {
                "cidr_blocks": [
                  "0.0.0.0/0"
                ],
                "description": "",
                "from_port": 80,
                "ipv6_cidr_blocks": [],
                "prefix_list_ids": [],
                "protocol": "tcp",
                "security_groups": [],
                "self": false,
                "to_port": 80
              }
            ],
            "name": "elb_sg",
            "name_prefix": "",
            "owner_id": "577430166986",
            "revoke_rules_on_delete": false,
            "tags": {
              "name": "elb_sg"
            },
            "tags_all": {
              "name": "elb_sg"
            },
            "timeouts": null,
            "vpc_id": "vpc-028538eed195469b3"
          },
          "sensitive_attributes": [],
          "private": "eyJlMmJmYjczMC1lY2FhLTExZTYtOGY4OC0zNDM2M2JjN2M0YzAiOnsiY3JlYXRlIjo2MDAwMDAwMDAwMDAsImRlbGV0ZSI6OTAwMDAwMDAwMDAwfSwic2NoZW1hX3ZlcnNpb24iOiIxIn0=",
          "dependencies": [
            "aws_default_vpc.default"
          ]
        }
      ]
    },
    {
      "mode": "managed",
      "type": "aws_security_group",
      "name": "http_server_sg",
      "provider": "provider[\"registry.terraform.io/hashicorp/aws\"]",
      "instances": [
        {
          "schema_version": 1,
          "attributes": {
            "arn": "arn:aws:ec2:us-east-1:577430166986:security-group/sg-0ff572fb27ba54e09",
            "description": "Managed by Terraform",
            "egress": [
              {
                "cidr_blocks": [
                  "0.0.0.0/0"
                ],
                "description": "",
                "from_port": 0,
                "ipv6_cidr_blocks": [],
                "prefix_list_ids": [],
                "protocol": "-1",
                "security_groups": [],
                "self": false,
                "to_port": 0
              }
            ],
            "id": "sg-0ff572fb27ba54e09",
            "ingress": [
              {
                "cidr_blocks": [
                  "0.0.0.0/0"
                ],
                "description": "",
                "from_port": 22,
                "ipv6_cidr_blocks": [],
                "prefix_list_ids": [],
                "protocol": "tcp",
                "security_groups": [],
                "self": false,
                "to_port": 22
              },
              {
                "cidr_blocks": [
                  "0.0.0.0/0"
                ],
                "description": "",
                "from_port": 80,
                "ipv6_cidr_blocks": [],
                "prefix_list_ids": [],
                "protocol": "tcp",
                "security_groups": [],
                "self": false,
                "to_port": 80
              }
            ],
            "name": "http_server_sg",
            "name_prefix": "",
            "owner_id": "577430166986",
            "revoke_rules_on_delete": false,
            "tags": {
              "name": "http_server_sg"
            },
            "tags_all": {
              "name": "http_server_sg"
            },
            "timeouts": null,
            "vpc_id": "vpc-028538eed195469b3"
          },
          "sensitive_attributes": [],
          "private": "eyJlMmJmYjczMC1lY2FhLTExZTYtOGY4OC0zNDM2M2JjN2M0YzAiOnsiY3JlYXRlIjo2MDAwMDAwMDAwMDAsImRlbGV0ZSI6OTAwMDAwMDAwMDAwfSwic2NoZW1hX3ZlcnNpb24iOiIxIn0=",
          "dependencies": [
            "aws_default_vpc.default"
          ]
        }
      ]
    }
  ],
  "check_results": null
}
