{
  "version": 4,
  "terraform_version": "1.9.4",
  "serial": 3,
  "lineage": "fdcdf4e2-fd31-2e77-14af-4e88f1bd62a6",
  "outputs": {
    "aws_ec2_sg_details": {
      "value": {
        "arn": "arn:aws:iam::577430166986:user/lee",
        "force_destroy": false,
        "id": "lee",
        "name": "lee",
        "path": "/",
        "permissions_boundary": "",
        "tags": null,
        "tags_all": {},
        "unique_id": "AIDAYM4MFDXFGBLZIYSJQ"
      },
      "type": [
        "object",
        {
          "arn": "string",
          "force_destroy": "bool",
          "id": "string",
          "name": "string",
          "path": "string",
          "permissions_boundary": "string",
          "tags": [
            "map",
            "string"
          ],
          "tags_all": [
            "map",
            "string"
          ],
          "unique_id": "string"
        }
      ]
    }
  },
  "resources": [
    {
      "mode": "managed",
      "type": "aws_default_vpc",
      "name": "default",
      "provider": "provider[\"registry.terraform.io/hashicorp/aws\"]",
      "instances": [
        {
          "schema_version": 1,
          "attributes": {
            "arn": "arn:aws:ec2:us-east-1:577430166986:vpc/vpc-028538eed195469b3",
            "assign_generated_ipv6_cidr_block": false,
            "cidr_block": "172.31.0.0/16",
            "default_network_acl_id": "acl-03cde3f9e4d41ec79",
            "default_route_table_id": "rtb-0dd61658f6f251db6",
            "default_security_group_id": "sg-07e6e8274c5883e11",
            "dhcp_options_id": "dopt-0118b83470e1ca3b8",
            "enable_dns_hostnames": true,
            "enable_dns_support": true,
            "enable_network_address_usage_metrics": false,
            "existing_default_vpc": true,
            "force_destroy": false,
            "id": "vpc-028538eed195469b3",
            "instance_tenancy": "default",
            "ipv6_association_id": "",
            "ipv6_cidr_block": "",
            "ipv6_cidr_block_network_border_group": "",
            "ipv6_ipam_pool_id": "",
            "ipv6_netmask_length": 0,
            "main_route_table_id": "rtb-0dd61658f6f251db6",
            "owner_id": "577430166986",
            "tags": null,
            "tags_all": {}
          },
          "sensitive_attributes": [],
          "private": "eyJzY2hlbWFfdmVyc2lvbiI6IjEifQ=="
        }
      ]
    },
    {
      "mode": "managed",
      "type": "aws_iam_user",
      "name": "my_iam_user",
      "provider": "provider[\"registry.terraform.io/hashicorp/aws\"]",
      "instances": [
        {
          "schema_version": 0,
          "attributes": {
            "arn": "arn:aws:iam::577430166986:user/lee",
            "force_destroy": false,
            "id": "lee",
            "name": "lee",
            "path": "/",
            "permissions_boundary": "",
            "tags": null,
            "tags_all": {},
            "unique_id": "AIDAYM4MFDXFGBLZIYSJQ"
          },
          "sensitive_attributes": [],
          "private": "bnVsbA=="
        }
      ]
    }
  ],
  "check_results": null
}
